{
    "version": 3,
    "terraform_version": "0.11.11",
    "serial": 7,
    "lineage": "b520c683-f9f6-8e7d-7c17-60a74de509a5",
    "modules": [
        {
            "path": [
                "root"
            ],
            "outputs": {},
            "resources": {
                "data.template_file.init": {
                    "type": "template_file",
                    "depends_on": [],
                    "primary": {
                        "id": "d5a691f68d06dee2494946ca8b7f739a9feb4e286fdfa02af06ea9590179ffa1",
                        "attributes": {
                            "id": "d5a691f68d06dee2494946ca8b7f739a9feb4e286fdfa02af06ea9590179ffa1",
                            "rendered": "echo \"hello, foo\" \u003e /foo.txt\necho \"hello, bar\" \u003e /bar.txt",
                            "template": "echo \"hello, foo\" \u003e /foo.txt\necho \"hello, bar\" \u003e /bar.txt"
                        },
                        "meta": {},
                        "tainted": false
                    },
                    "deposed": [],
                    "provider": "provider.template"
                },
                "google_compute_attached_disk.chp-node-disk-attach": {
                    "type": "google_compute_attached_disk",
                    "depends_on": [
                        "google_compute_disk.chp-node-disk",
                        "google_compute_instance.chp-node"
                    ],
                    "primary": {
                        "id": "chp-node:chp-node-disk",
                        "attributes": {
                            "device_name": "persistent-disk-1",
                            "disk": "projects/tierion-iglesias/zones/us-central1-a/disks/chp-node-disk",
                            "id": "chp-node:chp-node-disk",
                            "instance": "projects/tierion-iglesias/zones/us-central1-a/instances/chp-node",
                            "mode": "READ_WRITE",
                            "project": "tierion-iglesias",
                            "zone": "us-central1-a"
                        },
                        "meta": {
                            "e2bfb730-ecaa-11e6-8f88-34363bc7c4c0": {
                                "create": 300000000000,
                                "delete": 300000000000
                            }
                        },
                        "tainted": false
                    },
                    "deposed": [],
                    "provider": "provider.google"
                },
                "google_compute_disk.chp-node-disk": {
                    "type": "google_compute_disk",
                    "depends_on": [],
                    "primary": {
                        "id": "chp-node-disk",
                        "attributes": {
                            "creation_timestamp": "2019-04-22T13:47:27.204-07:00",
                            "description": "",
                            "disk_encryption_key.#": "0",
                            "id": "chp-node-disk",
                            "image": "",
                            "label_fingerprint": "a6HI36FuYIQ=",
                            "labels.%": "1",
                            "labels.environment": "dev",
                            "last_attach_timestamp": "",
                            "last_detach_timestamp": "",
                            "name": "chp-node-disk",
                            "physical_block_size_bytes": "4096",
                            "project": "tierion-iglesias",
                            "self_link": "https://www.googleapis.com/compute/v1/projects/tierion-iglesias/zones/us-central1-a/disks/chp-node-disk",
                            "size": "100",
                            "snapshot": "",
                            "source_image_encryption_key.#": "0",
                            "source_image_id": "",
                            "source_snapshot_encryption_key.#": "0",
                            "source_snapshot_id": "",
                            "type": "pd-ssd",
                            "users.#": "0",
                            "zone": "us-central1-a"
                        },
                        "meta": {
                            "e2bfb730-ecaa-11e6-8f88-34363bc7c4c0": {
                                "create": 300000000000,
                                "delete": 240000000000,
                                "update": 240000000000
                            }
                        },
                        "tainted": false
                    },
                    "deposed": [],
                    "provider": "provider.google"
                },
                "google_compute_instance.chp-node": {
                    "type": "google_compute_instance",
                    "depends_on": [
                        "data.template_file.init"
                    ],
                    "primary": {
                        "id": "chp-node",
                        "attributes": {
                            "attached_disk.#": "0",
                            "boot_disk.#": "1",
                            "boot_disk.0.auto_delete": "true",
                            "boot_disk.0.device_name": "persistent-disk-0",
                            "boot_disk.0.disk_encryption_key_raw": "",
                            "boot_disk.0.disk_encryption_key_sha256": "",
                            "boot_disk.0.initialize_params.#": "1",
                            "boot_disk.0.initialize_params.0.image": "https://www.googleapis.com/compute/v1/projects/ubuntu-os-cloud/global/images/ubuntu-1804-bionic-v20190404",
                            "boot_disk.0.initialize_params.0.size": "10",
                            "boot_disk.0.initialize_params.0.type": "pd-standard",
                            "boot_disk.0.source": "https://www.googleapis.com/compute/v1/projects/tierion-iglesias/zones/us-central1-a/disks/chp-node",
                            "can_ip_forward": "false",
                            "cpu_platform": "Intel Haswell",
                            "deletion_protection": "false",
                            "guest_accelerator.#": "0",
                            "hostname": "",
                            "id": "chp-node",
                            "instance_id": "6048035397786900144",
                            "label_fingerprint": "42WmSpB8rSM=",
                            "labels.%": "0",
                            "machine_type": "n1-standard-1",
                            "metadata.%": "1",
                            "metadata.project": "chainpoint-hydra",
                            "metadata_fingerprint": "lpifjdpq1-c=",
                            "metadata_startup_script": "echo \"hello, foo\" \u003e /foo.txt\necho \"hello, bar\" \u003e /bar.txt",
                            "min_cpu_platform": "",
                            "name": "chp-node",
                            "network_interface.#": "1",
                            "network_interface.0.access_config.#": "1",
                            "network_interface.0.access_config.0.assigned_nat_ip": "",
                            "network_interface.0.access_config.0.nat_ip": "35.232.163.92",
                            "network_interface.0.access_config.0.network_tier": "PREMIUM",
                            "network_interface.0.access_config.0.public_ptr_domain_name": "",
                            "network_interface.0.address": "",
                            "network_interface.0.alias_ip_range.#": "0",
                            "network_interface.0.name": "nic0",
                            "network_interface.0.network": "https://www.googleapis.com/compute/v1/projects/tierion-iglesias/global/networks/default",
                            "network_interface.0.network_ip": "10.128.0.4",
                            "network_interface.0.subnetwork": "https://www.googleapis.com/compute/v1/projects/tierion-iglesias/regions/us-central1/subnetworks/default",
                            "network_interface.0.subnetwork_project": "tierion-iglesias",
                            "project": "tierion-iglesias",
                            "scheduling.#": "1",
                            "scheduling.0.automatic_restart": "true",
                            "scheduling.0.on_host_maintenance": "MIGRATE",
                            "scheduling.0.preemptible": "false",
                            "scratch_disk.#": "0",
                            "self_link": "https://www.googleapis.com/compute/v1/projects/tierion-iglesias/zones/us-central1-a/instances/chp-node",
                            "service_account.#": "0",
                            "tags.#": "2",
                            "tags.1996459178": "bar",
                            "tags.2356372769": "foo",
                            "tags_fingerprint": "1gqCRgrww4E=",
                            "zone": "us-central1-a"
                        },
                        "meta": {
                            "e2bfb730-ecaa-11e6-8f88-34363bc7c4c0": {
                                "create": 360000000000,
                                "delete": 360000000000,
                                "update": 360000000000
                            },
                            "schema_version": "6"
                        },
                        "tainted": false
                    },
                    "deposed": [],
                    "provider": "provider.google"
                }
            },
            "depends_on": []
        }
    ]
}
