{
    "version": 3,
    "terraform_version": "0.11.11",
    "serial": 3,
    "lineage": "ceca5507-8376-89ad-dfc6-4ffe9247e323",
    "modules": [
        {
            "path": [
                "root"
            ],
            "outputs": {},
            "resources": {
                "data.template_file.init": {
                    "type": "template_file",
                    "depends_on": [],
                    "primary": {
                        "id": "42721ab87743430acf41a67e47ec4c16dc94188558022a99ece82ece0a757e47",
                        "attributes": {
                            "id": "42721ab87743430acf41a67e47ec4c16dc94188558022a99ece82ece0a757e47",
                            "rendered": "#!/bin/bash\n\nif [ -x \"$(command -v docker)\" ]; then\n    echo \"Docker already installed\"\nelse\n    echo \"Install docker\"\n    curl -fsSL https://get.docker.com -o get-docker.sh\n    bash get-docker.sh\n    sudo usermod -aG docker $USER\nfi\n\nsudo apt-get -qq install -y docker-compose git make jq nodejs npm openssl build-essential g++\ncurl -sS https://dl.yarnpkg.com/debian/pubkey.gpg | sudo apt-key add -\nif ! [ -x \"$(command -v yarn)\" ]; then\n    echo \"deb https://dl.yarnpkg.com/debian/ stable main\" | sudo tee /etc/apt/sources.list.d/yarn.list\n    sudo apt-get update -y \u0026\u0026 sudo apt-get install -y --no-install-recommends yarn\nfi\n\n# Install Stackdriver Agent\ncurl -sSO https://dl.google.com/cloudagents/install-monitoring-agent.sh\nsudo bash install-monitoring-agent.sh\n\ncd /srv\nsudo mkdir chp\n\ncd ./chp\n\nsudo git clone https://github.com/chainpoint/chainpoint-node-src.git\nsudo chmod 775 chainpoint-node-src\ncd ./chainpoint-node-src\ngit checkout -b v2 origin/v2\n\nsudo git clone https://michael-iglesias:faca2c20b50c456892f3b6a601ae457d7a49ff10@github.com/chainpoint/go-hydra-smart-contract-files.git artifacts/ethcontracts\n\ncurl \"http://metadata.google.internal/computeMetadata/v1/instance/network-interfaces/0/access-configs/0/external-ip\" -H \"Metadata-Flavor: Google\" \u003e eip.txt\n\nmake init\n\nmake build\n\nmake build-rocksdb\n\necho CHAINPOINT_CORE_CONNECT_IP_LIST=35.245.211.97,35.245.9.90,35.188.238.186 \u003e\u003e .env\n\nmake deploy\n\ncurl -X POST \\\n  https://us-central1-tierion-iglesias.cloudfunctions.net/eth-address-init-stream-processor \\\n  -H 'Content-Type: application/json' \\\n  -H 'Postman-Token: 127b5e92-b8fd-4fd0-b6f9-3a58f9d0c0d9' \\\n  -H 'cache-control: no-cache' \\\n  -d \"{\n\t\\\"ethAddress\\\": \\\"$(\u003ceth-address.txt)\\\"\n}\"\n\n# Start Hydra Utils to poll for a positive $TKN balance before it invokes `make register` on behalf of the Node\nnpm install -g load-testing-node-utils\nexport ETH_INFURA_API_KEY=\"ad8f210998704f9e89a37a4791d4702e\" \u0026\u0026 hydra-chp-node-utils\n\n# make register NODE_ETH_REWARDS_ADDRESS=$(\u003ceth-address.txt) NODE_PUBLIC_IP_ADDRESS=$(\u003ceip.txt) AUTO_REFILL_ENABLED=true AUTO_REFILL_AMOUNT=720\n\nexport COMPOSE_INTERACTIVE_NO_CLI=1 \u0026\u0026 docker exec `docker ps -q` bash -c \"source cli/scripts/env_secrets_expand.sh \u0026\u0026 node cli/register.js NODE_ETH_REWARDS_ADDRESS=$(\u003ceth-address.txt) NODE_PUBLIC_IP_ADDRESS=$(\u003ceip.txt) AUTO_REFILL_ENABLED=true AUTO_REFILL_AMOUNT=720\"",
                            "template": "#!/bin/bash\n\nif [ -x \"$(command -v docker)\" ]; then\n    echo \"Docker already installed\"\nelse\n    echo \"Install docker\"\n    curl -fsSL https://get.docker.com -o get-docker.sh\n    bash get-docker.sh\n    sudo usermod -aG docker $USER\nfi\n\nsudo apt-get -qq install -y docker-compose git make jq nodejs npm openssl build-essential g++\ncurl -sS https://dl.yarnpkg.com/debian/pubkey.gpg | sudo apt-key add -\nif ! [ -x \"$(command -v yarn)\" ]; then\n    echo \"deb https://dl.yarnpkg.com/debian/ stable main\" | sudo tee /etc/apt/sources.list.d/yarn.list\n    sudo apt-get update -y \u0026\u0026 sudo apt-get install -y --no-install-recommends yarn\nfi\n\n# Install Stackdriver Agent\ncurl -sSO https://dl.google.com/cloudagents/install-monitoring-agent.sh\nsudo bash install-monitoring-agent.sh\n\ncd /srv\nsudo mkdir chp\n\ncd ./chp\n\nsudo git clone https://github.com/chainpoint/chainpoint-node-src.git\nsudo chmod 775 chainpoint-node-src\ncd ./chainpoint-node-src\ngit checkout -b v2 origin/v2\n\nsudo git clone https://michael-iglesias:faca2c20b50c456892f3b6a601ae457d7a49ff10@github.com/chainpoint/go-hydra-smart-contract-files.git artifacts/ethcontracts\n\ncurl \"http://metadata.google.internal/computeMetadata/v1/instance/network-interfaces/0/access-configs/0/external-ip\" -H \"Metadata-Flavor: Google\" \u003e eip.txt\n\nmake init\n\nmake build\n\nmake build-rocksdb\n\necho CHAINPOINT_CORE_CONNECT_IP_LIST=35.245.211.97,35.245.9.90,35.188.238.186 \u003e\u003e .env\n\nmake deploy\n\ncurl -X POST \\\n  https://us-central1-tierion-iglesias.cloudfunctions.net/eth-address-init-stream-processor \\\n  -H 'Content-Type: application/json' \\\n  -H 'Postman-Token: 127b5e92-b8fd-4fd0-b6f9-3a58f9d0c0d9' \\\n  -H 'cache-control: no-cache' \\\n  -d \"{\n\t\\\"ethAddress\\\": \\\"$(\u003ceth-address.txt)\\\"\n}\"\n\n# Start Hydra Utils to poll for a positive $TKN balance before it invokes `make register` on behalf of the Node\nnpm install -g load-testing-node-utils\nexport ETH_INFURA_API_KEY=\"ad8f210998704f9e89a37a4791d4702e\" \u0026\u0026 hydra-chp-node-utils\n\n# make register NODE_ETH_REWARDS_ADDRESS=$(\u003ceth-address.txt) NODE_PUBLIC_IP_ADDRESS=$(\u003ceip.txt) AUTO_REFILL_ENABLED=true AUTO_REFILL_AMOUNT=720\n\nexport COMPOSE_INTERACTIVE_NO_CLI=1 \u0026\u0026 docker exec `docker ps -q` bash -c \"source cli/scripts/env_secrets_expand.sh \u0026\u0026 node cli/register.js NODE_ETH_REWARDS_ADDRESS=$(\u003ceth-address.txt) NODE_PUBLIC_IP_ADDRESS=$(\u003ceip.txt) AUTO_REFILL_ENABLED=true AUTO_REFILL_AMOUNT=720\""
                        },
                        "meta": {},
                        "tainted": false
                    },
                    "deposed": [],
                    "provider": "provider.template"
                },
                "google_compute_firewall.web-sg": {
                    "type": "google_compute_firewall",
                    "depends_on": [],
                    "primary": {
                        "id": "web-sg",
                        "attributes": {
                            "allow.#": "2",
                            "allow.1100366991.ports.#": "3",
                            "allow.1100366991.ports.0": "80",
                            "allow.1100366991.ports.1": "443",
                            "allow.1100366991.ports.2": "8080",
                            "allow.1100366991.protocol": "tcp",
                            "allow.1367131964.ports.#": "0",
                            "allow.1367131964.protocol": "icmp",
                            "creation_timestamp": "2019-07-02T16:34:46.717-07:00",
                            "deny.#": "0",
                            "description": "",
                            "destination_ranges.#": "0",
                            "direction": "INGRESS",
                            "disabled": "false",
                            "id": "web-sg",
                            "name": "web-sg",
                            "network": "https://www.googleapis.com/compute/v1/projects/tierion-iglesias/global/networks/default",
                            "priority": "1000",
                            "project": "tierion-iglesias",
                            "self_link": "https://www.googleapis.com/compute/v1/projects/tierion-iglesias/global/firewalls/web-sg",
                            "source_ranges.#": "1",
                            "source_ranges.1080289494": "0.0.0.0/0",
                            "source_service_accounts.#": "0",
                            "source_tags.#": "0",
                            "target_service_accounts.#": "0",
                            "target_tags.#": "0"
                        },
                        "meta": {
                            "e2bfb730-ecaa-11e6-8f88-34363bc7c4c0": {
                                "create": 240000000000,
                                "delete": 240000000000,
                                "update": 240000000000
                            },
                            "schema_version": "1"
                        },
                        "tainted": false
                    },
                    "deposed": [],
                    "provider": "provider.google"
                },
                "google_compute_instance.chp-node.0": {
                    "type": "google_compute_instance",
                    "depends_on": [
                        "data.template_file.init"
                    ],
                    "primary": {
                        "id": "chp-node-0",
                        "attributes": {
                            "attached_disk.#": "0",
                            "boot_disk.#": "1",
                            "boot_disk.0.auto_delete": "true",
                            "boot_disk.0.device_name": "persistent-disk-0",
                            "boot_disk.0.disk_encryption_key_raw": "",
                            "boot_disk.0.disk_encryption_key_sha256": "",
                            "boot_disk.0.initialize_params.#": "1",
                            "boot_disk.0.initialize_params.0.image": "https://www.googleapis.com/compute/v1/projects/ubuntu-os-cloud/global/images/ubuntu-1804-bionic-v20190628",
                            "boot_disk.0.initialize_params.0.size": "10",
                            "boot_disk.0.initialize_params.0.type": "pd-standard",
                            "boot_disk.0.source": "https://www.googleapis.com/compute/v1/projects/tierion-iglesias/zones/us-central1-a/disks/chp-node-0",
                            "can_ip_forward": "false",
                            "cpu_platform": "Intel Haswell",
                            "deletion_protection": "false",
                            "guest_accelerator.#": "0",
                            "hostname": "",
                            "id": "chp-node-0",
                            "instance_id": "1580622884252307989",
                            "label_fingerprint": "42WmSpB8rSM=",
                            "labels.%": "0",
                            "machine_type": "n1-standard-1",
                            "metadata.%": "1",
                            "metadata.project": "chainpoint-hydra",
                            "metadata_fingerprint": "EpXsOtCLHos=",
                            "metadata_startup_script": "#!/bin/bash\n\nif [ -x \"$(command -v docker)\" ]; then\n    echo \"Docker already installed\"\nelse\n    echo \"Install docker\"\n    curl -fsSL https://get.docker.com -o get-docker.sh\n    bash get-docker.sh\n    sudo usermod -aG docker $USER\nfi\n\nsudo apt-get -qq install -y docker-compose git make jq nodejs npm openssl build-essential g++\ncurl -sS https://dl.yarnpkg.com/debian/pubkey.gpg | sudo apt-key add -\nif ! [ -x \"$(command -v yarn)\" ]; then\n    echo \"deb https://dl.yarnpkg.com/debian/ stable main\" | sudo tee /etc/apt/sources.list.d/yarn.list\n    sudo apt-get update -y \u0026\u0026 sudo apt-get install -y --no-install-recommends yarn\nfi\n\n# Install Stackdriver Agent\ncurl -sSO https://dl.google.com/cloudagents/install-monitoring-agent.sh\nsudo bash install-monitoring-agent.sh\n\ncd /srv\nsudo mkdir chp\n\ncd ./chp\n\nsudo git clone https://github.com/chainpoint/chainpoint-node-src.git\nsudo chmod 775 chainpoint-node-src\ncd ./chainpoint-node-src\ngit checkout -b v2 origin/v2\n\nsudo git clone https://michael-iglesias:faca2c20b50c456892f3b6a601ae457d7a49ff10@github.com/chainpoint/go-hydra-smart-contract-files.git artifacts/ethcontracts\n\ncurl \"http://metadata.google.internal/computeMetadata/v1/instance/network-interfaces/0/access-configs/0/external-ip\" -H \"Metadata-Flavor: Google\" \u003e eip.txt\n\nmake init\n\nmake build\n\nmake build-rocksdb\n\necho CHAINPOINT_CORE_CONNECT_IP_LIST=35.245.211.97,35.245.9.90,35.188.238.186 \u003e\u003e .env\n\nmake deploy\n\ncurl -X POST \\\n  https://us-central1-tierion-iglesias.cloudfunctions.net/eth-address-init-stream-processor \\\n  -H 'Content-Type: application/json' \\\n  -H 'Postman-Token: 127b5e92-b8fd-4fd0-b6f9-3a58f9d0c0d9' \\\n  -H 'cache-control: no-cache' \\\n  -d \"{\n\t\\\"ethAddress\\\": \\\"$(\u003ceth-address.txt)\\\"\n}\"\n\n# Start Hydra Utils to poll for a positive $TKN balance before it invokes `make register` on behalf of the Node\nnpm install -g load-testing-node-utils\nexport ETH_INFURA_API_KEY=\"ad8f210998704f9e89a37a4791d4702e\" \u0026\u0026 hydra-chp-node-utils\n\n# make register NODE_ETH_REWARDS_ADDRESS=$(\u003ceth-address.txt) NODE_PUBLIC_IP_ADDRESS=$(\u003ceip.txt) AUTO_REFILL_ENABLED=true AUTO_REFILL_AMOUNT=720\n\nexport COMPOSE_INTERACTIVE_NO_CLI=1 \u0026\u0026 docker exec `docker ps -q` bash -c \"source cli/scripts/env_secrets_expand.sh \u0026\u0026 node cli/register.js NODE_ETH_REWARDS_ADDRESS=$(\u003ceth-address.txt) NODE_PUBLIC_IP_ADDRESS=$(\u003ceip.txt) AUTO_REFILL_ENABLED=true AUTO_REFILL_AMOUNT=720\"",
                            "min_cpu_platform": "",
                            "name": "chp-node-0",
                            "network_interface.#": "1",
                            "network_interface.0.access_config.#": "1",
                            "network_interface.0.access_config.0.assigned_nat_ip": "",
                            "network_interface.0.access_config.0.nat_ip": "35.222.18.70",
                            "network_interface.0.access_config.0.network_tier": "PREMIUM",
                            "network_interface.0.access_config.0.public_ptr_domain_name": "",
                            "network_interface.0.address": "",
                            "network_interface.0.alias_ip_range.#": "0",
                            "network_interface.0.name": "nic0",
                            "network_interface.0.network": "https://www.googleapis.com/compute/v1/projects/tierion-iglesias/global/networks/default",
                            "network_interface.0.network_ip": "10.128.0.156",
                            "network_interface.0.subnetwork": "https://www.googleapis.com/compute/v1/projects/tierion-iglesias/regions/us-central1/subnetworks/default",
                            "network_interface.0.subnetwork_project": "tierion-iglesias",
                            "project": "tierion-iglesias",
                            "scheduling.#": "1",
                            "scheduling.0.automatic_restart": "true",
                            "scheduling.0.on_host_maintenance": "MIGRATE",
                            "scheduling.0.preemptible": "false",
                            "scratch_disk.#": "0",
                            "self_link": "https://www.googleapis.com/compute/v1/projects/tierion-iglesias/zones/us-central1-a/instances/chp-node-0",
                            "service_account.#": "1",
                            "service_account.0.email": "791121030057-compute@developer.gserviceaccount.com",
                            "service_account.0.scopes.#": "2",
                            "service_account.0.scopes.1328717722": "https://www.googleapis.com/auth/devstorage.read_write",
                            "service_account.0.scopes.299962681": "https://www.googleapis.com/auth/compute",
                            "tags.#": "2",
                            "tags.2152288274": "web-sg",
                            "tags.2541227442": "http",
                            "tags_fingerprint": "IJDDdaOreBI=",
                            "zone": "us-central1-a"
                        },
                        "meta": {
                            "e2bfb730-ecaa-11e6-8f88-34363bc7c4c0": {
                                "create": 360000000000,
                                "delete": 360000000000,
                                "update": 360000000000
                            },
                            "schema_version": "6"
                        },
                        "tainted": false
                    },
                    "deposed": [],
                    "provider": "provider.google"
                },
                "google_compute_instance.chp-node.1": {
                    "type": "google_compute_instance",
                    "depends_on": [
                        "data.template_file.init"
                    ],
                    "primary": {
                        "id": "chp-node-1",
                        "attributes": {
                            "attached_disk.#": "0",
                            "boot_disk.#": "1",
                            "boot_disk.0.auto_delete": "true",
                            "boot_disk.0.device_name": "persistent-disk-0",
                            "boot_disk.0.disk_encryption_key_raw": "",
                            "boot_disk.0.disk_encryption_key_sha256": "",
                            "boot_disk.0.initialize_params.#": "1",
                            "boot_disk.0.initialize_params.0.image": "https://www.googleapis.com/compute/v1/projects/ubuntu-os-cloud/global/images/ubuntu-1804-bionic-v20190628",
                            "boot_disk.0.initialize_params.0.size": "10",
                            "boot_disk.0.initialize_params.0.type": "pd-standard",
                            "boot_disk.0.source": "https://www.googleapis.com/compute/v1/projects/tierion-iglesias/zones/us-central1-a/disks/chp-node-1",
                            "can_ip_forward": "false",
                            "cpu_platform": "Intel Haswell",
                            "deletion_protection": "false",
                            "guest_accelerator.#": "0",
                            "hostname": "",
                            "id": "chp-node-1",
                            "instance_id": "6109818966223770788",
                            "label_fingerprint": "42WmSpB8rSM=",
                            "labels.%": "0",
                            "machine_type": "n1-standard-1",
                            "metadata.%": "1",
                            "metadata.project": "chainpoint-hydra",
                            "metadata_fingerprint": "EpXsOtCLHos=",
                            "metadata_startup_script": "#!/bin/bash\n\nif [ -x \"$(command -v docker)\" ]; then\n    echo \"Docker already installed\"\nelse\n    echo \"Install docker\"\n    curl -fsSL https://get.docker.com -o get-docker.sh\n    bash get-docker.sh\n    sudo usermod -aG docker $USER\nfi\n\nsudo apt-get -qq install -y docker-compose git make jq nodejs npm openssl build-essential g++\ncurl -sS https://dl.yarnpkg.com/debian/pubkey.gpg | sudo apt-key add -\nif ! [ -x \"$(command -v yarn)\" ]; then\n    echo \"deb https://dl.yarnpkg.com/debian/ stable main\" | sudo tee /etc/apt/sources.list.d/yarn.list\n    sudo apt-get update -y \u0026\u0026 sudo apt-get install -y --no-install-recommends yarn\nfi\n\n# Install Stackdriver Agent\ncurl -sSO https://dl.google.com/cloudagents/install-monitoring-agent.sh\nsudo bash install-monitoring-agent.sh\n\ncd /srv\nsudo mkdir chp\n\ncd ./chp\n\nsudo git clone https://github.com/chainpoint/chainpoint-node-src.git\nsudo chmod 775 chainpoint-node-src\ncd ./chainpoint-node-src\ngit checkout -b v2 origin/v2\n\nsudo git clone https://michael-iglesias:faca2c20b50c456892f3b6a601ae457d7a49ff10@github.com/chainpoint/go-hydra-smart-contract-files.git artifacts/ethcontracts\n\ncurl \"http://metadata.google.internal/computeMetadata/v1/instance/network-interfaces/0/access-configs/0/external-ip\" -H \"Metadata-Flavor: Google\" \u003e eip.txt\n\nmake init\n\nmake build\n\nmake build-rocksdb\n\necho CHAINPOINT_CORE_CONNECT_IP_LIST=35.245.211.97,35.245.9.90,35.188.238.186 \u003e\u003e .env\n\nmake deploy\n\ncurl -X POST \\\n  https://us-central1-tierion-iglesias.cloudfunctions.net/eth-address-init-stream-processor \\\n  -H 'Content-Type: application/json' \\\n  -H 'Postman-Token: 127b5e92-b8fd-4fd0-b6f9-3a58f9d0c0d9' \\\n  -H 'cache-control: no-cache' \\\n  -d \"{\n\t\\\"ethAddress\\\": \\\"$(\u003ceth-address.txt)\\\"\n}\"\n\n# Start Hydra Utils to poll for a positive $TKN balance before it invokes `make register` on behalf of the Node\nnpm install -g load-testing-node-utils\nexport ETH_INFURA_API_KEY=\"ad8f210998704f9e89a37a4791d4702e\" \u0026\u0026 hydra-chp-node-utils\n\n# make register NODE_ETH_REWARDS_ADDRESS=$(\u003ceth-address.txt) NODE_PUBLIC_IP_ADDRESS=$(\u003ceip.txt) AUTO_REFILL_ENABLED=true AUTO_REFILL_AMOUNT=720\n\nexport COMPOSE_INTERACTIVE_NO_CLI=1 \u0026\u0026 docker exec `docker ps -q` bash -c \"source cli/scripts/env_secrets_expand.sh \u0026\u0026 node cli/register.js NODE_ETH_REWARDS_ADDRESS=$(\u003ceth-address.txt) NODE_PUBLIC_IP_ADDRESS=$(\u003ceip.txt) AUTO_REFILL_ENABLED=true AUTO_REFILL_AMOUNT=720\"",
                            "min_cpu_platform": "",
                            "name": "chp-node-1",
                            "network_interface.#": "1",
                            "network_interface.0.access_config.#": "1",
                            "network_interface.0.access_config.0.assigned_nat_ip": "",
                            "network_interface.0.access_config.0.nat_ip": "34.66.125.145",
                            "network_interface.0.access_config.0.network_tier": "PREMIUM",
                            "network_interface.0.access_config.0.public_ptr_domain_name": "",
                            "network_interface.0.address": "",
                            "network_interface.0.alias_ip_range.#": "0",
                            "network_interface.0.name": "nic0",
                            "network_interface.0.network": "https://www.googleapis.com/compute/v1/projects/tierion-iglesias/global/networks/default",
                            "network_interface.0.network_ip": "10.128.15.222",
                            "network_interface.0.subnetwork": "https://www.googleapis.com/compute/v1/projects/tierion-iglesias/regions/us-central1/subnetworks/default",
                            "network_interface.0.subnetwork_project": "tierion-iglesias",
                            "project": "tierion-iglesias",
                            "scheduling.#": "1",
                            "scheduling.0.automatic_restart": "true",
                            "scheduling.0.on_host_maintenance": "MIGRATE",
                            "scheduling.0.preemptible": "false",
                            "scratch_disk.#": "0",
                            "self_link": "https://www.googleapis.com/compute/v1/projects/tierion-iglesias/zones/us-central1-a/instances/chp-node-1",
                            "service_account.#": "1",
                            "service_account.0.email": "791121030057-compute@developer.gserviceaccount.com",
                            "service_account.0.scopes.#": "2",
                            "service_account.0.scopes.1328717722": "https://www.googleapis.com/auth/devstorage.read_write",
                            "service_account.0.scopes.299962681": "https://www.googleapis.com/auth/compute",
                            "tags.#": "2",
                            "tags.2152288274": "web-sg",
                            "tags.2541227442": "http",
                            "tags_fingerprint": "IJDDdaOreBI=",
                            "zone": "us-central1-a"
                        },
                        "meta": {
                            "e2bfb730-ecaa-11e6-8f88-34363bc7c4c0": {
                                "create": 360000000000,
                                "delete": 360000000000,
                                "update": 360000000000
                            },
                            "schema_version": "6"
                        },
                        "tainted": false
                    },
                    "deposed": [],
                    "provider": "provider.google"
                },
                "google_compute_instance.chp-node.10": {
                    "type": "google_compute_instance",
                    "depends_on": [
                        "data.template_file.init"
                    ],
                    "primary": {
                        "id": "chp-node-10",
                        "attributes": {
                            "attached_disk.#": "0",
                            "boot_disk.#": "1",
                            "boot_disk.0.auto_delete": "true",
                            "boot_disk.0.device_name": "persistent-disk-0",
                            "boot_disk.0.disk_encryption_key_raw": "",
                            "boot_disk.0.disk_encryption_key_sha256": "",
                            "boot_disk.0.initialize_params.#": "1",
                            "boot_disk.0.initialize_params.0.image": "https://www.googleapis.com/compute/v1/projects/ubuntu-os-cloud/global/images/ubuntu-1804-bionic-v20190628",
                            "boot_disk.0.initialize_params.0.size": "10",
                            "boot_disk.0.initialize_params.0.type": "pd-standard",
                            "boot_disk.0.source": "https://www.googleapis.com/compute/v1/projects/tierion-iglesias/zones/us-central1-a/disks/chp-node-10",
                            "can_ip_forward": "false",
                            "cpu_platform": "Intel Haswell",
                            "deletion_protection": "false",
                            "guest_accelerator.#": "0",
                            "hostname": "",
                            "id": "chp-node-10",
                            "instance_id": "8889457779412456714",
                            "label_fingerprint": "42WmSpB8rSM=",
                            "labels.%": "0",
                            "machine_type": "n1-standard-1",
                            "metadata.%": "1",
                            "metadata.project": "chainpoint-hydra",
                            "metadata_fingerprint": "EpXsOtCLHos=",
                            "metadata_startup_script": "#!/bin/bash\n\nif [ -x \"$(command -v docker)\" ]; then\n    echo \"Docker already installed\"\nelse\n    echo \"Install docker\"\n    curl -fsSL https://get.docker.com -o get-docker.sh\n    bash get-docker.sh\n    sudo usermod -aG docker $USER\nfi\n\nsudo apt-get -qq install -y docker-compose git make jq nodejs npm openssl build-essential g++\ncurl -sS https://dl.yarnpkg.com/debian/pubkey.gpg | sudo apt-key add -\nif ! [ -x \"$(command -v yarn)\" ]; then\n    echo \"deb https://dl.yarnpkg.com/debian/ stable main\" | sudo tee /etc/apt/sources.list.d/yarn.list\n    sudo apt-get update -y \u0026\u0026 sudo apt-get install -y --no-install-recommends yarn\nfi\n\n# Install Stackdriver Agent\ncurl -sSO https://dl.google.com/cloudagents/install-monitoring-agent.sh\nsudo bash install-monitoring-agent.sh\n\ncd /srv\nsudo mkdir chp\n\ncd ./chp\n\nsudo git clone https://github.com/chainpoint/chainpoint-node-src.git\nsudo chmod 775 chainpoint-node-src\ncd ./chainpoint-node-src\ngit checkout -b v2 origin/v2\n\nsudo git clone https://michael-iglesias:faca2c20b50c456892f3b6a601ae457d7a49ff10@github.com/chainpoint/go-hydra-smart-contract-files.git artifacts/ethcontracts\n\ncurl \"http://metadata.google.internal/computeMetadata/v1/instance/network-interfaces/0/access-configs/0/external-ip\" -H \"Metadata-Flavor: Google\" \u003e eip.txt\n\nmake init\n\nmake build\n\nmake build-rocksdb\n\necho CHAINPOINT_CORE_CONNECT_IP_LIST=35.245.211.97,35.245.9.90,35.188.238.186 \u003e\u003e .env\n\nmake deploy\n\ncurl -X POST \\\n  https://us-central1-tierion-iglesias.cloudfunctions.net/eth-address-init-stream-processor \\\n  -H 'Content-Type: application/json' \\\n  -H 'Postman-Token: 127b5e92-b8fd-4fd0-b6f9-3a58f9d0c0d9' \\\n  -H 'cache-control: no-cache' \\\n  -d \"{\n\t\\\"ethAddress\\\": \\\"$(\u003ceth-address.txt)\\\"\n}\"\n\n# Start Hydra Utils to poll for a positive $TKN balance before it invokes `make register` on behalf of the Node\nnpm install -g load-testing-node-utils\nexport ETH_INFURA_API_KEY=\"ad8f210998704f9e89a37a4791d4702e\" \u0026\u0026 hydra-chp-node-utils\n\n# make register NODE_ETH_REWARDS_ADDRESS=$(\u003ceth-address.txt) NODE_PUBLIC_IP_ADDRESS=$(\u003ceip.txt) AUTO_REFILL_ENABLED=true AUTO_REFILL_AMOUNT=720\n\nexport COMPOSE_INTERACTIVE_NO_CLI=1 \u0026\u0026 docker exec `docker ps -q` bash -c \"source cli/scripts/env_secrets_expand.sh \u0026\u0026 node cli/register.js NODE_ETH_REWARDS_ADDRESS=$(\u003ceth-address.txt) NODE_PUBLIC_IP_ADDRESS=$(\u003ceip.txt) AUTO_REFILL_ENABLED=true AUTO_REFILL_AMOUNT=720\"",
                            "min_cpu_platform": "",
                            "name": "chp-node-10",
                            "network_interface.#": "1",
                            "network_interface.0.access_config.#": "1",
                            "network_interface.0.access_config.0.assigned_nat_ip": "",
                            "network_interface.0.access_config.0.nat_ip": "35.224.219.30",
                            "network_interface.0.access_config.0.network_tier": "PREMIUM",
                            "network_interface.0.access_config.0.public_ptr_domain_name": "",
                            "network_interface.0.address": "",
                            "network_interface.0.alias_ip_range.#": "0",
                            "network_interface.0.name": "nic0",
                            "network_interface.0.network": "https://www.googleapis.com/compute/v1/projects/tierion-iglesias/global/networks/default",
                            "network_interface.0.network_ip": "10.128.0.107",
                            "network_interface.0.subnetwork": "https://www.googleapis.com/compute/v1/projects/tierion-iglesias/regions/us-central1/subnetworks/default",
                            "network_interface.0.subnetwork_project": "tierion-iglesias",
                            "project": "tierion-iglesias",
                            "scheduling.#": "1",
                            "scheduling.0.automatic_restart": "true",
                            "scheduling.0.on_host_maintenance": "MIGRATE",
                            "scheduling.0.preemptible": "false",
                            "scratch_disk.#": "0",
                            "self_link": "https://www.googleapis.com/compute/v1/projects/tierion-iglesias/zones/us-central1-a/instances/chp-node-10",
                            "service_account.#": "1",
                            "service_account.0.email": "791121030057-compute@developer.gserviceaccount.com",
                            "service_account.0.scopes.#": "2",
                            "service_account.0.scopes.1328717722": "https://www.googleapis.com/auth/devstorage.read_write",
                            "service_account.0.scopes.299962681": "https://www.googleapis.com/auth/compute",
                            "tags.#": "2",
                            "tags.2152288274": "web-sg",
                            "tags.2541227442": "http",
                            "tags_fingerprint": "IJDDdaOreBI=",
                            "zone": "us-central1-a"
                        },
                        "meta": {
                            "e2bfb730-ecaa-11e6-8f88-34363bc7c4c0": {
                                "create": 360000000000,
                                "delete": 360000000000,
                                "update": 360000000000
                            },
                            "schema_version": "6"
                        },
                        "tainted": false
                    },
                    "deposed": [],
                    "provider": "provider.google"
                },
                "google_compute_instance.chp-node.11": {
                    "type": "google_compute_instance",
                    "depends_on": [
                        "data.template_file.init"
                    ],
                    "primary": {
                        "id": "chp-node-11",
                        "attributes": {
                            "attached_disk.#": "0",
                            "boot_disk.#": "1",
                            "boot_disk.0.auto_delete": "true",
                            "boot_disk.0.device_name": "persistent-disk-0",
                            "boot_disk.0.disk_encryption_key_raw": "",
                            "boot_disk.0.disk_encryption_key_sha256": "",
                            "boot_disk.0.initialize_params.#": "1",
                            "boot_disk.0.initialize_params.0.image": "https://www.googleapis.com/compute/v1/projects/ubuntu-os-cloud/global/images/ubuntu-1804-bionic-v20190628",
                            "boot_disk.0.initialize_params.0.size": "10",
                            "boot_disk.0.initialize_params.0.type": "pd-standard",
                            "boot_disk.0.source": "https://www.googleapis.com/compute/v1/projects/tierion-iglesias/zones/us-central1-a/disks/chp-node-11",
                            "can_ip_forward": "false",
                            "cpu_platform": "Intel Haswell",
                            "deletion_protection": "false",
                            "guest_accelerator.#": "0",
                            "hostname": "",
                            "id": "chp-node-11",
                            "instance_id": "198675023135135055",
                            "label_fingerprint": "42WmSpB8rSM=",
                            "labels.%": "0",
                            "machine_type": "n1-standard-1",
                            "metadata.%": "1",
                            "metadata.project": "chainpoint-hydra",
                            "metadata_fingerprint": "EpXsOtCLHos=",
                            "metadata_startup_script": "#!/bin/bash\n\nif [ -x \"$(command -v docker)\" ]; then\n    echo \"Docker already installed\"\nelse\n    echo \"Install docker\"\n    curl -fsSL https://get.docker.com -o get-docker.sh\n    bash get-docker.sh\n    sudo usermod -aG docker $USER\nfi\n\nsudo apt-get -qq install -y docker-compose git make jq nodejs npm openssl build-essential g++\ncurl -sS https://dl.yarnpkg.com/debian/pubkey.gpg | sudo apt-key add -\nif ! [ -x \"$(command -v yarn)\" ]; then\n    echo \"deb https://dl.yarnpkg.com/debian/ stable main\" | sudo tee /etc/apt/sources.list.d/yarn.list\n    sudo apt-get update -y \u0026\u0026 sudo apt-get install -y --no-install-recommends yarn\nfi\n\n# Install Stackdriver Agent\ncurl -sSO https://dl.google.com/cloudagents/install-monitoring-agent.sh\nsudo bash install-monitoring-agent.sh\n\ncd /srv\nsudo mkdir chp\n\ncd ./chp\n\nsudo git clone https://github.com/chainpoint/chainpoint-node-src.git\nsudo chmod 775 chainpoint-node-src\ncd ./chainpoint-node-src\ngit checkout -b v2 origin/v2\n\nsudo git clone https://michael-iglesias:faca2c20b50c456892f3b6a601ae457d7a49ff10@github.com/chainpoint/go-hydra-smart-contract-files.git artifacts/ethcontracts\n\ncurl \"http://metadata.google.internal/computeMetadata/v1/instance/network-interfaces/0/access-configs/0/external-ip\" -H \"Metadata-Flavor: Google\" \u003e eip.txt\n\nmake init\n\nmake build\n\nmake build-rocksdb\n\necho CHAINPOINT_CORE_CONNECT_IP_LIST=35.245.211.97,35.245.9.90,35.188.238.186 \u003e\u003e .env\n\nmake deploy\n\ncurl -X POST \\\n  https://us-central1-tierion-iglesias.cloudfunctions.net/eth-address-init-stream-processor \\\n  -H 'Content-Type: application/json' \\\n  -H 'Postman-Token: 127b5e92-b8fd-4fd0-b6f9-3a58f9d0c0d9' \\\n  -H 'cache-control: no-cache' \\\n  -d \"{\n\t\\\"ethAddress\\\": \\\"$(\u003ceth-address.txt)\\\"\n}\"\n\n# Start Hydra Utils to poll for a positive $TKN balance before it invokes `make register` on behalf of the Node\nnpm install -g load-testing-node-utils\nexport ETH_INFURA_API_KEY=\"ad8f210998704f9e89a37a4791d4702e\" \u0026\u0026 hydra-chp-node-utils\n\n# make register NODE_ETH_REWARDS_ADDRESS=$(\u003ceth-address.txt) NODE_PUBLIC_IP_ADDRESS=$(\u003ceip.txt) AUTO_REFILL_ENABLED=true AUTO_REFILL_AMOUNT=720\n\nexport COMPOSE_INTERACTIVE_NO_CLI=1 \u0026\u0026 docker exec `docker ps -q` bash -c \"source cli/scripts/env_secrets_expand.sh \u0026\u0026 node cli/register.js NODE_ETH_REWARDS_ADDRESS=$(\u003ceth-address.txt) NODE_PUBLIC_IP_ADDRESS=$(\u003ceip.txt) AUTO_REFILL_ENABLED=true AUTO_REFILL_AMOUNT=720\"",
                            "min_cpu_platform": "",
                            "name": "chp-node-11",
                            "network_interface.#": "1",
                            "network_interface.0.access_config.#": "1",
                            "network_interface.0.access_config.0.assigned_nat_ip": "",
                            "network_interface.0.access_config.0.nat_ip": "34.66.92.91",
                            "network_interface.0.access_config.0.network_tier": "PREMIUM",
                            "network_interface.0.access_config.0.public_ptr_domain_name": "",
                            "network_interface.0.address": "",
                            "network_interface.0.alias_ip_range.#": "0",
                            "network_interface.0.name": "nic0",
                            "network_interface.0.network": "https://www.googleapis.com/compute/v1/projects/tierion-iglesias/global/networks/default",
                            "network_interface.0.network_ip": "10.128.0.93",
                            "network_interface.0.subnetwork": "https://www.googleapis.com/compute/v1/projects/tierion-iglesias/regions/us-central1/subnetworks/default",
                            "network_interface.0.subnetwork_project": "tierion-iglesias",
                            "project": "tierion-iglesias",
                            "scheduling.#": "1",
                            "scheduling.0.automatic_restart": "true",
                            "scheduling.0.on_host_maintenance": "MIGRATE",
                            "scheduling.0.preemptible": "false",
                            "scratch_disk.#": "0",
                            "self_link": "https://www.googleapis.com/compute/v1/projects/tierion-iglesias/zones/us-central1-a/instances/chp-node-11",
                            "service_account.#": "1",
                            "service_account.0.email": "791121030057-compute@developer.gserviceaccount.com",
                            "service_account.0.scopes.#": "2",
                            "service_account.0.scopes.1328717722": "https://www.googleapis.com/auth/devstorage.read_write",
                            "service_account.0.scopes.299962681": "https://www.googleapis.com/auth/compute",
                            "tags.#": "2",
                            "tags.2152288274": "web-sg",
                            "tags.2541227442": "http",
                            "tags_fingerprint": "IJDDdaOreBI=",
                            "zone": "us-central1-a"
                        },
                        "meta": {
                            "e2bfb730-ecaa-11e6-8f88-34363bc7c4c0": {
                                "create": 360000000000,
                                "delete": 360000000000,
                                "update": 360000000000
                            },
                            "schema_version": "6"
                        },
                        "tainted": false
                    },
                    "deposed": [],
                    "provider": "provider.google"
                },
                "google_compute_instance.chp-node.12": {
                    "type": "google_compute_instance",
                    "depends_on": [
                        "data.template_file.init"
                    ],
                    "primary": {
                        "id": "chp-node-12",
                        "attributes": {
                            "attached_disk.#": "0",
                            "boot_disk.#": "1",
                            "boot_disk.0.auto_delete": "true",
                            "boot_disk.0.device_name": "persistent-disk-0",
                            "boot_disk.0.disk_encryption_key_raw": "",
                            "boot_disk.0.disk_encryption_key_sha256": "",
                            "boot_disk.0.initialize_params.#": "1",
                            "boot_disk.0.initialize_params.0.image": "https://www.googleapis.com/compute/v1/projects/ubuntu-os-cloud/global/images/ubuntu-1804-bionic-v20190628",
                            "boot_disk.0.initialize_params.0.size": "10",
                            "boot_disk.0.initialize_params.0.type": "pd-standard",
                            "boot_disk.0.source": "https://www.googleapis.com/compute/v1/projects/tierion-iglesias/zones/us-central1-a/disks/chp-node-12",
                            "can_ip_forward": "false",
                            "cpu_platform": "Intel Haswell",
                            "deletion_protection": "false",
                            "guest_accelerator.#": "0",
                            "hostname": "",
                            "id": "chp-node-12",
                            "instance_id": "3941121577100661358",
                            "label_fingerprint": "42WmSpB8rSM=",
                            "labels.%": "0",
                            "machine_type": "n1-standard-1",
                            "metadata.%": "1",
                            "metadata.project": "chainpoint-hydra",
                            "metadata_fingerprint": "EpXsOtCLHos=",
                            "metadata_startup_script": "#!/bin/bash\n\nif [ -x \"$(command -v docker)\" ]; then\n    echo \"Docker already installed\"\nelse\n    echo \"Install docker\"\n    curl -fsSL https://get.docker.com -o get-docker.sh\n    bash get-docker.sh\n    sudo usermod -aG docker $USER\nfi\n\nsudo apt-get -qq install -y docker-compose git make jq nodejs npm openssl build-essential g++\ncurl -sS https://dl.yarnpkg.com/debian/pubkey.gpg | sudo apt-key add -\nif ! [ -x \"$(command -v yarn)\" ]; then\n    echo \"deb https://dl.yarnpkg.com/debian/ stable main\" | sudo tee /etc/apt/sources.list.d/yarn.list\n    sudo apt-get update -y \u0026\u0026 sudo apt-get install -y --no-install-recommends yarn\nfi\n\n# Install Stackdriver Agent\ncurl -sSO https://dl.google.com/cloudagents/install-monitoring-agent.sh\nsudo bash install-monitoring-agent.sh\n\ncd /srv\nsudo mkdir chp\n\ncd ./chp\n\nsudo git clone https://github.com/chainpoint/chainpoint-node-src.git\nsudo chmod 775 chainpoint-node-src\ncd ./chainpoint-node-src\ngit checkout -b v2 origin/v2\n\nsudo git clone https://michael-iglesias:faca2c20b50c456892f3b6a601ae457d7a49ff10@github.com/chainpoint/go-hydra-smart-contract-files.git artifacts/ethcontracts\n\ncurl \"http://metadata.google.internal/computeMetadata/v1/instance/network-interfaces/0/access-configs/0/external-ip\" -H \"Metadata-Flavor: Google\" \u003e eip.txt\n\nmake init\n\nmake build\n\nmake build-rocksdb\n\necho CHAINPOINT_CORE_CONNECT_IP_LIST=35.245.211.97,35.245.9.90,35.188.238.186 \u003e\u003e .env\n\nmake deploy\n\ncurl -X POST \\\n  https://us-central1-tierion-iglesias.cloudfunctions.net/eth-address-init-stream-processor \\\n  -H 'Content-Type: application/json' \\\n  -H 'Postman-Token: 127b5e92-b8fd-4fd0-b6f9-3a58f9d0c0d9' \\\n  -H 'cache-control: no-cache' \\\n  -d \"{\n\t\\\"ethAddress\\\": \\\"$(\u003ceth-address.txt)\\\"\n}\"\n\n# Start Hydra Utils to poll for a positive $TKN balance before it invokes `make register` on behalf of the Node\nnpm install -g load-testing-node-utils\nexport ETH_INFURA_API_KEY=\"ad8f210998704f9e89a37a4791d4702e\" \u0026\u0026 hydra-chp-node-utils\n\n# make register NODE_ETH_REWARDS_ADDRESS=$(\u003ceth-address.txt) NODE_PUBLIC_IP_ADDRESS=$(\u003ceip.txt) AUTO_REFILL_ENABLED=true AUTO_REFILL_AMOUNT=720\n\nexport COMPOSE_INTERACTIVE_NO_CLI=1 \u0026\u0026 docker exec `docker ps -q` bash -c \"source cli/scripts/env_secrets_expand.sh \u0026\u0026 node cli/register.js NODE_ETH_REWARDS_ADDRESS=$(\u003ceth-address.txt) NODE_PUBLIC_IP_ADDRESS=$(\u003ceip.txt) AUTO_REFILL_ENABLED=true AUTO_REFILL_AMOUNT=720\"",
                            "min_cpu_platform": "",
                            "name": "chp-node-12",
                            "network_interface.#": "1",
                            "network_interface.0.access_config.#": "1",
                            "network_interface.0.access_config.0.assigned_nat_ip": "",
                            "network_interface.0.access_config.0.nat_ip": "35.225.135.29",
                            "network_interface.0.access_config.0.network_tier": "PREMIUM",
                            "network_interface.0.access_config.0.public_ptr_domain_name": "",
                            "network_interface.0.address": "",
                            "network_interface.0.alias_ip_range.#": "0",
                            "network_interface.0.name": "nic0",
                            "network_interface.0.network": "https://www.googleapis.com/compute/v1/projects/tierion-iglesias/global/networks/default",
                            "network_interface.0.network_ip": "10.128.0.130",
                            "network_interface.0.subnetwork": "https://www.googleapis.com/compute/v1/projects/tierion-iglesias/regions/us-central1/subnetworks/default",
                            "network_interface.0.subnetwork_project": "tierion-iglesias",
                            "project": "tierion-iglesias",
                            "scheduling.#": "1",
                            "scheduling.0.automatic_restart": "true",
                            "scheduling.0.on_host_maintenance": "MIGRATE",
                            "scheduling.0.preemptible": "false",
                            "scratch_disk.#": "0",
                            "self_link": "https://www.googleapis.com/compute/v1/projects/tierion-iglesias/zones/us-central1-a/instances/chp-node-12",
                            "service_account.#": "1",
                            "service_account.0.email": "791121030057-compute@developer.gserviceaccount.com",
                            "service_account.0.scopes.#": "2",
                            "service_account.0.scopes.1328717722": "https://www.googleapis.com/auth/devstorage.read_write",
                            "service_account.0.scopes.299962681": "https://www.googleapis.com/auth/compute",
                            "tags.#": "2",
                            "tags.2152288274": "web-sg",
                            "tags.2541227442": "http",
                            "tags_fingerprint": "IJDDdaOreBI=",
                            "zone": "us-central1-a"
                        },
                        "meta": {
                            "e2bfb730-ecaa-11e6-8f88-34363bc7c4c0": {
                                "create": 360000000000,
                                "delete": 360000000000,
                                "update": 360000000000
                            },
                            "schema_version": "6"
                        },
                        "tainted": false
                    },
                    "deposed": [],
                    "provider": "provider.google"
                },
                "google_compute_instance.chp-node.13": {
                    "type": "google_compute_instance",
                    "depends_on": [
                        "data.template_file.init"
                    ],
                    "primary": {
                        "id": "chp-node-13",
                        "attributes": {
                            "attached_disk.#": "0",
                            "boot_disk.#": "1",
                            "boot_disk.0.auto_delete": "true",
                            "boot_disk.0.device_name": "persistent-disk-0",
                            "boot_disk.0.disk_encryption_key_raw": "",
                            "boot_disk.0.disk_encryption_key_sha256": "",
                            "boot_disk.0.initialize_params.#": "1",
                            "boot_disk.0.initialize_params.0.image": "https://www.googleapis.com/compute/v1/projects/ubuntu-os-cloud/global/images/ubuntu-1804-bionic-v20190628",
                            "boot_disk.0.initialize_params.0.size": "10",
                            "boot_disk.0.initialize_params.0.type": "pd-standard",
                            "boot_disk.0.source": "https://www.googleapis.com/compute/v1/projects/tierion-iglesias/zones/us-central1-a/disks/chp-node-13",
                            "can_ip_forward": "false",
                            "cpu_platform": "Intel Haswell",
                            "deletion_protection": "false",
                            "guest_accelerator.#": "0",
                            "hostname": "",
                            "id": "chp-node-13",
                            "instance_id": "8231370211575878470",
                            "label_fingerprint": "42WmSpB8rSM=",
                            "labels.%": "0",
                            "machine_type": "n1-standard-1",
                            "metadata.%": "1",
                            "metadata.project": "chainpoint-hydra",
                            "metadata_fingerprint": "EpXsOtCLHos=",
                            "metadata_startup_script": "#!/bin/bash\n\nif [ -x \"$(command -v docker)\" ]; then\n    echo \"Docker already installed\"\nelse\n    echo \"Install docker\"\n    curl -fsSL https://get.docker.com -o get-docker.sh\n    bash get-docker.sh\n    sudo usermod -aG docker $USER\nfi\n\nsudo apt-get -qq install -y docker-compose git make jq nodejs npm openssl build-essential g++\ncurl -sS https://dl.yarnpkg.com/debian/pubkey.gpg | sudo apt-key add -\nif ! [ -x \"$(command -v yarn)\" ]; then\n    echo \"deb https://dl.yarnpkg.com/debian/ stable main\" | sudo tee /etc/apt/sources.list.d/yarn.list\n    sudo apt-get update -y \u0026\u0026 sudo apt-get install -y --no-install-recommends yarn\nfi\n\n# Install Stackdriver Agent\ncurl -sSO https://dl.google.com/cloudagents/install-monitoring-agent.sh\nsudo bash install-monitoring-agent.sh\n\ncd /srv\nsudo mkdir chp\n\ncd ./chp\n\nsudo git clone https://github.com/chainpoint/chainpoint-node-src.git\nsudo chmod 775 chainpoint-node-src\ncd ./chainpoint-node-src\ngit checkout -b v2 origin/v2\n\nsudo git clone https://michael-iglesias:faca2c20b50c456892f3b6a601ae457d7a49ff10@github.com/chainpoint/go-hydra-smart-contract-files.git artifacts/ethcontracts\n\ncurl \"http://metadata.google.internal/computeMetadata/v1/instance/network-interfaces/0/access-configs/0/external-ip\" -H \"Metadata-Flavor: Google\" \u003e eip.txt\n\nmake init\n\nmake build\n\nmake build-rocksdb\n\necho CHAINPOINT_CORE_CONNECT_IP_LIST=35.245.211.97,35.245.9.90,35.188.238.186 \u003e\u003e .env\n\nmake deploy\n\ncurl -X POST \\\n  https://us-central1-tierion-iglesias.cloudfunctions.net/eth-address-init-stream-processor \\\n  -H 'Content-Type: application/json' \\\n  -H 'Postman-Token: 127b5e92-b8fd-4fd0-b6f9-3a58f9d0c0d9' \\\n  -H 'cache-control: no-cache' \\\n  -d \"{\n\t\\\"ethAddress\\\": \\\"$(\u003ceth-address.txt)\\\"\n}\"\n\n# Start Hydra Utils to poll for a positive $TKN balance before it invokes `make register` on behalf of the Node\nnpm install -g load-testing-node-utils\nexport ETH_INFURA_API_KEY=\"ad8f210998704f9e89a37a4791d4702e\" \u0026\u0026 hydra-chp-node-utils\n\n# make register NODE_ETH_REWARDS_ADDRESS=$(\u003ceth-address.txt) NODE_PUBLIC_IP_ADDRESS=$(\u003ceip.txt) AUTO_REFILL_ENABLED=true AUTO_REFILL_AMOUNT=720\n\nexport COMPOSE_INTERACTIVE_NO_CLI=1 \u0026\u0026 docker exec `docker ps -q` bash -c \"source cli/scripts/env_secrets_expand.sh \u0026\u0026 node cli/register.js NODE_ETH_REWARDS_ADDRESS=$(\u003ceth-address.txt) NODE_PUBLIC_IP_ADDRESS=$(\u003ceip.txt) AUTO_REFILL_ENABLED=true AUTO_REFILL_AMOUNT=720\"",
                            "min_cpu_platform": "",
                            "name": "chp-node-13",
                            "network_interface.#": "1",
                            "network_interface.0.access_config.#": "1",
                            "network_interface.0.access_config.0.assigned_nat_ip": "",
                            "network_interface.0.access_config.0.nat_ip": "34.68.211.85",
                            "network_interface.0.access_config.0.network_tier": "PREMIUM",
                            "network_interface.0.access_config.0.public_ptr_domain_name": "",
                            "network_interface.0.address": "",
                            "network_interface.0.alias_ip_range.#": "0",
                            "network_interface.0.name": "nic0",
                            "network_interface.0.network": "https://www.googleapis.com/compute/v1/projects/tierion-iglesias/global/networks/default",
                            "network_interface.0.network_ip": "10.128.0.182",
                            "network_interface.0.subnetwork": "https://www.googleapis.com/compute/v1/projects/tierion-iglesias/regions/us-central1/subnetworks/default",
                            "network_interface.0.subnetwork_project": "tierion-iglesias",
                            "project": "tierion-iglesias",
                            "scheduling.#": "1",
                            "scheduling.0.automatic_restart": "true",
                            "scheduling.0.on_host_maintenance": "MIGRATE",
                            "scheduling.0.preemptible": "false",
                            "scratch_disk.#": "0",
                            "self_link": "https://www.googleapis.com/compute/v1/projects/tierion-iglesias/zones/us-central1-a/instances/chp-node-13",
                            "service_account.#": "1",
                            "service_account.0.email": "791121030057-compute@developer.gserviceaccount.com",
                            "service_account.0.scopes.#": "2",
                            "service_account.0.scopes.1328717722": "https://www.googleapis.com/auth/devstorage.read_write",
                            "service_account.0.scopes.299962681": "https://www.googleapis.com/auth/compute",
                            "tags.#": "2",
                            "tags.2152288274": "web-sg",
                            "tags.2541227442": "http",
                            "tags_fingerprint": "IJDDdaOreBI=",
                            "zone": "us-central1-a"
                        },
                        "meta": {
                            "e2bfb730-ecaa-11e6-8f88-34363bc7c4c0": {
                                "create": 360000000000,
                                "delete": 360000000000,
                                "update": 360000000000
                            },
                            "schema_version": "6"
                        },
                        "tainted": false
                    },
                    "deposed": [],
                    "provider": "provider.google"
                },
                "google_compute_instance.chp-node.14": {
                    "type": "google_compute_instance",
                    "depends_on": [
                        "data.template_file.init"
                    ],
                    "primary": {
                        "id": "chp-node-14",
                        "attributes": {
                            "attached_disk.#": "0",
                            "boot_disk.#": "1",
                            "boot_disk.0.auto_delete": "true",
                            "boot_disk.0.device_name": "persistent-disk-0",
                            "boot_disk.0.disk_encryption_key_raw": "",
                            "boot_disk.0.disk_encryption_key_sha256": "",
                            "boot_disk.0.initialize_params.#": "1",
                            "boot_disk.0.initialize_params.0.image": "https://www.googleapis.com/compute/v1/projects/ubuntu-os-cloud/global/images/ubuntu-1804-bionic-v20190628",
                            "boot_disk.0.initialize_params.0.size": "10",
                            "boot_disk.0.initialize_params.0.type": "pd-standard",
                            "boot_disk.0.source": "https://www.googleapis.com/compute/v1/projects/tierion-iglesias/zones/us-central1-a/disks/chp-node-14",
                            "can_ip_forward": "false",
                            "cpu_platform": "Intel Haswell",
                            "deletion_protection": "false",
                            "guest_accelerator.#": "0",
                            "hostname": "",
                            "id": "chp-node-14",
                            "instance_id": "813336039202902201",
                            "label_fingerprint": "42WmSpB8rSM=",
                            "labels.%": "0",
                            "machine_type": "n1-standard-1",
                            "metadata.%": "1",
                            "metadata.project": "chainpoint-hydra",
                            "metadata_fingerprint": "EpXsOtCLHos=",
                            "metadata_startup_script": "#!/bin/bash\n\nif [ -x \"$(command -v docker)\" ]; then\n    echo \"Docker already installed\"\nelse\n    echo \"Install docker\"\n    curl -fsSL https://get.docker.com -o get-docker.sh\n    bash get-docker.sh\n    sudo usermod -aG docker $USER\nfi\n\nsudo apt-get -qq install -y docker-compose git make jq nodejs npm openssl build-essential g++\ncurl -sS https://dl.yarnpkg.com/debian/pubkey.gpg | sudo apt-key add -\nif ! [ -x \"$(command -v yarn)\" ]; then\n    echo \"deb https://dl.yarnpkg.com/debian/ stable main\" | sudo tee /etc/apt/sources.list.d/yarn.list\n    sudo apt-get update -y \u0026\u0026 sudo apt-get install -y --no-install-recommends yarn\nfi\n\n# Install Stackdriver Agent\ncurl -sSO https://dl.google.com/cloudagents/install-monitoring-agent.sh\nsudo bash install-monitoring-agent.sh\n\ncd /srv\nsudo mkdir chp\n\ncd ./chp\n\nsudo git clone https://github.com/chainpoint/chainpoint-node-src.git\nsudo chmod 775 chainpoint-node-src\ncd ./chainpoint-node-src\ngit checkout -b v2 origin/v2\n\nsudo git clone https://michael-iglesias:faca2c20b50c456892f3b6a601ae457d7a49ff10@github.com/chainpoint/go-hydra-smart-contract-files.git artifacts/ethcontracts\n\ncurl \"http://metadata.google.internal/computeMetadata/v1/instance/network-interfaces/0/access-configs/0/external-ip\" -H \"Metadata-Flavor: Google\" \u003e eip.txt\n\nmake init\n\nmake build\n\nmake build-rocksdb\n\necho CHAINPOINT_CORE_CONNECT_IP_LIST=35.245.211.97,35.245.9.90,35.188.238.186 \u003e\u003e .env\n\nmake deploy\n\ncurl -X POST \\\n  https://us-central1-tierion-iglesias.cloudfunctions.net/eth-address-init-stream-processor \\\n  -H 'Content-Type: application/json' \\\n  -H 'Postman-Token: 127b5e92-b8fd-4fd0-b6f9-3a58f9d0c0d9' \\\n  -H 'cache-control: no-cache' \\\n  -d \"{\n\t\\\"ethAddress\\\": \\\"$(\u003ceth-address.txt)\\\"\n}\"\n\n# Start Hydra Utils to poll for a positive $TKN balance before it invokes `make register` on behalf of the Node\nnpm install -g load-testing-node-utils\nexport ETH_INFURA_API_KEY=\"ad8f210998704f9e89a37a4791d4702e\" \u0026\u0026 hydra-chp-node-utils\n\n# make register NODE_ETH_REWARDS_ADDRESS=$(\u003ceth-address.txt) NODE_PUBLIC_IP_ADDRESS=$(\u003ceip.txt) AUTO_REFILL_ENABLED=true AUTO_REFILL_AMOUNT=720\n\nexport COMPOSE_INTERACTIVE_NO_CLI=1 \u0026\u0026 docker exec `docker ps -q` bash -c \"source cli/scripts/env_secrets_expand.sh \u0026\u0026 node cli/register.js NODE_ETH_REWARDS_ADDRESS=$(\u003ceth-address.txt) NODE_PUBLIC_IP_ADDRESS=$(\u003ceip.txt) AUTO_REFILL_ENABLED=true AUTO_REFILL_AMOUNT=720\"",
                            "min_cpu_platform": "",
                            "name": "chp-node-14",
                            "network_interface.#": "1",
                            "network_interface.0.access_config.#": "1",
                            "network_interface.0.access_config.0.assigned_nat_ip": "",
                            "network_interface.0.access_config.0.nat_ip": "35.184.209.121",
                            "network_interface.0.access_config.0.network_tier": "PREMIUM",
                            "network_interface.0.access_config.0.public_ptr_domain_name": "",
                            "network_interface.0.address": "",
                            "network_interface.0.alias_ip_range.#": "0",
                            "network_interface.0.name": "nic0",
                            "network_interface.0.network": "https://www.googleapis.com/compute/v1/projects/tierion-iglesias/global/networks/default",
                            "network_interface.0.network_ip": "10.128.0.218",
                            "network_interface.0.subnetwork": "https://www.googleapis.com/compute/v1/projects/tierion-iglesias/regions/us-central1/subnetworks/default",
                            "network_interface.0.subnetwork_project": "tierion-iglesias",
                            "project": "tierion-iglesias",
                            "scheduling.#": "1",
                            "scheduling.0.automatic_restart": "true",
                            "scheduling.0.on_host_maintenance": "MIGRATE",
                            "scheduling.0.preemptible": "false",
                            "scratch_disk.#": "0",
                            "self_link": "https://www.googleapis.com/compute/v1/projects/tierion-iglesias/zones/us-central1-a/instances/chp-node-14",
                            "service_account.#": "1",
                            "service_account.0.email": "791121030057-compute@developer.gserviceaccount.com",
                            "service_account.0.scopes.#": "2",
                            "service_account.0.scopes.1328717722": "https://www.googleapis.com/auth/devstorage.read_write",
                            "service_account.0.scopes.299962681": "https://www.googleapis.com/auth/compute",
                            "tags.#": "2",
                            "tags.2152288274": "web-sg",
                            "tags.2541227442": "http",
                            "tags_fingerprint": "IJDDdaOreBI=",
                            "zone": "us-central1-a"
                        },
                        "meta": {
                            "e2bfb730-ecaa-11e6-8f88-34363bc7c4c0": {
                                "create": 360000000000,
                                "delete": 360000000000,
                                "update": 360000000000
                            },
                            "schema_version": "6"
                        },
                        "tainted": false
                    },
                    "deposed": [],
                    "provider": "provider.google"
                },
                "google_compute_instance.chp-node.15": {
                    "type": "google_compute_instance",
                    "depends_on": [
                        "data.template_file.init"
                    ],
                    "primary": {
                        "id": "chp-node-15",
                        "attributes": {
                            "attached_disk.#": "0",
                            "boot_disk.#": "1",
                            "boot_disk.0.auto_delete": "true",
                            "boot_disk.0.device_name": "persistent-disk-0",
                            "boot_disk.0.disk_encryption_key_raw": "",
                            "boot_disk.0.disk_encryption_key_sha256": "",
                            "boot_disk.0.initialize_params.#": "1",
                            "boot_disk.0.initialize_params.0.image": "https://www.googleapis.com/compute/v1/projects/ubuntu-os-cloud/global/images/ubuntu-1804-bionic-v20190628",
                            "boot_disk.0.initialize_params.0.size": "10",
                            "boot_disk.0.initialize_params.0.type": "pd-standard",
                            "boot_disk.0.source": "https://www.googleapis.com/compute/v1/projects/tierion-iglesias/zones/us-central1-a/disks/chp-node-15",
                            "can_ip_forward": "false",
                            "cpu_platform": "Intel Haswell",
                            "deletion_protection": "false",
                            "guest_accelerator.#": "0",
                            "hostname": "",
                            "id": "chp-node-15",
                            "instance_id": "7894560826138710853",
                            "label_fingerprint": "42WmSpB8rSM=",
                            "labels.%": "0",
                            "machine_type": "n1-standard-1",
                            "metadata.%": "1",
                            "metadata.project": "chainpoint-hydra",
                            "metadata_fingerprint": "EpXsOtCLHos=",
                            "metadata_startup_script": "#!/bin/bash\n\nif [ -x \"$(command -v docker)\" ]; then\n    echo \"Docker already installed\"\nelse\n    echo \"Install docker\"\n    curl -fsSL https://get.docker.com -o get-docker.sh\n    bash get-docker.sh\n    sudo usermod -aG docker $USER\nfi\n\nsudo apt-get -qq install -y docker-compose git make jq nodejs npm openssl build-essential g++\ncurl -sS https://dl.yarnpkg.com/debian/pubkey.gpg | sudo apt-key add -\nif ! [ -x \"$(command -v yarn)\" ]; then\n    echo \"deb https://dl.yarnpkg.com/debian/ stable main\" | sudo tee /etc/apt/sources.list.d/yarn.list\n    sudo apt-get update -y \u0026\u0026 sudo apt-get install -y --no-install-recommends yarn\nfi\n\n# Install Stackdriver Agent\ncurl -sSO https://dl.google.com/cloudagents/install-monitoring-agent.sh\nsudo bash install-monitoring-agent.sh\n\ncd /srv\nsudo mkdir chp\n\ncd ./chp\n\nsudo git clone https://github.com/chainpoint/chainpoint-node-src.git\nsudo chmod 775 chainpoint-node-src\ncd ./chainpoint-node-src\ngit checkout -b v2 origin/v2\n\nsudo git clone https://michael-iglesias:faca2c20b50c456892f3b6a601ae457d7a49ff10@github.com/chainpoint/go-hydra-smart-contract-files.git artifacts/ethcontracts\n\ncurl \"http://metadata.google.internal/computeMetadata/v1/instance/network-interfaces/0/access-configs/0/external-ip\" -H \"Metadata-Flavor: Google\" \u003e eip.txt\n\nmake init\n\nmake build\n\nmake build-rocksdb\n\necho CHAINPOINT_CORE_CONNECT_IP_LIST=35.245.211.97,35.245.9.90,35.188.238.186 \u003e\u003e .env\n\nmake deploy\n\ncurl -X POST \\\n  https://us-central1-tierion-iglesias.cloudfunctions.net/eth-address-init-stream-processor \\\n  -H 'Content-Type: application/json' \\\n  -H 'Postman-Token: 127b5e92-b8fd-4fd0-b6f9-3a58f9d0c0d9' \\\n  -H 'cache-control: no-cache' \\\n  -d \"{\n\t\\\"ethAddress\\\": \\\"$(\u003ceth-address.txt)\\\"\n}\"\n\n# Start Hydra Utils to poll for a positive $TKN balance before it invokes `make register` on behalf of the Node\nnpm install -g load-testing-node-utils\nexport ETH_INFURA_API_KEY=\"ad8f210998704f9e89a37a4791d4702e\" \u0026\u0026 hydra-chp-node-utils\n\n# make register NODE_ETH_REWARDS_ADDRESS=$(\u003ceth-address.txt) NODE_PUBLIC_IP_ADDRESS=$(\u003ceip.txt) AUTO_REFILL_ENABLED=true AUTO_REFILL_AMOUNT=720\n\nexport COMPOSE_INTERACTIVE_NO_CLI=1 \u0026\u0026 docker exec `docker ps -q` bash -c \"source cli/scripts/env_secrets_expand.sh \u0026\u0026 node cli/register.js NODE_ETH_REWARDS_ADDRESS=$(\u003ceth-address.txt) NODE_PUBLIC_IP_ADDRESS=$(\u003ceip.txt) AUTO_REFILL_ENABLED=true AUTO_REFILL_AMOUNT=720\"",
                            "min_cpu_platform": "",
                            "name": "chp-node-15",
                            "network_interface.#": "1",
                            "network_interface.0.access_config.#": "1",
                            "network_interface.0.access_config.0.assigned_nat_ip": "",
                            "network_interface.0.access_config.0.nat_ip": "104.198.38.208",
                            "network_interface.0.access_config.0.network_tier": "PREMIUM",
                            "network_interface.0.access_config.0.public_ptr_domain_name": "",
                            "network_interface.0.address": "",
                            "network_interface.0.alias_ip_range.#": "0",
                            "network_interface.0.name": "nic0",
                            "network_interface.0.network": "https://www.googleapis.com/compute/v1/projects/tierion-iglesias/global/networks/default",
                            "network_interface.0.network_ip": "10.128.0.183",
                            "network_interface.0.subnetwork": "https://www.googleapis.com/compute/v1/projects/tierion-iglesias/regions/us-central1/subnetworks/default",
                            "network_interface.0.subnetwork_project": "tierion-iglesias",
                            "project": "tierion-iglesias",
                            "scheduling.#": "1",
                            "scheduling.0.automatic_restart": "true",
                            "scheduling.0.on_host_maintenance": "MIGRATE",
                            "scheduling.0.preemptible": "false",
                            "scratch_disk.#": "0",
                            "self_link": "https://www.googleapis.com/compute/v1/projects/tierion-iglesias/zones/us-central1-a/instances/chp-node-15",
                            "service_account.#": "1",
                            "service_account.0.email": "791121030057-compute@developer.gserviceaccount.com",
                            "service_account.0.scopes.#": "2",
                            "service_account.0.scopes.1328717722": "https://www.googleapis.com/auth/devstorage.read_write",
                            "service_account.0.scopes.299962681": "https://www.googleapis.com/auth/compute",
                            "tags.#": "2",
                            "tags.2152288274": "web-sg",
                            "tags.2541227442": "http",
                            "tags_fingerprint": "IJDDdaOreBI=",
                            "zone": "us-central1-a"
                        },
                        "meta": {
                            "e2bfb730-ecaa-11e6-8f88-34363bc7c4c0": {
                                "create": 360000000000,
                                "delete": 360000000000,
                                "update": 360000000000
                            },
                            "schema_version": "6"
                        },
                        "tainted": false
                    },
                    "deposed": [],
                    "provider": "provider.google"
                },
                "google_compute_instance.chp-node.16": {
                    "type": "google_compute_instance",
                    "depends_on": [
                        "data.template_file.init"
                    ],
                    "primary": {
                        "id": "chp-node-16",
                        "attributes": {
                            "attached_disk.#": "0",
                            "boot_disk.#": "1",
                            "boot_disk.0.auto_delete": "true",
                            "boot_disk.0.device_name": "persistent-disk-0",
                            "boot_disk.0.disk_encryption_key_raw": "",
                            "boot_disk.0.disk_encryption_key_sha256": "",
                            "boot_disk.0.initialize_params.#": "1",
                            "boot_disk.0.initialize_params.0.image": "https://www.googleapis.com/compute/v1/projects/ubuntu-os-cloud/global/images/ubuntu-1804-bionic-v20190628",
                            "boot_disk.0.initialize_params.0.size": "10",
                            "boot_disk.0.initialize_params.0.type": "pd-standard",
                            "boot_disk.0.source": "https://www.googleapis.com/compute/v1/projects/tierion-iglesias/zones/us-central1-a/disks/chp-node-16",
                            "can_ip_forward": "false",
                            "cpu_platform": "Intel Haswell",
                            "deletion_protection": "false",
                            "guest_accelerator.#": "0",
                            "hostname": "",
                            "id": "chp-node-16",
                            "instance_id": "133236557815894853",
                            "label_fingerprint": "42WmSpB8rSM=",
                            "labels.%": "0",
                            "machine_type": "n1-standard-1",
                            "metadata.%": "1",
                            "metadata.project": "chainpoint-hydra",
                            "metadata_fingerprint": "EpXsOtCLHos=",
                            "metadata_startup_script": "#!/bin/bash\n\nif [ -x \"$(command -v docker)\" ]; then\n    echo \"Docker already installed\"\nelse\n    echo \"Install docker\"\n    curl -fsSL https://get.docker.com -o get-docker.sh\n    bash get-docker.sh\n    sudo usermod -aG docker $USER\nfi\n\nsudo apt-get -qq install -y docker-compose git make jq nodejs npm openssl build-essential g++\ncurl -sS https://dl.yarnpkg.com/debian/pubkey.gpg | sudo apt-key add -\nif ! [ -x \"$(command -v yarn)\" ]; then\n    echo \"deb https://dl.yarnpkg.com/debian/ stable main\" | sudo tee /etc/apt/sources.list.d/yarn.list\n    sudo apt-get update -y \u0026\u0026 sudo apt-get install -y --no-install-recommends yarn\nfi\n\n# Install Stackdriver Agent\ncurl -sSO https://dl.google.com/cloudagents/install-monitoring-agent.sh\nsudo bash install-monitoring-agent.sh\n\ncd /srv\nsudo mkdir chp\n\ncd ./chp\n\nsudo git clone https://github.com/chainpoint/chainpoint-node-src.git\nsudo chmod 775 chainpoint-node-src\ncd ./chainpoint-node-src\ngit checkout -b v2 origin/v2\n\nsudo git clone https://michael-iglesias:faca2c20b50c456892f3b6a601ae457d7a49ff10@github.com/chainpoint/go-hydra-smart-contract-files.git artifacts/ethcontracts\n\ncurl \"http://metadata.google.internal/computeMetadata/v1/instance/network-interfaces/0/access-configs/0/external-ip\" -H \"Metadata-Flavor: Google\" \u003e eip.txt\n\nmake init\n\nmake build\n\nmake build-rocksdb\n\necho CHAINPOINT_CORE_CONNECT_IP_LIST=35.245.211.97,35.245.9.90,35.188.238.186 \u003e\u003e .env\n\nmake deploy\n\ncurl -X POST \\\n  https://us-central1-tierion-iglesias.cloudfunctions.net/eth-address-init-stream-processor \\\n  -H 'Content-Type: application/json' \\\n  -H 'Postman-Token: 127b5e92-b8fd-4fd0-b6f9-3a58f9d0c0d9' \\\n  -H 'cache-control: no-cache' \\\n  -d \"{\n\t\\\"ethAddress\\\": \\\"$(\u003ceth-address.txt)\\\"\n}\"\n\n# Start Hydra Utils to poll for a positive $TKN balance before it invokes `make register` on behalf of the Node\nnpm install -g load-testing-node-utils\nexport ETH_INFURA_API_KEY=\"ad8f210998704f9e89a37a4791d4702e\" \u0026\u0026 hydra-chp-node-utils\n\n# make register NODE_ETH_REWARDS_ADDRESS=$(\u003ceth-address.txt) NODE_PUBLIC_IP_ADDRESS=$(\u003ceip.txt) AUTO_REFILL_ENABLED=true AUTO_REFILL_AMOUNT=720\n\nexport COMPOSE_INTERACTIVE_NO_CLI=1 \u0026\u0026 docker exec `docker ps -q` bash -c \"source cli/scripts/env_secrets_expand.sh \u0026\u0026 node cli/register.js NODE_ETH_REWARDS_ADDRESS=$(\u003ceth-address.txt) NODE_PUBLIC_IP_ADDRESS=$(\u003ceip.txt) AUTO_REFILL_ENABLED=true AUTO_REFILL_AMOUNT=720\"",
                            "min_cpu_platform": "",
                            "name": "chp-node-16",
                            "network_interface.#": "1",
                            "network_interface.0.access_config.#": "1",
                            "network_interface.0.access_config.0.assigned_nat_ip": "",
                            "network_interface.0.access_config.0.nat_ip": "35.226.58.136",
                            "network_interface.0.access_config.0.network_tier": "PREMIUM",
                            "network_interface.0.access_config.0.public_ptr_domain_name": "",
                            "network_interface.0.address": "",
                            "network_interface.0.alias_ip_range.#": "0",
                            "network_interface.0.name": "nic0",
                            "network_interface.0.network": "https://www.googleapis.com/compute/v1/projects/tierion-iglesias/global/networks/default",
                            "network_interface.0.network_ip": "10.128.0.184",
                            "network_interface.0.subnetwork": "https://www.googleapis.com/compute/v1/projects/tierion-iglesias/regions/us-central1/subnetworks/default",
                            "network_interface.0.subnetwork_project": "tierion-iglesias",
                            "project": "tierion-iglesias",
                            "scheduling.#": "1",
                            "scheduling.0.automatic_restart": "true",
                            "scheduling.0.on_host_maintenance": "MIGRATE",
                            "scheduling.0.preemptible": "false",
                            "scratch_disk.#": "0",
                            "self_link": "https://www.googleapis.com/compute/v1/projects/tierion-iglesias/zones/us-central1-a/instances/chp-node-16",
                            "service_account.#": "1",
                            "service_account.0.email": "791121030057-compute@developer.gserviceaccount.com",
                            "service_account.0.scopes.#": "2",
                            "service_account.0.scopes.1328717722": "https://www.googleapis.com/auth/devstorage.read_write",
                            "service_account.0.scopes.299962681": "https://www.googleapis.com/auth/compute",
                            "tags.#": "2",
                            "tags.2152288274": "web-sg",
                            "tags.2541227442": "http",
                            "tags_fingerprint": "IJDDdaOreBI=",
                            "zone": "us-central1-a"
                        },
                        "meta": {
                            "e2bfb730-ecaa-11e6-8f88-34363bc7c4c0": {
                                "create": 360000000000,
                                "delete": 360000000000,
                                "update": 360000000000
                            },
                            "schema_version": "6"
                        },
                        "tainted": false
                    },
                    "deposed": [],
                    "provider": "provider.google"
                },
                "google_compute_instance.chp-node.17": {
                    "type": "google_compute_instance",
                    "depends_on": [
                        "data.template_file.init"
                    ],
                    "primary": {
                        "id": "chp-node-17",
                        "attributes": {
                            "attached_disk.#": "0",
                            "boot_disk.#": "1",
                            "boot_disk.0.auto_delete": "true",
                            "boot_disk.0.device_name": "persistent-disk-0",
                            "boot_disk.0.disk_encryption_key_raw": "",
                            "boot_disk.0.disk_encryption_key_sha256": "",
                            "boot_disk.0.initialize_params.#": "1",
                            "boot_disk.0.initialize_params.0.image": "https://www.googleapis.com/compute/v1/projects/ubuntu-os-cloud/global/images/ubuntu-1804-bionic-v20190628",
                            "boot_disk.0.initialize_params.0.size": "10",
                            "boot_disk.0.initialize_params.0.type": "pd-standard",
                            "boot_disk.0.source": "https://www.googleapis.com/compute/v1/projects/tierion-iglesias/zones/us-central1-a/disks/chp-node-17",
                            "can_ip_forward": "false",
                            "cpu_platform": "Intel Haswell",
                            "deletion_protection": "false",
                            "guest_accelerator.#": "0",
                            "hostname": "",
                            "id": "chp-node-17",
                            "instance_id": "3674050971513017531",
                            "label_fingerprint": "42WmSpB8rSM=",
                            "labels.%": "0",
                            "machine_type": "n1-standard-1",
                            "metadata.%": "1",
                            "metadata.project": "chainpoint-hydra",
                            "metadata_fingerprint": "EpXsOtCLHos=",
                            "metadata_startup_script": "#!/bin/bash\n\nif [ -x \"$(command -v docker)\" ]; then\n    echo \"Docker already installed\"\nelse\n    echo \"Install docker\"\n    curl -fsSL https://get.docker.com -o get-docker.sh\n    bash get-docker.sh\n    sudo usermod -aG docker $USER\nfi\n\nsudo apt-get -qq install -y docker-compose git make jq nodejs npm openssl build-essential g++\ncurl -sS https://dl.yarnpkg.com/debian/pubkey.gpg | sudo apt-key add -\nif ! [ -x \"$(command -v yarn)\" ]; then\n    echo \"deb https://dl.yarnpkg.com/debian/ stable main\" | sudo tee /etc/apt/sources.list.d/yarn.list\n    sudo apt-get update -y \u0026\u0026 sudo apt-get install -y --no-install-recommends yarn\nfi\n\n# Install Stackdriver Agent\ncurl -sSO https://dl.google.com/cloudagents/install-monitoring-agent.sh\nsudo bash install-monitoring-agent.sh\n\ncd /srv\nsudo mkdir chp\n\ncd ./chp\n\nsudo git clone https://github.com/chainpoint/chainpoint-node-src.git\nsudo chmod 775 chainpoint-node-src\ncd ./chainpoint-node-src\ngit checkout -b v2 origin/v2\n\nsudo git clone https://michael-iglesias:faca2c20b50c456892f3b6a601ae457d7a49ff10@github.com/chainpoint/go-hydra-smart-contract-files.git artifacts/ethcontracts\n\ncurl \"http://metadata.google.internal/computeMetadata/v1/instance/network-interfaces/0/access-configs/0/external-ip\" -H \"Metadata-Flavor: Google\" \u003e eip.txt\n\nmake init\n\nmake build\n\nmake build-rocksdb\n\necho CHAINPOINT_CORE_CONNECT_IP_LIST=35.245.211.97,35.245.9.90,35.188.238.186 \u003e\u003e .env\n\nmake deploy\n\ncurl -X POST \\\n  https://us-central1-tierion-iglesias.cloudfunctions.net/eth-address-init-stream-processor \\\n  -H 'Content-Type: application/json' \\\n  -H 'Postman-Token: 127b5e92-b8fd-4fd0-b6f9-3a58f9d0c0d9' \\\n  -H 'cache-control: no-cache' \\\n  -d \"{\n\t\\\"ethAddress\\\": \\\"$(\u003ceth-address.txt)\\\"\n}\"\n\n# Start Hydra Utils to poll for a positive $TKN balance before it invokes `make register` on behalf of the Node\nnpm install -g load-testing-node-utils\nexport ETH_INFURA_API_KEY=\"ad8f210998704f9e89a37a4791d4702e\" \u0026\u0026 hydra-chp-node-utils\n\n# make register NODE_ETH_REWARDS_ADDRESS=$(\u003ceth-address.txt) NODE_PUBLIC_IP_ADDRESS=$(\u003ceip.txt) AUTO_REFILL_ENABLED=true AUTO_REFILL_AMOUNT=720\n\nexport COMPOSE_INTERACTIVE_NO_CLI=1 \u0026\u0026 docker exec `docker ps -q` bash -c \"source cli/scripts/env_secrets_expand.sh \u0026\u0026 node cli/register.js NODE_ETH_REWARDS_ADDRESS=$(\u003ceth-address.txt) NODE_PUBLIC_IP_ADDRESS=$(\u003ceip.txt) AUTO_REFILL_ENABLED=true AUTO_REFILL_AMOUNT=720\"",
                            "min_cpu_platform": "",
                            "name": "chp-node-17",
                            "network_interface.#": "1",
                            "network_interface.0.access_config.#": "1",
                            "network_interface.0.access_config.0.assigned_nat_ip": "",
                            "network_interface.0.access_config.0.nat_ip": "35.225.52.216",
                            "network_interface.0.access_config.0.network_tier": "PREMIUM",
                            "network_interface.0.access_config.0.public_ptr_domain_name": "",
                            "network_interface.0.address": "",
                            "network_interface.0.alias_ip_range.#": "0",
                            "network_interface.0.name": "nic0",
                            "network_interface.0.network": "https://www.googleapis.com/compute/v1/projects/tierion-iglesias/global/networks/default",
                            "network_interface.0.network_ip": "10.128.15.225",
                            "network_interface.0.subnetwork": "https://www.googleapis.com/compute/v1/projects/tierion-iglesias/regions/us-central1/subnetworks/default",
                            "network_interface.0.subnetwork_project": "tierion-iglesias",
                            "project": "tierion-iglesias",
                            "scheduling.#": "1",
                            "scheduling.0.automatic_restart": "true",
                            "scheduling.0.on_host_maintenance": "MIGRATE",
                            "scheduling.0.preemptible": "false",
                            "scratch_disk.#": "0",
                            "self_link": "https://www.googleapis.com/compute/v1/projects/tierion-iglesias/zones/us-central1-a/instances/chp-node-17",
                            "service_account.#": "1",
                            "service_account.0.email": "791121030057-compute@developer.gserviceaccount.com",
                            "service_account.0.scopes.#": "2",
                            "service_account.0.scopes.1328717722": "https://www.googleapis.com/auth/devstorage.read_write",
                            "service_account.0.scopes.299962681": "https://www.googleapis.com/auth/compute",
                            "tags.#": "2",
                            "tags.2152288274": "web-sg",
                            "tags.2541227442": "http",
                            "tags_fingerprint": "IJDDdaOreBI=",
                            "zone": "us-central1-a"
                        },
                        "meta": {
                            "e2bfb730-ecaa-11e6-8f88-34363bc7c4c0": {
                                "create": 360000000000,
                                "delete": 360000000000,
                                "update": 360000000000
                            },
                            "schema_version": "6"
                        },
                        "tainted": false
                    },
                    "deposed": [],
                    "provider": "provider.google"
                },
                "google_compute_instance.chp-node.18": {
                    "type": "google_compute_instance",
                    "depends_on": [
                        "data.template_file.init"
                    ],
                    "primary": {
                        "id": "chp-node-18",
                        "attributes": {
                            "attached_disk.#": "0",
                            "boot_disk.#": "1",
                            "boot_disk.0.auto_delete": "true",
                            "boot_disk.0.device_name": "persistent-disk-0",
                            "boot_disk.0.disk_encryption_key_raw": "",
                            "boot_disk.0.disk_encryption_key_sha256": "",
                            "boot_disk.0.initialize_params.#": "1",
                            "boot_disk.0.initialize_params.0.image": "https://www.googleapis.com/compute/v1/projects/ubuntu-os-cloud/global/images/ubuntu-1804-bionic-v20190628",
                            "boot_disk.0.initialize_params.0.size": "10",
                            "boot_disk.0.initialize_params.0.type": "pd-standard",
                            "boot_disk.0.source": "https://www.googleapis.com/compute/v1/projects/tierion-iglesias/zones/us-central1-a/disks/chp-node-18",
                            "can_ip_forward": "false",
                            "cpu_platform": "Intel Haswell",
                            "deletion_protection": "false",
                            "guest_accelerator.#": "0",
                            "hostname": "",
                            "id": "chp-node-18",
                            "instance_id": "3940094701959796189",
                            "label_fingerprint": "42WmSpB8rSM=",
                            "labels.%": "0",
                            "machine_type": "n1-standard-1",
                            "metadata.%": "1",
                            "metadata.project": "chainpoint-hydra",
                            "metadata_fingerprint": "EpXsOtCLHos=",
                            "metadata_startup_script": "#!/bin/bash\n\nif [ -x \"$(command -v docker)\" ]; then\n    echo \"Docker already installed\"\nelse\n    echo \"Install docker\"\n    curl -fsSL https://get.docker.com -o get-docker.sh\n    bash get-docker.sh\n    sudo usermod -aG docker $USER\nfi\n\nsudo apt-get -qq install -y docker-compose git make jq nodejs npm openssl build-essential g++\ncurl -sS https://dl.yarnpkg.com/debian/pubkey.gpg | sudo apt-key add -\nif ! [ -x \"$(command -v yarn)\" ]; then\n    echo \"deb https://dl.yarnpkg.com/debian/ stable main\" | sudo tee /etc/apt/sources.list.d/yarn.list\n    sudo apt-get update -y \u0026\u0026 sudo apt-get install -y --no-install-recommends yarn\nfi\n\n# Install Stackdriver Agent\ncurl -sSO https://dl.google.com/cloudagents/install-monitoring-agent.sh\nsudo bash install-monitoring-agent.sh\n\ncd /srv\nsudo mkdir chp\n\ncd ./chp\n\nsudo git clone https://github.com/chainpoint/chainpoint-node-src.git\nsudo chmod 775 chainpoint-node-src\ncd ./chainpoint-node-src\ngit checkout -b v2 origin/v2\n\nsudo git clone https://michael-iglesias:faca2c20b50c456892f3b6a601ae457d7a49ff10@github.com/chainpoint/go-hydra-smart-contract-files.git artifacts/ethcontracts\n\ncurl \"http://metadata.google.internal/computeMetadata/v1/instance/network-interfaces/0/access-configs/0/external-ip\" -H \"Metadata-Flavor: Google\" \u003e eip.txt\n\nmake init\n\nmake build\n\nmake build-rocksdb\n\necho CHAINPOINT_CORE_CONNECT_IP_LIST=35.245.211.97,35.245.9.90,35.188.238.186 \u003e\u003e .env\n\nmake deploy\n\ncurl -X POST \\\n  https://us-central1-tierion-iglesias.cloudfunctions.net/eth-address-init-stream-processor \\\n  -H 'Content-Type: application/json' \\\n  -H 'Postman-Token: 127b5e92-b8fd-4fd0-b6f9-3a58f9d0c0d9' \\\n  -H 'cache-control: no-cache' \\\n  -d \"{\n\t\\\"ethAddress\\\": \\\"$(\u003ceth-address.txt)\\\"\n}\"\n\n# Start Hydra Utils to poll for a positive $TKN balance before it invokes `make register` on behalf of the Node\nnpm install -g load-testing-node-utils\nexport ETH_INFURA_API_KEY=\"ad8f210998704f9e89a37a4791d4702e\" \u0026\u0026 hydra-chp-node-utils\n\n# make register NODE_ETH_REWARDS_ADDRESS=$(\u003ceth-address.txt) NODE_PUBLIC_IP_ADDRESS=$(\u003ceip.txt) AUTO_REFILL_ENABLED=true AUTO_REFILL_AMOUNT=720\n\nexport COMPOSE_INTERACTIVE_NO_CLI=1 \u0026\u0026 docker exec `docker ps -q` bash -c \"source cli/scripts/env_secrets_expand.sh \u0026\u0026 node cli/register.js NODE_ETH_REWARDS_ADDRESS=$(\u003ceth-address.txt) NODE_PUBLIC_IP_ADDRESS=$(\u003ceip.txt) AUTO_REFILL_ENABLED=true AUTO_REFILL_AMOUNT=720\"",
                            "min_cpu_platform": "",
                            "name": "chp-node-18",
                            "network_interface.#": "1",
                            "network_interface.0.access_config.#": "1",
                            "network_interface.0.access_config.0.assigned_nat_ip": "",
                            "network_interface.0.access_config.0.nat_ip": "35.222.218.169",
                            "network_interface.0.access_config.0.network_tier": "PREMIUM",
                            "network_interface.0.access_config.0.public_ptr_domain_name": "",
                            "network_interface.0.address": "",
                            "network_interface.0.alias_ip_range.#": "0",
                            "network_interface.0.name": "nic0",
                            "network_interface.0.network": "https://www.googleapis.com/compute/v1/projects/tierion-iglesias/global/networks/default",
                            "network_interface.0.network_ip": "10.128.0.71",
                            "network_interface.0.subnetwork": "https://www.googleapis.com/compute/v1/projects/tierion-iglesias/regions/us-central1/subnetworks/default",
                            "network_interface.0.subnetwork_project": "tierion-iglesias",
                            "project": "tierion-iglesias",
                            "scheduling.#": "1",
                            "scheduling.0.automatic_restart": "true",
                            "scheduling.0.on_host_maintenance": "MIGRATE",
                            "scheduling.0.preemptible": "false",
                            "scratch_disk.#": "0",
                            "self_link": "https://www.googleapis.com/compute/v1/projects/tierion-iglesias/zones/us-central1-a/instances/chp-node-18",
                            "service_account.#": "1",
                            "service_account.0.email": "791121030057-compute@developer.gserviceaccount.com",
                            "service_account.0.scopes.#": "2",
                            "service_account.0.scopes.1328717722": "https://www.googleapis.com/auth/devstorage.read_write",
                            "service_account.0.scopes.299962681": "https://www.googleapis.com/auth/compute",
                            "tags.#": "2",
                            "tags.2152288274": "web-sg",
                            "tags.2541227442": "http",
                            "tags_fingerprint": "IJDDdaOreBI=",
                            "zone": "us-central1-a"
                        },
                        "meta": {
                            "e2bfb730-ecaa-11e6-8f88-34363bc7c4c0": {
                                "create": 360000000000,
                                "delete": 360000000000,
                                "update": 360000000000
                            },
                            "schema_version": "6"
                        },
                        "tainted": false
                    },
                    "deposed": [],
                    "provider": "provider.google"
                },
                "google_compute_instance.chp-node.19": {
                    "type": "google_compute_instance",
                    "depends_on": [
                        "data.template_file.init"
                    ],
                    "primary": {
                        "id": "chp-node-19",
                        "attributes": {
                            "attached_disk.#": "0",
                            "boot_disk.#": "1",
                            "boot_disk.0.auto_delete": "true",
                            "boot_disk.0.device_name": "persistent-disk-0",
                            "boot_disk.0.disk_encryption_key_raw": "",
                            "boot_disk.0.disk_encryption_key_sha256": "",
                            "boot_disk.0.initialize_params.#": "1",
                            "boot_disk.0.initialize_params.0.image": "https://www.googleapis.com/compute/v1/projects/ubuntu-os-cloud/global/images/ubuntu-1804-bionic-v20190628",
                            "boot_disk.0.initialize_params.0.size": "10",
                            "boot_disk.0.initialize_params.0.type": "pd-standard",
                            "boot_disk.0.source": "https://www.googleapis.com/compute/v1/projects/tierion-iglesias/zones/us-central1-a/disks/chp-node-19",
                            "can_ip_forward": "false",
                            "cpu_platform": "Intel Haswell",
                            "deletion_protection": "false",
                            "guest_accelerator.#": "0",
                            "hostname": "",
                            "id": "chp-node-19",
                            "instance_id": "713688047701873537",
                            "label_fingerprint": "42WmSpB8rSM=",
                            "labels.%": "0",
                            "machine_type": "n1-standard-1",
                            "metadata.%": "1",
                            "metadata.project": "chainpoint-hydra",
                            "metadata_fingerprint": "EpXsOtCLHos=",
                            "metadata_startup_script": "#!/bin/bash\n\nif [ -x \"$(command -v docker)\" ]; then\n    echo \"Docker already installed\"\nelse\n    echo \"Install docker\"\n    curl -fsSL https://get.docker.com -o get-docker.sh\n    bash get-docker.sh\n    sudo usermod -aG docker $USER\nfi\n\nsudo apt-get -qq install -y docker-compose git make jq nodejs npm openssl build-essential g++\ncurl -sS https://dl.yarnpkg.com/debian/pubkey.gpg | sudo apt-key add -\nif ! [ -x \"$(command -v yarn)\" ]; then\n    echo \"deb https://dl.yarnpkg.com/debian/ stable main\" | sudo tee /etc/apt/sources.list.d/yarn.list\n    sudo apt-get update -y \u0026\u0026 sudo apt-get install -y --no-install-recommends yarn\nfi\n\n# Install Stackdriver Agent\ncurl -sSO https://dl.google.com/cloudagents/install-monitoring-agent.sh\nsudo bash install-monitoring-agent.sh\n\ncd /srv\nsudo mkdir chp\n\ncd ./chp\n\nsudo git clone https://github.com/chainpoint/chainpoint-node-src.git\nsudo chmod 775 chainpoint-node-src\ncd ./chainpoint-node-src\ngit checkout -b v2 origin/v2\n\nsudo git clone https://michael-iglesias:faca2c20b50c456892f3b6a601ae457d7a49ff10@github.com/chainpoint/go-hydra-smart-contract-files.git artifacts/ethcontracts\n\ncurl \"http://metadata.google.internal/computeMetadata/v1/instance/network-interfaces/0/access-configs/0/external-ip\" -H \"Metadata-Flavor: Google\" \u003e eip.txt\n\nmake init\n\nmake build\n\nmake build-rocksdb\n\necho CHAINPOINT_CORE_CONNECT_IP_LIST=35.245.211.97,35.245.9.90,35.188.238.186 \u003e\u003e .env\n\nmake deploy\n\ncurl -X POST \\\n  https://us-central1-tierion-iglesias.cloudfunctions.net/eth-address-init-stream-processor \\\n  -H 'Content-Type: application/json' \\\n  -H 'Postman-Token: 127b5e92-b8fd-4fd0-b6f9-3a58f9d0c0d9' \\\n  -H 'cache-control: no-cache' \\\n  -d \"{\n\t\\\"ethAddress\\\": \\\"$(\u003ceth-address.txt)\\\"\n}\"\n\n# Start Hydra Utils to poll for a positive $TKN balance before it invokes `make register` on behalf of the Node\nnpm install -g load-testing-node-utils\nexport ETH_INFURA_API_KEY=\"ad8f210998704f9e89a37a4791d4702e\" \u0026\u0026 hydra-chp-node-utils\n\n# make register NODE_ETH_REWARDS_ADDRESS=$(\u003ceth-address.txt) NODE_PUBLIC_IP_ADDRESS=$(\u003ceip.txt) AUTO_REFILL_ENABLED=true AUTO_REFILL_AMOUNT=720\n\nexport COMPOSE_INTERACTIVE_NO_CLI=1 \u0026\u0026 docker exec `docker ps -q` bash -c \"source cli/scripts/env_secrets_expand.sh \u0026\u0026 node cli/register.js NODE_ETH_REWARDS_ADDRESS=$(\u003ceth-address.txt) NODE_PUBLIC_IP_ADDRESS=$(\u003ceip.txt) AUTO_REFILL_ENABLED=true AUTO_REFILL_AMOUNT=720\"",
                            "min_cpu_platform": "",
                            "name": "chp-node-19",
                            "network_interface.#": "1",
                            "network_interface.0.access_config.#": "1",
                            "network_interface.0.access_config.0.assigned_nat_ip": "",
                            "network_interface.0.access_config.0.nat_ip": "35.225.27.114",
                            "network_interface.0.access_config.0.network_tier": "PREMIUM",
                            "network_interface.0.access_config.0.public_ptr_domain_name": "",
                            "network_interface.0.address": "",
                            "network_interface.0.alias_ip_range.#": "0",
                            "network_interface.0.name": "nic0",
                            "network_interface.0.network": "https://www.googleapis.com/compute/v1/projects/tierion-iglesias/global/networks/default",
                            "network_interface.0.network_ip": "10.128.0.171",
                            "network_interface.0.subnetwork": "https://www.googleapis.com/compute/v1/projects/tierion-iglesias/regions/us-central1/subnetworks/default",
                            "network_interface.0.subnetwork_project": "tierion-iglesias",
                            "project": "tierion-iglesias",
                            "scheduling.#": "1",
                            "scheduling.0.automatic_restart": "true",
                            "scheduling.0.on_host_maintenance": "MIGRATE",
                            "scheduling.0.preemptible": "false",
                            "scratch_disk.#": "0",
                            "self_link": "https://www.googleapis.com/compute/v1/projects/tierion-iglesias/zones/us-central1-a/instances/chp-node-19",
                            "service_account.#": "1",
                            "service_account.0.email": "791121030057-compute@developer.gserviceaccount.com",
                            "service_account.0.scopes.#": "2",
                            "service_account.0.scopes.1328717722": "https://www.googleapis.com/auth/devstorage.read_write",
                            "service_account.0.scopes.299962681": "https://www.googleapis.com/auth/compute",
                            "tags.#": "2",
                            "tags.2152288274": "web-sg",
                            "tags.2541227442": "http",
                            "tags_fingerprint": "IJDDdaOreBI=",
                            "zone": "us-central1-a"
                        },
                        "meta": {
                            "e2bfb730-ecaa-11e6-8f88-34363bc7c4c0": {
                                "create": 360000000000,
                                "delete": 360000000000,
                                "update": 360000000000
                            },
                            "schema_version": "6"
                        },
                        "tainted": false
                    },
                    "deposed": [],
                    "provider": "provider.google"
                },
                "google_compute_instance.chp-node.2": {
                    "type": "google_compute_instance",
                    "depends_on": [
                        "data.template_file.init"
                    ],
                    "primary": {
                        "id": "chp-node-2",
                        "attributes": {
                            "attached_disk.#": "0",
                            "boot_disk.#": "1",
                            "boot_disk.0.auto_delete": "true",
                            "boot_disk.0.device_name": "persistent-disk-0",
                            "boot_disk.0.disk_encryption_key_raw": "",
                            "boot_disk.0.disk_encryption_key_sha256": "",
                            "boot_disk.0.initialize_params.#": "1",
                            "boot_disk.0.initialize_params.0.image": "https://www.googleapis.com/compute/v1/projects/ubuntu-os-cloud/global/images/ubuntu-1804-bionic-v20190628",
                            "boot_disk.0.initialize_params.0.size": "10",
                            "boot_disk.0.initialize_params.0.type": "pd-standard",
                            "boot_disk.0.source": "https://www.googleapis.com/compute/v1/projects/tierion-iglesias/zones/us-central1-a/disks/chp-node-2",
                            "can_ip_forward": "false",
                            "cpu_platform": "Intel Haswell",
                            "deletion_protection": "false",
                            "guest_accelerator.#": "0",
                            "hostname": "",
                            "id": "chp-node-2",
                            "instance_id": "987812024676668726",
                            "label_fingerprint": "42WmSpB8rSM=",
                            "labels.%": "0",
                            "machine_type": "n1-standard-1",
                            "metadata.%": "1",
                            "metadata.project": "chainpoint-hydra",
                            "metadata_fingerprint": "EpXsOtCLHos=",
                            "metadata_startup_script": "#!/bin/bash\n\nif [ -x \"$(command -v docker)\" ]; then\n    echo \"Docker already installed\"\nelse\n    echo \"Install docker\"\n    curl -fsSL https://get.docker.com -o get-docker.sh\n    bash get-docker.sh\n    sudo usermod -aG docker $USER\nfi\n\nsudo apt-get -qq install -y docker-compose git make jq nodejs npm openssl build-essential g++\ncurl -sS https://dl.yarnpkg.com/debian/pubkey.gpg | sudo apt-key add -\nif ! [ -x \"$(command -v yarn)\" ]; then\n    echo \"deb https://dl.yarnpkg.com/debian/ stable main\" | sudo tee /etc/apt/sources.list.d/yarn.list\n    sudo apt-get update -y \u0026\u0026 sudo apt-get install -y --no-install-recommends yarn\nfi\n\n# Install Stackdriver Agent\ncurl -sSO https://dl.google.com/cloudagents/install-monitoring-agent.sh\nsudo bash install-monitoring-agent.sh\n\ncd /srv\nsudo mkdir chp\n\ncd ./chp\n\nsudo git clone https://github.com/chainpoint/chainpoint-node-src.git\nsudo chmod 775 chainpoint-node-src\ncd ./chainpoint-node-src\ngit checkout -b v2 origin/v2\n\nsudo git clone https://michael-iglesias:faca2c20b50c456892f3b6a601ae457d7a49ff10@github.com/chainpoint/go-hydra-smart-contract-files.git artifacts/ethcontracts\n\ncurl \"http://metadata.google.internal/computeMetadata/v1/instance/network-interfaces/0/access-configs/0/external-ip\" -H \"Metadata-Flavor: Google\" \u003e eip.txt\n\nmake init\n\nmake build\n\nmake build-rocksdb\n\necho CHAINPOINT_CORE_CONNECT_IP_LIST=35.245.211.97,35.245.9.90,35.188.238.186 \u003e\u003e .env\n\nmake deploy\n\ncurl -X POST \\\n  https://us-central1-tierion-iglesias.cloudfunctions.net/eth-address-init-stream-processor \\\n  -H 'Content-Type: application/json' \\\n  -H 'Postman-Token: 127b5e92-b8fd-4fd0-b6f9-3a58f9d0c0d9' \\\n  -H 'cache-control: no-cache' \\\n  -d \"{\n\t\\\"ethAddress\\\": \\\"$(\u003ceth-address.txt)\\\"\n}\"\n\n# Start Hydra Utils to poll for a positive $TKN balance before it invokes `make register` on behalf of the Node\nnpm install -g load-testing-node-utils\nexport ETH_INFURA_API_KEY=\"ad8f210998704f9e89a37a4791d4702e\" \u0026\u0026 hydra-chp-node-utils\n\n# make register NODE_ETH_REWARDS_ADDRESS=$(\u003ceth-address.txt) NODE_PUBLIC_IP_ADDRESS=$(\u003ceip.txt) AUTO_REFILL_ENABLED=true AUTO_REFILL_AMOUNT=720\n\nexport COMPOSE_INTERACTIVE_NO_CLI=1 \u0026\u0026 docker exec `docker ps -q` bash -c \"source cli/scripts/env_secrets_expand.sh \u0026\u0026 node cli/register.js NODE_ETH_REWARDS_ADDRESS=$(\u003ceth-address.txt) NODE_PUBLIC_IP_ADDRESS=$(\u003ceip.txt) AUTO_REFILL_ENABLED=true AUTO_REFILL_AMOUNT=720\"",
                            "min_cpu_platform": "",
                            "name": "chp-node-2",
                            "network_interface.#": "1",
                            "network_interface.0.access_config.#": "1",
                            "network_interface.0.access_config.0.assigned_nat_ip": "",
                            "network_interface.0.access_config.0.nat_ip": "35.184.197.94",
                            "network_interface.0.access_config.0.network_tier": "PREMIUM",
                            "network_interface.0.access_config.0.public_ptr_domain_name": "",
                            "network_interface.0.address": "",
                            "network_interface.0.alias_ip_range.#": "0",
                            "network_interface.0.name": "nic0",
                            "network_interface.0.network": "https://www.googleapis.com/compute/v1/projects/tierion-iglesias/global/networks/default",
                            "network_interface.0.network_ip": "10.128.0.103",
                            "network_interface.0.subnetwork": "https://www.googleapis.com/compute/v1/projects/tierion-iglesias/regions/us-central1/subnetworks/default",
                            "network_interface.0.subnetwork_project": "tierion-iglesias",
                            "project": "tierion-iglesias",
                            "scheduling.#": "1",
                            "scheduling.0.automatic_restart": "true",
                            "scheduling.0.on_host_maintenance": "MIGRATE",
                            "scheduling.0.preemptible": "false",
                            "scratch_disk.#": "0",
                            "self_link": "https://www.googleapis.com/compute/v1/projects/tierion-iglesias/zones/us-central1-a/instances/chp-node-2",
                            "service_account.#": "1",
                            "service_account.0.email": "791121030057-compute@developer.gserviceaccount.com",
                            "service_account.0.scopes.#": "2",
                            "service_account.0.scopes.1328717722": "https://www.googleapis.com/auth/devstorage.read_write",
                            "service_account.0.scopes.299962681": "https://www.googleapis.com/auth/compute",
                            "tags.#": "2",
                            "tags.2152288274": "web-sg",
                            "tags.2541227442": "http",
                            "tags_fingerprint": "IJDDdaOreBI=",
                            "zone": "us-central1-a"
                        },
                        "meta": {
                            "e2bfb730-ecaa-11e6-8f88-34363bc7c4c0": {
                                "create": 360000000000,
                                "delete": 360000000000,
                                "update": 360000000000
                            },
                            "schema_version": "6"
                        },
                        "tainted": false
                    },
                    "deposed": [],
                    "provider": "provider.google"
                },
                "google_compute_instance.chp-node.20": {
                    "type": "google_compute_instance",
                    "depends_on": [
                        "data.template_file.init"
                    ],
                    "primary": {
                        "id": "chp-node-20",
                        "attributes": {
                            "attached_disk.#": "0",
                            "boot_disk.#": "1",
                            "boot_disk.0.auto_delete": "true",
                            "boot_disk.0.device_name": "persistent-disk-0",
                            "boot_disk.0.disk_encryption_key_raw": "",
                            "boot_disk.0.disk_encryption_key_sha256": "",
                            "boot_disk.0.initialize_params.#": "1",
                            "boot_disk.0.initialize_params.0.image": "https://www.googleapis.com/compute/v1/projects/ubuntu-os-cloud/global/images/ubuntu-1804-bionic-v20190628",
                            "boot_disk.0.initialize_params.0.size": "10",
                            "boot_disk.0.initialize_params.0.type": "pd-standard",
                            "boot_disk.0.source": "https://www.googleapis.com/compute/v1/projects/tierion-iglesias/zones/us-central1-a/disks/chp-node-20",
                            "can_ip_forward": "false",
                            "cpu_platform": "Intel Haswell",
                            "deletion_protection": "false",
                            "guest_accelerator.#": "0",
                            "hostname": "",
                            "id": "chp-node-20",
                            "instance_id": "5358448977915565304",
                            "label_fingerprint": "42WmSpB8rSM=",
                            "labels.%": "0",
                            "machine_type": "n1-standard-1",
                            "metadata.%": "1",
                            "metadata.project": "chainpoint-hydra",
                            "metadata_fingerprint": "EpXsOtCLHos=",
                            "metadata_startup_script": "#!/bin/bash\n\nif [ -x \"$(command -v docker)\" ]; then\n    echo \"Docker already installed\"\nelse\n    echo \"Install docker\"\n    curl -fsSL https://get.docker.com -o get-docker.sh\n    bash get-docker.sh\n    sudo usermod -aG docker $USER\nfi\n\nsudo apt-get -qq install -y docker-compose git make jq nodejs npm openssl build-essential g++\ncurl -sS https://dl.yarnpkg.com/debian/pubkey.gpg | sudo apt-key add -\nif ! [ -x \"$(command -v yarn)\" ]; then\n    echo \"deb https://dl.yarnpkg.com/debian/ stable main\" | sudo tee /etc/apt/sources.list.d/yarn.list\n    sudo apt-get update -y \u0026\u0026 sudo apt-get install -y --no-install-recommends yarn\nfi\n\n# Install Stackdriver Agent\ncurl -sSO https://dl.google.com/cloudagents/install-monitoring-agent.sh\nsudo bash install-monitoring-agent.sh\n\ncd /srv\nsudo mkdir chp\n\ncd ./chp\n\nsudo git clone https://github.com/chainpoint/chainpoint-node-src.git\nsudo chmod 775 chainpoint-node-src\ncd ./chainpoint-node-src\ngit checkout -b v2 origin/v2\n\nsudo git clone https://michael-iglesias:faca2c20b50c456892f3b6a601ae457d7a49ff10@github.com/chainpoint/go-hydra-smart-contract-files.git artifacts/ethcontracts\n\ncurl \"http://metadata.google.internal/computeMetadata/v1/instance/network-interfaces/0/access-configs/0/external-ip\" -H \"Metadata-Flavor: Google\" \u003e eip.txt\n\nmake init\n\nmake build\n\nmake build-rocksdb\n\necho CHAINPOINT_CORE_CONNECT_IP_LIST=35.245.211.97,35.245.9.90,35.188.238.186 \u003e\u003e .env\n\nmake deploy\n\ncurl -X POST \\\n  https://us-central1-tierion-iglesias.cloudfunctions.net/eth-address-init-stream-processor \\\n  -H 'Content-Type: application/json' \\\n  -H 'Postman-Token: 127b5e92-b8fd-4fd0-b6f9-3a58f9d0c0d9' \\\n  -H 'cache-control: no-cache' \\\n  -d \"{\n\t\\\"ethAddress\\\": \\\"$(\u003ceth-address.txt)\\\"\n}\"\n\n# Start Hydra Utils to poll for a positive $TKN balance before it invokes `make register` on behalf of the Node\nnpm install -g load-testing-node-utils\nexport ETH_INFURA_API_KEY=\"ad8f210998704f9e89a37a4791d4702e\" \u0026\u0026 hydra-chp-node-utils\n\n# make register NODE_ETH_REWARDS_ADDRESS=$(\u003ceth-address.txt) NODE_PUBLIC_IP_ADDRESS=$(\u003ceip.txt) AUTO_REFILL_ENABLED=true AUTO_REFILL_AMOUNT=720\n\nexport COMPOSE_INTERACTIVE_NO_CLI=1 \u0026\u0026 docker exec `docker ps -q` bash -c \"source cli/scripts/env_secrets_expand.sh \u0026\u0026 node cli/register.js NODE_ETH_REWARDS_ADDRESS=$(\u003ceth-address.txt) NODE_PUBLIC_IP_ADDRESS=$(\u003ceip.txt) AUTO_REFILL_ENABLED=true AUTO_REFILL_AMOUNT=720\"",
                            "min_cpu_platform": "",
                            "name": "chp-node-20",
                            "network_interface.#": "1",
                            "network_interface.0.access_config.#": "1",
                            "network_interface.0.access_config.0.assigned_nat_ip": "",
                            "network_interface.0.access_config.0.nat_ip": "34.66.239.117",
                            "network_interface.0.access_config.0.network_tier": "PREMIUM",
                            "network_interface.0.access_config.0.public_ptr_domain_name": "",
                            "network_interface.0.address": "",
                            "network_interface.0.alias_ip_range.#": "0",
                            "network_interface.0.name": "nic0",
                            "network_interface.0.network": "https://www.googleapis.com/compute/v1/projects/tierion-iglesias/global/networks/default",
                            "network_interface.0.network_ip": "10.128.15.216",
                            "network_interface.0.subnetwork": "https://www.googleapis.com/compute/v1/projects/tierion-iglesias/regions/us-central1/subnetworks/default",
                            "network_interface.0.subnetwork_project": "tierion-iglesias",
                            "project": "tierion-iglesias",
                            "scheduling.#": "1",
                            "scheduling.0.automatic_restart": "true",
                            "scheduling.0.on_host_maintenance": "MIGRATE",
                            "scheduling.0.preemptible": "false",
                            "scratch_disk.#": "0",
                            "self_link": "https://www.googleapis.com/compute/v1/projects/tierion-iglesias/zones/us-central1-a/instances/chp-node-20",
                            "service_account.#": "1",
                            "service_account.0.email": "791121030057-compute@developer.gserviceaccount.com",
                            "service_account.0.scopes.#": "2",
                            "service_account.0.scopes.1328717722": "https://www.googleapis.com/auth/devstorage.read_write",
                            "service_account.0.scopes.299962681": "https://www.googleapis.com/auth/compute",
                            "tags.#": "2",
                            "tags.2152288274": "web-sg",
                            "tags.2541227442": "http",
                            "tags_fingerprint": "IJDDdaOreBI=",
                            "zone": "us-central1-a"
                        },
                        "meta": {
                            "e2bfb730-ecaa-11e6-8f88-34363bc7c4c0": {
                                "create": 360000000000,
                                "delete": 360000000000,
                                "update": 360000000000
                            },
                            "schema_version": "6"
                        },
                        "tainted": false
                    },
                    "deposed": [],
                    "provider": "provider.google"
                },
                "google_compute_instance.chp-node.21": {
                    "type": "google_compute_instance",
                    "depends_on": [
                        "data.template_file.init"
                    ],
                    "primary": {
                        "id": "chp-node-21",
                        "attributes": {
                            "attached_disk.#": "0",
                            "boot_disk.#": "1",
                            "boot_disk.0.auto_delete": "true",
                            "boot_disk.0.device_name": "persistent-disk-0",
                            "boot_disk.0.disk_encryption_key_raw": "",
                            "boot_disk.0.disk_encryption_key_sha256": "",
                            "boot_disk.0.initialize_params.#": "1",
                            "boot_disk.0.initialize_params.0.image": "https://www.googleapis.com/compute/v1/projects/ubuntu-os-cloud/global/images/ubuntu-1804-bionic-v20190628",
                            "boot_disk.0.initialize_params.0.size": "10",
                            "boot_disk.0.initialize_params.0.type": "pd-standard",
                            "boot_disk.0.source": "https://www.googleapis.com/compute/v1/projects/tierion-iglesias/zones/us-central1-a/disks/chp-node-21",
                            "can_ip_forward": "false",
                            "cpu_platform": "Intel Haswell",
                            "deletion_protection": "false",
                            "guest_accelerator.#": "0",
                            "hostname": "",
                            "id": "chp-node-21",
                            "instance_id": "2870505668953395395",
                            "label_fingerprint": "42WmSpB8rSM=",
                            "labels.%": "0",
                            "machine_type": "n1-standard-1",
                            "metadata.%": "1",
                            "metadata.project": "chainpoint-hydra",
                            "metadata_fingerprint": "EpXsOtCLHos=",
                            "metadata_startup_script": "#!/bin/bash\n\nif [ -x \"$(command -v docker)\" ]; then\n    echo \"Docker already installed\"\nelse\n    echo \"Install docker\"\n    curl -fsSL https://get.docker.com -o get-docker.sh\n    bash get-docker.sh\n    sudo usermod -aG docker $USER\nfi\n\nsudo apt-get -qq install -y docker-compose git make jq nodejs npm openssl build-essential g++\ncurl -sS https://dl.yarnpkg.com/debian/pubkey.gpg | sudo apt-key add -\nif ! [ -x \"$(command -v yarn)\" ]; then\n    echo \"deb https://dl.yarnpkg.com/debian/ stable main\" | sudo tee /etc/apt/sources.list.d/yarn.list\n    sudo apt-get update -y \u0026\u0026 sudo apt-get install -y --no-install-recommends yarn\nfi\n\n# Install Stackdriver Agent\ncurl -sSO https://dl.google.com/cloudagents/install-monitoring-agent.sh\nsudo bash install-monitoring-agent.sh\n\ncd /srv\nsudo mkdir chp\n\ncd ./chp\n\nsudo git clone https://github.com/chainpoint/chainpoint-node-src.git\nsudo chmod 775 chainpoint-node-src\ncd ./chainpoint-node-src\ngit checkout -b v2 origin/v2\n\nsudo git clone https://michael-iglesias:faca2c20b50c456892f3b6a601ae457d7a49ff10@github.com/chainpoint/go-hydra-smart-contract-files.git artifacts/ethcontracts\n\ncurl \"http://metadata.google.internal/computeMetadata/v1/instance/network-interfaces/0/access-configs/0/external-ip\" -H \"Metadata-Flavor: Google\" \u003e eip.txt\n\nmake init\n\nmake build\n\nmake build-rocksdb\n\necho CHAINPOINT_CORE_CONNECT_IP_LIST=35.245.211.97,35.245.9.90,35.188.238.186 \u003e\u003e .env\n\nmake deploy\n\ncurl -X POST \\\n  https://us-central1-tierion-iglesias.cloudfunctions.net/eth-address-init-stream-processor \\\n  -H 'Content-Type: application/json' \\\n  -H 'Postman-Token: 127b5e92-b8fd-4fd0-b6f9-3a58f9d0c0d9' \\\n  -H 'cache-control: no-cache' \\\n  -d \"{\n\t\\\"ethAddress\\\": \\\"$(\u003ceth-address.txt)\\\"\n}\"\n\n# Start Hydra Utils to poll for a positive $TKN balance before it invokes `make register` on behalf of the Node\nnpm install -g load-testing-node-utils\nexport ETH_INFURA_API_KEY=\"ad8f210998704f9e89a37a4791d4702e\" \u0026\u0026 hydra-chp-node-utils\n\n# make register NODE_ETH_REWARDS_ADDRESS=$(\u003ceth-address.txt) NODE_PUBLIC_IP_ADDRESS=$(\u003ceip.txt) AUTO_REFILL_ENABLED=true AUTO_REFILL_AMOUNT=720\n\nexport COMPOSE_INTERACTIVE_NO_CLI=1 \u0026\u0026 docker exec `docker ps -q` bash -c \"source cli/scripts/env_secrets_expand.sh \u0026\u0026 node cli/register.js NODE_ETH_REWARDS_ADDRESS=$(\u003ceth-address.txt) NODE_PUBLIC_IP_ADDRESS=$(\u003ceip.txt) AUTO_REFILL_ENABLED=true AUTO_REFILL_AMOUNT=720\"",
                            "min_cpu_platform": "",
                            "name": "chp-node-21",
                            "network_interface.#": "1",
                            "network_interface.0.access_config.#": "1",
                            "network_interface.0.access_config.0.assigned_nat_ip": "",
                            "network_interface.0.access_config.0.nat_ip": "104.154.76.36",
                            "network_interface.0.access_config.0.network_tier": "PREMIUM",
                            "network_interface.0.access_config.0.public_ptr_domain_name": "",
                            "network_interface.0.address": "",
                            "network_interface.0.alias_ip_range.#": "0",
                            "network_interface.0.name": "nic0",
                            "network_interface.0.network": "https://www.googleapis.com/compute/v1/projects/tierion-iglesias/global/networks/default",
                            "network_interface.0.network_ip": "10.128.0.209",
                            "network_interface.0.subnetwork": "https://www.googleapis.com/compute/v1/projects/tierion-iglesias/regions/us-central1/subnetworks/default",
                            "network_interface.0.subnetwork_project": "tierion-iglesias",
                            "project": "tierion-iglesias",
                            "scheduling.#": "1",
                            "scheduling.0.automatic_restart": "true",
                            "scheduling.0.on_host_maintenance": "MIGRATE",
                            "scheduling.0.preemptible": "false",
                            "scratch_disk.#": "0",
                            "self_link": "https://www.googleapis.com/compute/v1/projects/tierion-iglesias/zones/us-central1-a/instances/chp-node-21",
                            "service_account.#": "1",
                            "service_account.0.email": "791121030057-compute@developer.gserviceaccount.com",
                            "service_account.0.scopes.#": "2",
                            "service_account.0.scopes.1328717722": "https://www.googleapis.com/auth/devstorage.read_write",
                            "service_account.0.scopes.299962681": "https://www.googleapis.com/auth/compute",
                            "tags.#": "2",
                            "tags.2152288274": "web-sg",
                            "tags.2541227442": "http",
                            "tags_fingerprint": "IJDDdaOreBI=",
                            "zone": "us-central1-a"
                        },
                        "meta": {
                            "e2bfb730-ecaa-11e6-8f88-34363bc7c4c0": {
                                "create": 360000000000,
                                "delete": 360000000000,
                                "update": 360000000000
                            },
                            "schema_version": "6"
                        },
                        "tainted": false
                    },
                    "deposed": [],
                    "provider": "provider.google"
                },
                "google_compute_instance.chp-node.22": {
                    "type": "google_compute_instance",
                    "depends_on": [
                        "data.template_file.init"
                    ],
                    "primary": {
                        "id": "chp-node-22",
                        "attributes": {
                            "attached_disk.#": "0",
                            "boot_disk.#": "1",
                            "boot_disk.0.auto_delete": "true",
                            "boot_disk.0.device_name": "persistent-disk-0",
                            "boot_disk.0.disk_encryption_key_raw": "",
                            "boot_disk.0.disk_encryption_key_sha256": "",
                            "boot_disk.0.initialize_params.#": "1",
                            "boot_disk.0.initialize_params.0.image": "https://www.googleapis.com/compute/v1/projects/ubuntu-os-cloud/global/images/ubuntu-1804-bionic-v20190628",
                            "boot_disk.0.initialize_params.0.size": "10",
                            "boot_disk.0.initialize_params.0.type": "pd-standard",
                            "boot_disk.0.source": "https://www.googleapis.com/compute/v1/projects/tierion-iglesias/zones/us-central1-a/disks/chp-node-22",
                            "can_ip_forward": "false",
                            "cpu_platform": "Intel Haswell",
                            "deletion_protection": "false",
                            "guest_accelerator.#": "0",
                            "hostname": "",
                            "id": "chp-node-22",
                            "instance_id": "6813255848198296566",
                            "label_fingerprint": "42WmSpB8rSM=",
                            "labels.%": "0",
                            "machine_type": "n1-standard-1",
                            "metadata.%": "1",
                            "metadata.project": "chainpoint-hydra",
                            "metadata_fingerprint": "EpXsOtCLHos=",
                            "metadata_startup_script": "#!/bin/bash\n\nif [ -x \"$(command -v docker)\" ]; then\n    echo \"Docker already installed\"\nelse\n    echo \"Install docker\"\n    curl -fsSL https://get.docker.com -o get-docker.sh\n    bash get-docker.sh\n    sudo usermod -aG docker $USER\nfi\n\nsudo apt-get -qq install -y docker-compose git make jq nodejs npm openssl build-essential g++\ncurl -sS https://dl.yarnpkg.com/debian/pubkey.gpg | sudo apt-key add -\nif ! [ -x \"$(command -v yarn)\" ]; then\n    echo \"deb https://dl.yarnpkg.com/debian/ stable main\" | sudo tee /etc/apt/sources.list.d/yarn.list\n    sudo apt-get update -y \u0026\u0026 sudo apt-get install -y --no-install-recommends yarn\nfi\n\n# Install Stackdriver Agent\ncurl -sSO https://dl.google.com/cloudagents/install-monitoring-agent.sh\nsudo bash install-monitoring-agent.sh\n\ncd /srv\nsudo mkdir chp\n\ncd ./chp\n\nsudo git clone https://github.com/chainpoint/chainpoint-node-src.git\nsudo chmod 775 chainpoint-node-src\ncd ./chainpoint-node-src\ngit checkout -b v2 origin/v2\n\nsudo git clone https://michael-iglesias:faca2c20b50c456892f3b6a601ae457d7a49ff10@github.com/chainpoint/go-hydra-smart-contract-files.git artifacts/ethcontracts\n\ncurl \"http://metadata.google.internal/computeMetadata/v1/instance/network-interfaces/0/access-configs/0/external-ip\" -H \"Metadata-Flavor: Google\" \u003e eip.txt\n\nmake init\n\nmake build\n\nmake build-rocksdb\n\necho CHAINPOINT_CORE_CONNECT_IP_LIST=35.245.211.97,35.245.9.90,35.188.238.186 \u003e\u003e .env\n\nmake deploy\n\ncurl -X POST \\\n  https://us-central1-tierion-iglesias.cloudfunctions.net/eth-address-init-stream-processor \\\n  -H 'Content-Type: application/json' \\\n  -H 'Postman-Token: 127b5e92-b8fd-4fd0-b6f9-3a58f9d0c0d9' \\\n  -H 'cache-control: no-cache' \\\n  -d \"{\n\t\\\"ethAddress\\\": \\\"$(\u003ceth-address.txt)\\\"\n}\"\n\n# Start Hydra Utils to poll for a positive $TKN balance before it invokes `make register` on behalf of the Node\nnpm install -g load-testing-node-utils\nexport ETH_INFURA_API_KEY=\"ad8f210998704f9e89a37a4791d4702e\" \u0026\u0026 hydra-chp-node-utils\n\n# make register NODE_ETH_REWARDS_ADDRESS=$(\u003ceth-address.txt) NODE_PUBLIC_IP_ADDRESS=$(\u003ceip.txt) AUTO_REFILL_ENABLED=true AUTO_REFILL_AMOUNT=720\n\nexport COMPOSE_INTERACTIVE_NO_CLI=1 \u0026\u0026 docker exec `docker ps -q` bash -c \"source cli/scripts/env_secrets_expand.sh \u0026\u0026 node cli/register.js NODE_ETH_REWARDS_ADDRESS=$(\u003ceth-address.txt) NODE_PUBLIC_IP_ADDRESS=$(\u003ceip.txt) AUTO_REFILL_ENABLED=true AUTO_REFILL_AMOUNT=720\"",
                            "min_cpu_platform": "",
                            "name": "chp-node-22",
                            "network_interface.#": "1",
                            "network_interface.0.access_config.#": "1",
                            "network_interface.0.access_config.0.assigned_nat_ip": "",
                            "network_interface.0.access_config.0.nat_ip": "34.66.13.246",
                            "network_interface.0.access_config.0.network_tier": "PREMIUM",
                            "network_interface.0.access_config.0.public_ptr_domain_name": "",
                            "network_interface.0.address": "",
                            "network_interface.0.alias_ip_range.#": "0",
                            "network_interface.0.name": "nic0",
                            "network_interface.0.network": "https://www.googleapis.com/compute/v1/projects/tierion-iglesias/global/networks/default",
                            "network_interface.0.network_ip": "10.128.0.159",
                            "network_interface.0.subnetwork": "https://www.googleapis.com/compute/v1/projects/tierion-iglesias/regions/us-central1/subnetworks/default",
                            "network_interface.0.subnetwork_project": "tierion-iglesias",
                            "project": "tierion-iglesias",
                            "scheduling.#": "1",
                            "scheduling.0.automatic_restart": "true",
                            "scheduling.0.on_host_maintenance": "MIGRATE",
                            "scheduling.0.preemptible": "false",
                            "scratch_disk.#": "0",
                            "self_link": "https://www.googleapis.com/compute/v1/projects/tierion-iglesias/zones/us-central1-a/instances/chp-node-22",
                            "service_account.#": "1",
                            "service_account.0.email": "791121030057-compute@developer.gserviceaccount.com",
                            "service_account.0.scopes.#": "2",
                            "service_account.0.scopes.1328717722": "https://www.googleapis.com/auth/devstorage.read_write",
                            "service_account.0.scopes.299962681": "https://www.googleapis.com/auth/compute",
                            "tags.#": "2",
                            "tags.2152288274": "web-sg",
                            "tags.2541227442": "http",
                            "tags_fingerprint": "IJDDdaOreBI=",
                            "zone": "us-central1-a"
                        },
                        "meta": {
                            "e2bfb730-ecaa-11e6-8f88-34363bc7c4c0": {
                                "create": 360000000000,
                                "delete": 360000000000,
                                "update": 360000000000
                            },
                            "schema_version": "6"
                        },
                        "tainted": false
                    },
                    "deposed": [],
                    "provider": "provider.google"
                },
                "google_compute_instance.chp-node.23": {
                    "type": "google_compute_instance",
                    "depends_on": [
                        "data.template_file.init"
                    ],
                    "primary": {
                        "id": "chp-node-23",
                        "attributes": {
                            "attached_disk.#": "0",
                            "boot_disk.#": "1",
                            "boot_disk.0.auto_delete": "true",
                            "boot_disk.0.device_name": "persistent-disk-0",
                            "boot_disk.0.disk_encryption_key_raw": "",
                            "boot_disk.0.disk_encryption_key_sha256": "",
                            "boot_disk.0.initialize_params.#": "1",
                            "boot_disk.0.initialize_params.0.image": "https://www.googleapis.com/compute/v1/projects/ubuntu-os-cloud/global/images/ubuntu-1804-bionic-v20190628",
                            "boot_disk.0.initialize_params.0.size": "10",
                            "boot_disk.0.initialize_params.0.type": "pd-standard",
                            "boot_disk.0.source": "https://www.googleapis.com/compute/v1/projects/tierion-iglesias/zones/us-central1-a/disks/chp-node-23",
                            "can_ip_forward": "false",
                            "cpu_platform": "Intel Haswell",
                            "deletion_protection": "false",
                            "guest_accelerator.#": "0",
                            "hostname": "",
                            "id": "chp-node-23",
                            "instance_id": "5936171540070945867",
                            "label_fingerprint": "42WmSpB8rSM=",
                            "labels.%": "0",
                            "machine_type": "n1-standard-1",
                            "metadata.%": "1",
                            "metadata.project": "chainpoint-hydra",
                            "metadata_fingerprint": "EpXsOtCLHos=",
                            "metadata_startup_script": "#!/bin/bash\n\nif [ -x \"$(command -v docker)\" ]; then\n    echo \"Docker already installed\"\nelse\n    echo \"Install docker\"\n    curl -fsSL https://get.docker.com -o get-docker.sh\n    bash get-docker.sh\n    sudo usermod -aG docker $USER\nfi\n\nsudo apt-get -qq install -y docker-compose git make jq nodejs npm openssl build-essential g++\ncurl -sS https://dl.yarnpkg.com/debian/pubkey.gpg | sudo apt-key add -\nif ! [ -x \"$(command -v yarn)\" ]; then\n    echo \"deb https://dl.yarnpkg.com/debian/ stable main\" | sudo tee /etc/apt/sources.list.d/yarn.list\n    sudo apt-get update -y \u0026\u0026 sudo apt-get install -y --no-install-recommends yarn\nfi\n\n# Install Stackdriver Agent\ncurl -sSO https://dl.google.com/cloudagents/install-monitoring-agent.sh\nsudo bash install-monitoring-agent.sh\n\ncd /srv\nsudo mkdir chp\n\ncd ./chp\n\nsudo git clone https://github.com/chainpoint/chainpoint-node-src.git\nsudo chmod 775 chainpoint-node-src\ncd ./chainpoint-node-src\ngit checkout -b v2 origin/v2\n\nsudo git clone https://michael-iglesias:faca2c20b50c456892f3b6a601ae457d7a49ff10@github.com/chainpoint/go-hydra-smart-contract-files.git artifacts/ethcontracts\n\ncurl \"http://metadata.google.internal/computeMetadata/v1/instance/network-interfaces/0/access-configs/0/external-ip\" -H \"Metadata-Flavor: Google\" \u003e eip.txt\n\nmake init\n\nmake build\n\nmake build-rocksdb\n\necho CHAINPOINT_CORE_CONNECT_IP_LIST=35.245.211.97,35.245.9.90,35.188.238.186 \u003e\u003e .env\n\nmake deploy\n\ncurl -X POST \\\n  https://us-central1-tierion-iglesias.cloudfunctions.net/eth-address-init-stream-processor \\\n  -H 'Content-Type: application/json' \\\n  -H 'Postman-Token: 127b5e92-b8fd-4fd0-b6f9-3a58f9d0c0d9' \\\n  -H 'cache-control: no-cache' \\\n  -d \"{\n\t\\\"ethAddress\\\": \\\"$(\u003ceth-address.txt)\\\"\n}\"\n\n# Start Hydra Utils to poll for a positive $TKN balance before it invokes `make register` on behalf of the Node\nnpm install -g load-testing-node-utils\nexport ETH_INFURA_API_KEY=\"ad8f210998704f9e89a37a4791d4702e\" \u0026\u0026 hydra-chp-node-utils\n\n# make register NODE_ETH_REWARDS_ADDRESS=$(\u003ceth-address.txt) NODE_PUBLIC_IP_ADDRESS=$(\u003ceip.txt) AUTO_REFILL_ENABLED=true AUTO_REFILL_AMOUNT=720\n\nexport COMPOSE_INTERACTIVE_NO_CLI=1 \u0026\u0026 docker exec `docker ps -q` bash -c \"source cli/scripts/env_secrets_expand.sh \u0026\u0026 node cli/register.js NODE_ETH_REWARDS_ADDRESS=$(\u003ceth-address.txt) NODE_PUBLIC_IP_ADDRESS=$(\u003ceip.txt) AUTO_REFILL_ENABLED=true AUTO_REFILL_AMOUNT=720\"",
                            "min_cpu_platform": "",
                            "name": "chp-node-23",
                            "network_interface.#": "1",
                            "network_interface.0.access_config.#": "1",
                            "network_interface.0.access_config.0.assigned_nat_ip": "",
                            "network_interface.0.access_config.0.nat_ip": "35.193.23.27",
                            "network_interface.0.access_config.0.network_tier": "PREMIUM",
                            "network_interface.0.access_config.0.public_ptr_domain_name": "",
                            "network_interface.0.address": "",
                            "network_interface.0.alias_ip_range.#": "0",
                            "network_interface.0.name": "nic0",
                            "network_interface.0.network": "https://www.googleapis.com/compute/v1/projects/tierion-iglesias/global/networks/default",
                            "network_interface.0.network_ip": "10.128.15.237",
                            "network_interface.0.subnetwork": "https://www.googleapis.com/compute/v1/projects/tierion-iglesias/regions/us-central1/subnetworks/default",
                            "network_interface.0.subnetwork_project": "tierion-iglesias",
                            "project": "tierion-iglesias",
                            "scheduling.#": "1",
                            "scheduling.0.automatic_restart": "true",
                            "scheduling.0.on_host_maintenance": "MIGRATE",
                            "scheduling.0.preemptible": "false",
                            "scratch_disk.#": "0",
                            "self_link": "https://www.googleapis.com/compute/v1/projects/tierion-iglesias/zones/us-central1-a/instances/chp-node-23",
                            "service_account.#": "1",
                            "service_account.0.email": "791121030057-compute@developer.gserviceaccount.com",
                            "service_account.0.scopes.#": "2",
                            "service_account.0.scopes.1328717722": "https://www.googleapis.com/auth/devstorage.read_write",
                            "service_account.0.scopes.299962681": "https://www.googleapis.com/auth/compute",
                            "tags.#": "2",
                            "tags.2152288274": "web-sg",
                            "tags.2541227442": "http",
                            "tags_fingerprint": "IJDDdaOreBI=",
                            "zone": "us-central1-a"
                        },
                        "meta": {
                            "e2bfb730-ecaa-11e6-8f88-34363bc7c4c0": {
                                "create": 360000000000,
                                "delete": 360000000000,
                                "update": 360000000000
                            },
                            "schema_version": "6"
                        },
                        "tainted": false
                    },
                    "deposed": [],
                    "provider": "provider.google"
                },
                "google_compute_instance.chp-node.24": {
                    "type": "google_compute_instance",
                    "depends_on": [
                        "data.template_file.init"
                    ],
                    "primary": {
                        "id": "chp-node-24",
                        "attributes": {
                            "attached_disk.#": "0",
                            "boot_disk.#": "1",
                            "boot_disk.0.auto_delete": "true",
                            "boot_disk.0.device_name": "persistent-disk-0",
                            "boot_disk.0.disk_encryption_key_raw": "",
                            "boot_disk.0.disk_encryption_key_sha256": "",
                            "boot_disk.0.initialize_params.#": "1",
                            "boot_disk.0.initialize_params.0.image": "https://www.googleapis.com/compute/v1/projects/ubuntu-os-cloud/global/images/ubuntu-1804-bionic-v20190628",
                            "boot_disk.0.initialize_params.0.size": "10",
                            "boot_disk.0.initialize_params.0.type": "pd-standard",
                            "boot_disk.0.source": "https://www.googleapis.com/compute/v1/projects/tierion-iglesias/zones/us-central1-a/disks/chp-node-24",
                            "can_ip_forward": "false",
                            "cpu_platform": "Intel Haswell",
                            "deletion_protection": "false",
                            "guest_accelerator.#": "0",
                            "hostname": "",
                            "id": "chp-node-24",
                            "instance_id": "7115786893487658455",
                            "label_fingerprint": "42WmSpB8rSM=",
                            "labels.%": "0",
                            "machine_type": "n1-standard-1",
                            "metadata.%": "1",
                            "metadata.project": "chainpoint-hydra",
                            "metadata_fingerprint": "EpXsOtCLHos=",
                            "metadata_startup_script": "#!/bin/bash\n\nif [ -x \"$(command -v docker)\" ]; then\n    echo \"Docker already installed\"\nelse\n    echo \"Install docker\"\n    curl -fsSL https://get.docker.com -o get-docker.sh\n    bash get-docker.sh\n    sudo usermod -aG docker $USER\nfi\n\nsudo apt-get -qq install -y docker-compose git make jq nodejs npm openssl build-essential g++\ncurl -sS https://dl.yarnpkg.com/debian/pubkey.gpg | sudo apt-key add -\nif ! [ -x \"$(command -v yarn)\" ]; then\n    echo \"deb https://dl.yarnpkg.com/debian/ stable main\" | sudo tee /etc/apt/sources.list.d/yarn.list\n    sudo apt-get update -y \u0026\u0026 sudo apt-get install -y --no-install-recommends yarn\nfi\n\n# Install Stackdriver Agent\ncurl -sSO https://dl.google.com/cloudagents/install-monitoring-agent.sh\nsudo bash install-monitoring-agent.sh\n\ncd /srv\nsudo mkdir chp\n\ncd ./chp\n\nsudo git clone https://github.com/chainpoint/chainpoint-node-src.git\nsudo chmod 775 chainpoint-node-src\ncd ./chainpoint-node-src\ngit checkout -b v2 origin/v2\n\nsudo git clone https://michael-iglesias:faca2c20b50c456892f3b6a601ae457d7a49ff10@github.com/chainpoint/go-hydra-smart-contract-files.git artifacts/ethcontracts\n\ncurl \"http://metadata.google.internal/computeMetadata/v1/instance/network-interfaces/0/access-configs/0/external-ip\" -H \"Metadata-Flavor: Google\" \u003e eip.txt\n\nmake init\n\nmake build\n\nmake build-rocksdb\n\necho CHAINPOINT_CORE_CONNECT_IP_LIST=35.245.211.97,35.245.9.90,35.188.238.186 \u003e\u003e .env\n\nmake deploy\n\ncurl -X POST \\\n  https://us-central1-tierion-iglesias.cloudfunctions.net/eth-address-init-stream-processor \\\n  -H 'Content-Type: application/json' \\\n  -H 'Postman-Token: 127b5e92-b8fd-4fd0-b6f9-3a58f9d0c0d9' \\\n  -H 'cache-control: no-cache' \\\n  -d \"{\n\t\\\"ethAddress\\\": \\\"$(\u003ceth-address.txt)\\\"\n}\"\n\n# Start Hydra Utils to poll for a positive $TKN balance before it invokes `make register` on behalf of the Node\nnpm install -g load-testing-node-utils\nexport ETH_INFURA_API_KEY=\"ad8f210998704f9e89a37a4791d4702e\" \u0026\u0026 hydra-chp-node-utils\n\n# make register NODE_ETH_REWARDS_ADDRESS=$(\u003ceth-address.txt) NODE_PUBLIC_IP_ADDRESS=$(\u003ceip.txt) AUTO_REFILL_ENABLED=true AUTO_REFILL_AMOUNT=720\n\nexport COMPOSE_INTERACTIVE_NO_CLI=1 \u0026\u0026 docker exec `docker ps -q` bash -c \"source cli/scripts/env_secrets_expand.sh \u0026\u0026 node cli/register.js NODE_ETH_REWARDS_ADDRESS=$(\u003ceth-address.txt) NODE_PUBLIC_IP_ADDRESS=$(\u003ceip.txt) AUTO_REFILL_ENABLED=true AUTO_REFILL_AMOUNT=720\"",
                            "min_cpu_platform": "",
                            "name": "chp-node-24",
                            "network_interface.#": "1",
                            "network_interface.0.access_config.#": "1",
                            "network_interface.0.access_config.0.assigned_nat_ip": "",
                            "network_interface.0.access_config.0.nat_ip": "35.188.129.37",
                            "network_interface.0.access_config.0.network_tier": "PREMIUM",
                            "network_interface.0.access_config.0.public_ptr_domain_name": "",
                            "network_interface.0.address": "",
                            "network_interface.0.alias_ip_range.#": "0",
                            "network_interface.0.name": "nic0",
                            "network_interface.0.network": "https://www.googleapis.com/compute/v1/projects/tierion-iglesias/global/networks/default",
                            "network_interface.0.network_ip": "10.128.0.74",
                            "network_interface.0.subnetwork": "https://www.googleapis.com/compute/v1/projects/tierion-iglesias/regions/us-central1/subnetworks/default",
                            "network_interface.0.subnetwork_project": "tierion-iglesias",
                            "project": "tierion-iglesias",
                            "scheduling.#": "1",
                            "scheduling.0.automatic_restart": "true",
                            "scheduling.0.on_host_maintenance": "MIGRATE",
                            "scheduling.0.preemptible": "false",
                            "scratch_disk.#": "0",
                            "self_link": "https://www.googleapis.com/compute/v1/projects/tierion-iglesias/zones/us-central1-a/instances/chp-node-24",
                            "service_account.#": "1",
                            "service_account.0.email": "791121030057-compute@developer.gserviceaccount.com",
                            "service_account.0.scopes.#": "2",
                            "service_account.0.scopes.1328717722": "https://www.googleapis.com/auth/devstorage.read_write",
                            "service_account.0.scopes.299962681": "https://www.googleapis.com/auth/compute",
                            "tags.#": "2",
                            "tags.2152288274": "web-sg",
                            "tags.2541227442": "http",
                            "tags_fingerprint": "IJDDdaOreBI=",
                            "zone": "us-central1-a"
                        },
                        "meta": {
                            "e2bfb730-ecaa-11e6-8f88-34363bc7c4c0": {
                                "create": 360000000000,
                                "delete": 360000000000,
                                "update": 360000000000
                            },
                            "schema_version": "6"
                        },
                        "tainted": false
                    },
                    "deposed": [],
                    "provider": "provider.google"
                },
                "google_compute_instance.chp-node.25": {
                    "type": "google_compute_instance",
                    "depends_on": [
                        "data.template_file.init"
                    ],
                    "primary": {
                        "id": "chp-node-25",
                        "attributes": {
                            "attached_disk.#": "0",
                            "boot_disk.#": "1",
                            "boot_disk.0.auto_delete": "true",
                            "boot_disk.0.device_name": "persistent-disk-0",
                            "boot_disk.0.disk_encryption_key_raw": "",
                            "boot_disk.0.disk_encryption_key_sha256": "",
                            "boot_disk.0.initialize_params.#": "1",
                            "boot_disk.0.initialize_params.0.image": "https://www.googleapis.com/compute/v1/projects/ubuntu-os-cloud/global/images/ubuntu-1804-bionic-v20190628",
                            "boot_disk.0.initialize_params.0.size": "10",
                            "boot_disk.0.initialize_params.0.type": "pd-standard",
                            "boot_disk.0.source": "https://www.googleapis.com/compute/v1/projects/tierion-iglesias/zones/us-central1-a/disks/chp-node-25",
                            "can_ip_forward": "false",
                            "cpu_platform": "Intel Haswell",
                            "deletion_protection": "false",
                            "guest_accelerator.#": "0",
                            "hostname": "",
                            "id": "chp-node-25",
                            "instance_id": "6282346355100112120",
                            "label_fingerprint": "42WmSpB8rSM=",
                            "labels.%": "0",
                            "machine_type": "n1-standard-1",
                            "metadata.%": "1",
                            "metadata.project": "chainpoint-hydra",
                            "metadata_fingerprint": "EpXsOtCLHos=",
                            "metadata_startup_script": "#!/bin/bash\n\nif [ -x \"$(command -v docker)\" ]; then\n    echo \"Docker already installed\"\nelse\n    echo \"Install docker\"\n    curl -fsSL https://get.docker.com -o get-docker.sh\n    bash get-docker.sh\n    sudo usermod -aG docker $USER\nfi\n\nsudo apt-get -qq install -y docker-compose git make jq nodejs npm openssl build-essential g++\ncurl -sS https://dl.yarnpkg.com/debian/pubkey.gpg | sudo apt-key add -\nif ! [ -x \"$(command -v yarn)\" ]; then\n    echo \"deb https://dl.yarnpkg.com/debian/ stable main\" | sudo tee /etc/apt/sources.list.d/yarn.list\n    sudo apt-get update -y \u0026\u0026 sudo apt-get install -y --no-install-recommends yarn\nfi\n\n# Install Stackdriver Agent\ncurl -sSO https://dl.google.com/cloudagents/install-monitoring-agent.sh\nsudo bash install-monitoring-agent.sh\n\ncd /srv\nsudo mkdir chp\n\ncd ./chp\n\nsudo git clone https://github.com/chainpoint/chainpoint-node-src.git\nsudo chmod 775 chainpoint-node-src\ncd ./chainpoint-node-src\ngit checkout -b v2 origin/v2\n\nsudo git clone https://michael-iglesias:faca2c20b50c456892f3b6a601ae457d7a49ff10@github.com/chainpoint/go-hydra-smart-contract-files.git artifacts/ethcontracts\n\ncurl \"http://metadata.google.internal/computeMetadata/v1/instance/network-interfaces/0/access-configs/0/external-ip\" -H \"Metadata-Flavor: Google\" \u003e eip.txt\n\nmake init\n\nmake build\n\nmake build-rocksdb\n\necho CHAINPOINT_CORE_CONNECT_IP_LIST=35.245.211.97,35.245.9.90,35.188.238.186 \u003e\u003e .env\n\nmake deploy\n\ncurl -X POST \\\n  https://us-central1-tierion-iglesias.cloudfunctions.net/eth-address-init-stream-processor \\\n  -H 'Content-Type: application/json' \\\n  -H 'Postman-Token: 127b5e92-b8fd-4fd0-b6f9-3a58f9d0c0d9' \\\n  -H 'cache-control: no-cache' \\\n  -d \"{\n\t\\\"ethAddress\\\": \\\"$(\u003ceth-address.txt)\\\"\n}\"\n\n# Start Hydra Utils to poll for a positive $TKN balance before it invokes `make register` on behalf of the Node\nnpm install -g load-testing-node-utils\nexport ETH_INFURA_API_KEY=\"ad8f210998704f9e89a37a4791d4702e\" \u0026\u0026 hydra-chp-node-utils\n\n# make register NODE_ETH_REWARDS_ADDRESS=$(\u003ceth-address.txt) NODE_PUBLIC_IP_ADDRESS=$(\u003ceip.txt) AUTO_REFILL_ENABLED=true AUTO_REFILL_AMOUNT=720\n\nexport COMPOSE_INTERACTIVE_NO_CLI=1 \u0026\u0026 docker exec `docker ps -q` bash -c \"source cli/scripts/env_secrets_expand.sh \u0026\u0026 node cli/register.js NODE_ETH_REWARDS_ADDRESS=$(\u003ceth-address.txt) NODE_PUBLIC_IP_ADDRESS=$(\u003ceip.txt) AUTO_REFILL_ENABLED=true AUTO_REFILL_AMOUNT=720\"",
                            "min_cpu_platform": "",
                            "name": "chp-node-25",
                            "network_interface.#": "1",
                            "network_interface.0.access_config.#": "1",
                            "network_interface.0.access_config.0.assigned_nat_ip": "",
                            "network_interface.0.access_config.0.nat_ip": "34.68.30.100",
                            "network_interface.0.access_config.0.network_tier": "PREMIUM",
                            "network_interface.0.access_config.0.public_ptr_domain_name": "",
                            "network_interface.0.address": "",
                            "network_interface.0.alias_ip_range.#": "0",
                            "network_interface.0.name": "nic0",
                            "network_interface.0.network": "https://www.googleapis.com/compute/v1/projects/tierion-iglesias/global/networks/default",
                            "network_interface.0.network_ip": "10.128.15.215",
                            "network_interface.0.subnetwork": "https://www.googleapis.com/compute/v1/projects/tierion-iglesias/regions/us-central1/subnetworks/default",
                            "network_interface.0.subnetwork_project": "tierion-iglesias",
                            "project": "tierion-iglesias",
                            "scheduling.#": "1",
                            "scheduling.0.automatic_restart": "true",
                            "scheduling.0.on_host_maintenance": "MIGRATE",
                            "scheduling.0.preemptible": "false",
                            "scratch_disk.#": "0",
                            "self_link": "https://www.googleapis.com/compute/v1/projects/tierion-iglesias/zones/us-central1-a/instances/chp-node-25",
                            "service_account.#": "1",
                            "service_account.0.email": "791121030057-compute@developer.gserviceaccount.com",
                            "service_account.0.scopes.#": "2",
                            "service_account.0.scopes.1328717722": "https://www.googleapis.com/auth/devstorage.read_write",
                            "service_account.0.scopes.299962681": "https://www.googleapis.com/auth/compute",
                            "tags.#": "2",
                            "tags.2152288274": "web-sg",
                            "tags.2541227442": "http",
                            "tags_fingerprint": "IJDDdaOreBI=",
                            "zone": "us-central1-a"
                        },
                        "meta": {
                            "e2bfb730-ecaa-11e6-8f88-34363bc7c4c0": {
                                "create": 360000000000,
                                "delete": 360000000000,
                                "update": 360000000000
                            },
                            "schema_version": "6"
                        },
                        "tainted": false
                    },
                    "deposed": [],
                    "provider": "provider.google"
                },
                "google_compute_instance.chp-node.26": {
                    "type": "google_compute_instance",
                    "depends_on": [
                        "data.template_file.init"
                    ],
                    "primary": {
                        "id": "chp-node-26",
                        "attributes": {
                            "attached_disk.#": "0",
                            "boot_disk.#": "1",
                            "boot_disk.0.auto_delete": "true",
                            "boot_disk.0.device_name": "persistent-disk-0",
                            "boot_disk.0.disk_encryption_key_raw": "",
                            "boot_disk.0.disk_encryption_key_sha256": "",
                            "boot_disk.0.initialize_params.#": "1",
                            "boot_disk.0.initialize_params.0.image": "https://www.googleapis.com/compute/v1/projects/ubuntu-os-cloud/global/images/ubuntu-1804-bionic-v20190628",
                            "boot_disk.0.initialize_params.0.size": "10",
                            "boot_disk.0.initialize_params.0.type": "pd-standard",
                            "boot_disk.0.source": "https://www.googleapis.com/compute/v1/projects/tierion-iglesias/zones/us-central1-a/disks/chp-node-26",
                            "can_ip_forward": "false",
                            "cpu_platform": "Intel Haswell",
                            "deletion_protection": "false",
                            "guest_accelerator.#": "0",
                            "hostname": "",
                            "id": "chp-node-26",
                            "instance_id": "2176180087650931223",
                            "label_fingerprint": "42WmSpB8rSM=",
                            "labels.%": "0",
                            "machine_type": "n1-standard-1",
                            "metadata.%": "1",
                            "metadata.project": "chainpoint-hydra",
                            "metadata_fingerprint": "EpXsOtCLHos=",
                            "metadata_startup_script": "#!/bin/bash\n\nif [ -x \"$(command -v docker)\" ]; then\n    echo \"Docker already installed\"\nelse\n    echo \"Install docker\"\n    curl -fsSL https://get.docker.com -o get-docker.sh\n    bash get-docker.sh\n    sudo usermod -aG docker $USER\nfi\n\nsudo apt-get -qq install -y docker-compose git make jq nodejs npm openssl build-essential g++\ncurl -sS https://dl.yarnpkg.com/debian/pubkey.gpg | sudo apt-key add -\nif ! [ -x \"$(command -v yarn)\" ]; then\n    echo \"deb https://dl.yarnpkg.com/debian/ stable main\" | sudo tee /etc/apt/sources.list.d/yarn.list\n    sudo apt-get update -y \u0026\u0026 sudo apt-get install -y --no-install-recommends yarn\nfi\n\n# Install Stackdriver Agent\ncurl -sSO https://dl.google.com/cloudagents/install-monitoring-agent.sh\nsudo bash install-monitoring-agent.sh\n\ncd /srv\nsudo mkdir chp\n\ncd ./chp\n\nsudo git clone https://github.com/chainpoint/chainpoint-node-src.git\nsudo chmod 775 chainpoint-node-src\ncd ./chainpoint-node-src\ngit checkout -b v2 origin/v2\n\nsudo git clone https://michael-iglesias:faca2c20b50c456892f3b6a601ae457d7a49ff10@github.com/chainpoint/go-hydra-smart-contract-files.git artifacts/ethcontracts\n\ncurl \"http://metadata.google.internal/computeMetadata/v1/instance/network-interfaces/0/access-configs/0/external-ip\" -H \"Metadata-Flavor: Google\" \u003e eip.txt\n\nmake init\n\nmake build\n\nmake build-rocksdb\n\necho CHAINPOINT_CORE_CONNECT_IP_LIST=35.245.211.97,35.245.9.90,35.188.238.186 \u003e\u003e .env\n\nmake deploy\n\ncurl -X POST \\\n  https://us-central1-tierion-iglesias.cloudfunctions.net/eth-address-init-stream-processor \\\n  -H 'Content-Type: application/json' \\\n  -H 'Postman-Token: 127b5e92-b8fd-4fd0-b6f9-3a58f9d0c0d9' \\\n  -H 'cache-control: no-cache' \\\n  -d \"{\n\t\\\"ethAddress\\\": \\\"$(\u003ceth-address.txt)\\\"\n}\"\n\n# Start Hydra Utils to poll for a positive $TKN balance before it invokes `make register` on behalf of the Node\nnpm install -g load-testing-node-utils\nexport ETH_INFURA_API_KEY=\"ad8f210998704f9e89a37a4791d4702e\" \u0026\u0026 hydra-chp-node-utils\n\n# make register NODE_ETH_REWARDS_ADDRESS=$(\u003ceth-address.txt) NODE_PUBLIC_IP_ADDRESS=$(\u003ceip.txt) AUTO_REFILL_ENABLED=true AUTO_REFILL_AMOUNT=720\n\nexport COMPOSE_INTERACTIVE_NO_CLI=1 \u0026\u0026 docker exec `docker ps -q` bash -c \"source cli/scripts/env_secrets_expand.sh \u0026\u0026 node cli/register.js NODE_ETH_REWARDS_ADDRESS=$(\u003ceth-address.txt) NODE_PUBLIC_IP_ADDRESS=$(\u003ceip.txt) AUTO_REFILL_ENABLED=true AUTO_REFILL_AMOUNT=720\"",
                            "min_cpu_platform": "",
                            "name": "chp-node-26",
                            "network_interface.#": "1",
                            "network_interface.0.access_config.#": "1",
                            "network_interface.0.access_config.0.assigned_nat_ip": "",
                            "network_interface.0.access_config.0.nat_ip": "35.222.74.153",
                            "network_interface.0.access_config.0.network_tier": "PREMIUM",
                            "network_interface.0.access_config.0.public_ptr_domain_name": "",
                            "network_interface.0.address": "",
                            "network_interface.0.alias_ip_range.#": "0",
                            "network_interface.0.name": "nic0",
                            "network_interface.0.network": "https://www.googleapis.com/compute/v1/projects/tierion-iglesias/global/networks/default",
                            "network_interface.0.network_ip": "10.128.0.153",
                            "network_interface.0.subnetwork": "https://www.googleapis.com/compute/v1/projects/tierion-iglesias/regions/us-central1/subnetworks/default",
                            "network_interface.0.subnetwork_project": "tierion-iglesias",
                            "project": "tierion-iglesias",
                            "scheduling.#": "1",
                            "scheduling.0.automatic_restart": "true",
                            "scheduling.0.on_host_maintenance": "MIGRATE",
                            "scheduling.0.preemptible": "false",
                            "scratch_disk.#": "0",
                            "self_link": "https://www.googleapis.com/compute/v1/projects/tierion-iglesias/zones/us-central1-a/instances/chp-node-26",
                            "service_account.#": "1",
                            "service_account.0.email": "791121030057-compute@developer.gserviceaccount.com",
                            "service_account.0.scopes.#": "2",
                            "service_account.0.scopes.1328717722": "https://www.googleapis.com/auth/devstorage.read_write",
                            "service_account.0.scopes.299962681": "https://www.googleapis.com/auth/compute",
                            "tags.#": "2",
                            "tags.2152288274": "web-sg",
                            "tags.2541227442": "http",
                            "tags_fingerprint": "IJDDdaOreBI=",
                            "zone": "us-central1-a"
                        },
                        "meta": {
                            "e2bfb730-ecaa-11e6-8f88-34363bc7c4c0": {
                                "create": 360000000000,
                                "delete": 360000000000,
                                "update": 360000000000
                            },
                            "schema_version": "6"
                        },
                        "tainted": false
                    },
                    "deposed": [],
                    "provider": "provider.google"
                },
                "google_compute_instance.chp-node.27": {
                    "type": "google_compute_instance",
                    "depends_on": [
                        "data.template_file.init"
                    ],
                    "primary": {
                        "id": "chp-node-27",
                        "attributes": {
                            "attached_disk.#": "0",
                            "boot_disk.#": "1",
                            "boot_disk.0.auto_delete": "true",
                            "boot_disk.0.device_name": "persistent-disk-0",
                            "boot_disk.0.disk_encryption_key_raw": "",
                            "boot_disk.0.disk_encryption_key_sha256": "",
                            "boot_disk.0.initialize_params.#": "1",
                            "boot_disk.0.initialize_params.0.image": "https://www.googleapis.com/compute/v1/projects/ubuntu-os-cloud/global/images/ubuntu-1804-bionic-v20190628",
                            "boot_disk.0.initialize_params.0.size": "10",
                            "boot_disk.0.initialize_params.0.type": "pd-standard",
                            "boot_disk.0.source": "https://www.googleapis.com/compute/v1/projects/tierion-iglesias/zones/us-central1-a/disks/chp-node-27",
                            "can_ip_forward": "false",
                            "cpu_platform": "Intel Haswell",
                            "deletion_protection": "false",
                            "guest_accelerator.#": "0",
                            "hostname": "",
                            "id": "chp-node-27",
                            "instance_id": "9001524617310262377",
                            "label_fingerprint": "42WmSpB8rSM=",
                            "labels.%": "0",
                            "machine_type": "n1-standard-1",
                            "metadata.%": "1",
                            "metadata.project": "chainpoint-hydra",
                            "metadata_fingerprint": "EpXsOtCLHos=",
                            "metadata_startup_script": "#!/bin/bash\n\nif [ -x \"$(command -v docker)\" ]; then\n    echo \"Docker already installed\"\nelse\n    echo \"Install docker\"\n    curl -fsSL https://get.docker.com -o get-docker.sh\n    bash get-docker.sh\n    sudo usermod -aG docker $USER\nfi\n\nsudo apt-get -qq install -y docker-compose git make jq nodejs npm openssl build-essential g++\ncurl -sS https://dl.yarnpkg.com/debian/pubkey.gpg | sudo apt-key add -\nif ! [ -x \"$(command -v yarn)\" ]; then\n    echo \"deb https://dl.yarnpkg.com/debian/ stable main\" | sudo tee /etc/apt/sources.list.d/yarn.list\n    sudo apt-get update -y \u0026\u0026 sudo apt-get install -y --no-install-recommends yarn\nfi\n\n# Install Stackdriver Agent\ncurl -sSO https://dl.google.com/cloudagents/install-monitoring-agent.sh\nsudo bash install-monitoring-agent.sh\n\ncd /srv\nsudo mkdir chp\n\ncd ./chp\n\nsudo git clone https://github.com/chainpoint/chainpoint-node-src.git\nsudo chmod 775 chainpoint-node-src\ncd ./chainpoint-node-src\ngit checkout -b v2 origin/v2\n\nsudo git clone https://michael-iglesias:faca2c20b50c456892f3b6a601ae457d7a49ff10@github.com/chainpoint/go-hydra-smart-contract-files.git artifacts/ethcontracts\n\ncurl \"http://metadata.google.internal/computeMetadata/v1/instance/network-interfaces/0/access-configs/0/external-ip\" -H \"Metadata-Flavor: Google\" \u003e eip.txt\n\nmake init\n\nmake build\n\nmake build-rocksdb\n\necho CHAINPOINT_CORE_CONNECT_IP_LIST=35.245.211.97,35.245.9.90,35.188.238.186 \u003e\u003e .env\n\nmake deploy\n\ncurl -X POST \\\n  https://us-central1-tierion-iglesias.cloudfunctions.net/eth-address-init-stream-processor \\\n  -H 'Content-Type: application/json' \\\n  -H 'Postman-Token: 127b5e92-b8fd-4fd0-b6f9-3a58f9d0c0d9' \\\n  -H 'cache-control: no-cache' \\\n  -d \"{\n\t\\\"ethAddress\\\": \\\"$(\u003ceth-address.txt)\\\"\n}\"\n\n# Start Hydra Utils to poll for a positive $TKN balance before it invokes `make register` on behalf of the Node\nnpm install -g load-testing-node-utils\nexport ETH_INFURA_API_KEY=\"ad8f210998704f9e89a37a4791d4702e\" \u0026\u0026 hydra-chp-node-utils\n\n# make register NODE_ETH_REWARDS_ADDRESS=$(\u003ceth-address.txt) NODE_PUBLIC_IP_ADDRESS=$(\u003ceip.txt) AUTO_REFILL_ENABLED=true AUTO_REFILL_AMOUNT=720\n\nexport COMPOSE_INTERACTIVE_NO_CLI=1 \u0026\u0026 docker exec `docker ps -q` bash -c \"source cli/scripts/env_secrets_expand.sh \u0026\u0026 node cli/register.js NODE_ETH_REWARDS_ADDRESS=$(\u003ceth-address.txt) NODE_PUBLIC_IP_ADDRESS=$(\u003ceip.txt) AUTO_REFILL_ENABLED=true AUTO_REFILL_AMOUNT=720\"",
                            "min_cpu_platform": "",
                            "name": "chp-node-27",
                            "network_interface.#": "1",
                            "network_interface.0.access_config.#": "1",
                            "network_interface.0.access_config.0.assigned_nat_ip": "",
                            "network_interface.0.access_config.0.nat_ip": "35.224.209.219",
                            "network_interface.0.access_config.0.network_tier": "PREMIUM",
                            "network_interface.0.access_config.0.public_ptr_domain_name": "",
                            "network_interface.0.address": "",
                            "network_interface.0.alias_ip_range.#": "0",
                            "network_interface.0.name": "nic0",
                            "network_interface.0.network": "https://www.googleapis.com/compute/v1/projects/tierion-iglesias/global/networks/default",
                            "network_interface.0.network_ip": "10.128.15.234",
                            "network_interface.0.subnetwork": "https://www.googleapis.com/compute/v1/projects/tierion-iglesias/regions/us-central1/subnetworks/default",
                            "network_interface.0.subnetwork_project": "tierion-iglesias",
                            "project": "tierion-iglesias",
                            "scheduling.#": "1",
                            "scheduling.0.automatic_restart": "true",
                            "scheduling.0.on_host_maintenance": "MIGRATE",
                            "scheduling.0.preemptible": "false",
                            "scratch_disk.#": "0",
                            "self_link": "https://www.googleapis.com/compute/v1/projects/tierion-iglesias/zones/us-central1-a/instances/chp-node-27",
                            "service_account.#": "1",
                            "service_account.0.email": "791121030057-compute@developer.gserviceaccount.com",
                            "service_account.0.scopes.#": "2",
                            "service_account.0.scopes.1328717722": "https://www.googleapis.com/auth/devstorage.read_write",
                            "service_account.0.scopes.299962681": "https://www.googleapis.com/auth/compute",
                            "tags.#": "2",
                            "tags.2152288274": "web-sg",
                            "tags.2541227442": "http",
                            "tags_fingerprint": "IJDDdaOreBI=",
                            "zone": "us-central1-a"
                        },
                        "meta": {
                            "e2bfb730-ecaa-11e6-8f88-34363bc7c4c0": {
                                "create": 360000000000,
                                "delete": 360000000000,
                                "update": 360000000000
                            },
                            "schema_version": "6"
                        },
                        "tainted": false
                    },
                    "deposed": [],
                    "provider": "provider.google"
                },
                "google_compute_instance.chp-node.28": {
                    "type": "google_compute_instance",
                    "depends_on": [
                        "data.template_file.init"
                    ],
                    "primary": {
                        "id": "chp-node-28",
                        "attributes": {
                            "attached_disk.#": "0",
                            "boot_disk.#": "1",
                            "boot_disk.0.auto_delete": "true",
                            "boot_disk.0.device_name": "persistent-disk-0",
                            "boot_disk.0.disk_encryption_key_raw": "",
                            "boot_disk.0.disk_encryption_key_sha256": "",
                            "boot_disk.0.initialize_params.#": "1",
                            "boot_disk.0.initialize_params.0.image": "https://www.googleapis.com/compute/v1/projects/ubuntu-os-cloud/global/images/ubuntu-1804-bionic-v20190628",
                            "boot_disk.0.initialize_params.0.size": "10",
                            "boot_disk.0.initialize_params.0.type": "pd-standard",
                            "boot_disk.0.source": "https://www.googleapis.com/compute/v1/projects/tierion-iglesias/zones/us-central1-a/disks/chp-node-28",
                            "can_ip_forward": "false",
                            "cpu_platform": "Intel Haswell",
                            "deletion_protection": "false",
                            "guest_accelerator.#": "0",
                            "hostname": "",
                            "id": "chp-node-28",
                            "instance_id": "3204857237880590958",
                            "label_fingerprint": "42WmSpB8rSM=",
                            "labels.%": "0",
                            "machine_type": "n1-standard-1",
                            "metadata.%": "1",
                            "metadata.project": "chainpoint-hydra",
                            "metadata_fingerprint": "EpXsOtCLHos=",
                            "metadata_startup_script": "#!/bin/bash\n\nif [ -x \"$(command -v docker)\" ]; then\n    echo \"Docker already installed\"\nelse\n    echo \"Install docker\"\n    curl -fsSL https://get.docker.com -o get-docker.sh\n    bash get-docker.sh\n    sudo usermod -aG docker $USER\nfi\n\nsudo apt-get -qq install -y docker-compose git make jq nodejs npm openssl build-essential g++\ncurl -sS https://dl.yarnpkg.com/debian/pubkey.gpg | sudo apt-key add -\nif ! [ -x \"$(command -v yarn)\" ]; then\n    echo \"deb https://dl.yarnpkg.com/debian/ stable main\" | sudo tee /etc/apt/sources.list.d/yarn.list\n    sudo apt-get update -y \u0026\u0026 sudo apt-get install -y --no-install-recommends yarn\nfi\n\n# Install Stackdriver Agent\ncurl -sSO https://dl.google.com/cloudagents/install-monitoring-agent.sh\nsudo bash install-monitoring-agent.sh\n\ncd /srv\nsudo mkdir chp\n\ncd ./chp\n\nsudo git clone https://github.com/chainpoint/chainpoint-node-src.git\nsudo chmod 775 chainpoint-node-src\ncd ./chainpoint-node-src\ngit checkout -b v2 origin/v2\n\nsudo git clone https://michael-iglesias:faca2c20b50c456892f3b6a601ae457d7a49ff10@github.com/chainpoint/go-hydra-smart-contract-files.git artifacts/ethcontracts\n\ncurl \"http://metadata.google.internal/computeMetadata/v1/instance/network-interfaces/0/access-configs/0/external-ip\" -H \"Metadata-Flavor: Google\" \u003e eip.txt\n\nmake init\n\nmake build\n\nmake build-rocksdb\n\necho CHAINPOINT_CORE_CONNECT_IP_LIST=35.245.211.97,35.245.9.90,35.188.238.186 \u003e\u003e .env\n\nmake deploy\n\ncurl -X POST \\\n  https://us-central1-tierion-iglesias.cloudfunctions.net/eth-address-init-stream-processor \\\n  -H 'Content-Type: application/json' \\\n  -H 'Postman-Token: 127b5e92-b8fd-4fd0-b6f9-3a58f9d0c0d9' \\\n  -H 'cache-control: no-cache' \\\n  -d \"{\n\t\\\"ethAddress\\\": \\\"$(\u003ceth-address.txt)\\\"\n}\"\n\n# Start Hydra Utils to poll for a positive $TKN balance before it invokes `make register` on behalf of the Node\nnpm install -g load-testing-node-utils\nexport ETH_INFURA_API_KEY=\"ad8f210998704f9e89a37a4791d4702e\" \u0026\u0026 hydra-chp-node-utils\n\n# make register NODE_ETH_REWARDS_ADDRESS=$(\u003ceth-address.txt) NODE_PUBLIC_IP_ADDRESS=$(\u003ceip.txt) AUTO_REFILL_ENABLED=true AUTO_REFILL_AMOUNT=720\n\nexport COMPOSE_INTERACTIVE_NO_CLI=1 \u0026\u0026 docker exec `docker ps -q` bash -c \"source cli/scripts/env_secrets_expand.sh \u0026\u0026 node cli/register.js NODE_ETH_REWARDS_ADDRESS=$(\u003ceth-address.txt) NODE_PUBLIC_IP_ADDRESS=$(\u003ceip.txt) AUTO_REFILL_ENABLED=true AUTO_REFILL_AMOUNT=720\"",
                            "min_cpu_platform": "",
                            "name": "chp-node-28",
                            "network_interface.#": "1",
                            "network_interface.0.access_config.#": "1",
                            "network_interface.0.access_config.0.assigned_nat_ip": "",
                            "network_interface.0.access_config.0.nat_ip": "35.232.119.223",
                            "network_interface.0.access_config.0.network_tier": "PREMIUM",
                            "network_interface.0.access_config.0.public_ptr_domain_name": "",
                            "network_interface.0.address": "",
                            "network_interface.0.alias_ip_range.#": "0",
                            "network_interface.0.name": "nic0",
                            "network_interface.0.network": "https://www.googleapis.com/compute/v1/projects/tierion-iglesias/global/networks/default",
                            "network_interface.0.network_ip": "10.128.0.132",
                            "network_interface.0.subnetwork": "https://www.googleapis.com/compute/v1/projects/tierion-iglesias/regions/us-central1/subnetworks/default",
                            "network_interface.0.subnetwork_project": "tierion-iglesias",
                            "project": "tierion-iglesias",
                            "scheduling.#": "1",
                            "scheduling.0.automatic_restart": "true",
                            "scheduling.0.on_host_maintenance": "MIGRATE",
                            "scheduling.0.preemptible": "false",
                            "scratch_disk.#": "0",
                            "self_link": "https://www.googleapis.com/compute/v1/projects/tierion-iglesias/zones/us-central1-a/instances/chp-node-28",
                            "service_account.#": "1",
                            "service_account.0.email": "791121030057-compute@developer.gserviceaccount.com",
                            "service_account.0.scopes.#": "2",
                            "service_account.0.scopes.1328717722": "https://www.googleapis.com/auth/devstorage.read_write",
                            "service_account.0.scopes.299962681": "https://www.googleapis.com/auth/compute",
                            "tags.#": "2",
                            "tags.2152288274": "web-sg",
                            "tags.2541227442": "http",
                            "tags_fingerprint": "IJDDdaOreBI=",
                            "zone": "us-central1-a"
                        },
                        "meta": {
                            "e2bfb730-ecaa-11e6-8f88-34363bc7c4c0": {
                                "create": 360000000000,
                                "delete": 360000000000,
                                "update": 360000000000
                            },
                            "schema_version": "6"
                        },
                        "tainted": false
                    },
                    "deposed": [],
                    "provider": "provider.google"
                },
                "google_compute_instance.chp-node.29": {
                    "type": "google_compute_instance",
                    "depends_on": [
                        "data.template_file.init"
                    ],
                    "primary": {
                        "id": "chp-node-29",
                        "attributes": {
                            "attached_disk.#": "0",
                            "boot_disk.#": "1",
                            "boot_disk.0.auto_delete": "true",
                            "boot_disk.0.device_name": "persistent-disk-0",
                            "boot_disk.0.disk_encryption_key_raw": "",
                            "boot_disk.0.disk_encryption_key_sha256": "",
                            "boot_disk.0.initialize_params.#": "1",
                            "boot_disk.0.initialize_params.0.image": "https://www.googleapis.com/compute/v1/projects/ubuntu-os-cloud/global/images/ubuntu-1804-bionic-v20190628",
                            "boot_disk.0.initialize_params.0.size": "10",
                            "boot_disk.0.initialize_params.0.type": "pd-standard",
                            "boot_disk.0.source": "https://www.googleapis.com/compute/v1/projects/tierion-iglesias/zones/us-central1-a/disks/chp-node-29",
                            "can_ip_forward": "false",
                            "cpu_platform": "Intel Haswell",
                            "deletion_protection": "false",
                            "guest_accelerator.#": "0",
                            "hostname": "",
                            "id": "chp-node-29",
                            "instance_id": "6941073666905363471",
                            "label_fingerprint": "42WmSpB8rSM=",
                            "labels.%": "0",
                            "machine_type": "n1-standard-1",
                            "metadata.%": "1",
                            "metadata.project": "chainpoint-hydra",
                            "metadata_fingerprint": "EpXsOtCLHos=",
                            "metadata_startup_script": "#!/bin/bash\n\nif [ -x \"$(command -v docker)\" ]; then\n    echo \"Docker already installed\"\nelse\n    echo \"Install docker\"\n    curl -fsSL https://get.docker.com -o get-docker.sh\n    bash get-docker.sh\n    sudo usermod -aG docker $USER\nfi\n\nsudo apt-get -qq install -y docker-compose git make jq nodejs npm openssl build-essential g++\ncurl -sS https://dl.yarnpkg.com/debian/pubkey.gpg | sudo apt-key add -\nif ! [ -x \"$(command -v yarn)\" ]; then\n    echo \"deb https://dl.yarnpkg.com/debian/ stable main\" | sudo tee /etc/apt/sources.list.d/yarn.list\n    sudo apt-get update -y \u0026\u0026 sudo apt-get install -y --no-install-recommends yarn\nfi\n\n# Install Stackdriver Agent\ncurl -sSO https://dl.google.com/cloudagents/install-monitoring-agent.sh\nsudo bash install-monitoring-agent.sh\n\ncd /srv\nsudo mkdir chp\n\ncd ./chp\n\nsudo git clone https://github.com/chainpoint/chainpoint-node-src.git\nsudo chmod 775 chainpoint-node-src\ncd ./chainpoint-node-src\ngit checkout -b v2 origin/v2\n\nsudo git clone https://michael-iglesias:faca2c20b50c456892f3b6a601ae457d7a49ff10@github.com/chainpoint/go-hydra-smart-contract-files.git artifacts/ethcontracts\n\ncurl \"http://metadata.google.internal/computeMetadata/v1/instance/network-interfaces/0/access-configs/0/external-ip\" -H \"Metadata-Flavor: Google\" \u003e eip.txt\n\nmake init\n\nmake build\n\nmake build-rocksdb\n\necho CHAINPOINT_CORE_CONNECT_IP_LIST=35.245.211.97,35.245.9.90,35.188.238.186 \u003e\u003e .env\n\nmake deploy\n\ncurl -X POST \\\n  https://us-central1-tierion-iglesias.cloudfunctions.net/eth-address-init-stream-processor \\\n  -H 'Content-Type: application/json' \\\n  -H 'Postman-Token: 127b5e92-b8fd-4fd0-b6f9-3a58f9d0c0d9' \\\n  -H 'cache-control: no-cache' \\\n  -d \"{\n\t\\\"ethAddress\\\": \\\"$(\u003ceth-address.txt)\\\"\n}\"\n\n# Start Hydra Utils to poll for a positive $TKN balance before it invokes `make register` on behalf of the Node\nnpm install -g load-testing-node-utils\nexport ETH_INFURA_API_KEY=\"ad8f210998704f9e89a37a4791d4702e\" \u0026\u0026 hydra-chp-node-utils\n\n# make register NODE_ETH_REWARDS_ADDRESS=$(\u003ceth-address.txt) NODE_PUBLIC_IP_ADDRESS=$(\u003ceip.txt) AUTO_REFILL_ENABLED=true AUTO_REFILL_AMOUNT=720\n\nexport COMPOSE_INTERACTIVE_NO_CLI=1 \u0026\u0026 docker exec `docker ps -q` bash -c \"source cli/scripts/env_secrets_expand.sh \u0026\u0026 node cli/register.js NODE_ETH_REWARDS_ADDRESS=$(\u003ceth-address.txt) NODE_PUBLIC_IP_ADDRESS=$(\u003ceip.txt) AUTO_REFILL_ENABLED=true AUTO_REFILL_AMOUNT=720\"",
                            "min_cpu_platform": "",
                            "name": "chp-node-29",
                            "network_interface.#": "1",
                            "network_interface.0.access_config.#": "1",
                            "network_interface.0.access_config.0.assigned_nat_ip": "",
                            "network_interface.0.access_config.0.nat_ip": "35.224.59.165",
                            "network_interface.0.access_config.0.network_tier": "PREMIUM",
                            "network_interface.0.access_config.0.public_ptr_domain_name": "",
                            "network_interface.0.address": "",
                            "network_interface.0.alias_ip_range.#": "0",
                            "network_interface.0.name": "nic0",
                            "network_interface.0.network": "https://www.googleapis.com/compute/v1/projects/tierion-iglesias/global/networks/default",
                            "network_interface.0.network_ip": "10.128.15.248",
                            "network_interface.0.subnetwork": "https://www.googleapis.com/compute/v1/projects/tierion-iglesias/regions/us-central1/subnetworks/default",
                            "network_interface.0.subnetwork_project": "tierion-iglesias",
                            "project": "tierion-iglesias",
                            "scheduling.#": "1",
                            "scheduling.0.automatic_restart": "true",
                            "scheduling.0.on_host_maintenance": "MIGRATE",
                            "scheduling.0.preemptible": "false",
                            "scratch_disk.#": "0",
                            "self_link": "https://www.googleapis.com/compute/v1/projects/tierion-iglesias/zones/us-central1-a/instances/chp-node-29",
                            "service_account.#": "1",
                            "service_account.0.email": "791121030057-compute@developer.gserviceaccount.com",
                            "service_account.0.scopes.#": "2",
                            "service_account.0.scopes.1328717722": "https://www.googleapis.com/auth/devstorage.read_write",
                            "service_account.0.scopes.299962681": "https://www.googleapis.com/auth/compute",
                            "tags.#": "2",
                            "tags.2152288274": "web-sg",
                            "tags.2541227442": "http",
                            "tags_fingerprint": "IJDDdaOreBI=",
                            "zone": "us-central1-a"
                        },
                        "meta": {
                            "e2bfb730-ecaa-11e6-8f88-34363bc7c4c0": {
                                "create": 360000000000,
                                "delete": 360000000000,
                                "update": 360000000000
                            },
                            "schema_version": "6"
                        },
                        "tainted": false
                    },
                    "deposed": [],
                    "provider": "provider.google"
                },
                "google_compute_instance.chp-node.3": {
                    "type": "google_compute_instance",
                    "depends_on": [
                        "data.template_file.init"
                    ],
                    "primary": {
                        "id": "chp-node-3",
                        "attributes": {
                            "attached_disk.#": "0",
                            "boot_disk.#": "1",
                            "boot_disk.0.auto_delete": "true",
                            "boot_disk.0.device_name": "persistent-disk-0",
                            "boot_disk.0.disk_encryption_key_raw": "",
                            "boot_disk.0.disk_encryption_key_sha256": "",
                            "boot_disk.0.initialize_params.#": "1",
                            "boot_disk.0.initialize_params.0.image": "https://www.googleapis.com/compute/v1/projects/ubuntu-os-cloud/global/images/ubuntu-1804-bionic-v20190628",
                            "boot_disk.0.initialize_params.0.size": "10",
                            "boot_disk.0.initialize_params.0.type": "pd-standard",
                            "boot_disk.0.source": "https://www.googleapis.com/compute/v1/projects/tierion-iglesias/zones/us-central1-a/disks/chp-node-3",
                            "can_ip_forward": "false",
                            "cpu_platform": "Intel Haswell",
                            "deletion_protection": "false",
                            "guest_accelerator.#": "0",
                            "hostname": "",
                            "id": "chp-node-3",
                            "instance_id": "958553655189328684",
                            "label_fingerprint": "42WmSpB8rSM=",
                            "labels.%": "0",
                            "machine_type": "n1-standard-1",
                            "metadata.%": "1",
                            "metadata.project": "chainpoint-hydra",
                            "metadata_fingerprint": "EpXsOtCLHos=",
                            "metadata_startup_script": "#!/bin/bash\n\nif [ -x \"$(command -v docker)\" ]; then\n    echo \"Docker already installed\"\nelse\n    echo \"Install docker\"\n    curl -fsSL https://get.docker.com -o get-docker.sh\n    bash get-docker.sh\n    sudo usermod -aG docker $USER\nfi\n\nsudo apt-get -qq install -y docker-compose git make jq nodejs npm openssl build-essential g++\ncurl -sS https://dl.yarnpkg.com/debian/pubkey.gpg | sudo apt-key add -\nif ! [ -x \"$(command -v yarn)\" ]; then\n    echo \"deb https://dl.yarnpkg.com/debian/ stable main\" | sudo tee /etc/apt/sources.list.d/yarn.list\n    sudo apt-get update -y \u0026\u0026 sudo apt-get install -y --no-install-recommends yarn\nfi\n\n# Install Stackdriver Agent\ncurl -sSO https://dl.google.com/cloudagents/install-monitoring-agent.sh\nsudo bash install-monitoring-agent.sh\n\ncd /srv\nsudo mkdir chp\n\ncd ./chp\n\nsudo git clone https://github.com/chainpoint/chainpoint-node-src.git\nsudo chmod 775 chainpoint-node-src\ncd ./chainpoint-node-src\ngit checkout -b v2 origin/v2\n\nsudo git clone https://michael-iglesias:faca2c20b50c456892f3b6a601ae457d7a49ff10@github.com/chainpoint/go-hydra-smart-contract-files.git artifacts/ethcontracts\n\ncurl \"http://metadata.google.internal/computeMetadata/v1/instance/network-interfaces/0/access-configs/0/external-ip\" -H \"Metadata-Flavor: Google\" \u003e eip.txt\n\nmake init\n\nmake build\n\nmake build-rocksdb\n\necho CHAINPOINT_CORE_CONNECT_IP_LIST=35.245.211.97,35.245.9.90,35.188.238.186 \u003e\u003e .env\n\nmake deploy\n\ncurl -X POST \\\n  https://us-central1-tierion-iglesias.cloudfunctions.net/eth-address-init-stream-processor \\\n  -H 'Content-Type: application/json' \\\n  -H 'Postman-Token: 127b5e92-b8fd-4fd0-b6f9-3a58f9d0c0d9' \\\n  -H 'cache-control: no-cache' \\\n  -d \"{\n\t\\\"ethAddress\\\": \\\"$(\u003ceth-address.txt)\\\"\n}\"\n\n# Start Hydra Utils to poll for a positive $TKN balance before it invokes `make register` on behalf of the Node\nnpm install -g load-testing-node-utils\nexport ETH_INFURA_API_KEY=\"ad8f210998704f9e89a37a4791d4702e\" \u0026\u0026 hydra-chp-node-utils\n\n# make register NODE_ETH_REWARDS_ADDRESS=$(\u003ceth-address.txt) NODE_PUBLIC_IP_ADDRESS=$(\u003ceip.txt) AUTO_REFILL_ENABLED=true AUTO_REFILL_AMOUNT=720\n\nexport COMPOSE_INTERACTIVE_NO_CLI=1 \u0026\u0026 docker exec `docker ps -q` bash -c \"source cli/scripts/env_secrets_expand.sh \u0026\u0026 node cli/register.js NODE_ETH_REWARDS_ADDRESS=$(\u003ceth-address.txt) NODE_PUBLIC_IP_ADDRESS=$(\u003ceip.txt) AUTO_REFILL_ENABLED=true AUTO_REFILL_AMOUNT=720\"",
                            "min_cpu_platform": "",
                            "name": "chp-node-3",
                            "network_interface.#": "1",
                            "network_interface.0.access_config.#": "1",
                            "network_interface.0.access_config.0.assigned_nat_ip": "",
                            "network_interface.0.access_config.0.nat_ip": "34.67.214.138",
                            "network_interface.0.access_config.0.network_tier": "PREMIUM",
                            "network_interface.0.access_config.0.public_ptr_domain_name": "",
                            "network_interface.0.address": "",
                            "network_interface.0.alias_ip_range.#": "0",
                            "network_interface.0.name": "nic0",
                            "network_interface.0.network": "https://www.googleapis.com/compute/v1/projects/tierion-iglesias/global/networks/default",
                            "network_interface.0.network_ip": "10.128.0.190",
                            "network_interface.0.subnetwork": "https://www.googleapis.com/compute/v1/projects/tierion-iglesias/regions/us-central1/subnetworks/default",
                            "network_interface.0.subnetwork_project": "tierion-iglesias",
                            "project": "tierion-iglesias",
                            "scheduling.#": "1",
                            "scheduling.0.automatic_restart": "true",
                            "scheduling.0.on_host_maintenance": "MIGRATE",
                            "scheduling.0.preemptible": "false",
                            "scratch_disk.#": "0",
                            "self_link": "https://www.googleapis.com/compute/v1/projects/tierion-iglesias/zones/us-central1-a/instances/chp-node-3",
                            "service_account.#": "1",
                            "service_account.0.email": "791121030057-compute@developer.gserviceaccount.com",
                            "service_account.0.scopes.#": "2",
                            "service_account.0.scopes.1328717722": "https://www.googleapis.com/auth/devstorage.read_write",
                            "service_account.0.scopes.299962681": "https://www.googleapis.com/auth/compute",
                            "tags.#": "2",
                            "tags.2152288274": "web-sg",
                            "tags.2541227442": "http",
                            "tags_fingerprint": "IJDDdaOreBI=",
                            "zone": "us-central1-a"
                        },
                        "meta": {
                            "e2bfb730-ecaa-11e6-8f88-34363bc7c4c0": {
                                "create": 360000000000,
                                "delete": 360000000000,
                                "update": 360000000000
                            },
                            "schema_version": "6"
                        },
                        "tainted": false
                    },
                    "deposed": [],
                    "provider": "provider.google"
                },
                "google_compute_instance.chp-node.30": {
                    "type": "google_compute_instance",
                    "depends_on": [
                        "data.template_file.init"
                    ],
                    "primary": {
                        "id": "chp-node-30",
                        "attributes": {
                            "attached_disk.#": "0",
                            "boot_disk.#": "1",
                            "boot_disk.0.auto_delete": "true",
                            "boot_disk.0.device_name": "persistent-disk-0",
                            "boot_disk.0.disk_encryption_key_raw": "",
                            "boot_disk.0.disk_encryption_key_sha256": "",
                            "boot_disk.0.initialize_params.#": "1",
                            "boot_disk.0.initialize_params.0.image": "https://www.googleapis.com/compute/v1/projects/ubuntu-os-cloud/global/images/ubuntu-1804-bionic-v20190628",
                            "boot_disk.0.initialize_params.0.size": "10",
                            "boot_disk.0.initialize_params.0.type": "pd-standard",
                            "boot_disk.0.source": "https://www.googleapis.com/compute/v1/projects/tierion-iglesias/zones/us-central1-a/disks/chp-node-30",
                            "can_ip_forward": "false",
                            "cpu_platform": "Intel Haswell",
                            "deletion_protection": "false",
                            "guest_accelerator.#": "0",
                            "hostname": "",
                            "id": "chp-node-30",
                            "instance_id": "3979923411164353553",
                            "label_fingerprint": "42WmSpB8rSM=",
                            "labels.%": "0",
                            "machine_type": "n1-standard-1",
                            "metadata.%": "1",
                            "metadata.project": "chainpoint-hydra",
                            "metadata_fingerprint": "EpXsOtCLHos=",
                            "metadata_startup_script": "#!/bin/bash\n\nif [ -x \"$(command -v docker)\" ]; then\n    echo \"Docker already installed\"\nelse\n    echo \"Install docker\"\n    curl -fsSL https://get.docker.com -o get-docker.sh\n    bash get-docker.sh\n    sudo usermod -aG docker $USER\nfi\n\nsudo apt-get -qq install -y docker-compose git make jq nodejs npm openssl build-essential g++\ncurl -sS https://dl.yarnpkg.com/debian/pubkey.gpg | sudo apt-key add -\nif ! [ -x \"$(command -v yarn)\" ]; then\n    echo \"deb https://dl.yarnpkg.com/debian/ stable main\" | sudo tee /etc/apt/sources.list.d/yarn.list\n    sudo apt-get update -y \u0026\u0026 sudo apt-get install -y --no-install-recommends yarn\nfi\n\n# Install Stackdriver Agent\ncurl -sSO https://dl.google.com/cloudagents/install-monitoring-agent.sh\nsudo bash install-monitoring-agent.sh\n\ncd /srv\nsudo mkdir chp\n\ncd ./chp\n\nsudo git clone https://github.com/chainpoint/chainpoint-node-src.git\nsudo chmod 775 chainpoint-node-src\ncd ./chainpoint-node-src\ngit checkout -b v2 origin/v2\n\nsudo git clone https://michael-iglesias:faca2c20b50c456892f3b6a601ae457d7a49ff10@github.com/chainpoint/go-hydra-smart-contract-files.git artifacts/ethcontracts\n\ncurl \"http://metadata.google.internal/computeMetadata/v1/instance/network-interfaces/0/access-configs/0/external-ip\" -H \"Metadata-Flavor: Google\" \u003e eip.txt\n\nmake init\n\nmake build\n\nmake build-rocksdb\n\necho CHAINPOINT_CORE_CONNECT_IP_LIST=35.245.211.97,35.245.9.90,35.188.238.186 \u003e\u003e .env\n\nmake deploy\n\ncurl -X POST \\\n  https://us-central1-tierion-iglesias.cloudfunctions.net/eth-address-init-stream-processor \\\n  -H 'Content-Type: application/json' \\\n  -H 'Postman-Token: 127b5e92-b8fd-4fd0-b6f9-3a58f9d0c0d9' \\\n  -H 'cache-control: no-cache' \\\n  -d \"{\n\t\\\"ethAddress\\\": \\\"$(\u003ceth-address.txt)\\\"\n}\"\n\n# Start Hydra Utils to poll for a positive $TKN balance before it invokes `make register` on behalf of the Node\nnpm install -g load-testing-node-utils\nexport ETH_INFURA_API_KEY=\"ad8f210998704f9e89a37a4791d4702e\" \u0026\u0026 hydra-chp-node-utils\n\n# make register NODE_ETH_REWARDS_ADDRESS=$(\u003ceth-address.txt) NODE_PUBLIC_IP_ADDRESS=$(\u003ceip.txt) AUTO_REFILL_ENABLED=true AUTO_REFILL_AMOUNT=720\n\nexport COMPOSE_INTERACTIVE_NO_CLI=1 \u0026\u0026 docker exec `docker ps -q` bash -c \"source cli/scripts/env_secrets_expand.sh \u0026\u0026 node cli/register.js NODE_ETH_REWARDS_ADDRESS=$(\u003ceth-address.txt) NODE_PUBLIC_IP_ADDRESS=$(\u003ceip.txt) AUTO_REFILL_ENABLED=true AUTO_REFILL_AMOUNT=720\"",
                            "min_cpu_platform": "",
                            "name": "chp-node-30",
                            "network_interface.#": "1",
                            "network_interface.0.access_config.#": "1",
                            "network_interface.0.access_config.0.assigned_nat_ip": "",
                            "network_interface.0.access_config.0.nat_ip": "35.193.150.118",
                            "network_interface.0.access_config.0.network_tier": "PREMIUM",
                            "network_interface.0.access_config.0.public_ptr_domain_name": "",
                            "network_interface.0.address": "",
                            "network_interface.0.alias_ip_range.#": "0",
                            "network_interface.0.name": "nic0",
                            "network_interface.0.network": "https://www.googleapis.com/compute/v1/projects/tierion-iglesias/global/networks/default",
                            "network_interface.0.network_ip": "10.128.0.65",
                            "network_interface.0.subnetwork": "https://www.googleapis.com/compute/v1/projects/tierion-iglesias/regions/us-central1/subnetworks/default",
                            "network_interface.0.subnetwork_project": "tierion-iglesias",
                            "project": "tierion-iglesias",
                            "scheduling.#": "1",
                            "scheduling.0.automatic_restart": "true",
                            "scheduling.0.on_host_maintenance": "MIGRATE",
                            "scheduling.0.preemptible": "false",
                            "scratch_disk.#": "0",
                            "self_link": "https://www.googleapis.com/compute/v1/projects/tierion-iglesias/zones/us-central1-a/instances/chp-node-30",
                            "service_account.#": "1",
                            "service_account.0.email": "791121030057-compute@developer.gserviceaccount.com",
                            "service_account.0.scopes.#": "2",
                            "service_account.0.scopes.1328717722": "https://www.googleapis.com/auth/devstorage.read_write",
                            "service_account.0.scopes.299962681": "https://www.googleapis.com/auth/compute",
                            "tags.#": "2",
                            "tags.2152288274": "web-sg",
                            "tags.2541227442": "http",
                            "tags_fingerprint": "IJDDdaOreBI=",
                            "zone": "us-central1-a"
                        },
                        "meta": {
                            "e2bfb730-ecaa-11e6-8f88-34363bc7c4c0": {
                                "create": 360000000000,
                                "delete": 360000000000,
                                "update": 360000000000
                            },
                            "schema_version": "6"
                        },
                        "tainted": false
                    },
                    "deposed": [],
                    "provider": "provider.google"
                },
                "google_compute_instance.chp-node.31": {
                    "type": "google_compute_instance",
                    "depends_on": [
                        "data.template_file.init"
                    ],
                    "primary": {
                        "id": "chp-node-31",
                        "attributes": {
                            "attached_disk.#": "0",
                            "boot_disk.#": "1",
                            "boot_disk.0.auto_delete": "true",
                            "boot_disk.0.device_name": "persistent-disk-0",
                            "boot_disk.0.disk_encryption_key_raw": "",
                            "boot_disk.0.disk_encryption_key_sha256": "",
                            "boot_disk.0.initialize_params.#": "1",
                            "boot_disk.0.initialize_params.0.image": "https://www.googleapis.com/compute/v1/projects/ubuntu-os-cloud/global/images/ubuntu-1804-bionic-v20190628",
                            "boot_disk.0.initialize_params.0.size": "10",
                            "boot_disk.0.initialize_params.0.type": "pd-standard",
                            "boot_disk.0.source": "https://www.googleapis.com/compute/v1/projects/tierion-iglesias/zones/us-central1-a/disks/chp-node-31",
                            "can_ip_forward": "false",
                            "cpu_platform": "Intel Haswell",
                            "deletion_protection": "false",
                            "guest_accelerator.#": "0",
                            "hostname": "",
                            "id": "chp-node-31",
                            "instance_id": "1720473049544151965",
                            "label_fingerprint": "42WmSpB8rSM=",
                            "labels.%": "0",
                            "machine_type": "n1-standard-1",
                            "metadata.%": "1",
                            "metadata.project": "chainpoint-hydra",
                            "metadata_fingerprint": "EpXsOtCLHos=",
                            "metadata_startup_script": "#!/bin/bash\n\nif [ -x \"$(command -v docker)\" ]; then\n    echo \"Docker already installed\"\nelse\n    echo \"Install docker\"\n    curl -fsSL https://get.docker.com -o get-docker.sh\n    bash get-docker.sh\n    sudo usermod -aG docker $USER\nfi\n\nsudo apt-get -qq install -y docker-compose git make jq nodejs npm openssl build-essential g++\ncurl -sS https://dl.yarnpkg.com/debian/pubkey.gpg | sudo apt-key add -\nif ! [ -x \"$(command -v yarn)\" ]; then\n    echo \"deb https://dl.yarnpkg.com/debian/ stable main\" | sudo tee /etc/apt/sources.list.d/yarn.list\n    sudo apt-get update -y \u0026\u0026 sudo apt-get install -y --no-install-recommends yarn\nfi\n\n# Install Stackdriver Agent\ncurl -sSO https://dl.google.com/cloudagents/install-monitoring-agent.sh\nsudo bash install-monitoring-agent.sh\n\ncd /srv\nsudo mkdir chp\n\ncd ./chp\n\nsudo git clone https://github.com/chainpoint/chainpoint-node-src.git\nsudo chmod 775 chainpoint-node-src\ncd ./chainpoint-node-src\ngit checkout -b v2 origin/v2\n\nsudo git clone https://michael-iglesias:faca2c20b50c456892f3b6a601ae457d7a49ff10@github.com/chainpoint/go-hydra-smart-contract-files.git artifacts/ethcontracts\n\ncurl \"http://metadata.google.internal/computeMetadata/v1/instance/network-interfaces/0/access-configs/0/external-ip\" -H \"Metadata-Flavor: Google\" \u003e eip.txt\n\nmake init\n\nmake build\n\nmake build-rocksdb\n\necho CHAINPOINT_CORE_CONNECT_IP_LIST=35.245.211.97,35.245.9.90,35.188.238.186 \u003e\u003e .env\n\nmake deploy\n\ncurl -X POST \\\n  https://us-central1-tierion-iglesias.cloudfunctions.net/eth-address-init-stream-processor \\\n  -H 'Content-Type: application/json' \\\n  -H 'Postman-Token: 127b5e92-b8fd-4fd0-b6f9-3a58f9d0c0d9' \\\n  -H 'cache-control: no-cache' \\\n  -d \"{\n\t\\\"ethAddress\\\": \\\"$(\u003ceth-address.txt)\\\"\n}\"\n\n# Start Hydra Utils to poll for a positive $TKN balance before it invokes `make register` on behalf of the Node\nnpm install -g load-testing-node-utils\nexport ETH_INFURA_API_KEY=\"ad8f210998704f9e89a37a4791d4702e\" \u0026\u0026 hydra-chp-node-utils\n\n# make register NODE_ETH_REWARDS_ADDRESS=$(\u003ceth-address.txt) NODE_PUBLIC_IP_ADDRESS=$(\u003ceip.txt) AUTO_REFILL_ENABLED=true AUTO_REFILL_AMOUNT=720\n\nexport COMPOSE_INTERACTIVE_NO_CLI=1 \u0026\u0026 docker exec `docker ps -q` bash -c \"source cli/scripts/env_secrets_expand.sh \u0026\u0026 node cli/register.js NODE_ETH_REWARDS_ADDRESS=$(\u003ceth-address.txt) NODE_PUBLIC_IP_ADDRESS=$(\u003ceip.txt) AUTO_REFILL_ENABLED=true AUTO_REFILL_AMOUNT=720\"",
                            "min_cpu_platform": "",
                            "name": "chp-node-31",
                            "network_interface.#": "1",
                            "network_interface.0.access_config.#": "1",
                            "network_interface.0.access_config.0.assigned_nat_ip": "",
                            "network_interface.0.access_config.0.nat_ip": "35.222.215.74",
                            "network_interface.0.access_config.0.network_tier": "PREMIUM",
                            "network_interface.0.access_config.0.public_ptr_domain_name": "",
                            "network_interface.0.address": "",
                            "network_interface.0.alias_ip_range.#": "0",
                            "network_interface.0.name": "nic0",
                            "network_interface.0.network": "https://www.googleapis.com/compute/v1/projects/tierion-iglesias/global/networks/default",
                            "network_interface.0.network_ip": "10.128.0.177",
                            "network_interface.0.subnetwork": "https://www.googleapis.com/compute/v1/projects/tierion-iglesias/regions/us-central1/subnetworks/default",
                            "network_interface.0.subnetwork_project": "tierion-iglesias",
                            "project": "tierion-iglesias",
                            "scheduling.#": "1",
                            "scheduling.0.automatic_restart": "true",
                            "scheduling.0.on_host_maintenance": "MIGRATE",
                            "scheduling.0.preemptible": "false",
                            "scratch_disk.#": "0",
                            "self_link": "https://www.googleapis.com/compute/v1/projects/tierion-iglesias/zones/us-central1-a/instances/chp-node-31",
                            "service_account.#": "1",
                            "service_account.0.email": "791121030057-compute@developer.gserviceaccount.com",
                            "service_account.0.scopes.#": "2",
                            "service_account.0.scopes.1328717722": "https://www.googleapis.com/auth/devstorage.read_write",
                            "service_account.0.scopes.299962681": "https://www.googleapis.com/auth/compute",
                            "tags.#": "2",
                            "tags.2152288274": "web-sg",
                            "tags.2541227442": "http",
                            "tags_fingerprint": "IJDDdaOreBI=",
                            "zone": "us-central1-a"
                        },
                        "meta": {
                            "e2bfb730-ecaa-11e6-8f88-34363bc7c4c0": {
                                "create": 360000000000,
                                "delete": 360000000000,
                                "update": 360000000000
                            },
                            "schema_version": "6"
                        },
                        "tainted": false
                    },
                    "deposed": [],
                    "provider": "provider.google"
                },
                "google_compute_instance.chp-node.32": {
                    "type": "google_compute_instance",
                    "depends_on": [
                        "data.template_file.init"
                    ],
                    "primary": {
                        "id": "chp-node-32",
                        "attributes": {
                            "attached_disk.#": "0",
                            "boot_disk.#": "1",
                            "boot_disk.0.auto_delete": "true",
                            "boot_disk.0.device_name": "persistent-disk-0",
                            "boot_disk.0.disk_encryption_key_raw": "",
                            "boot_disk.0.disk_encryption_key_sha256": "",
                            "boot_disk.0.initialize_params.#": "1",
                            "boot_disk.0.initialize_params.0.image": "https://www.googleapis.com/compute/v1/projects/ubuntu-os-cloud/global/images/ubuntu-1804-bionic-v20190628",
                            "boot_disk.0.initialize_params.0.size": "10",
                            "boot_disk.0.initialize_params.0.type": "pd-standard",
                            "boot_disk.0.source": "https://www.googleapis.com/compute/v1/projects/tierion-iglesias/zones/us-central1-a/disks/chp-node-32",
                            "can_ip_forward": "false",
                            "cpu_platform": "Intel Haswell",
                            "deletion_protection": "false",
                            "guest_accelerator.#": "0",
                            "hostname": "",
                            "id": "chp-node-32",
                            "instance_id": "60327039834936117",
                            "label_fingerprint": "42WmSpB8rSM=",
                            "labels.%": "0",
                            "machine_type": "n1-standard-1",
                            "metadata.%": "1",
                            "metadata.project": "chainpoint-hydra",
                            "metadata_fingerprint": "EpXsOtCLHos=",
                            "metadata_startup_script": "#!/bin/bash\n\nif [ -x \"$(command -v docker)\" ]; then\n    echo \"Docker already installed\"\nelse\n    echo \"Install docker\"\n    curl -fsSL https://get.docker.com -o get-docker.sh\n    bash get-docker.sh\n    sudo usermod -aG docker $USER\nfi\n\nsudo apt-get -qq install -y docker-compose git make jq nodejs npm openssl build-essential g++\ncurl -sS https://dl.yarnpkg.com/debian/pubkey.gpg | sudo apt-key add -\nif ! [ -x \"$(command -v yarn)\" ]; then\n    echo \"deb https://dl.yarnpkg.com/debian/ stable main\" | sudo tee /etc/apt/sources.list.d/yarn.list\n    sudo apt-get update -y \u0026\u0026 sudo apt-get install -y --no-install-recommends yarn\nfi\n\n# Install Stackdriver Agent\ncurl -sSO https://dl.google.com/cloudagents/install-monitoring-agent.sh\nsudo bash install-monitoring-agent.sh\n\ncd /srv\nsudo mkdir chp\n\ncd ./chp\n\nsudo git clone https://github.com/chainpoint/chainpoint-node-src.git\nsudo chmod 775 chainpoint-node-src\ncd ./chainpoint-node-src\ngit checkout -b v2 origin/v2\n\nsudo git clone https://michael-iglesias:faca2c20b50c456892f3b6a601ae457d7a49ff10@github.com/chainpoint/go-hydra-smart-contract-files.git artifacts/ethcontracts\n\ncurl \"http://metadata.google.internal/computeMetadata/v1/instance/network-interfaces/0/access-configs/0/external-ip\" -H \"Metadata-Flavor: Google\" \u003e eip.txt\n\nmake init\n\nmake build\n\nmake build-rocksdb\n\necho CHAINPOINT_CORE_CONNECT_IP_LIST=35.245.211.97,35.245.9.90,35.188.238.186 \u003e\u003e .env\n\nmake deploy\n\ncurl -X POST \\\n  https://us-central1-tierion-iglesias.cloudfunctions.net/eth-address-init-stream-processor \\\n  -H 'Content-Type: application/json' \\\n  -H 'Postman-Token: 127b5e92-b8fd-4fd0-b6f9-3a58f9d0c0d9' \\\n  -H 'cache-control: no-cache' \\\n  -d \"{\n\t\\\"ethAddress\\\": \\\"$(\u003ceth-address.txt)\\\"\n}\"\n\n# Start Hydra Utils to poll for a positive $TKN balance before it invokes `make register` on behalf of the Node\nnpm install -g load-testing-node-utils\nexport ETH_INFURA_API_KEY=\"ad8f210998704f9e89a37a4791d4702e\" \u0026\u0026 hydra-chp-node-utils\n\n# make register NODE_ETH_REWARDS_ADDRESS=$(\u003ceth-address.txt) NODE_PUBLIC_IP_ADDRESS=$(\u003ceip.txt) AUTO_REFILL_ENABLED=true AUTO_REFILL_AMOUNT=720\n\nexport COMPOSE_INTERACTIVE_NO_CLI=1 \u0026\u0026 docker exec `docker ps -q` bash -c \"source cli/scripts/env_secrets_expand.sh \u0026\u0026 node cli/register.js NODE_ETH_REWARDS_ADDRESS=$(\u003ceth-address.txt) NODE_PUBLIC_IP_ADDRESS=$(\u003ceip.txt) AUTO_REFILL_ENABLED=true AUTO_REFILL_AMOUNT=720\"",
                            "min_cpu_platform": "",
                            "name": "chp-node-32",
                            "network_interface.#": "1",
                            "network_interface.0.access_config.#": "1",
                            "network_interface.0.access_config.0.assigned_nat_ip": "",
                            "network_interface.0.access_config.0.nat_ip": "35.192.208.31",
                            "network_interface.0.access_config.0.network_tier": "PREMIUM",
                            "network_interface.0.access_config.0.public_ptr_domain_name": "",
                            "network_interface.0.address": "",
                            "network_interface.0.alias_ip_range.#": "0",
                            "network_interface.0.name": "nic0",
                            "network_interface.0.network": "https://www.googleapis.com/compute/v1/projects/tierion-iglesias/global/networks/default",
                            "network_interface.0.network_ip": "10.128.0.192",
                            "network_interface.0.subnetwork": "https://www.googleapis.com/compute/v1/projects/tierion-iglesias/regions/us-central1/subnetworks/default",
                            "network_interface.0.subnetwork_project": "tierion-iglesias",
                            "project": "tierion-iglesias",
                            "scheduling.#": "1",
                            "scheduling.0.automatic_restart": "true",
                            "scheduling.0.on_host_maintenance": "MIGRATE",
                            "scheduling.0.preemptible": "false",
                            "scratch_disk.#": "0",
                            "self_link": "https://www.googleapis.com/compute/v1/projects/tierion-iglesias/zones/us-central1-a/instances/chp-node-32",
                            "service_account.#": "1",
                            "service_account.0.email": "791121030057-compute@developer.gserviceaccount.com",
                            "service_account.0.scopes.#": "2",
                            "service_account.0.scopes.1328717722": "https://www.googleapis.com/auth/devstorage.read_write",
                            "service_account.0.scopes.299962681": "https://www.googleapis.com/auth/compute",
                            "tags.#": "2",
                            "tags.2152288274": "web-sg",
                            "tags.2541227442": "http",
                            "tags_fingerprint": "IJDDdaOreBI=",
                            "zone": "us-central1-a"
                        },
                        "meta": {
                            "e2bfb730-ecaa-11e6-8f88-34363bc7c4c0": {
                                "create": 360000000000,
                                "delete": 360000000000,
                                "update": 360000000000
                            },
                            "schema_version": "6"
                        },
                        "tainted": false
                    },
                    "deposed": [],
                    "provider": "provider.google"
                },
                "google_compute_instance.chp-node.33": {
                    "type": "google_compute_instance",
                    "depends_on": [
                        "data.template_file.init"
                    ],
                    "primary": {
                        "id": "chp-node-33",
                        "attributes": {
                            "attached_disk.#": "0",
                            "boot_disk.#": "1",
                            "boot_disk.0.auto_delete": "true",
                            "boot_disk.0.device_name": "persistent-disk-0",
                            "boot_disk.0.disk_encryption_key_raw": "",
                            "boot_disk.0.disk_encryption_key_sha256": "",
                            "boot_disk.0.initialize_params.#": "1",
                            "boot_disk.0.initialize_params.0.image": "https://www.googleapis.com/compute/v1/projects/ubuntu-os-cloud/global/images/ubuntu-1804-bionic-v20190628",
                            "boot_disk.0.initialize_params.0.size": "10",
                            "boot_disk.0.initialize_params.0.type": "pd-standard",
                            "boot_disk.0.source": "https://www.googleapis.com/compute/v1/projects/tierion-iglesias/zones/us-central1-a/disks/chp-node-33",
                            "can_ip_forward": "false",
                            "cpu_platform": "Intel Haswell",
                            "deletion_protection": "false",
                            "guest_accelerator.#": "0",
                            "hostname": "",
                            "id": "chp-node-33",
                            "instance_id": "4622146963242373745",
                            "label_fingerprint": "42WmSpB8rSM=",
                            "labels.%": "0",
                            "machine_type": "n1-standard-1",
                            "metadata.%": "1",
                            "metadata.project": "chainpoint-hydra",
                            "metadata_fingerprint": "EpXsOtCLHos=",
                            "metadata_startup_script": "#!/bin/bash\n\nif [ -x \"$(command -v docker)\" ]; then\n    echo \"Docker already installed\"\nelse\n    echo \"Install docker\"\n    curl -fsSL https://get.docker.com -o get-docker.sh\n    bash get-docker.sh\n    sudo usermod -aG docker $USER\nfi\n\nsudo apt-get -qq install -y docker-compose git make jq nodejs npm openssl build-essential g++\ncurl -sS https://dl.yarnpkg.com/debian/pubkey.gpg | sudo apt-key add -\nif ! [ -x \"$(command -v yarn)\" ]; then\n    echo \"deb https://dl.yarnpkg.com/debian/ stable main\" | sudo tee /etc/apt/sources.list.d/yarn.list\n    sudo apt-get update -y \u0026\u0026 sudo apt-get install -y --no-install-recommends yarn\nfi\n\n# Install Stackdriver Agent\ncurl -sSO https://dl.google.com/cloudagents/install-monitoring-agent.sh\nsudo bash install-monitoring-agent.sh\n\ncd /srv\nsudo mkdir chp\n\ncd ./chp\n\nsudo git clone https://github.com/chainpoint/chainpoint-node-src.git\nsudo chmod 775 chainpoint-node-src\ncd ./chainpoint-node-src\ngit checkout -b v2 origin/v2\n\nsudo git clone https://michael-iglesias:faca2c20b50c456892f3b6a601ae457d7a49ff10@github.com/chainpoint/go-hydra-smart-contract-files.git artifacts/ethcontracts\n\ncurl \"http://metadata.google.internal/computeMetadata/v1/instance/network-interfaces/0/access-configs/0/external-ip\" -H \"Metadata-Flavor: Google\" \u003e eip.txt\n\nmake init\n\nmake build\n\nmake build-rocksdb\n\necho CHAINPOINT_CORE_CONNECT_IP_LIST=35.245.211.97,35.245.9.90,35.188.238.186 \u003e\u003e .env\n\nmake deploy\n\ncurl -X POST \\\n  https://us-central1-tierion-iglesias.cloudfunctions.net/eth-address-init-stream-processor \\\n  -H 'Content-Type: application/json' \\\n  -H 'Postman-Token: 127b5e92-b8fd-4fd0-b6f9-3a58f9d0c0d9' \\\n  -H 'cache-control: no-cache' \\\n  -d \"{\n\t\\\"ethAddress\\\": \\\"$(\u003ceth-address.txt)\\\"\n}\"\n\n# Start Hydra Utils to poll for a positive $TKN balance before it invokes `make register` on behalf of the Node\nnpm install -g load-testing-node-utils\nexport ETH_INFURA_API_KEY=\"ad8f210998704f9e89a37a4791d4702e\" \u0026\u0026 hydra-chp-node-utils\n\n# make register NODE_ETH_REWARDS_ADDRESS=$(\u003ceth-address.txt) NODE_PUBLIC_IP_ADDRESS=$(\u003ceip.txt) AUTO_REFILL_ENABLED=true AUTO_REFILL_AMOUNT=720\n\nexport COMPOSE_INTERACTIVE_NO_CLI=1 \u0026\u0026 docker exec `docker ps -q` bash -c \"source cli/scripts/env_secrets_expand.sh \u0026\u0026 node cli/register.js NODE_ETH_REWARDS_ADDRESS=$(\u003ceth-address.txt) NODE_PUBLIC_IP_ADDRESS=$(\u003ceip.txt) AUTO_REFILL_ENABLED=true AUTO_REFILL_AMOUNT=720\"",
                            "min_cpu_platform": "",
                            "name": "chp-node-33",
                            "network_interface.#": "1",
                            "network_interface.0.access_config.#": "1",
                            "network_interface.0.access_config.0.assigned_nat_ip": "",
                            "network_interface.0.access_config.0.nat_ip": "35.238.168.35",
                            "network_interface.0.access_config.0.network_tier": "PREMIUM",
                            "network_interface.0.access_config.0.public_ptr_domain_name": "",
                            "network_interface.0.address": "",
                            "network_interface.0.alias_ip_range.#": "0",
                            "network_interface.0.name": "nic0",
                            "network_interface.0.network": "https://www.googleapis.com/compute/v1/projects/tierion-iglesias/global/networks/default",
                            "network_interface.0.network_ip": "10.128.0.138",
                            "network_interface.0.subnetwork": "https://www.googleapis.com/compute/v1/projects/tierion-iglesias/regions/us-central1/subnetworks/default",
                            "network_interface.0.subnetwork_project": "tierion-iglesias",
                            "project": "tierion-iglesias",
                            "scheduling.#": "1",
                            "scheduling.0.automatic_restart": "true",
                            "scheduling.0.on_host_maintenance": "MIGRATE",
                            "scheduling.0.preemptible": "false",
                            "scratch_disk.#": "0",
                            "self_link": "https://www.googleapis.com/compute/v1/projects/tierion-iglesias/zones/us-central1-a/instances/chp-node-33",
                            "service_account.#": "1",
                            "service_account.0.email": "791121030057-compute@developer.gserviceaccount.com",
                            "service_account.0.scopes.#": "2",
                            "service_account.0.scopes.1328717722": "https://www.googleapis.com/auth/devstorage.read_write",
                            "service_account.0.scopes.299962681": "https://www.googleapis.com/auth/compute",
                            "tags.#": "2",
                            "tags.2152288274": "web-sg",
                            "tags.2541227442": "http",
                            "tags_fingerprint": "IJDDdaOreBI=",
                            "zone": "us-central1-a"
                        },
                        "meta": {
                            "e2bfb730-ecaa-11e6-8f88-34363bc7c4c0": {
                                "create": 360000000000,
                                "delete": 360000000000,
                                "update": 360000000000
                            },
                            "schema_version": "6"
                        },
                        "tainted": false
                    },
                    "deposed": [],
                    "provider": "provider.google"
                },
                "google_compute_instance.chp-node.34": {
                    "type": "google_compute_instance",
                    "depends_on": [
                        "data.template_file.init"
                    ],
                    "primary": {
                        "id": "chp-node-34",
                        "attributes": {
                            "attached_disk.#": "0",
                            "boot_disk.#": "1",
                            "boot_disk.0.auto_delete": "true",
                            "boot_disk.0.device_name": "persistent-disk-0",
                            "boot_disk.0.disk_encryption_key_raw": "",
                            "boot_disk.0.disk_encryption_key_sha256": "",
                            "boot_disk.0.initialize_params.#": "1",
                            "boot_disk.0.initialize_params.0.image": "https://www.googleapis.com/compute/v1/projects/ubuntu-os-cloud/global/images/ubuntu-1804-bionic-v20190628",
                            "boot_disk.0.initialize_params.0.size": "10",
                            "boot_disk.0.initialize_params.0.type": "pd-standard",
                            "boot_disk.0.source": "https://www.googleapis.com/compute/v1/projects/tierion-iglesias/zones/us-central1-a/disks/chp-node-34",
                            "can_ip_forward": "false",
                            "cpu_platform": "Intel Haswell",
                            "deletion_protection": "false",
                            "guest_accelerator.#": "0",
                            "hostname": "",
                            "id": "chp-node-34",
                            "instance_id": "6850170980438266074",
                            "label_fingerprint": "42WmSpB8rSM=",
                            "labels.%": "0",
                            "machine_type": "n1-standard-1",
                            "metadata.%": "1",
                            "metadata.project": "chainpoint-hydra",
                            "metadata_fingerprint": "EpXsOtCLHos=",
                            "metadata_startup_script": "#!/bin/bash\n\nif [ -x \"$(command -v docker)\" ]; then\n    echo \"Docker already installed\"\nelse\n    echo \"Install docker\"\n    curl -fsSL https://get.docker.com -o get-docker.sh\n    bash get-docker.sh\n    sudo usermod -aG docker $USER\nfi\n\nsudo apt-get -qq install -y docker-compose git make jq nodejs npm openssl build-essential g++\ncurl -sS https://dl.yarnpkg.com/debian/pubkey.gpg | sudo apt-key add -\nif ! [ -x \"$(command -v yarn)\" ]; then\n    echo \"deb https://dl.yarnpkg.com/debian/ stable main\" | sudo tee /etc/apt/sources.list.d/yarn.list\n    sudo apt-get update -y \u0026\u0026 sudo apt-get install -y --no-install-recommends yarn\nfi\n\n# Install Stackdriver Agent\ncurl -sSO https://dl.google.com/cloudagents/install-monitoring-agent.sh\nsudo bash install-monitoring-agent.sh\n\ncd /srv\nsudo mkdir chp\n\ncd ./chp\n\nsudo git clone https://github.com/chainpoint/chainpoint-node-src.git\nsudo chmod 775 chainpoint-node-src\ncd ./chainpoint-node-src\ngit checkout -b v2 origin/v2\n\nsudo git clone https://michael-iglesias:faca2c20b50c456892f3b6a601ae457d7a49ff10@github.com/chainpoint/go-hydra-smart-contract-files.git artifacts/ethcontracts\n\ncurl \"http://metadata.google.internal/computeMetadata/v1/instance/network-interfaces/0/access-configs/0/external-ip\" -H \"Metadata-Flavor: Google\" \u003e eip.txt\n\nmake init\n\nmake build\n\nmake build-rocksdb\n\necho CHAINPOINT_CORE_CONNECT_IP_LIST=35.245.211.97,35.245.9.90,35.188.238.186 \u003e\u003e .env\n\nmake deploy\n\ncurl -X POST \\\n  https://us-central1-tierion-iglesias.cloudfunctions.net/eth-address-init-stream-processor \\\n  -H 'Content-Type: application/json' \\\n  -H 'Postman-Token: 127b5e92-b8fd-4fd0-b6f9-3a58f9d0c0d9' \\\n  -H 'cache-control: no-cache' \\\n  -d \"{\n\t\\\"ethAddress\\\": \\\"$(\u003ceth-address.txt)\\\"\n}\"\n\n# Start Hydra Utils to poll for a positive $TKN balance before it invokes `make register` on behalf of the Node\nnpm install -g load-testing-node-utils\nexport ETH_INFURA_API_KEY=\"ad8f210998704f9e89a37a4791d4702e\" \u0026\u0026 hydra-chp-node-utils\n\n# make register NODE_ETH_REWARDS_ADDRESS=$(\u003ceth-address.txt) NODE_PUBLIC_IP_ADDRESS=$(\u003ceip.txt) AUTO_REFILL_ENABLED=true AUTO_REFILL_AMOUNT=720\n\nexport COMPOSE_INTERACTIVE_NO_CLI=1 \u0026\u0026 docker exec `docker ps -q` bash -c \"source cli/scripts/env_secrets_expand.sh \u0026\u0026 node cli/register.js NODE_ETH_REWARDS_ADDRESS=$(\u003ceth-address.txt) NODE_PUBLIC_IP_ADDRESS=$(\u003ceip.txt) AUTO_REFILL_ENABLED=true AUTO_REFILL_AMOUNT=720\"",
                            "min_cpu_platform": "",
                            "name": "chp-node-34",
                            "network_interface.#": "1",
                            "network_interface.0.access_config.#": "1",
                            "network_interface.0.access_config.0.assigned_nat_ip": "",
                            "network_interface.0.access_config.0.nat_ip": "146.148.53.35",
                            "network_interface.0.access_config.0.network_tier": "PREMIUM",
                            "network_interface.0.access_config.0.public_ptr_domain_name": "",
                            "network_interface.0.address": "",
                            "network_interface.0.alias_ip_range.#": "0",
                            "network_interface.0.name": "nic0",
                            "network_interface.0.network": "https://www.googleapis.com/compute/v1/projects/tierion-iglesias/global/networks/default",
                            "network_interface.0.network_ip": "10.128.0.213",
                            "network_interface.0.subnetwork": "https://www.googleapis.com/compute/v1/projects/tierion-iglesias/regions/us-central1/subnetworks/default",
                            "network_interface.0.subnetwork_project": "tierion-iglesias",
                            "project": "tierion-iglesias",
                            "scheduling.#": "1",
                            "scheduling.0.automatic_restart": "true",
                            "scheduling.0.on_host_maintenance": "MIGRATE",
                            "scheduling.0.preemptible": "false",
                            "scratch_disk.#": "0",
                            "self_link": "https://www.googleapis.com/compute/v1/projects/tierion-iglesias/zones/us-central1-a/instances/chp-node-34",
                            "service_account.#": "1",
                            "service_account.0.email": "791121030057-compute@developer.gserviceaccount.com",
                            "service_account.0.scopes.#": "2",
                            "service_account.0.scopes.1328717722": "https://www.googleapis.com/auth/devstorage.read_write",
                            "service_account.0.scopes.299962681": "https://www.googleapis.com/auth/compute",
                            "tags.#": "2",
                            "tags.2152288274": "web-sg",
                            "tags.2541227442": "http",
                            "tags_fingerprint": "IJDDdaOreBI=",
                            "zone": "us-central1-a"
                        },
                        "meta": {
                            "e2bfb730-ecaa-11e6-8f88-34363bc7c4c0": {
                                "create": 360000000000,
                                "delete": 360000000000,
                                "update": 360000000000
                            },
                            "schema_version": "6"
                        },
                        "tainted": false
                    },
                    "deposed": [],
                    "provider": "provider.google"
                },
                "google_compute_instance.chp-node.35": {
                    "type": "google_compute_instance",
                    "depends_on": [
                        "data.template_file.init"
                    ],
                    "primary": {
                        "id": "chp-node-35",
                        "attributes": {
                            "attached_disk.#": "0",
                            "boot_disk.#": "1",
                            "boot_disk.0.auto_delete": "true",
                            "boot_disk.0.device_name": "persistent-disk-0",
                            "boot_disk.0.disk_encryption_key_raw": "",
                            "boot_disk.0.disk_encryption_key_sha256": "",
                            "boot_disk.0.initialize_params.#": "1",
                            "boot_disk.0.initialize_params.0.image": "https://www.googleapis.com/compute/v1/projects/ubuntu-os-cloud/global/images/ubuntu-1804-bionic-v20190628",
                            "boot_disk.0.initialize_params.0.size": "10",
                            "boot_disk.0.initialize_params.0.type": "pd-standard",
                            "boot_disk.0.source": "https://www.googleapis.com/compute/v1/projects/tierion-iglesias/zones/us-central1-a/disks/chp-node-35",
                            "can_ip_forward": "false",
                            "cpu_platform": "Intel Haswell",
                            "deletion_protection": "false",
                            "guest_accelerator.#": "0",
                            "hostname": "",
                            "id": "chp-node-35",
                            "instance_id": "2007477904022590483",
                            "label_fingerprint": "42WmSpB8rSM=",
                            "labels.%": "0",
                            "machine_type": "n1-standard-1",
                            "metadata.%": "1",
                            "metadata.project": "chainpoint-hydra",
                            "metadata_fingerprint": "EpXsOtCLHos=",
                            "metadata_startup_script": "#!/bin/bash\n\nif [ -x \"$(command -v docker)\" ]; then\n    echo \"Docker already installed\"\nelse\n    echo \"Install docker\"\n    curl -fsSL https://get.docker.com -o get-docker.sh\n    bash get-docker.sh\n    sudo usermod -aG docker $USER\nfi\n\nsudo apt-get -qq install -y docker-compose git make jq nodejs npm openssl build-essential g++\ncurl -sS https://dl.yarnpkg.com/debian/pubkey.gpg | sudo apt-key add -\nif ! [ -x \"$(command -v yarn)\" ]; then\n    echo \"deb https://dl.yarnpkg.com/debian/ stable main\" | sudo tee /etc/apt/sources.list.d/yarn.list\n    sudo apt-get update -y \u0026\u0026 sudo apt-get install -y --no-install-recommends yarn\nfi\n\n# Install Stackdriver Agent\ncurl -sSO https://dl.google.com/cloudagents/install-monitoring-agent.sh\nsudo bash install-monitoring-agent.sh\n\ncd /srv\nsudo mkdir chp\n\ncd ./chp\n\nsudo git clone https://github.com/chainpoint/chainpoint-node-src.git\nsudo chmod 775 chainpoint-node-src\ncd ./chainpoint-node-src\ngit checkout -b v2 origin/v2\n\nsudo git clone https://michael-iglesias:faca2c20b50c456892f3b6a601ae457d7a49ff10@github.com/chainpoint/go-hydra-smart-contract-files.git artifacts/ethcontracts\n\ncurl \"http://metadata.google.internal/computeMetadata/v1/instance/network-interfaces/0/access-configs/0/external-ip\" -H \"Metadata-Flavor: Google\" \u003e eip.txt\n\nmake init\n\nmake build\n\nmake build-rocksdb\n\necho CHAINPOINT_CORE_CONNECT_IP_LIST=35.245.211.97,35.245.9.90,35.188.238.186 \u003e\u003e .env\n\nmake deploy\n\ncurl -X POST \\\n  https://us-central1-tierion-iglesias.cloudfunctions.net/eth-address-init-stream-processor \\\n  -H 'Content-Type: application/json' \\\n  -H 'Postman-Token: 127b5e92-b8fd-4fd0-b6f9-3a58f9d0c0d9' \\\n  -H 'cache-control: no-cache' \\\n  -d \"{\n\t\\\"ethAddress\\\": \\\"$(\u003ceth-address.txt)\\\"\n}\"\n\n# Start Hydra Utils to poll for a positive $TKN balance before it invokes `make register` on behalf of the Node\nnpm install -g load-testing-node-utils\nexport ETH_INFURA_API_KEY=\"ad8f210998704f9e89a37a4791d4702e\" \u0026\u0026 hydra-chp-node-utils\n\n# make register NODE_ETH_REWARDS_ADDRESS=$(\u003ceth-address.txt) NODE_PUBLIC_IP_ADDRESS=$(\u003ceip.txt) AUTO_REFILL_ENABLED=true AUTO_REFILL_AMOUNT=720\n\nexport COMPOSE_INTERACTIVE_NO_CLI=1 \u0026\u0026 docker exec `docker ps -q` bash -c \"source cli/scripts/env_secrets_expand.sh \u0026\u0026 node cli/register.js NODE_ETH_REWARDS_ADDRESS=$(\u003ceth-address.txt) NODE_PUBLIC_IP_ADDRESS=$(\u003ceip.txt) AUTO_REFILL_ENABLED=true AUTO_REFILL_AMOUNT=720\"",
                            "min_cpu_platform": "",
                            "name": "chp-node-35",
                            "network_interface.#": "1",
                            "network_interface.0.access_config.#": "1",
                            "network_interface.0.access_config.0.assigned_nat_ip": "",
                            "network_interface.0.access_config.0.nat_ip": "35.239.234.83",
                            "network_interface.0.access_config.0.network_tier": "PREMIUM",
                            "network_interface.0.access_config.0.public_ptr_domain_name": "",
                            "network_interface.0.address": "",
                            "network_interface.0.alias_ip_range.#": "0",
                            "network_interface.0.name": "nic0",
                            "network_interface.0.network": "https://www.googleapis.com/compute/v1/projects/tierion-iglesias/global/networks/default",
                            "network_interface.0.network_ip": "10.128.15.250",
                            "network_interface.0.subnetwork": "https://www.googleapis.com/compute/v1/projects/tierion-iglesias/regions/us-central1/subnetworks/default",
                            "network_interface.0.subnetwork_project": "tierion-iglesias",
                            "project": "tierion-iglesias",
                            "scheduling.#": "1",
                            "scheduling.0.automatic_restart": "true",
                            "scheduling.0.on_host_maintenance": "MIGRATE",
                            "scheduling.0.preemptible": "false",
                            "scratch_disk.#": "0",
                            "self_link": "https://www.googleapis.com/compute/v1/projects/tierion-iglesias/zones/us-central1-a/instances/chp-node-35",
                            "service_account.#": "1",
                            "service_account.0.email": "791121030057-compute@developer.gserviceaccount.com",
                            "service_account.0.scopes.#": "2",
                            "service_account.0.scopes.1328717722": "https://www.googleapis.com/auth/devstorage.read_write",
                            "service_account.0.scopes.299962681": "https://www.googleapis.com/auth/compute",
                            "tags.#": "2",
                            "tags.2152288274": "web-sg",
                            "tags.2541227442": "http",
                            "tags_fingerprint": "IJDDdaOreBI=",
                            "zone": "us-central1-a"
                        },
                        "meta": {
                            "e2bfb730-ecaa-11e6-8f88-34363bc7c4c0": {
                                "create": 360000000000,
                                "delete": 360000000000,
                                "update": 360000000000
                            },
                            "schema_version": "6"
                        },
                        "tainted": false
                    },
                    "deposed": [],
                    "provider": "provider.google"
                },
                "google_compute_instance.chp-node.36": {
                    "type": "google_compute_instance",
                    "depends_on": [
                        "data.template_file.init"
                    ],
                    "primary": {
                        "id": "chp-node-36",
                        "attributes": {
                            "attached_disk.#": "0",
                            "boot_disk.#": "1",
                            "boot_disk.0.auto_delete": "true",
                            "boot_disk.0.device_name": "persistent-disk-0",
                            "boot_disk.0.disk_encryption_key_raw": "",
                            "boot_disk.0.disk_encryption_key_sha256": "",
                            "boot_disk.0.initialize_params.#": "1",
                            "boot_disk.0.initialize_params.0.image": "https://www.googleapis.com/compute/v1/projects/ubuntu-os-cloud/global/images/ubuntu-1804-bionic-v20190628",
                            "boot_disk.0.initialize_params.0.size": "10",
                            "boot_disk.0.initialize_params.0.type": "pd-standard",
                            "boot_disk.0.source": "https://www.googleapis.com/compute/v1/projects/tierion-iglesias/zones/us-central1-a/disks/chp-node-36",
                            "can_ip_forward": "false",
                            "cpu_platform": "Intel Haswell",
                            "deletion_protection": "false",
                            "guest_accelerator.#": "0",
                            "hostname": "",
                            "id": "chp-node-36",
                            "instance_id": "4291617545841431800",
                            "label_fingerprint": "42WmSpB8rSM=",
                            "labels.%": "0",
                            "machine_type": "n1-standard-1",
                            "metadata.%": "1",
                            "metadata.project": "chainpoint-hydra",
                            "metadata_fingerprint": "EpXsOtCLHos=",
                            "metadata_startup_script": "#!/bin/bash\n\nif [ -x \"$(command -v docker)\" ]; then\n    echo \"Docker already installed\"\nelse\n    echo \"Install docker\"\n    curl -fsSL https://get.docker.com -o get-docker.sh\n    bash get-docker.sh\n    sudo usermod -aG docker $USER\nfi\n\nsudo apt-get -qq install -y docker-compose git make jq nodejs npm openssl build-essential g++\ncurl -sS https://dl.yarnpkg.com/debian/pubkey.gpg | sudo apt-key add -\nif ! [ -x \"$(command -v yarn)\" ]; then\n    echo \"deb https://dl.yarnpkg.com/debian/ stable main\" | sudo tee /etc/apt/sources.list.d/yarn.list\n    sudo apt-get update -y \u0026\u0026 sudo apt-get install -y --no-install-recommends yarn\nfi\n\n# Install Stackdriver Agent\ncurl -sSO https://dl.google.com/cloudagents/install-monitoring-agent.sh\nsudo bash install-monitoring-agent.sh\n\ncd /srv\nsudo mkdir chp\n\ncd ./chp\n\nsudo git clone https://github.com/chainpoint/chainpoint-node-src.git\nsudo chmod 775 chainpoint-node-src\ncd ./chainpoint-node-src\ngit checkout -b v2 origin/v2\n\nsudo git clone https://michael-iglesias:faca2c20b50c456892f3b6a601ae457d7a49ff10@github.com/chainpoint/go-hydra-smart-contract-files.git artifacts/ethcontracts\n\ncurl \"http://metadata.google.internal/computeMetadata/v1/instance/network-interfaces/0/access-configs/0/external-ip\" -H \"Metadata-Flavor: Google\" \u003e eip.txt\n\nmake init\n\nmake build\n\nmake build-rocksdb\n\necho CHAINPOINT_CORE_CONNECT_IP_LIST=35.245.211.97,35.245.9.90,35.188.238.186 \u003e\u003e .env\n\nmake deploy\n\ncurl -X POST \\\n  https://us-central1-tierion-iglesias.cloudfunctions.net/eth-address-init-stream-processor \\\n  -H 'Content-Type: application/json' \\\n  -H 'Postman-Token: 127b5e92-b8fd-4fd0-b6f9-3a58f9d0c0d9' \\\n  -H 'cache-control: no-cache' \\\n  -d \"{\n\t\\\"ethAddress\\\": \\\"$(\u003ceth-address.txt)\\\"\n}\"\n\n# Start Hydra Utils to poll for a positive $TKN balance before it invokes `make register` on behalf of the Node\nnpm install -g load-testing-node-utils\nexport ETH_INFURA_API_KEY=\"ad8f210998704f9e89a37a4791d4702e\" \u0026\u0026 hydra-chp-node-utils\n\n# make register NODE_ETH_REWARDS_ADDRESS=$(\u003ceth-address.txt) NODE_PUBLIC_IP_ADDRESS=$(\u003ceip.txt) AUTO_REFILL_ENABLED=true AUTO_REFILL_AMOUNT=720\n\nexport COMPOSE_INTERACTIVE_NO_CLI=1 \u0026\u0026 docker exec `docker ps -q` bash -c \"source cli/scripts/env_secrets_expand.sh \u0026\u0026 node cli/register.js NODE_ETH_REWARDS_ADDRESS=$(\u003ceth-address.txt) NODE_PUBLIC_IP_ADDRESS=$(\u003ceip.txt) AUTO_REFILL_ENABLED=true AUTO_REFILL_AMOUNT=720\"",
                            "min_cpu_platform": "",
                            "name": "chp-node-36",
                            "network_interface.#": "1",
                            "network_interface.0.access_config.#": "1",
                            "network_interface.0.access_config.0.assigned_nat_ip": "",
                            "network_interface.0.access_config.0.nat_ip": "34.66.76.65",
                            "network_interface.0.access_config.0.network_tier": "PREMIUM",
                            "network_interface.0.access_config.0.public_ptr_domain_name": "",
                            "network_interface.0.address": "",
                            "network_interface.0.alias_ip_range.#": "0",
                            "network_interface.0.name": "nic0",
                            "network_interface.0.network": "https://www.googleapis.com/compute/v1/projects/tierion-iglesias/global/networks/default",
                            "network_interface.0.network_ip": "10.128.15.214",
                            "network_interface.0.subnetwork": "https://www.googleapis.com/compute/v1/projects/tierion-iglesias/regions/us-central1/subnetworks/default",
                            "network_interface.0.subnetwork_project": "tierion-iglesias",
                            "project": "tierion-iglesias",
                            "scheduling.#": "1",
                            "scheduling.0.automatic_restart": "true",
                            "scheduling.0.on_host_maintenance": "MIGRATE",
                            "scheduling.0.preemptible": "false",
                            "scratch_disk.#": "0",
                            "self_link": "https://www.googleapis.com/compute/v1/projects/tierion-iglesias/zones/us-central1-a/instances/chp-node-36",
                            "service_account.#": "1",
                            "service_account.0.email": "791121030057-compute@developer.gserviceaccount.com",
                            "service_account.0.scopes.#": "2",
                            "service_account.0.scopes.1328717722": "https://www.googleapis.com/auth/devstorage.read_write",
                            "service_account.0.scopes.299962681": "https://www.googleapis.com/auth/compute",
                            "tags.#": "2",
                            "tags.2152288274": "web-sg",
                            "tags.2541227442": "http",
                            "tags_fingerprint": "IJDDdaOreBI=",
                            "zone": "us-central1-a"
                        },
                        "meta": {
                            "e2bfb730-ecaa-11e6-8f88-34363bc7c4c0": {
                                "create": 360000000000,
                                "delete": 360000000000,
                                "update": 360000000000
                            },
                            "schema_version": "6"
                        },
                        "tainted": false
                    },
                    "deposed": [],
                    "provider": "provider.google"
                },
                "google_compute_instance.chp-node.37": {
                    "type": "google_compute_instance",
                    "depends_on": [
                        "data.template_file.init"
                    ],
                    "primary": {
                        "id": "chp-node-37",
                        "attributes": {
                            "attached_disk.#": "0",
                            "boot_disk.#": "1",
                            "boot_disk.0.auto_delete": "true",
                            "boot_disk.0.device_name": "persistent-disk-0",
                            "boot_disk.0.disk_encryption_key_raw": "",
                            "boot_disk.0.disk_encryption_key_sha256": "",
                            "boot_disk.0.initialize_params.#": "1",
                            "boot_disk.0.initialize_params.0.image": "https://www.googleapis.com/compute/v1/projects/ubuntu-os-cloud/global/images/ubuntu-1804-bionic-v20190628",
                            "boot_disk.0.initialize_params.0.size": "10",
                            "boot_disk.0.initialize_params.0.type": "pd-standard",
                            "boot_disk.0.source": "https://www.googleapis.com/compute/v1/projects/tierion-iglesias/zones/us-central1-a/disks/chp-node-37",
                            "can_ip_forward": "false",
                            "cpu_platform": "Intel Haswell",
                            "deletion_protection": "false",
                            "guest_accelerator.#": "0",
                            "hostname": "",
                            "id": "chp-node-37",
                            "instance_id": "8857709136347288682",
                            "label_fingerprint": "42WmSpB8rSM=",
                            "labels.%": "0",
                            "machine_type": "n1-standard-1",
                            "metadata.%": "1",
                            "metadata.project": "chainpoint-hydra",
                            "metadata_fingerprint": "EpXsOtCLHos=",
                            "metadata_startup_script": "#!/bin/bash\n\nif [ -x \"$(command -v docker)\" ]; then\n    echo \"Docker already installed\"\nelse\n    echo \"Install docker\"\n    curl -fsSL https://get.docker.com -o get-docker.sh\n    bash get-docker.sh\n    sudo usermod -aG docker $USER\nfi\n\nsudo apt-get -qq install -y docker-compose git make jq nodejs npm openssl build-essential g++\ncurl -sS https://dl.yarnpkg.com/debian/pubkey.gpg | sudo apt-key add -\nif ! [ -x \"$(command -v yarn)\" ]; then\n    echo \"deb https://dl.yarnpkg.com/debian/ stable main\" | sudo tee /etc/apt/sources.list.d/yarn.list\n    sudo apt-get update -y \u0026\u0026 sudo apt-get install -y --no-install-recommends yarn\nfi\n\n# Install Stackdriver Agent\ncurl -sSO https://dl.google.com/cloudagents/install-monitoring-agent.sh\nsudo bash install-monitoring-agent.sh\n\ncd /srv\nsudo mkdir chp\n\ncd ./chp\n\nsudo git clone https://github.com/chainpoint/chainpoint-node-src.git\nsudo chmod 775 chainpoint-node-src\ncd ./chainpoint-node-src\ngit checkout -b v2 origin/v2\n\nsudo git clone https://michael-iglesias:faca2c20b50c456892f3b6a601ae457d7a49ff10@github.com/chainpoint/go-hydra-smart-contract-files.git artifacts/ethcontracts\n\ncurl \"http://metadata.google.internal/computeMetadata/v1/instance/network-interfaces/0/access-configs/0/external-ip\" -H \"Metadata-Flavor: Google\" \u003e eip.txt\n\nmake init\n\nmake build\n\nmake build-rocksdb\n\necho CHAINPOINT_CORE_CONNECT_IP_LIST=35.245.211.97,35.245.9.90,35.188.238.186 \u003e\u003e .env\n\nmake deploy\n\ncurl -X POST \\\n  https://us-central1-tierion-iglesias.cloudfunctions.net/eth-address-init-stream-processor \\\n  -H 'Content-Type: application/json' \\\n  -H 'Postman-Token: 127b5e92-b8fd-4fd0-b6f9-3a58f9d0c0d9' \\\n  -H 'cache-control: no-cache' \\\n  -d \"{\n\t\\\"ethAddress\\\": \\\"$(\u003ceth-address.txt)\\\"\n}\"\n\n# Start Hydra Utils to poll for a positive $TKN balance before it invokes `make register` on behalf of the Node\nnpm install -g load-testing-node-utils\nexport ETH_INFURA_API_KEY=\"ad8f210998704f9e89a37a4791d4702e\" \u0026\u0026 hydra-chp-node-utils\n\n# make register NODE_ETH_REWARDS_ADDRESS=$(\u003ceth-address.txt) NODE_PUBLIC_IP_ADDRESS=$(\u003ceip.txt) AUTO_REFILL_ENABLED=true AUTO_REFILL_AMOUNT=720\n\nexport COMPOSE_INTERACTIVE_NO_CLI=1 \u0026\u0026 docker exec `docker ps -q` bash -c \"source cli/scripts/env_secrets_expand.sh \u0026\u0026 node cli/register.js NODE_ETH_REWARDS_ADDRESS=$(\u003ceth-address.txt) NODE_PUBLIC_IP_ADDRESS=$(\u003ceip.txt) AUTO_REFILL_ENABLED=true AUTO_REFILL_AMOUNT=720\"",
                            "min_cpu_platform": "",
                            "name": "chp-node-37",
                            "network_interface.#": "1",
                            "network_interface.0.access_config.#": "1",
                            "network_interface.0.access_config.0.assigned_nat_ip": "",
                            "network_interface.0.access_config.0.nat_ip": "35.239.205.154",
                            "network_interface.0.access_config.0.network_tier": "PREMIUM",
                            "network_interface.0.access_config.0.public_ptr_domain_name": "",
                            "network_interface.0.address": "",
                            "network_interface.0.alias_ip_range.#": "0",
                            "network_interface.0.name": "nic0",
                            "network_interface.0.network": "https://www.googleapis.com/compute/v1/projects/tierion-iglesias/global/networks/default",
                            "network_interface.0.network_ip": "10.128.15.230",
                            "network_interface.0.subnetwork": "https://www.googleapis.com/compute/v1/projects/tierion-iglesias/regions/us-central1/subnetworks/default",
                            "network_interface.0.subnetwork_project": "tierion-iglesias",
                            "project": "tierion-iglesias",
                            "scheduling.#": "1",
                            "scheduling.0.automatic_restart": "true",
                            "scheduling.0.on_host_maintenance": "MIGRATE",
                            "scheduling.0.preemptible": "false",
                            "scratch_disk.#": "0",
                            "self_link": "https://www.googleapis.com/compute/v1/projects/tierion-iglesias/zones/us-central1-a/instances/chp-node-37",
                            "service_account.#": "1",
                            "service_account.0.email": "791121030057-compute@developer.gserviceaccount.com",
                            "service_account.0.scopes.#": "2",
                            "service_account.0.scopes.1328717722": "https://www.googleapis.com/auth/devstorage.read_write",
                            "service_account.0.scopes.299962681": "https://www.googleapis.com/auth/compute",
                            "tags.#": "2",
                            "tags.2152288274": "web-sg",
                            "tags.2541227442": "http",
                            "tags_fingerprint": "IJDDdaOreBI=",
                            "zone": "us-central1-a"
                        },
                        "meta": {
                            "e2bfb730-ecaa-11e6-8f88-34363bc7c4c0": {
                                "create": 360000000000,
                                "delete": 360000000000,
                                "update": 360000000000
                            },
                            "schema_version": "6"
                        },
                        "tainted": false
                    },
                    "deposed": [],
                    "provider": "provider.google"
                },
                "google_compute_instance.chp-node.38": {
                    "type": "google_compute_instance",
                    "depends_on": [
                        "data.template_file.init"
                    ],
                    "primary": {
                        "id": "chp-node-38",
                        "attributes": {
                            "attached_disk.#": "0",
                            "boot_disk.#": "1",
                            "boot_disk.0.auto_delete": "true",
                            "boot_disk.0.device_name": "persistent-disk-0",
                            "boot_disk.0.disk_encryption_key_raw": "",
                            "boot_disk.0.disk_encryption_key_sha256": "",
                            "boot_disk.0.initialize_params.#": "1",
                            "boot_disk.0.initialize_params.0.image": "https://www.googleapis.com/compute/v1/projects/ubuntu-os-cloud/global/images/ubuntu-1804-bionic-v20190628",
                            "boot_disk.0.initialize_params.0.size": "10",
                            "boot_disk.0.initialize_params.0.type": "pd-standard",
                            "boot_disk.0.source": "https://www.googleapis.com/compute/v1/projects/tierion-iglesias/zones/us-central1-a/disks/chp-node-38",
                            "can_ip_forward": "false",
                            "cpu_platform": "Intel Haswell",
                            "deletion_protection": "false",
                            "guest_accelerator.#": "0",
                            "hostname": "",
                            "id": "chp-node-38",
                            "instance_id": "7662606783696228888",
                            "label_fingerprint": "42WmSpB8rSM=",
                            "labels.%": "0",
                            "machine_type": "n1-standard-1",
                            "metadata.%": "1",
                            "metadata.project": "chainpoint-hydra",
                            "metadata_fingerprint": "EpXsOtCLHos=",
                            "metadata_startup_script": "#!/bin/bash\n\nif [ -x \"$(command -v docker)\" ]; then\n    echo \"Docker already installed\"\nelse\n    echo \"Install docker\"\n    curl -fsSL https://get.docker.com -o get-docker.sh\n    bash get-docker.sh\n    sudo usermod -aG docker $USER\nfi\n\nsudo apt-get -qq install -y docker-compose git make jq nodejs npm openssl build-essential g++\ncurl -sS https://dl.yarnpkg.com/debian/pubkey.gpg | sudo apt-key add -\nif ! [ -x \"$(command -v yarn)\" ]; then\n    echo \"deb https://dl.yarnpkg.com/debian/ stable main\" | sudo tee /etc/apt/sources.list.d/yarn.list\n    sudo apt-get update -y \u0026\u0026 sudo apt-get install -y --no-install-recommends yarn\nfi\n\n# Install Stackdriver Agent\ncurl -sSO https://dl.google.com/cloudagents/install-monitoring-agent.sh\nsudo bash install-monitoring-agent.sh\n\ncd /srv\nsudo mkdir chp\n\ncd ./chp\n\nsudo git clone https://github.com/chainpoint/chainpoint-node-src.git\nsudo chmod 775 chainpoint-node-src\ncd ./chainpoint-node-src\ngit checkout -b v2 origin/v2\n\nsudo git clone https://michael-iglesias:faca2c20b50c456892f3b6a601ae457d7a49ff10@github.com/chainpoint/go-hydra-smart-contract-files.git artifacts/ethcontracts\n\ncurl \"http://metadata.google.internal/computeMetadata/v1/instance/network-interfaces/0/access-configs/0/external-ip\" -H \"Metadata-Flavor: Google\" \u003e eip.txt\n\nmake init\n\nmake build\n\nmake build-rocksdb\n\necho CHAINPOINT_CORE_CONNECT_IP_LIST=35.245.211.97,35.245.9.90,35.188.238.186 \u003e\u003e .env\n\nmake deploy\n\ncurl -X POST \\\n  https://us-central1-tierion-iglesias.cloudfunctions.net/eth-address-init-stream-processor \\\n  -H 'Content-Type: application/json' \\\n  -H 'Postman-Token: 127b5e92-b8fd-4fd0-b6f9-3a58f9d0c0d9' \\\n  -H 'cache-control: no-cache' \\\n  -d \"{\n\t\\\"ethAddress\\\": \\\"$(\u003ceth-address.txt)\\\"\n}\"\n\n# Start Hydra Utils to poll for a positive $TKN balance before it invokes `make register` on behalf of the Node\nnpm install -g load-testing-node-utils\nexport ETH_INFURA_API_KEY=\"ad8f210998704f9e89a37a4791d4702e\" \u0026\u0026 hydra-chp-node-utils\n\n# make register NODE_ETH_REWARDS_ADDRESS=$(\u003ceth-address.txt) NODE_PUBLIC_IP_ADDRESS=$(\u003ceip.txt) AUTO_REFILL_ENABLED=true AUTO_REFILL_AMOUNT=720\n\nexport COMPOSE_INTERACTIVE_NO_CLI=1 \u0026\u0026 docker exec `docker ps -q` bash -c \"source cli/scripts/env_secrets_expand.sh \u0026\u0026 node cli/register.js NODE_ETH_REWARDS_ADDRESS=$(\u003ceth-address.txt) NODE_PUBLIC_IP_ADDRESS=$(\u003ceip.txt) AUTO_REFILL_ENABLED=true AUTO_REFILL_AMOUNT=720\"",
                            "min_cpu_platform": "",
                            "name": "chp-node-38",
                            "network_interface.#": "1",
                            "network_interface.0.access_config.#": "1",
                            "network_interface.0.access_config.0.assigned_nat_ip": "",
                            "network_interface.0.access_config.0.nat_ip": "34.68.55.22",
                            "network_interface.0.access_config.0.network_tier": "PREMIUM",
                            "network_interface.0.access_config.0.public_ptr_domain_name": "",
                            "network_interface.0.address": "",
                            "network_interface.0.alias_ip_range.#": "0",
                            "network_interface.0.name": "nic0",
                            "network_interface.0.network": "https://www.googleapis.com/compute/v1/projects/tierion-iglesias/global/networks/default",
                            "network_interface.0.network_ip": "10.128.0.151",
                            "network_interface.0.subnetwork": "https://www.googleapis.com/compute/v1/projects/tierion-iglesias/regions/us-central1/subnetworks/default",
                            "network_interface.0.subnetwork_project": "tierion-iglesias",
                            "project": "tierion-iglesias",
                            "scheduling.#": "1",
                            "scheduling.0.automatic_restart": "true",
                            "scheduling.0.on_host_maintenance": "MIGRATE",
                            "scheduling.0.preemptible": "false",
                            "scratch_disk.#": "0",
                            "self_link": "https://www.googleapis.com/compute/v1/projects/tierion-iglesias/zones/us-central1-a/instances/chp-node-38",
                            "service_account.#": "1",
                            "service_account.0.email": "791121030057-compute@developer.gserviceaccount.com",
                            "service_account.0.scopes.#": "2",
                            "service_account.0.scopes.1328717722": "https://www.googleapis.com/auth/devstorage.read_write",
                            "service_account.0.scopes.299962681": "https://www.googleapis.com/auth/compute",
                            "tags.#": "2",
                            "tags.2152288274": "web-sg",
                            "tags.2541227442": "http",
                            "tags_fingerprint": "IJDDdaOreBI=",
                            "zone": "us-central1-a"
                        },
                        "meta": {
                            "e2bfb730-ecaa-11e6-8f88-34363bc7c4c0": {
                                "create": 360000000000,
                                "delete": 360000000000,
                                "update": 360000000000
                            },
                            "schema_version": "6"
                        },
                        "tainted": false
                    },
                    "deposed": [],
                    "provider": "provider.google"
                },
                "google_compute_instance.chp-node.39": {
                    "type": "google_compute_instance",
                    "depends_on": [
                        "data.template_file.init"
                    ],
                    "primary": {
                        "id": "chp-node-39",
                        "attributes": {
                            "attached_disk.#": "0",
                            "boot_disk.#": "1",
                            "boot_disk.0.auto_delete": "true",
                            "boot_disk.0.device_name": "persistent-disk-0",
                            "boot_disk.0.disk_encryption_key_raw": "",
                            "boot_disk.0.disk_encryption_key_sha256": "",
                            "boot_disk.0.initialize_params.#": "1",
                            "boot_disk.0.initialize_params.0.image": "https://www.googleapis.com/compute/v1/projects/ubuntu-os-cloud/global/images/ubuntu-1804-bionic-v20190628",
                            "boot_disk.0.initialize_params.0.size": "10",
                            "boot_disk.0.initialize_params.0.type": "pd-standard",
                            "boot_disk.0.source": "https://www.googleapis.com/compute/v1/projects/tierion-iglesias/zones/us-central1-a/disks/chp-node-39",
                            "can_ip_forward": "false",
                            "cpu_platform": "Intel Haswell",
                            "deletion_protection": "false",
                            "guest_accelerator.#": "0",
                            "hostname": "",
                            "id": "chp-node-39",
                            "instance_id": "5607917995775382269",
                            "label_fingerprint": "42WmSpB8rSM=",
                            "labels.%": "0",
                            "machine_type": "n1-standard-1",
                            "metadata.%": "1",
                            "metadata.project": "chainpoint-hydra",
                            "metadata_fingerprint": "EpXsOtCLHos=",
                            "metadata_startup_script": "#!/bin/bash\n\nif [ -x \"$(command -v docker)\" ]; then\n    echo \"Docker already installed\"\nelse\n    echo \"Install docker\"\n    curl -fsSL https://get.docker.com -o get-docker.sh\n    bash get-docker.sh\n    sudo usermod -aG docker $USER\nfi\n\nsudo apt-get -qq install -y docker-compose git make jq nodejs npm openssl build-essential g++\ncurl -sS https://dl.yarnpkg.com/debian/pubkey.gpg | sudo apt-key add -\nif ! [ -x \"$(command -v yarn)\" ]; then\n    echo \"deb https://dl.yarnpkg.com/debian/ stable main\" | sudo tee /etc/apt/sources.list.d/yarn.list\n    sudo apt-get update -y \u0026\u0026 sudo apt-get install -y --no-install-recommends yarn\nfi\n\n# Install Stackdriver Agent\ncurl -sSO https://dl.google.com/cloudagents/install-monitoring-agent.sh\nsudo bash install-monitoring-agent.sh\n\ncd /srv\nsudo mkdir chp\n\ncd ./chp\n\nsudo git clone https://github.com/chainpoint/chainpoint-node-src.git\nsudo chmod 775 chainpoint-node-src\ncd ./chainpoint-node-src\ngit checkout -b v2 origin/v2\n\nsudo git clone https://michael-iglesias:faca2c20b50c456892f3b6a601ae457d7a49ff10@github.com/chainpoint/go-hydra-smart-contract-files.git artifacts/ethcontracts\n\ncurl \"http://metadata.google.internal/computeMetadata/v1/instance/network-interfaces/0/access-configs/0/external-ip\" -H \"Metadata-Flavor: Google\" \u003e eip.txt\n\nmake init\n\nmake build\n\nmake build-rocksdb\n\necho CHAINPOINT_CORE_CONNECT_IP_LIST=35.245.211.97,35.245.9.90,35.188.238.186 \u003e\u003e .env\n\nmake deploy\n\ncurl -X POST \\\n  https://us-central1-tierion-iglesias.cloudfunctions.net/eth-address-init-stream-processor \\\n  -H 'Content-Type: application/json' \\\n  -H 'Postman-Token: 127b5e92-b8fd-4fd0-b6f9-3a58f9d0c0d9' \\\n  -H 'cache-control: no-cache' \\\n  -d \"{\n\t\\\"ethAddress\\\": \\\"$(\u003ceth-address.txt)\\\"\n}\"\n\n# Start Hydra Utils to poll for a positive $TKN balance before it invokes `make register` on behalf of the Node\nnpm install -g load-testing-node-utils\nexport ETH_INFURA_API_KEY=\"ad8f210998704f9e89a37a4791d4702e\" \u0026\u0026 hydra-chp-node-utils\n\n# make register NODE_ETH_REWARDS_ADDRESS=$(\u003ceth-address.txt) NODE_PUBLIC_IP_ADDRESS=$(\u003ceip.txt) AUTO_REFILL_ENABLED=true AUTO_REFILL_AMOUNT=720\n\nexport COMPOSE_INTERACTIVE_NO_CLI=1 \u0026\u0026 docker exec `docker ps -q` bash -c \"source cli/scripts/env_secrets_expand.sh \u0026\u0026 node cli/register.js NODE_ETH_REWARDS_ADDRESS=$(\u003ceth-address.txt) NODE_PUBLIC_IP_ADDRESS=$(\u003ceip.txt) AUTO_REFILL_ENABLED=true AUTO_REFILL_AMOUNT=720\"",
                            "min_cpu_platform": "",
                            "name": "chp-node-39",
                            "network_interface.#": "1",
                            "network_interface.0.access_config.#": "1",
                            "network_interface.0.access_config.0.assigned_nat_ip": "",
                            "network_interface.0.access_config.0.nat_ip": "35.232.5.217",
                            "network_interface.0.access_config.0.network_tier": "PREMIUM",
                            "network_interface.0.access_config.0.public_ptr_domain_name": "",
                            "network_interface.0.address": "",
                            "network_interface.0.alias_ip_range.#": "0",
                            "network_interface.0.name": "nic0",
                            "network_interface.0.network": "https://www.googleapis.com/compute/v1/projects/tierion-iglesias/global/networks/default",
                            "network_interface.0.network_ip": "10.128.0.114",
                            "network_interface.0.subnetwork": "https://www.googleapis.com/compute/v1/projects/tierion-iglesias/regions/us-central1/subnetworks/default",
                            "network_interface.0.subnetwork_project": "tierion-iglesias",
                            "project": "tierion-iglesias",
                            "scheduling.#": "1",
                            "scheduling.0.automatic_restart": "true",
                            "scheduling.0.on_host_maintenance": "MIGRATE",
                            "scheduling.0.preemptible": "false",
                            "scratch_disk.#": "0",
                            "self_link": "https://www.googleapis.com/compute/v1/projects/tierion-iglesias/zones/us-central1-a/instances/chp-node-39",
                            "service_account.#": "1",
                            "service_account.0.email": "791121030057-compute@developer.gserviceaccount.com",
                            "service_account.0.scopes.#": "2",
                            "service_account.0.scopes.1328717722": "https://www.googleapis.com/auth/devstorage.read_write",
                            "service_account.0.scopes.299962681": "https://www.googleapis.com/auth/compute",
                            "tags.#": "2",
                            "tags.2152288274": "web-sg",
                            "tags.2541227442": "http",
                            "tags_fingerprint": "IJDDdaOreBI=",
                            "zone": "us-central1-a"
                        },
                        "meta": {
                            "e2bfb730-ecaa-11e6-8f88-34363bc7c4c0": {
                                "create": 360000000000,
                                "delete": 360000000000,
                                "update": 360000000000
                            },
                            "schema_version": "6"
                        },
                        "tainted": false
                    },
                    "deposed": [],
                    "provider": "provider.google"
                },
                "google_compute_instance.chp-node.4": {
                    "type": "google_compute_instance",
                    "depends_on": [
                        "data.template_file.init"
                    ],
                    "primary": {
                        "id": "chp-node-4",
                        "attributes": {
                            "attached_disk.#": "0",
                            "boot_disk.#": "1",
                            "boot_disk.0.auto_delete": "true",
                            "boot_disk.0.device_name": "persistent-disk-0",
                            "boot_disk.0.disk_encryption_key_raw": "",
                            "boot_disk.0.disk_encryption_key_sha256": "",
                            "boot_disk.0.initialize_params.#": "1",
                            "boot_disk.0.initialize_params.0.image": "https://www.googleapis.com/compute/v1/projects/ubuntu-os-cloud/global/images/ubuntu-1804-bionic-v20190628",
                            "boot_disk.0.initialize_params.0.size": "10",
                            "boot_disk.0.initialize_params.0.type": "pd-standard",
                            "boot_disk.0.source": "https://www.googleapis.com/compute/v1/projects/tierion-iglesias/zones/us-central1-a/disks/chp-node-4",
                            "can_ip_forward": "false",
                            "cpu_platform": "Intel Haswell",
                            "deletion_protection": "false",
                            "guest_accelerator.#": "0",
                            "hostname": "",
                            "id": "chp-node-4",
                            "instance_id": "2586562563516289243",
                            "label_fingerprint": "42WmSpB8rSM=",
                            "labels.%": "0",
                            "machine_type": "n1-standard-1",
                            "metadata.%": "1",
                            "metadata.project": "chainpoint-hydra",
                            "metadata_fingerprint": "EpXsOtCLHos=",
                            "metadata_startup_script": "#!/bin/bash\n\nif [ -x \"$(command -v docker)\" ]; then\n    echo \"Docker already installed\"\nelse\n    echo \"Install docker\"\n    curl -fsSL https://get.docker.com -o get-docker.sh\n    bash get-docker.sh\n    sudo usermod -aG docker $USER\nfi\n\nsudo apt-get -qq install -y docker-compose git make jq nodejs npm openssl build-essential g++\ncurl -sS https://dl.yarnpkg.com/debian/pubkey.gpg | sudo apt-key add -\nif ! [ -x \"$(command -v yarn)\" ]; then\n    echo \"deb https://dl.yarnpkg.com/debian/ stable main\" | sudo tee /etc/apt/sources.list.d/yarn.list\n    sudo apt-get update -y \u0026\u0026 sudo apt-get install -y --no-install-recommends yarn\nfi\n\n# Install Stackdriver Agent\ncurl -sSO https://dl.google.com/cloudagents/install-monitoring-agent.sh\nsudo bash install-monitoring-agent.sh\n\ncd /srv\nsudo mkdir chp\n\ncd ./chp\n\nsudo git clone https://github.com/chainpoint/chainpoint-node-src.git\nsudo chmod 775 chainpoint-node-src\ncd ./chainpoint-node-src\ngit checkout -b v2 origin/v2\n\nsudo git clone https://michael-iglesias:faca2c20b50c456892f3b6a601ae457d7a49ff10@github.com/chainpoint/go-hydra-smart-contract-files.git artifacts/ethcontracts\n\ncurl \"http://metadata.google.internal/computeMetadata/v1/instance/network-interfaces/0/access-configs/0/external-ip\" -H \"Metadata-Flavor: Google\" \u003e eip.txt\n\nmake init\n\nmake build\n\nmake build-rocksdb\n\necho CHAINPOINT_CORE_CONNECT_IP_LIST=35.245.211.97,35.245.9.90,35.188.238.186 \u003e\u003e .env\n\nmake deploy\n\ncurl -X POST \\\n  https://us-central1-tierion-iglesias.cloudfunctions.net/eth-address-init-stream-processor \\\n  -H 'Content-Type: application/json' \\\n  -H 'Postman-Token: 127b5e92-b8fd-4fd0-b6f9-3a58f9d0c0d9' \\\n  -H 'cache-control: no-cache' \\\n  -d \"{\n\t\\\"ethAddress\\\": \\\"$(\u003ceth-address.txt)\\\"\n}\"\n\n# Start Hydra Utils to poll for a positive $TKN balance before it invokes `make register` on behalf of the Node\nnpm install -g load-testing-node-utils\nexport ETH_INFURA_API_KEY=\"ad8f210998704f9e89a37a4791d4702e\" \u0026\u0026 hydra-chp-node-utils\n\n# make register NODE_ETH_REWARDS_ADDRESS=$(\u003ceth-address.txt) NODE_PUBLIC_IP_ADDRESS=$(\u003ceip.txt) AUTO_REFILL_ENABLED=true AUTO_REFILL_AMOUNT=720\n\nexport COMPOSE_INTERACTIVE_NO_CLI=1 \u0026\u0026 docker exec `docker ps -q` bash -c \"source cli/scripts/env_secrets_expand.sh \u0026\u0026 node cli/register.js NODE_ETH_REWARDS_ADDRESS=$(\u003ceth-address.txt) NODE_PUBLIC_IP_ADDRESS=$(\u003ceip.txt) AUTO_REFILL_ENABLED=true AUTO_REFILL_AMOUNT=720\"",
                            "min_cpu_platform": "",
                            "name": "chp-node-4",
                            "network_interface.#": "1",
                            "network_interface.0.access_config.#": "1",
                            "network_interface.0.access_config.0.assigned_nat_ip": "",
                            "network_interface.0.access_config.0.nat_ip": "34.68.75.93",
                            "network_interface.0.access_config.0.network_tier": "PREMIUM",
                            "network_interface.0.access_config.0.public_ptr_domain_name": "",
                            "network_interface.0.address": "",
                            "network_interface.0.alias_ip_range.#": "0",
                            "network_interface.0.name": "nic0",
                            "network_interface.0.network": "https://www.googleapis.com/compute/v1/projects/tierion-iglesias/global/networks/default",
                            "network_interface.0.network_ip": "10.128.0.212",
                            "network_interface.0.subnetwork": "https://www.googleapis.com/compute/v1/projects/tierion-iglesias/regions/us-central1/subnetworks/default",
                            "network_interface.0.subnetwork_project": "tierion-iglesias",
                            "project": "tierion-iglesias",
                            "scheduling.#": "1",
                            "scheduling.0.automatic_restart": "true",
                            "scheduling.0.on_host_maintenance": "MIGRATE",
                            "scheduling.0.preemptible": "false",
                            "scratch_disk.#": "0",
                            "self_link": "https://www.googleapis.com/compute/v1/projects/tierion-iglesias/zones/us-central1-a/instances/chp-node-4",
                            "service_account.#": "1",
                            "service_account.0.email": "791121030057-compute@developer.gserviceaccount.com",
                            "service_account.0.scopes.#": "2",
                            "service_account.0.scopes.1328717722": "https://www.googleapis.com/auth/devstorage.read_write",
                            "service_account.0.scopes.299962681": "https://www.googleapis.com/auth/compute",
                            "tags.#": "2",
                            "tags.2152288274": "web-sg",
                            "tags.2541227442": "http",
                            "tags_fingerprint": "IJDDdaOreBI=",
                            "zone": "us-central1-a"
                        },
                        "meta": {
                            "e2bfb730-ecaa-11e6-8f88-34363bc7c4c0": {
                                "create": 360000000000,
                                "delete": 360000000000,
                                "update": 360000000000
                            },
                            "schema_version": "6"
                        },
                        "tainted": false
                    },
                    "deposed": [],
                    "provider": "provider.google"
                },
                "google_compute_instance.chp-node.40": {
                    "type": "google_compute_instance",
                    "depends_on": [
                        "data.template_file.init"
                    ],
                    "primary": {
                        "id": "chp-node-40",
                        "attributes": {
                            "attached_disk.#": "0",
                            "boot_disk.#": "1",
                            "boot_disk.0.auto_delete": "true",
                            "boot_disk.0.device_name": "persistent-disk-0",
                            "boot_disk.0.disk_encryption_key_raw": "",
                            "boot_disk.0.disk_encryption_key_sha256": "",
                            "boot_disk.0.initialize_params.#": "1",
                            "boot_disk.0.initialize_params.0.image": "https://www.googleapis.com/compute/v1/projects/ubuntu-os-cloud/global/images/ubuntu-1804-bionic-v20190628",
                            "boot_disk.0.initialize_params.0.size": "10",
                            "boot_disk.0.initialize_params.0.type": "pd-standard",
                            "boot_disk.0.source": "https://www.googleapis.com/compute/v1/projects/tierion-iglesias/zones/us-central1-a/disks/chp-node-40",
                            "can_ip_forward": "false",
                            "cpu_platform": "Intel Haswell",
                            "deletion_protection": "false",
                            "guest_accelerator.#": "0",
                            "hostname": "",
                            "id": "chp-node-40",
                            "instance_id": "6600634059145500117",
                            "label_fingerprint": "42WmSpB8rSM=",
                            "labels.%": "0",
                            "machine_type": "n1-standard-1",
                            "metadata.%": "1",
                            "metadata.project": "chainpoint-hydra",
                            "metadata_fingerprint": "EpXsOtCLHos=",
                            "metadata_startup_script": "#!/bin/bash\n\nif [ -x \"$(command -v docker)\" ]; then\n    echo \"Docker already installed\"\nelse\n    echo \"Install docker\"\n    curl -fsSL https://get.docker.com -o get-docker.sh\n    bash get-docker.sh\n    sudo usermod -aG docker $USER\nfi\n\nsudo apt-get -qq install -y docker-compose git make jq nodejs npm openssl build-essential g++\ncurl -sS https://dl.yarnpkg.com/debian/pubkey.gpg | sudo apt-key add -\nif ! [ -x \"$(command -v yarn)\" ]; then\n    echo \"deb https://dl.yarnpkg.com/debian/ stable main\" | sudo tee /etc/apt/sources.list.d/yarn.list\n    sudo apt-get update -y \u0026\u0026 sudo apt-get install -y --no-install-recommends yarn\nfi\n\n# Install Stackdriver Agent\ncurl -sSO https://dl.google.com/cloudagents/install-monitoring-agent.sh\nsudo bash install-monitoring-agent.sh\n\ncd /srv\nsudo mkdir chp\n\ncd ./chp\n\nsudo git clone https://github.com/chainpoint/chainpoint-node-src.git\nsudo chmod 775 chainpoint-node-src\ncd ./chainpoint-node-src\ngit checkout -b v2 origin/v2\n\nsudo git clone https://michael-iglesias:faca2c20b50c456892f3b6a601ae457d7a49ff10@github.com/chainpoint/go-hydra-smart-contract-files.git artifacts/ethcontracts\n\ncurl \"http://metadata.google.internal/computeMetadata/v1/instance/network-interfaces/0/access-configs/0/external-ip\" -H \"Metadata-Flavor: Google\" \u003e eip.txt\n\nmake init\n\nmake build\n\nmake build-rocksdb\n\necho CHAINPOINT_CORE_CONNECT_IP_LIST=35.245.211.97,35.245.9.90,35.188.238.186 \u003e\u003e .env\n\nmake deploy\n\ncurl -X POST \\\n  https://us-central1-tierion-iglesias.cloudfunctions.net/eth-address-init-stream-processor \\\n  -H 'Content-Type: application/json' \\\n  -H 'Postman-Token: 127b5e92-b8fd-4fd0-b6f9-3a58f9d0c0d9' \\\n  -H 'cache-control: no-cache' \\\n  -d \"{\n\t\\\"ethAddress\\\": \\\"$(\u003ceth-address.txt)\\\"\n}\"\n\n# Start Hydra Utils to poll for a positive $TKN balance before it invokes `make register` on behalf of the Node\nnpm install -g load-testing-node-utils\nexport ETH_INFURA_API_KEY=\"ad8f210998704f9e89a37a4791d4702e\" \u0026\u0026 hydra-chp-node-utils\n\n# make register NODE_ETH_REWARDS_ADDRESS=$(\u003ceth-address.txt) NODE_PUBLIC_IP_ADDRESS=$(\u003ceip.txt) AUTO_REFILL_ENABLED=true AUTO_REFILL_AMOUNT=720\n\nexport COMPOSE_INTERACTIVE_NO_CLI=1 \u0026\u0026 docker exec `docker ps -q` bash -c \"source cli/scripts/env_secrets_expand.sh \u0026\u0026 node cli/register.js NODE_ETH_REWARDS_ADDRESS=$(\u003ceth-address.txt) NODE_PUBLIC_IP_ADDRESS=$(\u003ceip.txt) AUTO_REFILL_ENABLED=true AUTO_REFILL_AMOUNT=720\"",
                            "min_cpu_platform": "",
                            "name": "chp-node-40",
                            "network_interface.#": "1",
                            "network_interface.0.access_config.#": "1",
                            "network_interface.0.access_config.0.assigned_nat_ip": "",
                            "network_interface.0.access_config.0.nat_ip": "34.67.67.175",
                            "network_interface.0.access_config.0.network_tier": "PREMIUM",
                            "network_interface.0.access_config.0.public_ptr_domain_name": "",
                            "network_interface.0.address": "",
                            "network_interface.0.alias_ip_range.#": "0",
                            "network_interface.0.name": "nic0",
                            "network_interface.0.network": "https://www.googleapis.com/compute/v1/projects/tierion-iglesias/global/networks/default",
                            "network_interface.0.network_ip": "10.128.0.76",
                            "network_interface.0.subnetwork": "https://www.googleapis.com/compute/v1/projects/tierion-iglesias/regions/us-central1/subnetworks/default",
                            "network_interface.0.subnetwork_project": "tierion-iglesias",
                            "project": "tierion-iglesias",
                            "scheduling.#": "1",
                            "scheduling.0.automatic_restart": "true",
                            "scheduling.0.on_host_maintenance": "MIGRATE",
                            "scheduling.0.preemptible": "false",
                            "scratch_disk.#": "0",
                            "self_link": "https://www.googleapis.com/compute/v1/projects/tierion-iglesias/zones/us-central1-a/instances/chp-node-40",
                            "service_account.#": "1",
                            "service_account.0.email": "791121030057-compute@developer.gserviceaccount.com",
                            "service_account.0.scopes.#": "2",
                            "service_account.0.scopes.1328717722": "https://www.googleapis.com/auth/devstorage.read_write",
                            "service_account.0.scopes.299962681": "https://www.googleapis.com/auth/compute",
                            "tags.#": "2",
                            "tags.2152288274": "web-sg",
                            "tags.2541227442": "http",
                            "tags_fingerprint": "IJDDdaOreBI=",
                            "zone": "us-central1-a"
                        },
                        "meta": {
                            "e2bfb730-ecaa-11e6-8f88-34363bc7c4c0": {
                                "create": 360000000000,
                                "delete": 360000000000,
                                "update": 360000000000
                            },
                            "schema_version": "6"
                        },
                        "tainted": false
                    },
                    "deposed": [],
                    "provider": "provider.google"
                },
                "google_compute_instance.chp-node.41": {
                    "type": "google_compute_instance",
                    "depends_on": [
                        "data.template_file.init"
                    ],
                    "primary": {
                        "id": "chp-node-41",
                        "attributes": {
                            "attached_disk.#": "0",
                            "boot_disk.#": "1",
                            "boot_disk.0.auto_delete": "true",
                            "boot_disk.0.device_name": "persistent-disk-0",
                            "boot_disk.0.disk_encryption_key_raw": "",
                            "boot_disk.0.disk_encryption_key_sha256": "",
                            "boot_disk.0.initialize_params.#": "1",
                            "boot_disk.0.initialize_params.0.image": "https://www.googleapis.com/compute/v1/projects/ubuntu-os-cloud/global/images/ubuntu-1804-bionic-v20190628",
                            "boot_disk.0.initialize_params.0.size": "10",
                            "boot_disk.0.initialize_params.0.type": "pd-standard",
                            "boot_disk.0.source": "https://www.googleapis.com/compute/v1/projects/tierion-iglesias/zones/us-central1-a/disks/chp-node-41",
                            "can_ip_forward": "false",
                            "cpu_platform": "Intel Haswell",
                            "deletion_protection": "false",
                            "guest_accelerator.#": "0",
                            "hostname": "",
                            "id": "chp-node-41",
                            "instance_id": "5653021234057073710",
                            "label_fingerprint": "42WmSpB8rSM=",
                            "labels.%": "0",
                            "machine_type": "n1-standard-1",
                            "metadata.%": "1",
                            "metadata.project": "chainpoint-hydra",
                            "metadata_fingerprint": "EpXsOtCLHos=",
                            "metadata_startup_script": "#!/bin/bash\n\nif [ -x \"$(command -v docker)\" ]; then\n    echo \"Docker already installed\"\nelse\n    echo \"Install docker\"\n    curl -fsSL https://get.docker.com -o get-docker.sh\n    bash get-docker.sh\n    sudo usermod -aG docker $USER\nfi\n\nsudo apt-get -qq install -y docker-compose git make jq nodejs npm openssl build-essential g++\ncurl -sS https://dl.yarnpkg.com/debian/pubkey.gpg | sudo apt-key add -\nif ! [ -x \"$(command -v yarn)\" ]; then\n    echo \"deb https://dl.yarnpkg.com/debian/ stable main\" | sudo tee /etc/apt/sources.list.d/yarn.list\n    sudo apt-get update -y \u0026\u0026 sudo apt-get install -y --no-install-recommends yarn\nfi\n\n# Install Stackdriver Agent\ncurl -sSO https://dl.google.com/cloudagents/install-monitoring-agent.sh\nsudo bash install-monitoring-agent.sh\n\ncd /srv\nsudo mkdir chp\n\ncd ./chp\n\nsudo git clone https://github.com/chainpoint/chainpoint-node-src.git\nsudo chmod 775 chainpoint-node-src\ncd ./chainpoint-node-src\ngit checkout -b v2 origin/v2\n\nsudo git clone https://michael-iglesias:faca2c20b50c456892f3b6a601ae457d7a49ff10@github.com/chainpoint/go-hydra-smart-contract-files.git artifacts/ethcontracts\n\ncurl \"http://metadata.google.internal/computeMetadata/v1/instance/network-interfaces/0/access-configs/0/external-ip\" -H \"Metadata-Flavor: Google\" \u003e eip.txt\n\nmake init\n\nmake build\n\nmake build-rocksdb\n\necho CHAINPOINT_CORE_CONNECT_IP_LIST=35.245.211.97,35.245.9.90,35.188.238.186 \u003e\u003e .env\n\nmake deploy\n\ncurl -X POST \\\n  https://us-central1-tierion-iglesias.cloudfunctions.net/eth-address-init-stream-processor \\\n  -H 'Content-Type: application/json' \\\n  -H 'Postman-Token: 127b5e92-b8fd-4fd0-b6f9-3a58f9d0c0d9' \\\n  -H 'cache-control: no-cache' \\\n  -d \"{\n\t\\\"ethAddress\\\": \\\"$(\u003ceth-address.txt)\\\"\n}\"\n\n# Start Hydra Utils to poll for a positive $TKN balance before it invokes `make register` on behalf of the Node\nnpm install -g load-testing-node-utils\nexport ETH_INFURA_API_KEY=\"ad8f210998704f9e89a37a4791d4702e\" \u0026\u0026 hydra-chp-node-utils\n\n# make register NODE_ETH_REWARDS_ADDRESS=$(\u003ceth-address.txt) NODE_PUBLIC_IP_ADDRESS=$(\u003ceip.txt) AUTO_REFILL_ENABLED=true AUTO_REFILL_AMOUNT=720\n\nexport COMPOSE_INTERACTIVE_NO_CLI=1 \u0026\u0026 docker exec `docker ps -q` bash -c \"source cli/scripts/env_secrets_expand.sh \u0026\u0026 node cli/register.js NODE_ETH_REWARDS_ADDRESS=$(\u003ceth-address.txt) NODE_PUBLIC_IP_ADDRESS=$(\u003ceip.txt) AUTO_REFILL_ENABLED=true AUTO_REFILL_AMOUNT=720\"",
                            "min_cpu_platform": "",
                            "name": "chp-node-41",
                            "network_interface.#": "1",
                            "network_interface.0.access_config.#": "1",
                            "network_interface.0.access_config.0.assigned_nat_ip": "",
                            "network_interface.0.access_config.0.nat_ip": "35.239.20.178",
                            "network_interface.0.access_config.0.network_tier": "PREMIUM",
                            "network_interface.0.access_config.0.public_ptr_domain_name": "",
                            "network_interface.0.address": "",
                            "network_interface.0.alias_ip_range.#": "0",
                            "network_interface.0.name": "nic0",
                            "network_interface.0.network": "https://www.googleapis.com/compute/v1/projects/tierion-iglesias/global/networks/default",
                            "network_interface.0.network_ip": "10.128.15.241",
                            "network_interface.0.subnetwork": "https://www.googleapis.com/compute/v1/projects/tierion-iglesias/regions/us-central1/subnetworks/default",
                            "network_interface.0.subnetwork_project": "tierion-iglesias",
                            "project": "tierion-iglesias",
                            "scheduling.#": "1",
                            "scheduling.0.automatic_restart": "true",
                            "scheduling.0.on_host_maintenance": "MIGRATE",
                            "scheduling.0.preemptible": "false",
                            "scratch_disk.#": "0",
                            "self_link": "https://www.googleapis.com/compute/v1/projects/tierion-iglesias/zones/us-central1-a/instances/chp-node-41",
                            "service_account.#": "1",
                            "service_account.0.email": "791121030057-compute@developer.gserviceaccount.com",
                            "service_account.0.scopes.#": "2",
                            "service_account.0.scopes.1328717722": "https://www.googleapis.com/auth/devstorage.read_write",
                            "service_account.0.scopes.299962681": "https://www.googleapis.com/auth/compute",
                            "tags.#": "2",
                            "tags.2152288274": "web-sg",
                            "tags.2541227442": "http",
                            "tags_fingerprint": "IJDDdaOreBI=",
                            "zone": "us-central1-a"
                        },
                        "meta": {
                            "e2bfb730-ecaa-11e6-8f88-34363bc7c4c0": {
                                "create": 360000000000,
                                "delete": 360000000000,
                                "update": 360000000000
                            },
                            "schema_version": "6"
                        },
                        "tainted": false
                    },
                    "deposed": [],
                    "provider": "provider.google"
                },
                "google_compute_instance.chp-node.42": {
                    "type": "google_compute_instance",
                    "depends_on": [
                        "data.template_file.init"
                    ],
                    "primary": {
                        "id": "chp-node-42",
                        "attributes": {
                            "attached_disk.#": "0",
                            "boot_disk.#": "1",
                            "boot_disk.0.auto_delete": "true",
                            "boot_disk.0.device_name": "persistent-disk-0",
                            "boot_disk.0.disk_encryption_key_raw": "",
                            "boot_disk.0.disk_encryption_key_sha256": "",
                            "boot_disk.0.initialize_params.#": "1",
                            "boot_disk.0.initialize_params.0.image": "https://www.googleapis.com/compute/v1/projects/ubuntu-os-cloud/global/images/ubuntu-1804-bionic-v20190628",
                            "boot_disk.0.initialize_params.0.size": "10",
                            "boot_disk.0.initialize_params.0.type": "pd-standard",
                            "boot_disk.0.source": "https://www.googleapis.com/compute/v1/projects/tierion-iglesias/zones/us-central1-a/disks/chp-node-42",
                            "can_ip_forward": "false",
                            "cpu_platform": "Intel Haswell",
                            "deletion_protection": "false",
                            "guest_accelerator.#": "0",
                            "hostname": "",
                            "id": "chp-node-42",
                            "instance_id": "3276701926094689322",
                            "label_fingerprint": "42WmSpB8rSM=",
                            "labels.%": "0",
                            "machine_type": "n1-standard-1",
                            "metadata.%": "1",
                            "metadata.project": "chainpoint-hydra",
                            "metadata_fingerprint": "EpXsOtCLHos=",
                            "metadata_startup_script": "#!/bin/bash\n\nif [ -x \"$(command -v docker)\" ]; then\n    echo \"Docker already installed\"\nelse\n    echo \"Install docker\"\n    curl -fsSL https://get.docker.com -o get-docker.sh\n    bash get-docker.sh\n    sudo usermod -aG docker $USER\nfi\n\nsudo apt-get -qq install -y docker-compose git make jq nodejs npm openssl build-essential g++\ncurl -sS https://dl.yarnpkg.com/debian/pubkey.gpg | sudo apt-key add -\nif ! [ -x \"$(command -v yarn)\" ]; then\n    echo \"deb https://dl.yarnpkg.com/debian/ stable main\" | sudo tee /etc/apt/sources.list.d/yarn.list\n    sudo apt-get update -y \u0026\u0026 sudo apt-get install -y --no-install-recommends yarn\nfi\n\n# Install Stackdriver Agent\ncurl -sSO https://dl.google.com/cloudagents/install-monitoring-agent.sh\nsudo bash install-monitoring-agent.sh\n\ncd /srv\nsudo mkdir chp\n\ncd ./chp\n\nsudo git clone https://github.com/chainpoint/chainpoint-node-src.git\nsudo chmod 775 chainpoint-node-src\ncd ./chainpoint-node-src\ngit checkout -b v2 origin/v2\n\nsudo git clone https://michael-iglesias:faca2c20b50c456892f3b6a601ae457d7a49ff10@github.com/chainpoint/go-hydra-smart-contract-files.git artifacts/ethcontracts\n\ncurl \"http://metadata.google.internal/computeMetadata/v1/instance/network-interfaces/0/access-configs/0/external-ip\" -H \"Metadata-Flavor: Google\" \u003e eip.txt\n\nmake init\n\nmake build\n\nmake build-rocksdb\n\necho CHAINPOINT_CORE_CONNECT_IP_LIST=35.245.211.97,35.245.9.90,35.188.238.186 \u003e\u003e .env\n\nmake deploy\n\ncurl -X POST \\\n  https://us-central1-tierion-iglesias.cloudfunctions.net/eth-address-init-stream-processor \\\n  -H 'Content-Type: application/json' \\\n  -H 'Postman-Token: 127b5e92-b8fd-4fd0-b6f9-3a58f9d0c0d9' \\\n  -H 'cache-control: no-cache' \\\n  -d \"{\n\t\\\"ethAddress\\\": \\\"$(\u003ceth-address.txt)\\\"\n}\"\n\n# Start Hydra Utils to poll for a positive $TKN balance before it invokes `make register` on behalf of the Node\nnpm install -g load-testing-node-utils\nexport ETH_INFURA_API_KEY=\"ad8f210998704f9e89a37a4791d4702e\" \u0026\u0026 hydra-chp-node-utils\n\n# make register NODE_ETH_REWARDS_ADDRESS=$(\u003ceth-address.txt) NODE_PUBLIC_IP_ADDRESS=$(\u003ceip.txt) AUTO_REFILL_ENABLED=true AUTO_REFILL_AMOUNT=720\n\nexport COMPOSE_INTERACTIVE_NO_CLI=1 \u0026\u0026 docker exec `docker ps -q` bash -c \"source cli/scripts/env_secrets_expand.sh \u0026\u0026 node cli/register.js NODE_ETH_REWARDS_ADDRESS=$(\u003ceth-address.txt) NODE_PUBLIC_IP_ADDRESS=$(\u003ceip.txt) AUTO_REFILL_ENABLED=true AUTO_REFILL_AMOUNT=720\"",
                            "min_cpu_platform": "",
                            "name": "chp-node-42",
                            "network_interface.#": "1",
                            "network_interface.0.access_config.#": "1",
                            "network_interface.0.access_config.0.assigned_nat_ip": "",
                            "network_interface.0.access_config.0.nat_ip": "34.67.10.225",
                            "network_interface.0.access_config.0.network_tier": "PREMIUM",
                            "network_interface.0.access_config.0.public_ptr_domain_name": "",
                            "network_interface.0.address": "",
                            "network_interface.0.alias_ip_range.#": "0",
                            "network_interface.0.name": "nic0",
                            "network_interface.0.network": "https://www.googleapis.com/compute/v1/projects/tierion-iglesias/global/networks/default",
                            "network_interface.0.network_ip": "10.128.15.245",
                            "network_interface.0.subnetwork": "https://www.googleapis.com/compute/v1/projects/tierion-iglesias/regions/us-central1/subnetworks/default",
                            "network_interface.0.subnetwork_project": "tierion-iglesias",
                            "project": "tierion-iglesias",
                            "scheduling.#": "1",
                            "scheduling.0.automatic_restart": "true",
                            "scheduling.0.on_host_maintenance": "MIGRATE",
                            "scheduling.0.preemptible": "false",
                            "scratch_disk.#": "0",
                            "self_link": "https://www.googleapis.com/compute/v1/projects/tierion-iglesias/zones/us-central1-a/instances/chp-node-42",
                            "service_account.#": "1",
                            "service_account.0.email": "791121030057-compute@developer.gserviceaccount.com",
                            "service_account.0.scopes.#": "2",
                            "service_account.0.scopes.1328717722": "https://www.googleapis.com/auth/devstorage.read_write",
                            "service_account.0.scopes.299962681": "https://www.googleapis.com/auth/compute",
                            "tags.#": "2",
                            "tags.2152288274": "web-sg",
                            "tags.2541227442": "http",
                            "tags_fingerprint": "IJDDdaOreBI=",
                            "zone": "us-central1-a"
                        },
                        "meta": {
                            "e2bfb730-ecaa-11e6-8f88-34363bc7c4c0": {
                                "create": 360000000000,
                                "delete": 360000000000,
                                "update": 360000000000
                            },
                            "schema_version": "6"
                        },
                        "tainted": false
                    },
                    "deposed": [],
                    "provider": "provider.google"
                },
                "google_compute_instance.chp-node.43": {
                    "type": "google_compute_instance",
                    "depends_on": [
                        "data.template_file.init"
                    ],
                    "primary": {
                        "id": "chp-node-43",
                        "attributes": {
                            "attached_disk.#": "0",
                            "boot_disk.#": "1",
                            "boot_disk.0.auto_delete": "true",
                            "boot_disk.0.device_name": "persistent-disk-0",
                            "boot_disk.0.disk_encryption_key_raw": "",
                            "boot_disk.0.disk_encryption_key_sha256": "",
                            "boot_disk.0.initialize_params.#": "1",
                            "boot_disk.0.initialize_params.0.image": "https://www.googleapis.com/compute/v1/projects/ubuntu-os-cloud/global/images/ubuntu-1804-bionic-v20190628",
                            "boot_disk.0.initialize_params.0.size": "10",
                            "boot_disk.0.initialize_params.0.type": "pd-standard",
                            "boot_disk.0.source": "https://www.googleapis.com/compute/v1/projects/tierion-iglesias/zones/us-central1-a/disks/chp-node-43",
                            "can_ip_forward": "false",
                            "cpu_platform": "Intel Haswell",
                            "deletion_protection": "false",
                            "guest_accelerator.#": "0",
                            "hostname": "",
                            "id": "chp-node-43",
                            "instance_id": "7791451937105662114",
                            "label_fingerprint": "42WmSpB8rSM=",
                            "labels.%": "0",
                            "machine_type": "n1-standard-1",
                            "metadata.%": "1",
                            "metadata.project": "chainpoint-hydra",
                            "metadata_fingerprint": "EpXsOtCLHos=",
                            "metadata_startup_script": "#!/bin/bash\n\nif [ -x \"$(command -v docker)\" ]; then\n    echo \"Docker already installed\"\nelse\n    echo \"Install docker\"\n    curl -fsSL https://get.docker.com -o get-docker.sh\n    bash get-docker.sh\n    sudo usermod -aG docker $USER\nfi\n\nsudo apt-get -qq install -y docker-compose git make jq nodejs npm openssl build-essential g++\ncurl -sS https://dl.yarnpkg.com/debian/pubkey.gpg | sudo apt-key add -\nif ! [ -x \"$(command -v yarn)\" ]; then\n    echo \"deb https://dl.yarnpkg.com/debian/ stable main\" | sudo tee /etc/apt/sources.list.d/yarn.list\n    sudo apt-get update -y \u0026\u0026 sudo apt-get install -y --no-install-recommends yarn\nfi\n\n# Install Stackdriver Agent\ncurl -sSO https://dl.google.com/cloudagents/install-monitoring-agent.sh\nsudo bash install-monitoring-agent.sh\n\ncd /srv\nsudo mkdir chp\n\ncd ./chp\n\nsudo git clone https://github.com/chainpoint/chainpoint-node-src.git\nsudo chmod 775 chainpoint-node-src\ncd ./chainpoint-node-src\ngit checkout -b v2 origin/v2\n\nsudo git clone https://michael-iglesias:faca2c20b50c456892f3b6a601ae457d7a49ff10@github.com/chainpoint/go-hydra-smart-contract-files.git artifacts/ethcontracts\n\ncurl \"http://metadata.google.internal/computeMetadata/v1/instance/network-interfaces/0/access-configs/0/external-ip\" -H \"Metadata-Flavor: Google\" \u003e eip.txt\n\nmake init\n\nmake build\n\nmake build-rocksdb\n\necho CHAINPOINT_CORE_CONNECT_IP_LIST=35.245.211.97,35.245.9.90,35.188.238.186 \u003e\u003e .env\n\nmake deploy\n\ncurl -X POST \\\n  https://us-central1-tierion-iglesias.cloudfunctions.net/eth-address-init-stream-processor \\\n  -H 'Content-Type: application/json' \\\n  -H 'Postman-Token: 127b5e92-b8fd-4fd0-b6f9-3a58f9d0c0d9' \\\n  -H 'cache-control: no-cache' \\\n  -d \"{\n\t\\\"ethAddress\\\": \\\"$(\u003ceth-address.txt)\\\"\n}\"\n\n# Start Hydra Utils to poll for a positive $TKN balance before it invokes `make register` on behalf of the Node\nnpm install -g load-testing-node-utils\nexport ETH_INFURA_API_KEY=\"ad8f210998704f9e89a37a4791d4702e\" \u0026\u0026 hydra-chp-node-utils\n\n# make register NODE_ETH_REWARDS_ADDRESS=$(\u003ceth-address.txt) NODE_PUBLIC_IP_ADDRESS=$(\u003ceip.txt) AUTO_REFILL_ENABLED=true AUTO_REFILL_AMOUNT=720\n\nexport COMPOSE_INTERACTIVE_NO_CLI=1 \u0026\u0026 docker exec `docker ps -q` bash -c \"source cli/scripts/env_secrets_expand.sh \u0026\u0026 node cli/register.js NODE_ETH_REWARDS_ADDRESS=$(\u003ceth-address.txt) NODE_PUBLIC_IP_ADDRESS=$(\u003ceip.txt) AUTO_REFILL_ENABLED=true AUTO_REFILL_AMOUNT=720\"",
                            "min_cpu_platform": "",
                            "name": "chp-node-43",
                            "network_interface.#": "1",
                            "network_interface.0.access_config.#": "1",
                            "network_interface.0.access_config.0.assigned_nat_ip": "",
                            "network_interface.0.access_config.0.nat_ip": "35.239.138.144",
                            "network_interface.0.access_config.0.network_tier": "PREMIUM",
                            "network_interface.0.access_config.0.public_ptr_domain_name": "",
                            "network_interface.0.address": "",
                            "network_interface.0.alias_ip_range.#": "0",
                            "network_interface.0.name": "nic0",
                            "network_interface.0.network": "https://www.googleapis.com/compute/v1/projects/tierion-iglesias/global/networks/default",
                            "network_interface.0.network_ip": "10.128.0.214",
                            "network_interface.0.subnetwork": "https://www.googleapis.com/compute/v1/projects/tierion-iglesias/regions/us-central1/subnetworks/default",
                            "network_interface.0.subnetwork_project": "tierion-iglesias",
                            "project": "tierion-iglesias",
                            "scheduling.#": "1",
                            "scheduling.0.automatic_restart": "true",
                            "scheduling.0.on_host_maintenance": "MIGRATE",
                            "scheduling.0.preemptible": "false",
                            "scratch_disk.#": "0",
                            "self_link": "https://www.googleapis.com/compute/v1/projects/tierion-iglesias/zones/us-central1-a/instances/chp-node-43",
                            "service_account.#": "1",
                            "service_account.0.email": "791121030057-compute@developer.gserviceaccount.com",
                            "service_account.0.scopes.#": "2",
                            "service_account.0.scopes.1328717722": "https://www.googleapis.com/auth/devstorage.read_write",
                            "service_account.0.scopes.299962681": "https://www.googleapis.com/auth/compute",
                            "tags.#": "2",
                            "tags.2152288274": "web-sg",
                            "tags.2541227442": "http",
                            "tags_fingerprint": "IJDDdaOreBI=",
                            "zone": "us-central1-a"
                        },
                        "meta": {
                            "e2bfb730-ecaa-11e6-8f88-34363bc7c4c0": {
                                "create": 360000000000,
                                "delete": 360000000000,
                                "update": 360000000000
                            },
                            "schema_version": "6"
                        },
                        "tainted": false
                    },
                    "deposed": [],
                    "provider": "provider.google"
                },
                "google_compute_instance.chp-node.44": {
                    "type": "google_compute_instance",
                    "depends_on": [
                        "data.template_file.init"
                    ],
                    "primary": {
                        "id": "chp-node-44",
                        "attributes": {
                            "attached_disk.#": "0",
                            "boot_disk.#": "1",
                            "boot_disk.0.auto_delete": "true",
                            "boot_disk.0.device_name": "persistent-disk-0",
                            "boot_disk.0.disk_encryption_key_raw": "",
                            "boot_disk.0.disk_encryption_key_sha256": "",
                            "boot_disk.0.initialize_params.#": "1",
                            "boot_disk.0.initialize_params.0.image": "https://www.googleapis.com/compute/v1/projects/ubuntu-os-cloud/global/images/ubuntu-1804-bionic-v20190628",
                            "boot_disk.0.initialize_params.0.size": "10",
                            "boot_disk.0.initialize_params.0.type": "pd-standard",
                            "boot_disk.0.source": "https://www.googleapis.com/compute/v1/projects/tierion-iglesias/zones/us-central1-a/disks/chp-node-44",
                            "can_ip_forward": "false",
                            "cpu_platform": "Intel Haswell",
                            "deletion_protection": "false",
                            "guest_accelerator.#": "0",
                            "hostname": "",
                            "id": "chp-node-44",
                            "instance_id": "1566892904599147791",
                            "label_fingerprint": "42WmSpB8rSM=",
                            "labels.%": "0",
                            "machine_type": "n1-standard-1",
                            "metadata.%": "1",
                            "metadata.project": "chainpoint-hydra",
                            "metadata_fingerprint": "EpXsOtCLHos=",
                            "metadata_startup_script": "#!/bin/bash\n\nif [ -x \"$(command -v docker)\" ]; then\n    echo \"Docker already installed\"\nelse\n    echo \"Install docker\"\n    curl -fsSL https://get.docker.com -o get-docker.sh\n    bash get-docker.sh\n    sudo usermod -aG docker $USER\nfi\n\nsudo apt-get -qq install -y docker-compose git make jq nodejs npm openssl build-essential g++\ncurl -sS https://dl.yarnpkg.com/debian/pubkey.gpg | sudo apt-key add -\nif ! [ -x \"$(command -v yarn)\" ]; then\n    echo \"deb https://dl.yarnpkg.com/debian/ stable main\" | sudo tee /etc/apt/sources.list.d/yarn.list\n    sudo apt-get update -y \u0026\u0026 sudo apt-get install -y --no-install-recommends yarn\nfi\n\n# Install Stackdriver Agent\ncurl -sSO https://dl.google.com/cloudagents/install-monitoring-agent.sh\nsudo bash install-monitoring-agent.sh\n\ncd /srv\nsudo mkdir chp\n\ncd ./chp\n\nsudo git clone https://github.com/chainpoint/chainpoint-node-src.git\nsudo chmod 775 chainpoint-node-src\ncd ./chainpoint-node-src\ngit checkout -b v2 origin/v2\n\nsudo git clone https://michael-iglesias:faca2c20b50c456892f3b6a601ae457d7a49ff10@github.com/chainpoint/go-hydra-smart-contract-files.git artifacts/ethcontracts\n\ncurl \"http://metadata.google.internal/computeMetadata/v1/instance/network-interfaces/0/access-configs/0/external-ip\" -H \"Metadata-Flavor: Google\" \u003e eip.txt\n\nmake init\n\nmake build\n\nmake build-rocksdb\n\necho CHAINPOINT_CORE_CONNECT_IP_LIST=35.245.211.97,35.245.9.90,35.188.238.186 \u003e\u003e .env\n\nmake deploy\n\ncurl -X POST \\\n  https://us-central1-tierion-iglesias.cloudfunctions.net/eth-address-init-stream-processor \\\n  -H 'Content-Type: application/json' \\\n  -H 'Postman-Token: 127b5e92-b8fd-4fd0-b6f9-3a58f9d0c0d9' \\\n  -H 'cache-control: no-cache' \\\n  -d \"{\n\t\\\"ethAddress\\\": \\\"$(\u003ceth-address.txt)\\\"\n}\"\n\n# Start Hydra Utils to poll for a positive $TKN balance before it invokes `make register` on behalf of the Node\nnpm install -g load-testing-node-utils\nexport ETH_INFURA_API_KEY=\"ad8f210998704f9e89a37a4791d4702e\" \u0026\u0026 hydra-chp-node-utils\n\n# make register NODE_ETH_REWARDS_ADDRESS=$(\u003ceth-address.txt) NODE_PUBLIC_IP_ADDRESS=$(\u003ceip.txt) AUTO_REFILL_ENABLED=true AUTO_REFILL_AMOUNT=720\n\nexport COMPOSE_INTERACTIVE_NO_CLI=1 \u0026\u0026 docker exec `docker ps -q` bash -c \"source cli/scripts/env_secrets_expand.sh \u0026\u0026 node cli/register.js NODE_ETH_REWARDS_ADDRESS=$(\u003ceth-address.txt) NODE_PUBLIC_IP_ADDRESS=$(\u003ceip.txt) AUTO_REFILL_ENABLED=true AUTO_REFILL_AMOUNT=720\"",
                            "min_cpu_platform": "",
                            "name": "chp-node-44",
                            "network_interface.#": "1",
                            "network_interface.0.access_config.#": "1",
                            "network_interface.0.access_config.0.assigned_nat_ip": "",
                            "network_interface.0.access_config.0.nat_ip": "104.197.125.147",
                            "network_interface.0.access_config.0.network_tier": "PREMIUM",
                            "network_interface.0.access_config.0.public_ptr_domain_name": "",
                            "network_interface.0.address": "",
                            "network_interface.0.alias_ip_range.#": "0",
                            "network_interface.0.name": "nic0",
                            "network_interface.0.network": "https://www.googleapis.com/compute/v1/projects/tierion-iglesias/global/networks/default",
                            "network_interface.0.network_ip": "10.128.0.105",
                            "network_interface.0.subnetwork": "https://www.googleapis.com/compute/v1/projects/tierion-iglesias/regions/us-central1/subnetworks/default",
                            "network_interface.0.subnetwork_project": "tierion-iglesias",
                            "project": "tierion-iglesias",
                            "scheduling.#": "1",
                            "scheduling.0.automatic_restart": "true",
                            "scheduling.0.on_host_maintenance": "MIGRATE",
                            "scheduling.0.preemptible": "false",
                            "scratch_disk.#": "0",
                            "self_link": "https://www.googleapis.com/compute/v1/projects/tierion-iglesias/zones/us-central1-a/instances/chp-node-44",
                            "service_account.#": "1",
                            "service_account.0.email": "791121030057-compute@developer.gserviceaccount.com",
                            "service_account.0.scopes.#": "2",
                            "service_account.0.scopes.1328717722": "https://www.googleapis.com/auth/devstorage.read_write",
                            "service_account.0.scopes.299962681": "https://www.googleapis.com/auth/compute",
                            "tags.#": "2",
                            "tags.2152288274": "web-sg",
                            "tags.2541227442": "http",
                            "tags_fingerprint": "IJDDdaOreBI=",
                            "zone": "us-central1-a"
                        },
                        "meta": {
                            "e2bfb730-ecaa-11e6-8f88-34363bc7c4c0": {
                                "create": 360000000000,
                                "delete": 360000000000,
                                "update": 360000000000
                            },
                            "schema_version": "6"
                        },
                        "tainted": false
                    },
                    "deposed": [],
                    "provider": "provider.google"
                },
                "google_compute_instance.chp-node.45": {
                    "type": "google_compute_instance",
                    "depends_on": [
                        "data.template_file.init"
                    ],
                    "primary": {
                        "id": "chp-node-45",
                        "attributes": {
                            "attached_disk.#": "0",
                            "boot_disk.#": "1",
                            "boot_disk.0.auto_delete": "true",
                            "boot_disk.0.device_name": "persistent-disk-0",
                            "boot_disk.0.disk_encryption_key_raw": "",
                            "boot_disk.0.disk_encryption_key_sha256": "",
                            "boot_disk.0.initialize_params.#": "1",
                            "boot_disk.0.initialize_params.0.image": "https://www.googleapis.com/compute/v1/projects/ubuntu-os-cloud/global/images/ubuntu-1804-bionic-v20190628",
                            "boot_disk.0.initialize_params.0.size": "10",
                            "boot_disk.0.initialize_params.0.type": "pd-standard",
                            "boot_disk.0.source": "https://www.googleapis.com/compute/v1/projects/tierion-iglesias/zones/us-central1-a/disks/chp-node-45",
                            "can_ip_forward": "false",
                            "cpu_platform": "Intel Haswell",
                            "deletion_protection": "false",
                            "guest_accelerator.#": "0",
                            "hostname": "",
                            "id": "chp-node-45",
                            "instance_id": "5694682738950820462",
                            "label_fingerprint": "42WmSpB8rSM=",
                            "labels.%": "0",
                            "machine_type": "n1-standard-1",
                            "metadata.%": "1",
                            "metadata.project": "chainpoint-hydra",
                            "metadata_fingerprint": "EpXsOtCLHos=",
                            "metadata_startup_script": "#!/bin/bash\n\nif [ -x \"$(command -v docker)\" ]; then\n    echo \"Docker already installed\"\nelse\n    echo \"Install docker\"\n    curl -fsSL https://get.docker.com -o get-docker.sh\n    bash get-docker.sh\n    sudo usermod -aG docker $USER\nfi\n\nsudo apt-get -qq install -y docker-compose git make jq nodejs npm openssl build-essential g++\ncurl -sS https://dl.yarnpkg.com/debian/pubkey.gpg | sudo apt-key add -\nif ! [ -x \"$(command -v yarn)\" ]; then\n    echo \"deb https://dl.yarnpkg.com/debian/ stable main\" | sudo tee /etc/apt/sources.list.d/yarn.list\n    sudo apt-get update -y \u0026\u0026 sudo apt-get install -y --no-install-recommends yarn\nfi\n\n# Install Stackdriver Agent\ncurl -sSO https://dl.google.com/cloudagents/install-monitoring-agent.sh\nsudo bash install-monitoring-agent.sh\n\ncd /srv\nsudo mkdir chp\n\ncd ./chp\n\nsudo git clone https://github.com/chainpoint/chainpoint-node-src.git\nsudo chmod 775 chainpoint-node-src\ncd ./chainpoint-node-src\ngit checkout -b v2 origin/v2\n\nsudo git clone https://michael-iglesias:faca2c20b50c456892f3b6a601ae457d7a49ff10@github.com/chainpoint/go-hydra-smart-contract-files.git artifacts/ethcontracts\n\ncurl \"http://metadata.google.internal/computeMetadata/v1/instance/network-interfaces/0/access-configs/0/external-ip\" -H \"Metadata-Flavor: Google\" \u003e eip.txt\n\nmake init\n\nmake build\n\nmake build-rocksdb\n\necho CHAINPOINT_CORE_CONNECT_IP_LIST=35.245.211.97,35.245.9.90,35.188.238.186 \u003e\u003e .env\n\nmake deploy\n\ncurl -X POST \\\n  https://us-central1-tierion-iglesias.cloudfunctions.net/eth-address-init-stream-processor \\\n  -H 'Content-Type: application/json' \\\n  -H 'Postman-Token: 127b5e92-b8fd-4fd0-b6f9-3a58f9d0c0d9' \\\n  -H 'cache-control: no-cache' \\\n  -d \"{\n\t\\\"ethAddress\\\": \\\"$(\u003ceth-address.txt)\\\"\n}\"\n\n# Start Hydra Utils to poll for a positive $TKN balance before it invokes `make register` on behalf of the Node\nnpm install -g load-testing-node-utils\nexport ETH_INFURA_API_KEY=\"ad8f210998704f9e89a37a4791d4702e\" \u0026\u0026 hydra-chp-node-utils\n\n# make register NODE_ETH_REWARDS_ADDRESS=$(\u003ceth-address.txt) NODE_PUBLIC_IP_ADDRESS=$(\u003ceip.txt) AUTO_REFILL_ENABLED=true AUTO_REFILL_AMOUNT=720\n\nexport COMPOSE_INTERACTIVE_NO_CLI=1 \u0026\u0026 docker exec `docker ps -q` bash -c \"source cli/scripts/env_secrets_expand.sh \u0026\u0026 node cli/register.js NODE_ETH_REWARDS_ADDRESS=$(\u003ceth-address.txt) NODE_PUBLIC_IP_ADDRESS=$(\u003ceip.txt) AUTO_REFILL_ENABLED=true AUTO_REFILL_AMOUNT=720\"",
                            "min_cpu_platform": "",
                            "name": "chp-node-45",
                            "network_interface.#": "1",
                            "network_interface.0.access_config.#": "1",
                            "network_interface.0.access_config.0.assigned_nat_ip": "",
                            "network_interface.0.access_config.0.nat_ip": "35.225.84.182",
                            "network_interface.0.access_config.0.network_tier": "PREMIUM",
                            "network_interface.0.access_config.0.public_ptr_domain_name": "",
                            "network_interface.0.address": "",
                            "network_interface.0.alias_ip_range.#": "0",
                            "network_interface.0.name": "nic0",
                            "network_interface.0.network": "https://www.googleapis.com/compute/v1/projects/tierion-iglesias/global/networks/default",
                            "network_interface.0.network_ip": "10.128.0.131",
                            "network_interface.0.subnetwork": "https://www.googleapis.com/compute/v1/projects/tierion-iglesias/regions/us-central1/subnetworks/default",
                            "network_interface.0.subnetwork_project": "tierion-iglesias",
                            "project": "tierion-iglesias",
                            "scheduling.#": "1",
                            "scheduling.0.automatic_restart": "true",
                            "scheduling.0.on_host_maintenance": "MIGRATE",
                            "scheduling.0.preemptible": "false",
                            "scratch_disk.#": "0",
                            "self_link": "https://www.googleapis.com/compute/v1/projects/tierion-iglesias/zones/us-central1-a/instances/chp-node-45",
                            "service_account.#": "1",
                            "service_account.0.email": "791121030057-compute@developer.gserviceaccount.com",
                            "service_account.0.scopes.#": "2",
                            "service_account.0.scopes.1328717722": "https://www.googleapis.com/auth/devstorage.read_write",
                            "service_account.0.scopes.299962681": "https://www.googleapis.com/auth/compute",
                            "tags.#": "2",
                            "tags.2152288274": "web-sg",
                            "tags.2541227442": "http",
                            "tags_fingerprint": "IJDDdaOreBI=",
                            "zone": "us-central1-a"
                        },
                        "meta": {
                            "e2bfb730-ecaa-11e6-8f88-34363bc7c4c0": {
                                "create": 360000000000,
                                "delete": 360000000000,
                                "update": 360000000000
                            },
                            "schema_version": "6"
                        },
                        "tainted": false
                    },
                    "deposed": [],
                    "provider": "provider.google"
                },
                "google_compute_instance.chp-node.46": {
                    "type": "google_compute_instance",
                    "depends_on": [
                        "data.template_file.init"
                    ],
                    "primary": {
                        "id": "chp-node-46",
                        "attributes": {
                            "attached_disk.#": "0",
                            "boot_disk.#": "1",
                            "boot_disk.0.auto_delete": "true",
                            "boot_disk.0.device_name": "persistent-disk-0",
                            "boot_disk.0.disk_encryption_key_raw": "",
                            "boot_disk.0.disk_encryption_key_sha256": "",
                            "boot_disk.0.initialize_params.#": "1",
                            "boot_disk.0.initialize_params.0.image": "https://www.googleapis.com/compute/v1/projects/ubuntu-os-cloud/global/images/ubuntu-1804-bionic-v20190628",
                            "boot_disk.0.initialize_params.0.size": "10",
                            "boot_disk.0.initialize_params.0.type": "pd-standard",
                            "boot_disk.0.source": "https://www.googleapis.com/compute/v1/projects/tierion-iglesias/zones/us-central1-a/disks/chp-node-46",
                            "can_ip_forward": "false",
                            "cpu_platform": "Intel Haswell",
                            "deletion_protection": "false",
                            "guest_accelerator.#": "0",
                            "hostname": "",
                            "id": "chp-node-46",
                            "instance_id": "8371543697710797839",
                            "label_fingerprint": "42WmSpB8rSM=",
                            "labels.%": "0",
                            "machine_type": "n1-standard-1",
                            "metadata.%": "1",
                            "metadata.project": "chainpoint-hydra",
                            "metadata_fingerprint": "EpXsOtCLHos=",
                            "metadata_startup_script": "#!/bin/bash\n\nif [ -x \"$(command -v docker)\" ]; then\n    echo \"Docker already installed\"\nelse\n    echo \"Install docker\"\n    curl -fsSL https://get.docker.com -o get-docker.sh\n    bash get-docker.sh\n    sudo usermod -aG docker $USER\nfi\n\nsudo apt-get -qq install -y docker-compose git make jq nodejs npm openssl build-essential g++\ncurl -sS https://dl.yarnpkg.com/debian/pubkey.gpg | sudo apt-key add -\nif ! [ -x \"$(command -v yarn)\" ]; then\n    echo \"deb https://dl.yarnpkg.com/debian/ stable main\" | sudo tee /etc/apt/sources.list.d/yarn.list\n    sudo apt-get update -y \u0026\u0026 sudo apt-get install -y --no-install-recommends yarn\nfi\n\n# Install Stackdriver Agent\ncurl -sSO https://dl.google.com/cloudagents/install-monitoring-agent.sh\nsudo bash install-monitoring-agent.sh\n\ncd /srv\nsudo mkdir chp\n\ncd ./chp\n\nsudo git clone https://github.com/chainpoint/chainpoint-node-src.git\nsudo chmod 775 chainpoint-node-src\ncd ./chainpoint-node-src\ngit checkout -b v2 origin/v2\n\nsudo git clone https://michael-iglesias:faca2c20b50c456892f3b6a601ae457d7a49ff10@github.com/chainpoint/go-hydra-smart-contract-files.git artifacts/ethcontracts\n\ncurl \"http://metadata.google.internal/computeMetadata/v1/instance/network-interfaces/0/access-configs/0/external-ip\" -H \"Metadata-Flavor: Google\" \u003e eip.txt\n\nmake init\n\nmake build\n\nmake build-rocksdb\n\necho CHAINPOINT_CORE_CONNECT_IP_LIST=35.245.211.97,35.245.9.90,35.188.238.186 \u003e\u003e .env\n\nmake deploy\n\ncurl -X POST \\\n  https://us-central1-tierion-iglesias.cloudfunctions.net/eth-address-init-stream-processor \\\n  -H 'Content-Type: application/json' \\\n  -H 'Postman-Token: 127b5e92-b8fd-4fd0-b6f9-3a58f9d0c0d9' \\\n  -H 'cache-control: no-cache' \\\n  -d \"{\n\t\\\"ethAddress\\\": \\\"$(\u003ceth-address.txt)\\\"\n}\"\n\n# Start Hydra Utils to poll for a positive $TKN balance before it invokes `make register` on behalf of the Node\nnpm install -g load-testing-node-utils\nexport ETH_INFURA_API_KEY=\"ad8f210998704f9e89a37a4791d4702e\" \u0026\u0026 hydra-chp-node-utils\n\n# make register NODE_ETH_REWARDS_ADDRESS=$(\u003ceth-address.txt) NODE_PUBLIC_IP_ADDRESS=$(\u003ceip.txt) AUTO_REFILL_ENABLED=true AUTO_REFILL_AMOUNT=720\n\nexport COMPOSE_INTERACTIVE_NO_CLI=1 \u0026\u0026 docker exec `docker ps -q` bash -c \"source cli/scripts/env_secrets_expand.sh \u0026\u0026 node cli/register.js NODE_ETH_REWARDS_ADDRESS=$(\u003ceth-address.txt) NODE_PUBLIC_IP_ADDRESS=$(\u003ceip.txt) AUTO_REFILL_ENABLED=true AUTO_REFILL_AMOUNT=720\"",
                            "min_cpu_platform": "",
                            "name": "chp-node-46",
                            "network_interface.#": "1",
                            "network_interface.0.access_config.#": "1",
                            "network_interface.0.access_config.0.assigned_nat_ip": "",
                            "network_interface.0.access_config.0.nat_ip": "35.238.49.234",
                            "network_interface.0.access_config.0.network_tier": "PREMIUM",
                            "network_interface.0.access_config.0.public_ptr_domain_name": "",
                            "network_interface.0.address": "",
                            "network_interface.0.alias_ip_range.#": "0",
                            "network_interface.0.name": "nic0",
                            "network_interface.0.network": "https://www.googleapis.com/compute/v1/projects/tierion-iglesias/global/networks/default",
                            "network_interface.0.network_ip": "10.128.15.249",
                            "network_interface.0.subnetwork": "https://www.googleapis.com/compute/v1/projects/tierion-iglesias/regions/us-central1/subnetworks/default",
                            "network_interface.0.subnetwork_project": "tierion-iglesias",
                            "project": "tierion-iglesias",
                            "scheduling.#": "1",
                            "scheduling.0.automatic_restart": "true",
                            "scheduling.0.on_host_maintenance": "MIGRATE",
                            "scheduling.0.preemptible": "false",
                            "scratch_disk.#": "0",
                            "self_link": "https://www.googleapis.com/compute/v1/projects/tierion-iglesias/zones/us-central1-a/instances/chp-node-46",
                            "service_account.#": "1",
                            "service_account.0.email": "791121030057-compute@developer.gserviceaccount.com",
                            "service_account.0.scopes.#": "2",
                            "service_account.0.scopes.1328717722": "https://www.googleapis.com/auth/devstorage.read_write",
                            "service_account.0.scopes.299962681": "https://www.googleapis.com/auth/compute",
                            "tags.#": "2",
                            "tags.2152288274": "web-sg",
                            "tags.2541227442": "http",
                            "tags_fingerprint": "IJDDdaOreBI=",
                            "zone": "us-central1-a"
                        },
                        "meta": {
                            "e2bfb730-ecaa-11e6-8f88-34363bc7c4c0": {
                                "create": 360000000000,
                                "delete": 360000000000,
                                "update": 360000000000
                            },
                            "schema_version": "6"
                        },
                        "tainted": false
                    },
                    "deposed": [],
                    "provider": "provider.google"
                },
                "google_compute_instance.chp-node.47": {
                    "type": "google_compute_instance",
                    "depends_on": [
                        "data.template_file.init"
                    ],
                    "primary": {
                        "id": "chp-node-47",
                        "attributes": {
                            "attached_disk.#": "0",
                            "boot_disk.#": "1",
                            "boot_disk.0.auto_delete": "true",
                            "boot_disk.0.device_name": "persistent-disk-0",
                            "boot_disk.0.disk_encryption_key_raw": "",
                            "boot_disk.0.disk_encryption_key_sha256": "",
                            "boot_disk.0.initialize_params.#": "1",
                            "boot_disk.0.initialize_params.0.image": "https://www.googleapis.com/compute/v1/projects/ubuntu-os-cloud/global/images/ubuntu-1804-bionic-v20190628",
                            "boot_disk.0.initialize_params.0.size": "10",
                            "boot_disk.0.initialize_params.0.type": "pd-standard",
                            "boot_disk.0.source": "https://www.googleapis.com/compute/v1/projects/tierion-iglesias/zones/us-central1-a/disks/chp-node-47",
                            "can_ip_forward": "false",
                            "cpu_platform": "Intel Haswell",
                            "deletion_protection": "false",
                            "guest_accelerator.#": "0",
                            "hostname": "",
                            "id": "chp-node-47",
                            "instance_id": "288820743091148148",
                            "label_fingerprint": "42WmSpB8rSM=",
                            "labels.%": "0",
                            "machine_type": "n1-standard-1",
                            "metadata.%": "1",
                            "metadata.project": "chainpoint-hydra",
                            "metadata_fingerprint": "EpXsOtCLHos=",
                            "metadata_startup_script": "#!/bin/bash\n\nif [ -x \"$(command -v docker)\" ]; then\n    echo \"Docker already installed\"\nelse\n    echo \"Install docker\"\n    curl -fsSL https://get.docker.com -o get-docker.sh\n    bash get-docker.sh\n    sudo usermod -aG docker $USER\nfi\n\nsudo apt-get -qq install -y docker-compose git make jq nodejs npm openssl build-essential g++\ncurl -sS https://dl.yarnpkg.com/debian/pubkey.gpg | sudo apt-key add -\nif ! [ -x \"$(command -v yarn)\" ]; then\n    echo \"deb https://dl.yarnpkg.com/debian/ stable main\" | sudo tee /etc/apt/sources.list.d/yarn.list\n    sudo apt-get update -y \u0026\u0026 sudo apt-get install -y --no-install-recommends yarn\nfi\n\n# Install Stackdriver Agent\ncurl -sSO https://dl.google.com/cloudagents/install-monitoring-agent.sh\nsudo bash install-monitoring-agent.sh\n\ncd /srv\nsudo mkdir chp\n\ncd ./chp\n\nsudo git clone https://github.com/chainpoint/chainpoint-node-src.git\nsudo chmod 775 chainpoint-node-src\ncd ./chainpoint-node-src\ngit checkout -b v2 origin/v2\n\nsudo git clone https://michael-iglesias:faca2c20b50c456892f3b6a601ae457d7a49ff10@github.com/chainpoint/go-hydra-smart-contract-files.git artifacts/ethcontracts\n\ncurl \"http://metadata.google.internal/computeMetadata/v1/instance/network-interfaces/0/access-configs/0/external-ip\" -H \"Metadata-Flavor: Google\" \u003e eip.txt\n\nmake init\n\nmake build\n\nmake build-rocksdb\n\necho CHAINPOINT_CORE_CONNECT_IP_LIST=35.245.211.97,35.245.9.90,35.188.238.186 \u003e\u003e .env\n\nmake deploy\n\ncurl -X POST \\\n  https://us-central1-tierion-iglesias.cloudfunctions.net/eth-address-init-stream-processor \\\n  -H 'Content-Type: application/json' \\\n  -H 'Postman-Token: 127b5e92-b8fd-4fd0-b6f9-3a58f9d0c0d9' \\\n  -H 'cache-control: no-cache' \\\n  -d \"{\n\t\\\"ethAddress\\\": \\\"$(\u003ceth-address.txt)\\\"\n}\"\n\n# Start Hydra Utils to poll for a positive $TKN balance before it invokes `make register` on behalf of the Node\nnpm install -g load-testing-node-utils\nexport ETH_INFURA_API_KEY=\"ad8f210998704f9e89a37a4791d4702e\" \u0026\u0026 hydra-chp-node-utils\n\n# make register NODE_ETH_REWARDS_ADDRESS=$(\u003ceth-address.txt) NODE_PUBLIC_IP_ADDRESS=$(\u003ceip.txt) AUTO_REFILL_ENABLED=true AUTO_REFILL_AMOUNT=720\n\nexport COMPOSE_INTERACTIVE_NO_CLI=1 \u0026\u0026 docker exec `docker ps -q` bash -c \"source cli/scripts/env_secrets_expand.sh \u0026\u0026 node cli/register.js NODE_ETH_REWARDS_ADDRESS=$(\u003ceth-address.txt) NODE_PUBLIC_IP_ADDRESS=$(\u003ceip.txt) AUTO_REFILL_ENABLED=true AUTO_REFILL_AMOUNT=720\"",
                            "min_cpu_platform": "",
                            "name": "chp-node-47",
                            "network_interface.#": "1",
                            "network_interface.0.access_config.#": "1",
                            "network_interface.0.access_config.0.assigned_nat_ip": "",
                            "network_interface.0.access_config.0.nat_ip": "35.184.15.30",
                            "network_interface.0.access_config.0.network_tier": "PREMIUM",
                            "network_interface.0.access_config.0.public_ptr_domain_name": "",
                            "network_interface.0.address": "",
                            "network_interface.0.alias_ip_range.#": "0",
                            "network_interface.0.name": "nic0",
                            "network_interface.0.network": "https://www.googleapis.com/compute/v1/projects/tierion-iglesias/global/networks/default",
                            "network_interface.0.network_ip": "10.128.0.91",
                            "network_interface.0.subnetwork": "https://www.googleapis.com/compute/v1/projects/tierion-iglesias/regions/us-central1/subnetworks/default",
                            "network_interface.0.subnetwork_project": "tierion-iglesias",
                            "project": "tierion-iglesias",
                            "scheduling.#": "1",
                            "scheduling.0.automatic_restart": "true",
                            "scheduling.0.on_host_maintenance": "MIGRATE",
                            "scheduling.0.preemptible": "false",
                            "scratch_disk.#": "0",
                            "self_link": "https://www.googleapis.com/compute/v1/projects/tierion-iglesias/zones/us-central1-a/instances/chp-node-47",
                            "service_account.#": "1",
                            "service_account.0.email": "791121030057-compute@developer.gserviceaccount.com",
                            "service_account.0.scopes.#": "2",
                            "service_account.0.scopes.1328717722": "https://www.googleapis.com/auth/devstorage.read_write",
                            "service_account.0.scopes.299962681": "https://www.googleapis.com/auth/compute",
                            "tags.#": "2",
                            "tags.2152288274": "web-sg",
                            "tags.2541227442": "http",
                            "tags_fingerprint": "IJDDdaOreBI=",
                            "zone": "us-central1-a"
                        },
                        "meta": {
                            "e2bfb730-ecaa-11e6-8f88-34363bc7c4c0": {
                                "create": 360000000000,
                                "delete": 360000000000,
                                "update": 360000000000
                            },
                            "schema_version": "6"
                        },
                        "tainted": false
                    },
                    "deposed": [],
                    "provider": "provider.google"
                },
                "google_compute_instance.chp-node.48": {
                    "type": "google_compute_instance",
                    "depends_on": [
                        "data.template_file.init"
                    ],
                    "primary": {
                        "id": "chp-node-48",
                        "attributes": {
                            "attached_disk.#": "0",
                            "boot_disk.#": "1",
                            "boot_disk.0.auto_delete": "true",
                            "boot_disk.0.device_name": "persistent-disk-0",
                            "boot_disk.0.disk_encryption_key_raw": "",
                            "boot_disk.0.disk_encryption_key_sha256": "",
                            "boot_disk.0.initialize_params.#": "1",
                            "boot_disk.0.initialize_params.0.image": "https://www.googleapis.com/compute/v1/projects/ubuntu-os-cloud/global/images/ubuntu-1804-bionic-v20190628",
                            "boot_disk.0.initialize_params.0.size": "10",
                            "boot_disk.0.initialize_params.0.type": "pd-standard",
                            "boot_disk.0.source": "https://www.googleapis.com/compute/v1/projects/tierion-iglesias/zones/us-central1-a/disks/chp-node-48",
                            "can_ip_forward": "false",
                            "cpu_platform": "Intel Haswell",
                            "deletion_protection": "false",
                            "guest_accelerator.#": "0",
                            "hostname": "",
                            "id": "chp-node-48",
                            "instance_id": "316311273974682444",
                            "label_fingerprint": "42WmSpB8rSM=",
                            "labels.%": "0",
                            "machine_type": "n1-standard-1",
                            "metadata.%": "1",
                            "metadata.project": "chainpoint-hydra",
                            "metadata_fingerprint": "EpXsOtCLHos=",
                            "metadata_startup_script": "#!/bin/bash\n\nif [ -x \"$(command -v docker)\" ]; then\n    echo \"Docker already installed\"\nelse\n    echo \"Install docker\"\n    curl -fsSL https://get.docker.com -o get-docker.sh\n    bash get-docker.sh\n    sudo usermod -aG docker $USER\nfi\n\nsudo apt-get -qq install -y docker-compose git make jq nodejs npm openssl build-essential g++\ncurl -sS https://dl.yarnpkg.com/debian/pubkey.gpg | sudo apt-key add -\nif ! [ -x \"$(command -v yarn)\" ]; then\n    echo \"deb https://dl.yarnpkg.com/debian/ stable main\" | sudo tee /etc/apt/sources.list.d/yarn.list\n    sudo apt-get update -y \u0026\u0026 sudo apt-get install -y --no-install-recommends yarn\nfi\n\n# Install Stackdriver Agent\ncurl -sSO https://dl.google.com/cloudagents/install-monitoring-agent.sh\nsudo bash install-monitoring-agent.sh\n\ncd /srv\nsudo mkdir chp\n\ncd ./chp\n\nsudo git clone https://github.com/chainpoint/chainpoint-node-src.git\nsudo chmod 775 chainpoint-node-src\ncd ./chainpoint-node-src\ngit checkout -b v2 origin/v2\n\nsudo git clone https://michael-iglesias:faca2c20b50c456892f3b6a601ae457d7a49ff10@github.com/chainpoint/go-hydra-smart-contract-files.git artifacts/ethcontracts\n\ncurl \"http://metadata.google.internal/computeMetadata/v1/instance/network-interfaces/0/access-configs/0/external-ip\" -H \"Metadata-Flavor: Google\" \u003e eip.txt\n\nmake init\n\nmake build\n\nmake build-rocksdb\n\necho CHAINPOINT_CORE_CONNECT_IP_LIST=35.245.211.97,35.245.9.90,35.188.238.186 \u003e\u003e .env\n\nmake deploy\n\ncurl -X POST \\\n  https://us-central1-tierion-iglesias.cloudfunctions.net/eth-address-init-stream-processor \\\n  -H 'Content-Type: application/json' \\\n  -H 'Postman-Token: 127b5e92-b8fd-4fd0-b6f9-3a58f9d0c0d9' \\\n  -H 'cache-control: no-cache' \\\n  -d \"{\n\t\\\"ethAddress\\\": \\\"$(\u003ceth-address.txt)\\\"\n}\"\n\n# Start Hydra Utils to poll for a positive $TKN balance before it invokes `make register` on behalf of the Node\nnpm install -g load-testing-node-utils\nexport ETH_INFURA_API_KEY=\"ad8f210998704f9e89a37a4791d4702e\" \u0026\u0026 hydra-chp-node-utils\n\n# make register NODE_ETH_REWARDS_ADDRESS=$(\u003ceth-address.txt) NODE_PUBLIC_IP_ADDRESS=$(\u003ceip.txt) AUTO_REFILL_ENABLED=true AUTO_REFILL_AMOUNT=720\n\nexport COMPOSE_INTERACTIVE_NO_CLI=1 \u0026\u0026 docker exec `docker ps -q` bash -c \"source cli/scripts/env_secrets_expand.sh \u0026\u0026 node cli/register.js NODE_ETH_REWARDS_ADDRESS=$(\u003ceth-address.txt) NODE_PUBLIC_IP_ADDRESS=$(\u003ceip.txt) AUTO_REFILL_ENABLED=true AUTO_REFILL_AMOUNT=720\"",
                            "min_cpu_platform": "",
                            "name": "chp-node-48",
                            "network_interface.#": "1",
                            "network_interface.0.access_config.#": "1",
                            "network_interface.0.access_config.0.assigned_nat_ip": "",
                            "network_interface.0.access_config.0.nat_ip": "104.154.159.207",
                            "network_interface.0.access_config.0.network_tier": "PREMIUM",
                            "network_interface.0.access_config.0.public_ptr_domain_name": "",
                            "network_interface.0.address": "",
                            "network_interface.0.alias_ip_range.#": "0",
                            "network_interface.0.name": "nic0",
                            "network_interface.0.network": "https://www.googleapis.com/compute/v1/projects/tierion-iglesias/global/networks/default",
                            "network_interface.0.network_ip": "10.128.0.181",
                            "network_interface.0.subnetwork": "https://www.googleapis.com/compute/v1/projects/tierion-iglesias/regions/us-central1/subnetworks/default",
                            "network_interface.0.subnetwork_project": "tierion-iglesias",
                            "project": "tierion-iglesias",
                            "scheduling.#": "1",
                            "scheduling.0.automatic_restart": "true",
                            "scheduling.0.on_host_maintenance": "MIGRATE",
                            "scheduling.0.preemptible": "false",
                            "scratch_disk.#": "0",
                            "self_link": "https://www.googleapis.com/compute/v1/projects/tierion-iglesias/zones/us-central1-a/instances/chp-node-48",
                            "service_account.#": "1",
                            "service_account.0.email": "791121030057-compute@developer.gserviceaccount.com",
                            "service_account.0.scopes.#": "2",
                            "service_account.0.scopes.1328717722": "https://www.googleapis.com/auth/devstorage.read_write",
                            "service_account.0.scopes.299962681": "https://www.googleapis.com/auth/compute",
                            "tags.#": "2",
                            "tags.2152288274": "web-sg",
                            "tags.2541227442": "http",
                            "tags_fingerprint": "IJDDdaOreBI=",
                            "zone": "us-central1-a"
                        },
                        "meta": {
                            "e2bfb730-ecaa-11e6-8f88-34363bc7c4c0": {
                                "create": 360000000000,
                                "delete": 360000000000,
                                "update": 360000000000
                            },
                            "schema_version": "6"
                        },
                        "tainted": false
                    },
                    "deposed": [],
                    "provider": "provider.google"
                },
                "google_compute_instance.chp-node.49": {
                    "type": "google_compute_instance",
                    "depends_on": [
                        "data.template_file.init"
                    ],
                    "primary": {
                        "id": "chp-node-49",
                        "attributes": {
                            "attached_disk.#": "0",
                            "boot_disk.#": "1",
                            "boot_disk.0.auto_delete": "true",
                            "boot_disk.0.device_name": "persistent-disk-0",
                            "boot_disk.0.disk_encryption_key_raw": "",
                            "boot_disk.0.disk_encryption_key_sha256": "",
                            "boot_disk.0.initialize_params.#": "1",
                            "boot_disk.0.initialize_params.0.image": "https://www.googleapis.com/compute/v1/projects/ubuntu-os-cloud/global/images/ubuntu-1804-bionic-v20190628",
                            "boot_disk.0.initialize_params.0.size": "10",
                            "boot_disk.0.initialize_params.0.type": "pd-standard",
                            "boot_disk.0.source": "https://www.googleapis.com/compute/v1/projects/tierion-iglesias/zones/us-central1-a/disks/chp-node-49",
                            "can_ip_forward": "false",
                            "cpu_platform": "Intel Haswell",
                            "deletion_protection": "false",
                            "guest_accelerator.#": "0",
                            "hostname": "",
                            "id": "chp-node-49",
                            "instance_id": "737999993548723400",
                            "label_fingerprint": "42WmSpB8rSM=",
                            "labels.%": "0",
                            "machine_type": "n1-standard-1",
                            "metadata.%": "1",
                            "metadata.project": "chainpoint-hydra",
                            "metadata_fingerprint": "EpXsOtCLHos=",
                            "metadata_startup_script": "#!/bin/bash\n\nif [ -x \"$(command -v docker)\" ]; then\n    echo \"Docker already installed\"\nelse\n    echo \"Install docker\"\n    curl -fsSL https://get.docker.com -o get-docker.sh\n    bash get-docker.sh\n    sudo usermod -aG docker $USER\nfi\n\nsudo apt-get -qq install -y docker-compose git make jq nodejs npm openssl build-essential g++\ncurl -sS https://dl.yarnpkg.com/debian/pubkey.gpg | sudo apt-key add -\nif ! [ -x \"$(command -v yarn)\" ]; then\n    echo \"deb https://dl.yarnpkg.com/debian/ stable main\" | sudo tee /etc/apt/sources.list.d/yarn.list\n    sudo apt-get update -y \u0026\u0026 sudo apt-get install -y --no-install-recommends yarn\nfi\n\n# Install Stackdriver Agent\ncurl -sSO https://dl.google.com/cloudagents/install-monitoring-agent.sh\nsudo bash install-monitoring-agent.sh\n\ncd /srv\nsudo mkdir chp\n\ncd ./chp\n\nsudo git clone https://github.com/chainpoint/chainpoint-node-src.git\nsudo chmod 775 chainpoint-node-src\ncd ./chainpoint-node-src\ngit checkout -b v2 origin/v2\n\nsudo git clone https://michael-iglesias:faca2c20b50c456892f3b6a601ae457d7a49ff10@github.com/chainpoint/go-hydra-smart-contract-files.git artifacts/ethcontracts\n\ncurl \"http://metadata.google.internal/computeMetadata/v1/instance/network-interfaces/0/access-configs/0/external-ip\" -H \"Metadata-Flavor: Google\" \u003e eip.txt\n\nmake init\n\nmake build\n\nmake build-rocksdb\n\necho CHAINPOINT_CORE_CONNECT_IP_LIST=35.245.211.97,35.245.9.90,35.188.238.186 \u003e\u003e .env\n\nmake deploy\n\ncurl -X POST \\\n  https://us-central1-tierion-iglesias.cloudfunctions.net/eth-address-init-stream-processor \\\n  -H 'Content-Type: application/json' \\\n  -H 'Postman-Token: 127b5e92-b8fd-4fd0-b6f9-3a58f9d0c0d9' \\\n  -H 'cache-control: no-cache' \\\n  -d \"{\n\t\\\"ethAddress\\\": \\\"$(\u003ceth-address.txt)\\\"\n}\"\n\n# Start Hydra Utils to poll for a positive $TKN balance before it invokes `make register` on behalf of the Node\nnpm install -g load-testing-node-utils\nexport ETH_INFURA_API_KEY=\"ad8f210998704f9e89a37a4791d4702e\" \u0026\u0026 hydra-chp-node-utils\n\n# make register NODE_ETH_REWARDS_ADDRESS=$(\u003ceth-address.txt) NODE_PUBLIC_IP_ADDRESS=$(\u003ceip.txt) AUTO_REFILL_ENABLED=true AUTO_REFILL_AMOUNT=720\n\nexport COMPOSE_INTERACTIVE_NO_CLI=1 \u0026\u0026 docker exec `docker ps -q` bash -c \"source cli/scripts/env_secrets_expand.sh \u0026\u0026 node cli/register.js NODE_ETH_REWARDS_ADDRESS=$(\u003ceth-address.txt) NODE_PUBLIC_IP_ADDRESS=$(\u003ceip.txt) AUTO_REFILL_ENABLED=true AUTO_REFILL_AMOUNT=720\"",
                            "min_cpu_platform": "",
                            "name": "chp-node-49",
                            "network_interface.#": "1",
                            "network_interface.0.access_config.#": "1",
                            "network_interface.0.access_config.0.assigned_nat_ip": "",
                            "network_interface.0.access_config.0.nat_ip": "35.188.133.141",
                            "network_interface.0.access_config.0.network_tier": "PREMIUM",
                            "network_interface.0.access_config.0.public_ptr_domain_name": "",
                            "network_interface.0.address": "",
                            "network_interface.0.alias_ip_range.#": "0",
                            "network_interface.0.name": "nic0",
                            "network_interface.0.network": "https://www.googleapis.com/compute/v1/projects/tierion-iglesias/global/networks/default",
                            "network_interface.0.network_ip": "10.128.15.218",
                            "network_interface.0.subnetwork": "https://www.googleapis.com/compute/v1/projects/tierion-iglesias/regions/us-central1/subnetworks/default",
                            "network_interface.0.subnetwork_project": "tierion-iglesias",
                            "project": "tierion-iglesias",
                            "scheduling.#": "1",
                            "scheduling.0.automatic_restart": "true",
                            "scheduling.0.on_host_maintenance": "MIGRATE",
                            "scheduling.0.preemptible": "false",
                            "scratch_disk.#": "0",
                            "self_link": "https://www.googleapis.com/compute/v1/projects/tierion-iglesias/zones/us-central1-a/instances/chp-node-49",
                            "service_account.#": "1",
                            "service_account.0.email": "791121030057-compute@developer.gserviceaccount.com",
                            "service_account.0.scopes.#": "2",
                            "service_account.0.scopes.1328717722": "https://www.googleapis.com/auth/devstorage.read_write",
                            "service_account.0.scopes.299962681": "https://www.googleapis.com/auth/compute",
                            "tags.#": "2",
                            "tags.2152288274": "web-sg",
                            "tags.2541227442": "http",
                            "tags_fingerprint": "IJDDdaOreBI=",
                            "zone": "us-central1-a"
                        },
                        "meta": {
                            "e2bfb730-ecaa-11e6-8f88-34363bc7c4c0": {
                                "create": 360000000000,
                                "delete": 360000000000,
                                "update": 360000000000
                            },
                            "schema_version": "6"
                        },
                        "tainted": false
                    },
                    "deposed": [],
                    "provider": "provider.google"
                },
                "google_compute_instance.chp-node.5": {
                    "type": "google_compute_instance",
                    "depends_on": [
                        "data.template_file.init"
                    ],
                    "primary": {
                        "id": "chp-node-5",
                        "attributes": {
                            "attached_disk.#": "0",
                            "boot_disk.#": "1",
                            "boot_disk.0.auto_delete": "true",
                            "boot_disk.0.device_name": "persistent-disk-0",
                            "boot_disk.0.disk_encryption_key_raw": "",
                            "boot_disk.0.disk_encryption_key_sha256": "",
                            "boot_disk.0.initialize_params.#": "1",
                            "boot_disk.0.initialize_params.0.image": "https://www.googleapis.com/compute/v1/projects/ubuntu-os-cloud/global/images/ubuntu-1804-bionic-v20190628",
                            "boot_disk.0.initialize_params.0.size": "10",
                            "boot_disk.0.initialize_params.0.type": "pd-standard",
                            "boot_disk.0.source": "https://www.googleapis.com/compute/v1/projects/tierion-iglesias/zones/us-central1-a/disks/chp-node-5",
                            "can_ip_forward": "false",
                            "cpu_platform": "Intel Haswell",
                            "deletion_protection": "false",
                            "guest_accelerator.#": "0",
                            "hostname": "",
                            "id": "chp-node-5",
                            "instance_id": "481465741602083801",
                            "label_fingerprint": "42WmSpB8rSM=",
                            "labels.%": "0",
                            "machine_type": "n1-standard-1",
                            "metadata.%": "1",
                            "metadata.project": "chainpoint-hydra",
                            "metadata_fingerprint": "EpXsOtCLHos=",
                            "metadata_startup_script": "#!/bin/bash\n\nif [ -x \"$(command -v docker)\" ]; then\n    echo \"Docker already installed\"\nelse\n    echo \"Install docker\"\n    curl -fsSL https://get.docker.com -o get-docker.sh\n    bash get-docker.sh\n    sudo usermod -aG docker $USER\nfi\n\nsudo apt-get -qq install -y docker-compose git make jq nodejs npm openssl build-essential g++\ncurl -sS https://dl.yarnpkg.com/debian/pubkey.gpg | sudo apt-key add -\nif ! [ -x \"$(command -v yarn)\" ]; then\n    echo \"deb https://dl.yarnpkg.com/debian/ stable main\" | sudo tee /etc/apt/sources.list.d/yarn.list\n    sudo apt-get update -y \u0026\u0026 sudo apt-get install -y --no-install-recommends yarn\nfi\n\n# Install Stackdriver Agent\ncurl -sSO https://dl.google.com/cloudagents/install-monitoring-agent.sh\nsudo bash install-monitoring-agent.sh\n\ncd /srv\nsudo mkdir chp\n\ncd ./chp\n\nsudo git clone https://github.com/chainpoint/chainpoint-node-src.git\nsudo chmod 775 chainpoint-node-src\ncd ./chainpoint-node-src\ngit checkout -b v2 origin/v2\n\nsudo git clone https://michael-iglesias:faca2c20b50c456892f3b6a601ae457d7a49ff10@github.com/chainpoint/go-hydra-smart-contract-files.git artifacts/ethcontracts\n\ncurl \"http://metadata.google.internal/computeMetadata/v1/instance/network-interfaces/0/access-configs/0/external-ip\" -H \"Metadata-Flavor: Google\" \u003e eip.txt\n\nmake init\n\nmake build\n\nmake build-rocksdb\n\necho CHAINPOINT_CORE_CONNECT_IP_LIST=35.245.211.97,35.245.9.90,35.188.238.186 \u003e\u003e .env\n\nmake deploy\n\ncurl -X POST \\\n  https://us-central1-tierion-iglesias.cloudfunctions.net/eth-address-init-stream-processor \\\n  -H 'Content-Type: application/json' \\\n  -H 'Postman-Token: 127b5e92-b8fd-4fd0-b6f9-3a58f9d0c0d9' \\\n  -H 'cache-control: no-cache' \\\n  -d \"{\n\t\\\"ethAddress\\\": \\\"$(\u003ceth-address.txt)\\\"\n}\"\n\n# Start Hydra Utils to poll for a positive $TKN balance before it invokes `make register` on behalf of the Node\nnpm install -g load-testing-node-utils\nexport ETH_INFURA_API_KEY=\"ad8f210998704f9e89a37a4791d4702e\" \u0026\u0026 hydra-chp-node-utils\n\n# make register NODE_ETH_REWARDS_ADDRESS=$(\u003ceth-address.txt) NODE_PUBLIC_IP_ADDRESS=$(\u003ceip.txt) AUTO_REFILL_ENABLED=true AUTO_REFILL_AMOUNT=720\n\nexport COMPOSE_INTERACTIVE_NO_CLI=1 \u0026\u0026 docker exec `docker ps -q` bash -c \"source cli/scripts/env_secrets_expand.sh \u0026\u0026 node cli/register.js NODE_ETH_REWARDS_ADDRESS=$(\u003ceth-address.txt) NODE_PUBLIC_IP_ADDRESS=$(\u003ceip.txt) AUTO_REFILL_ENABLED=true AUTO_REFILL_AMOUNT=720\"",
                            "min_cpu_platform": "",
                            "name": "chp-node-5",
                            "network_interface.#": "1",
                            "network_interface.0.access_config.#": "1",
                            "network_interface.0.access_config.0.assigned_nat_ip": "",
                            "network_interface.0.access_config.0.nat_ip": "35.193.151.49",
                            "network_interface.0.access_config.0.network_tier": "PREMIUM",
                            "network_interface.0.access_config.0.public_ptr_domain_name": "",
                            "network_interface.0.address": "",
                            "network_interface.0.alias_ip_range.#": "0",
                            "network_interface.0.name": "nic0",
                            "network_interface.0.network": "https://www.googleapis.com/compute/v1/projects/tierion-iglesias/global/networks/default",
                            "network_interface.0.network_ip": "10.128.0.166",
                            "network_interface.0.subnetwork": "https://www.googleapis.com/compute/v1/projects/tierion-iglesias/regions/us-central1/subnetworks/default",
                            "network_interface.0.subnetwork_project": "tierion-iglesias",
                            "project": "tierion-iglesias",
                            "scheduling.#": "1",
                            "scheduling.0.automatic_restart": "true",
                            "scheduling.0.on_host_maintenance": "MIGRATE",
                            "scheduling.0.preemptible": "false",
                            "scratch_disk.#": "0",
                            "self_link": "https://www.googleapis.com/compute/v1/projects/tierion-iglesias/zones/us-central1-a/instances/chp-node-5",
                            "service_account.#": "1",
                            "service_account.0.email": "791121030057-compute@developer.gserviceaccount.com",
                            "service_account.0.scopes.#": "2",
                            "service_account.0.scopes.1328717722": "https://www.googleapis.com/auth/devstorage.read_write",
                            "service_account.0.scopes.299962681": "https://www.googleapis.com/auth/compute",
                            "tags.#": "2",
                            "tags.2152288274": "web-sg",
                            "tags.2541227442": "http",
                            "tags_fingerprint": "IJDDdaOreBI=",
                            "zone": "us-central1-a"
                        },
                        "meta": {
                            "e2bfb730-ecaa-11e6-8f88-34363bc7c4c0": {
                                "create": 360000000000,
                                "delete": 360000000000,
                                "update": 360000000000
                            },
                            "schema_version": "6"
                        },
                        "tainted": false
                    },
                    "deposed": [],
                    "provider": "provider.google"
                },
                "google_compute_instance.chp-node.50": {
                    "type": "google_compute_instance",
                    "depends_on": [
                        "data.template_file.init"
                    ],
                    "primary": {
                        "id": "chp-node-50",
                        "attributes": {
                            "attached_disk.#": "0",
                            "boot_disk.#": "1",
                            "boot_disk.0.auto_delete": "true",
                            "boot_disk.0.device_name": "persistent-disk-0",
                            "boot_disk.0.disk_encryption_key_raw": "",
                            "boot_disk.0.disk_encryption_key_sha256": "",
                            "boot_disk.0.initialize_params.#": "1",
                            "boot_disk.0.initialize_params.0.image": "https://www.googleapis.com/compute/v1/projects/ubuntu-os-cloud/global/images/ubuntu-1804-bionic-v20190628",
                            "boot_disk.0.initialize_params.0.size": "10",
                            "boot_disk.0.initialize_params.0.type": "pd-standard",
                            "boot_disk.0.source": "https://www.googleapis.com/compute/v1/projects/tierion-iglesias/zones/us-central1-a/disks/chp-node-50",
                            "can_ip_forward": "false",
                            "cpu_platform": "Intel Haswell",
                            "deletion_protection": "false",
                            "guest_accelerator.#": "0",
                            "hostname": "",
                            "id": "chp-node-50",
                            "instance_id": "6362984271593231465",
                            "label_fingerprint": "42WmSpB8rSM=",
                            "labels.%": "0",
                            "machine_type": "n1-standard-1",
                            "metadata.%": "1",
                            "metadata.project": "chainpoint-hydra",
                            "metadata_fingerprint": "EpXsOtCLHos=",
                            "metadata_startup_script": "#!/bin/bash\n\nif [ -x \"$(command -v docker)\" ]; then\n    echo \"Docker already installed\"\nelse\n    echo \"Install docker\"\n    curl -fsSL https://get.docker.com -o get-docker.sh\n    bash get-docker.sh\n    sudo usermod -aG docker $USER\nfi\n\nsudo apt-get -qq install -y docker-compose git make jq nodejs npm openssl build-essential g++\ncurl -sS https://dl.yarnpkg.com/debian/pubkey.gpg | sudo apt-key add -\nif ! [ -x \"$(command -v yarn)\" ]; then\n    echo \"deb https://dl.yarnpkg.com/debian/ stable main\" | sudo tee /etc/apt/sources.list.d/yarn.list\n    sudo apt-get update -y \u0026\u0026 sudo apt-get install -y --no-install-recommends yarn\nfi\n\n# Install Stackdriver Agent\ncurl -sSO https://dl.google.com/cloudagents/install-monitoring-agent.sh\nsudo bash install-monitoring-agent.sh\n\ncd /srv\nsudo mkdir chp\n\ncd ./chp\n\nsudo git clone https://github.com/chainpoint/chainpoint-node-src.git\nsudo chmod 775 chainpoint-node-src\ncd ./chainpoint-node-src\ngit checkout -b v2 origin/v2\n\nsudo git clone https://michael-iglesias:faca2c20b50c456892f3b6a601ae457d7a49ff10@github.com/chainpoint/go-hydra-smart-contract-files.git artifacts/ethcontracts\n\ncurl \"http://metadata.google.internal/computeMetadata/v1/instance/network-interfaces/0/access-configs/0/external-ip\" -H \"Metadata-Flavor: Google\" \u003e eip.txt\n\nmake init\n\nmake build\n\nmake build-rocksdb\n\necho CHAINPOINT_CORE_CONNECT_IP_LIST=35.245.211.97,35.245.9.90,35.188.238.186 \u003e\u003e .env\n\nmake deploy\n\ncurl -X POST \\\n  https://us-central1-tierion-iglesias.cloudfunctions.net/eth-address-init-stream-processor \\\n  -H 'Content-Type: application/json' \\\n  -H 'Postman-Token: 127b5e92-b8fd-4fd0-b6f9-3a58f9d0c0d9' \\\n  -H 'cache-control: no-cache' \\\n  -d \"{\n\t\\\"ethAddress\\\": \\\"$(\u003ceth-address.txt)\\\"\n}\"\n\n# Start Hydra Utils to poll for a positive $TKN balance before it invokes `make register` on behalf of the Node\nnpm install -g load-testing-node-utils\nexport ETH_INFURA_API_KEY=\"ad8f210998704f9e89a37a4791d4702e\" \u0026\u0026 hydra-chp-node-utils\n\n# make register NODE_ETH_REWARDS_ADDRESS=$(\u003ceth-address.txt) NODE_PUBLIC_IP_ADDRESS=$(\u003ceip.txt) AUTO_REFILL_ENABLED=true AUTO_REFILL_AMOUNT=720\n\nexport COMPOSE_INTERACTIVE_NO_CLI=1 \u0026\u0026 docker exec `docker ps -q` bash -c \"source cli/scripts/env_secrets_expand.sh \u0026\u0026 node cli/register.js NODE_ETH_REWARDS_ADDRESS=$(\u003ceth-address.txt) NODE_PUBLIC_IP_ADDRESS=$(\u003ceip.txt) AUTO_REFILL_ENABLED=true AUTO_REFILL_AMOUNT=720\"",
                            "min_cpu_platform": "",
                            "name": "chp-node-50",
                            "network_interface.#": "1",
                            "network_interface.0.access_config.#": "1",
                            "network_interface.0.access_config.0.assigned_nat_ip": "",
                            "network_interface.0.access_config.0.nat_ip": "34.67.35.46",
                            "network_interface.0.access_config.0.network_tier": "PREMIUM",
                            "network_interface.0.access_config.0.public_ptr_domain_name": "",
                            "network_interface.0.address": "",
                            "network_interface.0.alias_ip_range.#": "0",
                            "network_interface.0.name": "nic0",
                            "network_interface.0.network": "https://www.googleapis.com/compute/v1/projects/tierion-iglesias/global/networks/default",
                            "network_interface.0.network_ip": "10.128.15.232",
                            "network_interface.0.subnetwork": "https://www.googleapis.com/compute/v1/projects/tierion-iglesias/regions/us-central1/subnetworks/default",
                            "network_interface.0.subnetwork_project": "tierion-iglesias",
                            "project": "tierion-iglesias",
                            "scheduling.#": "1",
                            "scheduling.0.automatic_restart": "true",
                            "scheduling.0.on_host_maintenance": "MIGRATE",
                            "scheduling.0.preemptible": "false",
                            "scratch_disk.#": "0",
                            "self_link": "https://www.googleapis.com/compute/v1/projects/tierion-iglesias/zones/us-central1-a/instances/chp-node-50",
                            "service_account.#": "1",
                            "service_account.0.email": "791121030057-compute@developer.gserviceaccount.com",
                            "service_account.0.scopes.#": "2",
                            "service_account.0.scopes.1328717722": "https://www.googleapis.com/auth/devstorage.read_write",
                            "service_account.0.scopes.299962681": "https://www.googleapis.com/auth/compute",
                            "tags.#": "2",
                            "tags.2152288274": "web-sg",
                            "tags.2541227442": "http",
                            "tags_fingerprint": "IJDDdaOreBI=",
                            "zone": "us-central1-a"
                        },
                        "meta": {
                            "e2bfb730-ecaa-11e6-8f88-34363bc7c4c0": {
                                "create": 360000000000,
                                "delete": 360000000000,
                                "update": 360000000000
                            },
                            "schema_version": "6"
                        },
                        "tainted": false
                    },
                    "deposed": [],
                    "provider": "provider.google"
                },
                "google_compute_instance.chp-node.51": {
                    "type": "google_compute_instance",
                    "depends_on": [
                        "data.template_file.init"
                    ],
                    "primary": {
                        "id": "chp-node-51",
                        "attributes": {
                            "attached_disk.#": "0",
                            "boot_disk.#": "1",
                            "boot_disk.0.auto_delete": "true",
                            "boot_disk.0.device_name": "persistent-disk-0",
                            "boot_disk.0.disk_encryption_key_raw": "",
                            "boot_disk.0.disk_encryption_key_sha256": "",
                            "boot_disk.0.initialize_params.#": "1",
                            "boot_disk.0.initialize_params.0.image": "https://www.googleapis.com/compute/v1/projects/ubuntu-os-cloud/global/images/ubuntu-1804-bionic-v20190628",
                            "boot_disk.0.initialize_params.0.size": "10",
                            "boot_disk.0.initialize_params.0.type": "pd-standard",
                            "boot_disk.0.source": "https://www.googleapis.com/compute/v1/projects/tierion-iglesias/zones/us-central1-a/disks/chp-node-51",
                            "can_ip_forward": "false",
                            "cpu_platform": "Intel Haswell",
                            "deletion_protection": "false",
                            "guest_accelerator.#": "0",
                            "hostname": "",
                            "id": "chp-node-51",
                            "instance_id": "3605238109303100811",
                            "label_fingerprint": "42WmSpB8rSM=",
                            "labels.%": "0",
                            "machine_type": "n1-standard-1",
                            "metadata.%": "1",
                            "metadata.project": "chainpoint-hydra",
                            "metadata_fingerprint": "EpXsOtCLHos=",
                            "metadata_startup_script": "#!/bin/bash\n\nif [ -x \"$(command -v docker)\" ]; then\n    echo \"Docker already installed\"\nelse\n    echo \"Install docker\"\n    curl -fsSL https://get.docker.com -o get-docker.sh\n    bash get-docker.sh\n    sudo usermod -aG docker $USER\nfi\n\nsudo apt-get -qq install -y docker-compose git make jq nodejs npm openssl build-essential g++\ncurl -sS https://dl.yarnpkg.com/debian/pubkey.gpg | sudo apt-key add -\nif ! [ -x \"$(command -v yarn)\" ]; then\n    echo \"deb https://dl.yarnpkg.com/debian/ stable main\" | sudo tee /etc/apt/sources.list.d/yarn.list\n    sudo apt-get update -y \u0026\u0026 sudo apt-get install -y --no-install-recommends yarn\nfi\n\n# Install Stackdriver Agent\ncurl -sSO https://dl.google.com/cloudagents/install-monitoring-agent.sh\nsudo bash install-monitoring-agent.sh\n\ncd /srv\nsudo mkdir chp\n\ncd ./chp\n\nsudo git clone https://github.com/chainpoint/chainpoint-node-src.git\nsudo chmod 775 chainpoint-node-src\ncd ./chainpoint-node-src\ngit checkout -b v2 origin/v2\n\nsudo git clone https://michael-iglesias:faca2c20b50c456892f3b6a601ae457d7a49ff10@github.com/chainpoint/go-hydra-smart-contract-files.git artifacts/ethcontracts\n\ncurl \"http://metadata.google.internal/computeMetadata/v1/instance/network-interfaces/0/access-configs/0/external-ip\" -H \"Metadata-Flavor: Google\" \u003e eip.txt\n\nmake init\n\nmake build\n\nmake build-rocksdb\n\necho CHAINPOINT_CORE_CONNECT_IP_LIST=35.245.211.97,35.245.9.90,35.188.238.186 \u003e\u003e .env\n\nmake deploy\n\ncurl -X POST \\\n  https://us-central1-tierion-iglesias.cloudfunctions.net/eth-address-init-stream-processor \\\n  -H 'Content-Type: application/json' \\\n  -H 'Postman-Token: 127b5e92-b8fd-4fd0-b6f9-3a58f9d0c0d9' \\\n  -H 'cache-control: no-cache' \\\n  -d \"{\n\t\\\"ethAddress\\\": \\\"$(\u003ceth-address.txt)\\\"\n}\"\n\n# Start Hydra Utils to poll for a positive $TKN balance before it invokes `make register` on behalf of the Node\nnpm install -g load-testing-node-utils\nexport ETH_INFURA_API_KEY=\"ad8f210998704f9e89a37a4791d4702e\" \u0026\u0026 hydra-chp-node-utils\n\n# make register NODE_ETH_REWARDS_ADDRESS=$(\u003ceth-address.txt) NODE_PUBLIC_IP_ADDRESS=$(\u003ceip.txt) AUTO_REFILL_ENABLED=true AUTO_REFILL_AMOUNT=720\n\nexport COMPOSE_INTERACTIVE_NO_CLI=1 \u0026\u0026 docker exec `docker ps -q` bash -c \"source cli/scripts/env_secrets_expand.sh \u0026\u0026 node cli/register.js NODE_ETH_REWARDS_ADDRESS=$(\u003ceth-address.txt) NODE_PUBLIC_IP_ADDRESS=$(\u003ceip.txt) AUTO_REFILL_ENABLED=true AUTO_REFILL_AMOUNT=720\"",
                            "min_cpu_platform": "",
                            "name": "chp-node-51",
                            "network_interface.#": "1",
                            "network_interface.0.access_config.#": "1",
                            "network_interface.0.access_config.0.assigned_nat_ip": "",
                            "network_interface.0.access_config.0.nat_ip": "34.68.140.45",
                            "network_interface.0.access_config.0.network_tier": "PREMIUM",
                            "network_interface.0.access_config.0.public_ptr_domain_name": "",
                            "network_interface.0.address": "",
                            "network_interface.0.alias_ip_range.#": "0",
                            "network_interface.0.name": "nic0",
                            "network_interface.0.network": "https://www.googleapis.com/compute/v1/projects/tierion-iglesias/global/networks/default",
                            "network_interface.0.network_ip": "10.128.0.80",
                            "network_interface.0.subnetwork": "https://www.googleapis.com/compute/v1/projects/tierion-iglesias/regions/us-central1/subnetworks/default",
                            "network_interface.0.subnetwork_project": "tierion-iglesias",
                            "project": "tierion-iglesias",
                            "scheduling.#": "1",
                            "scheduling.0.automatic_restart": "true",
                            "scheduling.0.on_host_maintenance": "MIGRATE",
                            "scheduling.0.preemptible": "false",
                            "scratch_disk.#": "0",
                            "self_link": "https://www.googleapis.com/compute/v1/projects/tierion-iglesias/zones/us-central1-a/instances/chp-node-51",
                            "service_account.#": "1",
                            "service_account.0.email": "791121030057-compute@developer.gserviceaccount.com",
                            "service_account.0.scopes.#": "2",
                            "service_account.0.scopes.1328717722": "https://www.googleapis.com/auth/devstorage.read_write",
                            "service_account.0.scopes.299962681": "https://www.googleapis.com/auth/compute",
                            "tags.#": "2",
                            "tags.2152288274": "web-sg",
                            "tags.2541227442": "http",
                            "tags_fingerprint": "IJDDdaOreBI=",
                            "zone": "us-central1-a"
                        },
                        "meta": {
                            "e2bfb730-ecaa-11e6-8f88-34363bc7c4c0": {
                                "create": 360000000000,
                                "delete": 360000000000,
                                "update": 360000000000
                            },
                            "schema_version": "6"
                        },
                        "tainted": false
                    },
                    "deposed": [],
                    "provider": "provider.google"
                },
                "google_compute_instance.chp-node.52": {
                    "type": "google_compute_instance",
                    "depends_on": [
                        "data.template_file.init"
                    ],
                    "primary": {
                        "id": "chp-node-52",
                        "attributes": {
                            "attached_disk.#": "0",
                            "boot_disk.#": "1",
                            "boot_disk.0.auto_delete": "true",
                            "boot_disk.0.device_name": "persistent-disk-0",
                            "boot_disk.0.disk_encryption_key_raw": "",
                            "boot_disk.0.disk_encryption_key_sha256": "",
                            "boot_disk.0.initialize_params.#": "1",
                            "boot_disk.0.initialize_params.0.image": "https://www.googleapis.com/compute/v1/projects/ubuntu-os-cloud/global/images/ubuntu-1804-bionic-v20190628",
                            "boot_disk.0.initialize_params.0.size": "10",
                            "boot_disk.0.initialize_params.0.type": "pd-standard",
                            "boot_disk.0.source": "https://www.googleapis.com/compute/v1/projects/tierion-iglesias/zones/us-central1-a/disks/chp-node-52",
                            "can_ip_forward": "false",
                            "cpu_platform": "Intel Haswell",
                            "deletion_protection": "false",
                            "guest_accelerator.#": "0",
                            "hostname": "",
                            "id": "chp-node-52",
                            "instance_id": "4713233070582812892",
                            "label_fingerprint": "42WmSpB8rSM=",
                            "labels.%": "0",
                            "machine_type": "n1-standard-1",
                            "metadata.%": "1",
                            "metadata.project": "chainpoint-hydra",
                            "metadata_fingerprint": "EpXsOtCLHos=",
                            "metadata_startup_script": "#!/bin/bash\n\nif [ -x \"$(command -v docker)\" ]; then\n    echo \"Docker already installed\"\nelse\n    echo \"Install docker\"\n    curl -fsSL https://get.docker.com -o get-docker.sh\n    bash get-docker.sh\n    sudo usermod -aG docker $USER\nfi\n\nsudo apt-get -qq install -y docker-compose git make jq nodejs npm openssl build-essential g++\ncurl -sS https://dl.yarnpkg.com/debian/pubkey.gpg | sudo apt-key add -\nif ! [ -x \"$(command -v yarn)\" ]; then\n    echo \"deb https://dl.yarnpkg.com/debian/ stable main\" | sudo tee /etc/apt/sources.list.d/yarn.list\n    sudo apt-get update -y \u0026\u0026 sudo apt-get install -y --no-install-recommends yarn\nfi\n\n# Install Stackdriver Agent\ncurl -sSO https://dl.google.com/cloudagents/install-monitoring-agent.sh\nsudo bash install-monitoring-agent.sh\n\ncd /srv\nsudo mkdir chp\n\ncd ./chp\n\nsudo git clone https://github.com/chainpoint/chainpoint-node-src.git\nsudo chmod 775 chainpoint-node-src\ncd ./chainpoint-node-src\ngit checkout -b v2 origin/v2\n\nsudo git clone https://michael-iglesias:faca2c20b50c456892f3b6a601ae457d7a49ff10@github.com/chainpoint/go-hydra-smart-contract-files.git artifacts/ethcontracts\n\ncurl \"http://metadata.google.internal/computeMetadata/v1/instance/network-interfaces/0/access-configs/0/external-ip\" -H \"Metadata-Flavor: Google\" \u003e eip.txt\n\nmake init\n\nmake build\n\nmake build-rocksdb\n\necho CHAINPOINT_CORE_CONNECT_IP_LIST=35.245.211.97,35.245.9.90,35.188.238.186 \u003e\u003e .env\n\nmake deploy\n\ncurl -X POST \\\n  https://us-central1-tierion-iglesias.cloudfunctions.net/eth-address-init-stream-processor \\\n  -H 'Content-Type: application/json' \\\n  -H 'Postman-Token: 127b5e92-b8fd-4fd0-b6f9-3a58f9d0c0d9' \\\n  -H 'cache-control: no-cache' \\\n  -d \"{\n\t\\\"ethAddress\\\": \\\"$(\u003ceth-address.txt)\\\"\n}\"\n\n# Start Hydra Utils to poll for a positive $TKN balance before it invokes `make register` on behalf of the Node\nnpm install -g load-testing-node-utils\nexport ETH_INFURA_API_KEY=\"ad8f210998704f9e89a37a4791d4702e\" \u0026\u0026 hydra-chp-node-utils\n\n# make register NODE_ETH_REWARDS_ADDRESS=$(\u003ceth-address.txt) NODE_PUBLIC_IP_ADDRESS=$(\u003ceip.txt) AUTO_REFILL_ENABLED=true AUTO_REFILL_AMOUNT=720\n\nexport COMPOSE_INTERACTIVE_NO_CLI=1 \u0026\u0026 docker exec `docker ps -q` bash -c \"source cli/scripts/env_secrets_expand.sh \u0026\u0026 node cli/register.js NODE_ETH_REWARDS_ADDRESS=$(\u003ceth-address.txt) NODE_PUBLIC_IP_ADDRESS=$(\u003ceip.txt) AUTO_REFILL_ENABLED=true AUTO_REFILL_AMOUNT=720\"",
                            "min_cpu_platform": "",
                            "name": "chp-node-52",
                            "network_interface.#": "1",
                            "network_interface.0.access_config.#": "1",
                            "network_interface.0.access_config.0.assigned_nat_ip": "",
                            "network_interface.0.access_config.0.nat_ip": "34.67.86.0",
                            "network_interface.0.access_config.0.network_tier": "PREMIUM",
                            "network_interface.0.access_config.0.public_ptr_domain_name": "",
                            "network_interface.0.address": "",
                            "network_interface.0.alias_ip_range.#": "0",
                            "network_interface.0.name": "nic0",
                            "network_interface.0.network": "https://www.googleapis.com/compute/v1/projects/tierion-iglesias/global/networks/default",
                            "network_interface.0.network_ip": "10.128.0.211",
                            "network_interface.0.subnetwork": "https://www.googleapis.com/compute/v1/projects/tierion-iglesias/regions/us-central1/subnetworks/default",
                            "network_interface.0.subnetwork_project": "tierion-iglesias",
                            "project": "tierion-iglesias",
                            "scheduling.#": "1",
                            "scheduling.0.automatic_restart": "true",
                            "scheduling.0.on_host_maintenance": "MIGRATE",
                            "scheduling.0.preemptible": "false",
                            "scratch_disk.#": "0",
                            "self_link": "https://www.googleapis.com/compute/v1/projects/tierion-iglesias/zones/us-central1-a/instances/chp-node-52",
                            "service_account.#": "1",
                            "service_account.0.email": "791121030057-compute@developer.gserviceaccount.com",
                            "service_account.0.scopes.#": "2",
                            "service_account.0.scopes.1328717722": "https://www.googleapis.com/auth/devstorage.read_write",
                            "service_account.0.scopes.299962681": "https://www.googleapis.com/auth/compute",
                            "tags.#": "2",
                            "tags.2152288274": "web-sg",
                            "tags.2541227442": "http",
                            "tags_fingerprint": "IJDDdaOreBI=",
                            "zone": "us-central1-a"
                        },
                        "meta": {
                            "e2bfb730-ecaa-11e6-8f88-34363bc7c4c0": {
                                "create": 360000000000,
                                "delete": 360000000000,
                                "update": 360000000000
                            },
                            "schema_version": "6"
                        },
                        "tainted": false
                    },
                    "deposed": [],
                    "provider": "provider.google"
                },
                "google_compute_instance.chp-node.53": {
                    "type": "google_compute_instance",
                    "depends_on": [
                        "data.template_file.init"
                    ],
                    "primary": {
                        "id": "chp-node-53",
                        "attributes": {
                            "attached_disk.#": "0",
                            "boot_disk.#": "1",
                            "boot_disk.0.auto_delete": "true",
                            "boot_disk.0.device_name": "persistent-disk-0",
                            "boot_disk.0.disk_encryption_key_raw": "",
                            "boot_disk.0.disk_encryption_key_sha256": "",
                            "boot_disk.0.initialize_params.#": "1",
                            "boot_disk.0.initialize_params.0.image": "https://www.googleapis.com/compute/v1/projects/ubuntu-os-cloud/global/images/ubuntu-1804-bionic-v20190628",
                            "boot_disk.0.initialize_params.0.size": "10",
                            "boot_disk.0.initialize_params.0.type": "pd-standard",
                            "boot_disk.0.source": "https://www.googleapis.com/compute/v1/projects/tierion-iglesias/zones/us-central1-a/disks/chp-node-53",
                            "can_ip_forward": "false",
                            "cpu_platform": "Intel Haswell",
                            "deletion_protection": "false",
                            "guest_accelerator.#": "0",
                            "hostname": "",
                            "id": "chp-node-53",
                            "instance_id": "6354388938227340402",
                            "label_fingerprint": "42WmSpB8rSM=",
                            "labels.%": "0",
                            "machine_type": "n1-standard-1",
                            "metadata.%": "1",
                            "metadata.project": "chainpoint-hydra",
                            "metadata_fingerprint": "EpXsOtCLHos=",
                            "metadata_startup_script": "#!/bin/bash\n\nif [ -x \"$(command -v docker)\" ]; then\n    echo \"Docker already installed\"\nelse\n    echo \"Install docker\"\n    curl -fsSL https://get.docker.com -o get-docker.sh\n    bash get-docker.sh\n    sudo usermod -aG docker $USER\nfi\n\nsudo apt-get -qq install -y docker-compose git make jq nodejs npm openssl build-essential g++\ncurl -sS https://dl.yarnpkg.com/debian/pubkey.gpg | sudo apt-key add -\nif ! [ -x \"$(command -v yarn)\" ]; then\n    echo \"deb https://dl.yarnpkg.com/debian/ stable main\" | sudo tee /etc/apt/sources.list.d/yarn.list\n    sudo apt-get update -y \u0026\u0026 sudo apt-get install -y --no-install-recommends yarn\nfi\n\n# Install Stackdriver Agent\ncurl -sSO https://dl.google.com/cloudagents/install-monitoring-agent.sh\nsudo bash install-monitoring-agent.sh\n\ncd /srv\nsudo mkdir chp\n\ncd ./chp\n\nsudo git clone https://github.com/chainpoint/chainpoint-node-src.git\nsudo chmod 775 chainpoint-node-src\ncd ./chainpoint-node-src\ngit checkout -b v2 origin/v2\n\nsudo git clone https://michael-iglesias:faca2c20b50c456892f3b6a601ae457d7a49ff10@github.com/chainpoint/go-hydra-smart-contract-files.git artifacts/ethcontracts\n\ncurl \"http://metadata.google.internal/computeMetadata/v1/instance/network-interfaces/0/access-configs/0/external-ip\" -H \"Metadata-Flavor: Google\" \u003e eip.txt\n\nmake init\n\nmake build\n\nmake build-rocksdb\n\necho CHAINPOINT_CORE_CONNECT_IP_LIST=35.245.211.97,35.245.9.90,35.188.238.186 \u003e\u003e .env\n\nmake deploy\n\ncurl -X POST \\\n  https://us-central1-tierion-iglesias.cloudfunctions.net/eth-address-init-stream-processor \\\n  -H 'Content-Type: application/json' \\\n  -H 'Postman-Token: 127b5e92-b8fd-4fd0-b6f9-3a58f9d0c0d9' \\\n  -H 'cache-control: no-cache' \\\n  -d \"{\n\t\\\"ethAddress\\\": \\\"$(\u003ceth-address.txt)\\\"\n}\"\n\n# Start Hydra Utils to poll for a positive $TKN balance before it invokes `make register` on behalf of the Node\nnpm install -g load-testing-node-utils\nexport ETH_INFURA_API_KEY=\"ad8f210998704f9e89a37a4791d4702e\" \u0026\u0026 hydra-chp-node-utils\n\n# make register NODE_ETH_REWARDS_ADDRESS=$(\u003ceth-address.txt) NODE_PUBLIC_IP_ADDRESS=$(\u003ceip.txt) AUTO_REFILL_ENABLED=true AUTO_REFILL_AMOUNT=720\n\nexport COMPOSE_INTERACTIVE_NO_CLI=1 \u0026\u0026 docker exec `docker ps -q` bash -c \"source cli/scripts/env_secrets_expand.sh \u0026\u0026 node cli/register.js NODE_ETH_REWARDS_ADDRESS=$(\u003ceth-address.txt) NODE_PUBLIC_IP_ADDRESS=$(\u003ceip.txt) AUTO_REFILL_ENABLED=true AUTO_REFILL_AMOUNT=720\"",
                            "min_cpu_platform": "",
                            "name": "chp-node-53",
                            "network_interface.#": "1",
                            "network_interface.0.access_config.#": "1",
                            "network_interface.0.access_config.0.assigned_nat_ip": "",
                            "network_interface.0.access_config.0.nat_ip": "35.222.205.57",
                            "network_interface.0.access_config.0.network_tier": "PREMIUM",
                            "network_interface.0.access_config.0.public_ptr_domain_name": "",
                            "network_interface.0.address": "",
                            "network_interface.0.alias_ip_range.#": "0",
                            "network_interface.0.name": "nic0",
                            "network_interface.0.network": "https://www.googleapis.com/compute/v1/projects/tierion-iglesias/global/networks/default",
                            "network_interface.0.network_ip": "10.128.15.236",
                            "network_interface.0.subnetwork": "https://www.googleapis.com/compute/v1/projects/tierion-iglesias/regions/us-central1/subnetworks/default",
                            "network_interface.0.subnetwork_project": "tierion-iglesias",
                            "project": "tierion-iglesias",
                            "scheduling.#": "1",
                            "scheduling.0.automatic_restart": "true",
                            "scheduling.0.on_host_maintenance": "MIGRATE",
                            "scheduling.0.preemptible": "false",
                            "scratch_disk.#": "0",
                            "self_link": "https://www.googleapis.com/compute/v1/projects/tierion-iglesias/zones/us-central1-a/instances/chp-node-53",
                            "service_account.#": "1",
                            "service_account.0.email": "791121030057-compute@developer.gserviceaccount.com",
                            "service_account.0.scopes.#": "2",
                            "service_account.0.scopes.1328717722": "https://www.googleapis.com/auth/devstorage.read_write",
                            "service_account.0.scopes.299962681": "https://www.googleapis.com/auth/compute",
                            "tags.#": "2",
                            "tags.2152288274": "web-sg",
                            "tags.2541227442": "http",
                            "tags_fingerprint": "IJDDdaOreBI=",
                            "zone": "us-central1-a"
                        },
                        "meta": {
                            "e2bfb730-ecaa-11e6-8f88-34363bc7c4c0": {
                                "create": 360000000000,
                                "delete": 360000000000,
                                "update": 360000000000
                            },
                            "schema_version": "6"
                        },
                        "tainted": false
                    },
                    "deposed": [],
                    "provider": "provider.google"
                },
                "google_compute_instance.chp-node.54": {
                    "type": "google_compute_instance",
                    "depends_on": [
                        "data.template_file.init"
                    ],
                    "primary": {
                        "id": "chp-node-54",
                        "attributes": {
                            "attached_disk.#": "0",
                            "boot_disk.#": "1",
                            "boot_disk.0.auto_delete": "true",
                            "boot_disk.0.device_name": "persistent-disk-0",
                            "boot_disk.0.disk_encryption_key_raw": "",
                            "boot_disk.0.disk_encryption_key_sha256": "",
                            "boot_disk.0.initialize_params.#": "1",
                            "boot_disk.0.initialize_params.0.image": "https://www.googleapis.com/compute/v1/projects/ubuntu-os-cloud/global/images/ubuntu-1804-bionic-v20190628",
                            "boot_disk.0.initialize_params.0.size": "10",
                            "boot_disk.0.initialize_params.0.type": "pd-standard",
                            "boot_disk.0.source": "https://www.googleapis.com/compute/v1/projects/tierion-iglesias/zones/us-central1-a/disks/chp-node-54",
                            "can_ip_forward": "false",
                            "cpu_platform": "Intel Haswell",
                            "deletion_protection": "false",
                            "guest_accelerator.#": "0",
                            "hostname": "",
                            "id": "chp-node-54",
                            "instance_id": "5198930563942470187",
                            "label_fingerprint": "42WmSpB8rSM=",
                            "labels.%": "0",
                            "machine_type": "n1-standard-1",
                            "metadata.%": "1",
                            "metadata.project": "chainpoint-hydra",
                            "metadata_fingerprint": "EpXsOtCLHos=",
                            "metadata_startup_script": "#!/bin/bash\n\nif [ -x \"$(command -v docker)\" ]; then\n    echo \"Docker already installed\"\nelse\n    echo \"Install docker\"\n    curl -fsSL https://get.docker.com -o get-docker.sh\n    bash get-docker.sh\n    sudo usermod -aG docker $USER\nfi\n\nsudo apt-get -qq install -y docker-compose git make jq nodejs npm openssl build-essential g++\ncurl -sS https://dl.yarnpkg.com/debian/pubkey.gpg | sudo apt-key add -\nif ! [ -x \"$(command -v yarn)\" ]; then\n    echo \"deb https://dl.yarnpkg.com/debian/ stable main\" | sudo tee /etc/apt/sources.list.d/yarn.list\n    sudo apt-get update -y \u0026\u0026 sudo apt-get install -y --no-install-recommends yarn\nfi\n\n# Install Stackdriver Agent\ncurl -sSO https://dl.google.com/cloudagents/install-monitoring-agent.sh\nsudo bash install-monitoring-agent.sh\n\ncd /srv\nsudo mkdir chp\n\ncd ./chp\n\nsudo git clone https://github.com/chainpoint/chainpoint-node-src.git\nsudo chmod 775 chainpoint-node-src\ncd ./chainpoint-node-src\ngit checkout -b v2 origin/v2\n\nsudo git clone https://michael-iglesias:faca2c20b50c456892f3b6a601ae457d7a49ff10@github.com/chainpoint/go-hydra-smart-contract-files.git artifacts/ethcontracts\n\ncurl \"http://metadata.google.internal/computeMetadata/v1/instance/network-interfaces/0/access-configs/0/external-ip\" -H \"Metadata-Flavor: Google\" \u003e eip.txt\n\nmake init\n\nmake build\n\nmake build-rocksdb\n\necho CHAINPOINT_CORE_CONNECT_IP_LIST=35.245.211.97,35.245.9.90,35.188.238.186 \u003e\u003e .env\n\nmake deploy\n\ncurl -X POST \\\n  https://us-central1-tierion-iglesias.cloudfunctions.net/eth-address-init-stream-processor \\\n  -H 'Content-Type: application/json' \\\n  -H 'Postman-Token: 127b5e92-b8fd-4fd0-b6f9-3a58f9d0c0d9' \\\n  -H 'cache-control: no-cache' \\\n  -d \"{\n\t\\\"ethAddress\\\": \\\"$(\u003ceth-address.txt)\\\"\n}\"\n\n# Start Hydra Utils to poll for a positive $TKN balance before it invokes `make register` on behalf of the Node\nnpm install -g load-testing-node-utils\nexport ETH_INFURA_API_KEY=\"ad8f210998704f9e89a37a4791d4702e\" \u0026\u0026 hydra-chp-node-utils\n\n# make register NODE_ETH_REWARDS_ADDRESS=$(\u003ceth-address.txt) NODE_PUBLIC_IP_ADDRESS=$(\u003ceip.txt) AUTO_REFILL_ENABLED=true AUTO_REFILL_AMOUNT=720\n\nexport COMPOSE_INTERACTIVE_NO_CLI=1 \u0026\u0026 docker exec `docker ps -q` bash -c \"source cli/scripts/env_secrets_expand.sh \u0026\u0026 node cli/register.js NODE_ETH_REWARDS_ADDRESS=$(\u003ceth-address.txt) NODE_PUBLIC_IP_ADDRESS=$(\u003ceip.txt) AUTO_REFILL_ENABLED=true AUTO_REFILL_AMOUNT=720\"",
                            "min_cpu_platform": "",
                            "name": "chp-node-54",
                            "network_interface.#": "1",
                            "network_interface.0.access_config.#": "1",
                            "network_interface.0.access_config.0.assigned_nat_ip": "",
                            "network_interface.0.access_config.0.nat_ip": "35.224.62.68",
                            "network_interface.0.access_config.0.network_tier": "PREMIUM",
                            "network_interface.0.access_config.0.public_ptr_domain_name": "",
                            "network_interface.0.address": "",
                            "network_interface.0.alias_ip_range.#": "0",
                            "network_interface.0.name": "nic0",
                            "network_interface.0.network": "https://www.googleapis.com/compute/v1/projects/tierion-iglesias/global/networks/default",
                            "network_interface.0.network_ip": "10.128.0.146",
                            "network_interface.0.subnetwork": "https://www.googleapis.com/compute/v1/projects/tierion-iglesias/regions/us-central1/subnetworks/default",
                            "network_interface.0.subnetwork_project": "tierion-iglesias",
                            "project": "tierion-iglesias",
                            "scheduling.#": "1",
                            "scheduling.0.automatic_restart": "true",
                            "scheduling.0.on_host_maintenance": "MIGRATE",
                            "scheduling.0.preemptible": "false",
                            "scratch_disk.#": "0",
                            "self_link": "https://www.googleapis.com/compute/v1/projects/tierion-iglesias/zones/us-central1-a/instances/chp-node-54",
                            "service_account.#": "1",
                            "service_account.0.email": "791121030057-compute@developer.gserviceaccount.com",
                            "service_account.0.scopes.#": "2",
                            "service_account.0.scopes.1328717722": "https://www.googleapis.com/auth/devstorage.read_write",
                            "service_account.0.scopes.299962681": "https://www.googleapis.com/auth/compute",
                            "tags.#": "2",
                            "tags.2152288274": "web-sg",
                            "tags.2541227442": "http",
                            "tags_fingerprint": "IJDDdaOreBI=",
                            "zone": "us-central1-a"
                        },
                        "meta": {
                            "e2bfb730-ecaa-11e6-8f88-34363bc7c4c0": {
                                "create": 360000000000,
                                "delete": 360000000000,
                                "update": 360000000000
                            },
                            "schema_version": "6"
                        },
                        "tainted": false
                    },
                    "deposed": [],
                    "provider": "provider.google"
                },
                "google_compute_instance.chp-node.55": {
                    "type": "google_compute_instance",
                    "depends_on": [
                        "data.template_file.init"
                    ],
                    "primary": {
                        "id": "chp-node-55",
                        "attributes": {
                            "attached_disk.#": "0",
                            "boot_disk.#": "1",
                            "boot_disk.0.auto_delete": "true",
                            "boot_disk.0.device_name": "persistent-disk-0",
                            "boot_disk.0.disk_encryption_key_raw": "",
                            "boot_disk.0.disk_encryption_key_sha256": "",
                            "boot_disk.0.initialize_params.#": "1",
                            "boot_disk.0.initialize_params.0.image": "https://www.googleapis.com/compute/v1/projects/ubuntu-os-cloud/global/images/ubuntu-1804-bionic-v20190628",
                            "boot_disk.0.initialize_params.0.size": "10",
                            "boot_disk.0.initialize_params.0.type": "pd-standard",
                            "boot_disk.0.source": "https://www.googleapis.com/compute/v1/projects/tierion-iglesias/zones/us-central1-a/disks/chp-node-55",
                            "can_ip_forward": "false",
                            "cpu_platform": "Intel Haswell",
                            "deletion_protection": "false",
                            "guest_accelerator.#": "0",
                            "hostname": "",
                            "id": "chp-node-55",
                            "instance_id": "4087722048002348422",
                            "label_fingerprint": "42WmSpB8rSM=",
                            "labels.%": "0",
                            "machine_type": "n1-standard-1",
                            "metadata.%": "1",
                            "metadata.project": "chainpoint-hydra",
                            "metadata_fingerprint": "EpXsOtCLHos=",
                            "metadata_startup_script": "#!/bin/bash\n\nif [ -x \"$(command -v docker)\" ]; then\n    echo \"Docker already installed\"\nelse\n    echo \"Install docker\"\n    curl -fsSL https://get.docker.com -o get-docker.sh\n    bash get-docker.sh\n    sudo usermod -aG docker $USER\nfi\n\nsudo apt-get -qq install -y docker-compose git make jq nodejs npm openssl build-essential g++\ncurl -sS https://dl.yarnpkg.com/debian/pubkey.gpg | sudo apt-key add -\nif ! [ -x \"$(command -v yarn)\" ]; then\n    echo \"deb https://dl.yarnpkg.com/debian/ stable main\" | sudo tee /etc/apt/sources.list.d/yarn.list\n    sudo apt-get update -y \u0026\u0026 sudo apt-get install -y --no-install-recommends yarn\nfi\n\n# Install Stackdriver Agent\ncurl -sSO https://dl.google.com/cloudagents/install-monitoring-agent.sh\nsudo bash install-monitoring-agent.sh\n\ncd /srv\nsudo mkdir chp\n\ncd ./chp\n\nsudo git clone https://github.com/chainpoint/chainpoint-node-src.git\nsudo chmod 775 chainpoint-node-src\ncd ./chainpoint-node-src\ngit checkout -b v2 origin/v2\n\nsudo git clone https://michael-iglesias:faca2c20b50c456892f3b6a601ae457d7a49ff10@github.com/chainpoint/go-hydra-smart-contract-files.git artifacts/ethcontracts\n\ncurl \"http://metadata.google.internal/computeMetadata/v1/instance/network-interfaces/0/access-configs/0/external-ip\" -H \"Metadata-Flavor: Google\" \u003e eip.txt\n\nmake init\n\nmake build\n\nmake build-rocksdb\n\necho CHAINPOINT_CORE_CONNECT_IP_LIST=35.245.211.97,35.245.9.90,35.188.238.186 \u003e\u003e .env\n\nmake deploy\n\ncurl -X POST \\\n  https://us-central1-tierion-iglesias.cloudfunctions.net/eth-address-init-stream-processor \\\n  -H 'Content-Type: application/json' \\\n  -H 'Postman-Token: 127b5e92-b8fd-4fd0-b6f9-3a58f9d0c0d9' \\\n  -H 'cache-control: no-cache' \\\n  -d \"{\n\t\\\"ethAddress\\\": \\\"$(\u003ceth-address.txt)\\\"\n}\"\n\n# Start Hydra Utils to poll for a positive $TKN balance before it invokes `make register` on behalf of the Node\nnpm install -g load-testing-node-utils\nexport ETH_INFURA_API_KEY=\"ad8f210998704f9e89a37a4791d4702e\" \u0026\u0026 hydra-chp-node-utils\n\n# make register NODE_ETH_REWARDS_ADDRESS=$(\u003ceth-address.txt) NODE_PUBLIC_IP_ADDRESS=$(\u003ceip.txt) AUTO_REFILL_ENABLED=true AUTO_REFILL_AMOUNT=720\n\nexport COMPOSE_INTERACTIVE_NO_CLI=1 \u0026\u0026 docker exec `docker ps -q` bash -c \"source cli/scripts/env_secrets_expand.sh \u0026\u0026 node cli/register.js NODE_ETH_REWARDS_ADDRESS=$(\u003ceth-address.txt) NODE_PUBLIC_IP_ADDRESS=$(\u003ceip.txt) AUTO_REFILL_ENABLED=true AUTO_REFILL_AMOUNT=720\"",
                            "min_cpu_platform": "",
                            "name": "chp-node-55",
                            "network_interface.#": "1",
                            "network_interface.0.access_config.#": "1",
                            "network_interface.0.access_config.0.assigned_nat_ip": "",
                            "network_interface.0.access_config.0.nat_ip": "35.232.208.206",
                            "network_interface.0.access_config.0.network_tier": "PREMIUM",
                            "network_interface.0.access_config.0.public_ptr_domain_name": "",
                            "network_interface.0.address": "",
                            "network_interface.0.alias_ip_range.#": "0",
                            "network_interface.0.name": "nic0",
                            "network_interface.0.network": "https://www.googleapis.com/compute/v1/projects/tierion-iglesias/global/networks/default",
                            "network_interface.0.network_ip": "10.128.0.82",
                            "network_interface.0.subnetwork": "https://www.googleapis.com/compute/v1/projects/tierion-iglesias/regions/us-central1/subnetworks/default",
                            "network_interface.0.subnetwork_project": "tierion-iglesias",
                            "project": "tierion-iglesias",
                            "scheduling.#": "1",
                            "scheduling.0.automatic_restart": "true",
                            "scheduling.0.on_host_maintenance": "MIGRATE",
                            "scheduling.0.preemptible": "false",
                            "scratch_disk.#": "0",
                            "self_link": "https://www.googleapis.com/compute/v1/projects/tierion-iglesias/zones/us-central1-a/instances/chp-node-55",
                            "service_account.#": "1",
                            "service_account.0.email": "791121030057-compute@developer.gserviceaccount.com",
                            "service_account.0.scopes.#": "2",
                            "service_account.0.scopes.1328717722": "https://www.googleapis.com/auth/devstorage.read_write",
                            "service_account.0.scopes.299962681": "https://www.googleapis.com/auth/compute",
                            "tags.#": "2",
                            "tags.2152288274": "web-sg",
                            "tags.2541227442": "http",
                            "tags_fingerprint": "IJDDdaOreBI=",
                            "zone": "us-central1-a"
                        },
                        "meta": {
                            "e2bfb730-ecaa-11e6-8f88-34363bc7c4c0": {
                                "create": 360000000000,
                                "delete": 360000000000,
                                "update": 360000000000
                            },
                            "schema_version": "6"
                        },
                        "tainted": false
                    },
                    "deposed": [],
                    "provider": "provider.google"
                },
                "google_compute_instance.chp-node.56": {
                    "type": "google_compute_instance",
                    "depends_on": [
                        "data.template_file.init"
                    ],
                    "primary": {
                        "id": "chp-node-56",
                        "attributes": {
                            "attached_disk.#": "0",
                            "boot_disk.#": "1",
                            "boot_disk.0.auto_delete": "true",
                            "boot_disk.0.device_name": "persistent-disk-0",
                            "boot_disk.0.disk_encryption_key_raw": "",
                            "boot_disk.0.disk_encryption_key_sha256": "",
                            "boot_disk.0.initialize_params.#": "1",
                            "boot_disk.0.initialize_params.0.image": "https://www.googleapis.com/compute/v1/projects/ubuntu-os-cloud/global/images/ubuntu-1804-bionic-v20190628",
                            "boot_disk.0.initialize_params.0.size": "10",
                            "boot_disk.0.initialize_params.0.type": "pd-standard",
                            "boot_disk.0.source": "https://www.googleapis.com/compute/v1/projects/tierion-iglesias/zones/us-central1-a/disks/chp-node-56",
                            "can_ip_forward": "false",
                            "cpu_platform": "Intel Haswell",
                            "deletion_protection": "false",
                            "guest_accelerator.#": "0",
                            "hostname": "",
                            "id": "chp-node-56",
                            "instance_id": "4115894331929678044",
                            "label_fingerprint": "42WmSpB8rSM=",
                            "labels.%": "0",
                            "machine_type": "n1-standard-1",
                            "metadata.%": "1",
                            "metadata.project": "chainpoint-hydra",
                            "metadata_fingerprint": "EpXsOtCLHos=",
                            "metadata_startup_script": "#!/bin/bash\n\nif [ -x \"$(command -v docker)\" ]; then\n    echo \"Docker already installed\"\nelse\n    echo \"Install docker\"\n    curl -fsSL https://get.docker.com -o get-docker.sh\n    bash get-docker.sh\n    sudo usermod -aG docker $USER\nfi\n\nsudo apt-get -qq install -y docker-compose git make jq nodejs npm openssl build-essential g++\ncurl -sS https://dl.yarnpkg.com/debian/pubkey.gpg | sudo apt-key add -\nif ! [ -x \"$(command -v yarn)\" ]; then\n    echo \"deb https://dl.yarnpkg.com/debian/ stable main\" | sudo tee /etc/apt/sources.list.d/yarn.list\n    sudo apt-get update -y \u0026\u0026 sudo apt-get install -y --no-install-recommends yarn\nfi\n\n# Install Stackdriver Agent\ncurl -sSO https://dl.google.com/cloudagents/install-monitoring-agent.sh\nsudo bash install-monitoring-agent.sh\n\ncd /srv\nsudo mkdir chp\n\ncd ./chp\n\nsudo git clone https://github.com/chainpoint/chainpoint-node-src.git\nsudo chmod 775 chainpoint-node-src\ncd ./chainpoint-node-src\ngit checkout -b v2 origin/v2\n\nsudo git clone https://michael-iglesias:faca2c20b50c456892f3b6a601ae457d7a49ff10@github.com/chainpoint/go-hydra-smart-contract-files.git artifacts/ethcontracts\n\ncurl \"http://metadata.google.internal/computeMetadata/v1/instance/network-interfaces/0/access-configs/0/external-ip\" -H \"Metadata-Flavor: Google\" \u003e eip.txt\n\nmake init\n\nmake build\n\nmake build-rocksdb\n\necho CHAINPOINT_CORE_CONNECT_IP_LIST=35.245.211.97,35.245.9.90,35.188.238.186 \u003e\u003e .env\n\nmake deploy\n\ncurl -X POST \\\n  https://us-central1-tierion-iglesias.cloudfunctions.net/eth-address-init-stream-processor \\\n  -H 'Content-Type: application/json' \\\n  -H 'Postman-Token: 127b5e92-b8fd-4fd0-b6f9-3a58f9d0c0d9' \\\n  -H 'cache-control: no-cache' \\\n  -d \"{\n\t\\\"ethAddress\\\": \\\"$(\u003ceth-address.txt)\\\"\n}\"\n\n# Start Hydra Utils to poll for a positive $TKN balance before it invokes `make register` on behalf of the Node\nnpm install -g load-testing-node-utils\nexport ETH_INFURA_API_KEY=\"ad8f210998704f9e89a37a4791d4702e\" \u0026\u0026 hydra-chp-node-utils\n\n# make register NODE_ETH_REWARDS_ADDRESS=$(\u003ceth-address.txt) NODE_PUBLIC_IP_ADDRESS=$(\u003ceip.txt) AUTO_REFILL_ENABLED=true AUTO_REFILL_AMOUNT=720\n\nexport COMPOSE_INTERACTIVE_NO_CLI=1 \u0026\u0026 docker exec `docker ps -q` bash -c \"source cli/scripts/env_secrets_expand.sh \u0026\u0026 node cli/register.js NODE_ETH_REWARDS_ADDRESS=$(\u003ceth-address.txt) NODE_PUBLIC_IP_ADDRESS=$(\u003ceip.txt) AUTO_REFILL_ENABLED=true AUTO_REFILL_AMOUNT=720\"",
                            "min_cpu_platform": "",
                            "name": "chp-node-56",
                            "network_interface.#": "1",
                            "network_interface.0.access_config.#": "1",
                            "network_interface.0.access_config.0.assigned_nat_ip": "",
                            "network_interface.0.access_config.0.nat_ip": "104.197.2.247",
                            "network_interface.0.access_config.0.network_tier": "PREMIUM",
                            "network_interface.0.access_config.0.public_ptr_domain_name": "",
                            "network_interface.0.address": "",
                            "network_interface.0.alias_ip_range.#": "0",
                            "network_interface.0.name": "nic0",
                            "network_interface.0.network": "https://www.googleapis.com/compute/v1/projects/tierion-iglesias/global/networks/default",
                            "network_interface.0.network_ip": "10.128.0.210",
                            "network_interface.0.subnetwork": "https://www.googleapis.com/compute/v1/projects/tierion-iglesias/regions/us-central1/subnetworks/default",
                            "network_interface.0.subnetwork_project": "tierion-iglesias",
                            "project": "tierion-iglesias",
                            "scheduling.#": "1",
                            "scheduling.0.automatic_restart": "true",
                            "scheduling.0.on_host_maintenance": "MIGRATE",
                            "scheduling.0.preemptible": "false",
                            "scratch_disk.#": "0",
                            "self_link": "https://www.googleapis.com/compute/v1/projects/tierion-iglesias/zones/us-central1-a/instances/chp-node-56",
                            "service_account.#": "1",
                            "service_account.0.email": "791121030057-compute@developer.gserviceaccount.com",
                            "service_account.0.scopes.#": "2",
                            "service_account.0.scopes.1328717722": "https://www.googleapis.com/auth/devstorage.read_write",
                            "service_account.0.scopes.299962681": "https://www.googleapis.com/auth/compute",
                            "tags.#": "2",
                            "tags.2152288274": "web-sg",
                            "tags.2541227442": "http",
                            "tags_fingerprint": "IJDDdaOreBI=",
                            "zone": "us-central1-a"
                        },
                        "meta": {
                            "e2bfb730-ecaa-11e6-8f88-34363bc7c4c0": {
                                "create": 360000000000,
                                "delete": 360000000000,
                                "update": 360000000000
                            },
                            "schema_version": "6"
                        },
                        "tainted": false
                    },
                    "deposed": [],
                    "provider": "provider.google"
                },
                "google_compute_instance.chp-node.57": {
                    "type": "google_compute_instance",
                    "depends_on": [
                        "data.template_file.init"
                    ],
                    "primary": {
                        "id": "chp-node-57",
                        "attributes": {
                            "attached_disk.#": "0",
                            "boot_disk.#": "1",
                            "boot_disk.0.auto_delete": "true",
                            "boot_disk.0.device_name": "persistent-disk-0",
                            "boot_disk.0.disk_encryption_key_raw": "",
                            "boot_disk.0.disk_encryption_key_sha256": "",
                            "boot_disk.0.initialize_params.#": "1",
                            "boot_disk.0.initialize_params.0.image": "https://www.googleapis.com/compute/v1/projects/ubuntu-os-cloud/global/images/ubuntu-1804-bionic-v20190628",
                            "boot_disk.0.initialize_params.0.size": "10",
                            "boot_disk.0.initialize_params.0.type": "pd-standard",
                            "boot_disk.0.source": "https://www.googleapis.com/compute/v1/projects/tierion-iglesias/zones/us-central1-a/disks/chp-node-57",
                            "can_ip_forward": "false",
                            "cpu_platform": "Intel Haswell",
                            "deletion_protection": "false",
                            "guest_accelerator.#": "0",
                            "hostname": "",
                            "id": "chp-node-57",
                            "instance_id": "4171130377315177507",
                            "label_fingerprint": "42WmSpB8rSM=",
                            "labels.%": "0",
                            "machine_type": "n1-standard-1",
                            "metadata.%": "1",
                            "metadata.project": "chainpoint-hydra",
                            "metadata_fingerprint": "EpXsOtCLHos=",
                            "metadata_startup_script": "#!/bin/bash\n\nif [ -x \"$(command -v docker)\" ]; then\n    echo \"Docker already installed\"\nelse\n    echo \"Install docker\"\n    curl -fsSL https://get.docker.com -o get-docker.sh\n    bash get-docker.sh\n    sudo usermod -aG docker $USER\nfi\n\nsudo apt-get -qq install -y docker-compose git make jq nodejs npm openssl build-essential g++\ncurl -sS https://dl.yarnpkg.com/debian/pubkey.gpg | sudo apt-key add -\nif ! [ -x \"$(command -v yarn)\" ]; then\n    echo \"deb https://dl.yarnpkg.com/debian/ stable main\" | sudo tee /etc/apt/sources.list.d/yarn.list\n    sudo apt-get update -y \u0026\u0026 sudo apt-get install -y --no-install-recommends yarn\nfi\n\n# Install Stackdriver Agent\ncurl -sSO https://dl.google.com/cloudagents/install-monitoring-agent.sh\nsudo bash install-monitoring-agent.sh\n\ncd /srv\nsudo mkdir chp\n\ncd ./chp\n\nsudo git clone https://github.com/chainpoint/chainpoint-node-src.git\nsudo chmod 775 chainpoint-node-src\ncd ./chainpoint-node-src\ngit checkout -b v2 origin/v2\n\nsudo git clone https://michael-iglesias:faca2c20b50c456892f3b6a601ae457d7a49ff10@github.com/chainpoint/go-hydra-smart-contract-files.git artifacts/ethcontracts\n\ncurl \"http://metadata.google.internal/computeMetadata/v1/instance/network-interfaces/0/access-configs/0/external-ip\" -H \"Metadata-Flavor: Google\" \u003e eip.txt\n\nmake init\n\nmake build\n\nmake build-rocksdb\n\necho CHAINPOINT_CORE_CONNECT_IP_LIST=35.245.211.97,35.245.9.90,35.188.238.186 \u003e\u003e .env\n\nmake deploy\n\ncurl -X POST \\\n  https://us-central1-tierion-iglesias.cloudfunctions.net/eth-address-init-stream-processor \\\n  -H 'Content-Type: application/json' \\\n  -H 'Postman-Token: 127b5e92-b8fd-4fd0-b6f9-3a58f9d0c0d9' \\\n  -H 'cache-control: no-cache' \\\n  -d \"{\n\t\\\"ethAddress\\\": \\\"$(\u003ceth-address.txt)\\\"\n}\"\n\n# Start Hydra Utils to poll for a positive $TKN balance before it invokes `make register` on behalf of the Node\nnpm install -g load-testing-node-utils\nexport ETH_INFURA_API_KEY=\"ad8f210998704f9e89a37a4791d4702e\" \u0026\u0026 hydra-chp-node-utils\n\n# make register NODE_ETH_REWARDS_ADDRESS=$(\u003ceth-address.txt) NODE_PUBLIC_IP_ADDRESS=$(\u003ceip.txt) AUTO_REFILL_ENABLED=true AUTO_REFILL_AMOUNT=720\n\nexport COMPOSE_INTERACTIVE_NO_CLI=1 \u0026\u0026 docker exec `docker ps -q` bash -c \"source cli/scripts/env_secrets_expand.sh \u0026\u0026 node cli/register.js NODE_ETH_REWARDS_ADDRESS=$(\u003ceth-address.txt) NODE_PUBLIC_IP_ADDRESS=$(\u003ceip.txt) AUTO_REFILL_ENABLED=true AUTO_REFILL_AMOUNT=720\"",
                            "min_cpu_platform": "",
                            "name": "chp-node-57",
                            "network_interface.#": "1",
                            "network_interface.0.access_config.#": "1",
                            "network_interface.0.access_config.0.assigned_nat_ip": "",
                            "network_interface.0.access_config.0.nat_ip": "34.68.230.80",
                            "network_interface.0.access_config.0.network_tier": "PREMIUM",
                            "network_interface.0.access_config.0.public_ptr_domain_name": "",
                            "network_interface.0.address": "",
                            "network_interface.0.alias_ip_range.#": "0",
                            "network_interface.0.name": "nic0",
                            "network_interface.0.network": "https://www.googleapis.com/compute/v1/projects/tierion-iglesias/global/networks/default",
                            "network_interface.0.network_ip": "10.128.15.246",
                            "network_interface.0.subnetwork": "https://www.googleapis.com/compute/v1/projects/tierion-iglesias/regions/us-central1/subnetworks/default",
                            "network_interface.0.subnetwork_project": "tierion-iglesias",
                            "project": "tierion-iglesias",
                            "scheduling.#": "1",
                            "scheduling.0.automatic_restart": "true",
                            "scheduling.0.on_host_maintenance": "MIGRATE",
                            "scheduling.0.preemptible": "false",
                            "scratch_disk.#": "0",
                            "self_link": "https://www.googleapis.com/compute/v1/projects/tierion-iglesias/zones/us-central1-a/instances/chp-node-57",
                            "service_account.#": "1",
                            "service_account.0.email": "791121030057-compute@developer.gserviceaccount.com",
                            "service_account.0.scopes.#": "2",
                            "service_account.0.scopes.1328717722": "https://www.googleapis.com/auth/devstorage.read_write",
                            "service_account.0.scopes.299962681": "https://www.googleapis.com/auth/compute",
                            "tags.#": "2",
                            "tags.2152288274": "web-sg",
                            "tags.2541227442": "http",
                            "tags_fingerprint": "IJDDdaOreBI=",
                            "zone": "us-central1-a"
                        },
                        "meta": {
                            "e2bfb730-ecaa-11e6-8f88-34363bc7c4c0": {
                                "create": 360000000000,
                                "delete": 360000000000,
                                "update": 360000000000
                            },
                            "schema_version": "6"
                        },
                        "tainted": false
                    },
                    "deposed": [],
                    "provider": "provider.google"
                },
                "google_compute_instance.chp-node.58": {
                    "type": "google_compute_instance",
                    "depends_on": [
                        "data.template_file.init"
                    ],
                    "primary": {
                        "id": "chp-node-58",
                        "attributes": {
                            "attached_disk.#": "0",
                            "boot_disk.#": "1",
                            "boot_disk.0.auto_delete": "true",
                            "boot_disk.0.device_name": "persistent-disk-0",
                            "boot_disk.0.disk_encryption_key_raw": "",
                            "boot_disk.0.disk_encryption_key_sha256": "",
                            "boot_disk.0.initialize_params.#": "1",
                            "boot_disk.0.initialize_params.0.image": "https://www.googleapis.com/compute/v1/projects/ubuntu-os-cloud/global/images/ubuntu-1804-bionic-v20190628",
                            "boot_disk.0.initialize_params.0.size": "10",
                            "boot_disk.0.initialize_params.0.type": "pd-standard",
                            "boot_disk.0.source": "https://www.googleapis.com/compute/v1/projects/tierion-iglesias/zones/us-central1-a/disks/chp-node-58",
                            "can_ip_forward": "false",
                            "cpu_platform": "Intel Haswell",
                            "deletion_protection": "false",
                            "guest_accelerator.#": "0",
                            "hostname": "",
                            "id": "chp-node-58",
                            "instance_id": "7116036117554942199",
                            "label_fingerprint": "42WmSpB8rSM=",
                            "labels.%": "0",
                            "machine_type": "n1-standard-1",
                            "metadata.%": "1",
                            "metadata.project": "chainpoint-hydra",
                            "metadata_fingerprint": "EpXsOtCLHos=",
                            "metadata_startup_script": "#!/bin/bash\n\nif [ -x \"$(command -v docker)\" ]; then\n    echo \"Docker already installed\"\nelse\n    echo \"Install docker\"\n    curl -fsSL https://get.docker.com -o get-docker.sh\n    bash get-docker.sh\n    sudo usermod -aG docker $USER\nfi\n\nsudo apt-get -qq install -y docker-compose git make jq nodejs npm openssl build-essential g++\ncurl -sS https://dl.yarnpkg.com/debian/pubkey.gpg | sudo apt-key add -\nif ! [ -x \"$(command -v yarn)\" ]; then\n    echo \"deb https://dl.yarnpkg.com/debian/ stable main\" | sudo tee /etc/apt/sources.list.d/yarn.list\n    sudo apt-get update -y \u0026\u0026 sudo apt-get install -y --no-install-recommends yarn\nfi\n\n# Install Stackdriver Agent\ncurl -sSO https://dl.google.com/cloudagents/install-monitoring-agent.sh\nsudo bash install-monitoring-agent.sh\n\ncd /srv\nsudo mkdir chp\n\ncd ./chp\n\nsudo git clone https://github.com/chainpoint/chainpoint-node-src.git\nsudo chmod 775 chainpoint-node-src\ncd ./chainpoint-node-src\ngit checkout -b v2 origin/v2\n\nsudo git clone https://michael-iglesias:faca2c20b50c456892f3b6a601ae457d7a49ff10@github.com/chainpoint/go-hydra-smart-contract-files.git artifacts/ethcontracts\n\ncurl \"http://metadata.google.internal/computeMetadata/v1/instance/network-interfaces/0/access-configs/0/external-ip\" -H \"Metadata-Flavor: Google\" \u003e eip.txt\n\nmake init\n\nmake build\n\nmake build-rocksdb\n\necho CHAINPOINT_CORE_CONNECT_IP_LIST=35.245.211.97,35.245.9.90,35.188.238.186 \u003e\u003e .env\n\nmake deploy\n\ncurl -X POST \\\n  https://us-central1-tierion-iglesias.cloudfunctions.net/eth-address-init-stream-processor \\\n  -H 'Content-Type: application/json' \\\n  -H 'Postman-Token: 127b5e92-b8fd-4fd0-b6f9-3a58f9d0c0d9' \\\n  -H 'cache-control: no-cache' \\\n  -d \"{\n\t\\\"ethAddress\\\": \\\"$(\u003ceth-address.txt)\\\"\n}\"\n\n# Start Hydra Utils to poll for a positive $TKN balance before it invokes `make register` on behalf of the Node\nnpm install -g load-testing-node-utils\nexport ETH_INFURA_API_KEY=\"ad8f210998704f9e89a37a4791d4702e\" \u0026\u0026 hydra-chp-node-utils\n\n# make register NODE_ETH_REWARDS_ADDRESS=$(\u003ceth-address.txt) NODE_PUBLIC_IP_ADDRESS=$(\u003ceip.txt) AUTO_REFILL_ENABLED=true AUTO_REFILL_AMOUNT=720\n\nexport COMPOSE_INTERACTIVE_NO_CLI=1 \u0026\u0026 docker exec `docker ps -q` bash -c \"source cli/scripts/env_secrets_expand.sh \u0026\u0026 node cli/register.js NODE_ETH_REWARDS_ADDRESS=$(\u003ceth-address.txt) NODE_PUBLIC_IP_ADDRESS=$(\u003ceip.txt) AUTO_REFILL_ENABLED=true AUTO_REFILL_AMOUNT=720\"",
                            "min_cpu_platform": "",
                            "name": "chp-node-58",
                            "network_interface.#": "1",
                            "network_interface.0.access_config.#": "1",
                            "network_interface.0.access_config.0.assigned_nat_ip": "",
                            "network_interface.0.access_config.0.nat_ip": "35.226.224.185",
                            "network_interface.0.access_config.0.network_tier": "PREMIUM",
                            "network_interface.0.access_config.0.public_ptr_domain_name": "",
                            "network_interface.0.address": "",
                            "network_interface.0.alias_ip_range.#": "0",
                            "network_interface.0.name": "nic0",
                            "network_interface.0.network": "https://www.googleapis.com/compute/v1/projects/tierion-iglesias/global/networks/default",
                            "network_interface.0.network_ip": "10.128.0.207",
                            "network_interface.0.subnetwork": "https://www.googleapis.com/compute/v1/projects/tierion-iglesias/regions/us-central1/subnetworks/default",
                            "network_interface.0.subnetwork_project": "tierion-iglesias",
                            "project": "tierion-iglesias",
                            "scheduling.#": "1",
                            "scheduling.0.automatic_restart": "true",
                            "scheduling.0.on_host_maintenance": "MIGRATE",
                            "scheduling.0.preemptible": "false",
                            "scratch_disk.#": "0",
                            "self_link": "https://www.googleapis.com/compute/v1/projects/tierion-iglesias/zones/us-central1-a/instances/chp-node-58",
                            "service_account.#": "1",
                            "service_account.0.email": "791121030057-compute@developer.gserviceaccount.com",
                            "service_account.0.scopes.#": "2",
                            "service_account.0.scopes.1328717722": "https://www.googleapis.com/auth/devstorage.read_write",
                            "service_account.0.scopes.299962681": "https://www.googleapis.com/auth/compute",
                            "tags.#": "2",
                            "tags.2152288274": "web-sg",
                            "tags.2541227442": "http",
                            "tags_fingerprint": "IJDDdaOreBI=",
                            "zone": "us-central1-a"
                        },
                        "meta": {
                            "e2bfb730-ecaa-11e6-8f88-34363bc7c4c0": {
                                "create": 360000000000,
                                "delete": 360000000000,
                                "update": 360000000000
                            },
                            "schema_version": "6"
                        },
                        "tainted": false
                    },
                    "deposed": [],
                    "provider": "provider.google"
                },
                "google_compute_instance.chp-node.59": {
                    "type": "google_compute_instance",
                    "depends_on": [
                        "data.template_file.init"
                    ],
                    "primary": {
                        "id": "chp-node-59",
                        "attributes": {
                            "attached_disk.#": "0",
                            "boot_disk.#": "1",
                            "boot_disk.0.auto_delete": "true",
                            "boot_disk.0.device_name": "persistent-disk-0",
                            "boot_disk.0.disk_encryption_key_raw": "",
                            "boot_disk.0.disk_encryption_key_sha256": "",
                            "boot_disk.0.initialize_params.#": "1",
                            "boot_disk.0.initialize_params.0.image": "https://www.googleapis.com/compute/v1/projects/ubuntu-os-cloud/global/images/ubuntu-1804-bionic-v20190628",
                            "boot_disk.0.initialize_params.0.size": "10",
                            "boot_disk.0.initialize_params.0.type": "pd-standard",
                            "boot_disk.0.source": "https://www.googleapis.com/compute/v1/projects/tierion-iglesias/zones/us-central1-a/disks/chp-node-59",
                            "can_ip_forward": "false",
                            "cpu_platform": "Intel Haswell",
                            "deletion_protection": "false",
                            "guest_accelerator.#": "0",
                            "hostname": "",
                            "id": "chp-node-59",
                            "instance_id": "5234078183996150461",
                            "label_fingerprint": "42WmSpB8rSM=",
                            "labels.%": "0",
                            "machine_type": "n1-standard-1",
                            "metadata.%": "1",
                            "metadata.project": "chainpoint-hydra",
                            "metadata_fingerprint": "EpXsOtCLHos=",
                            "metadata_startup_script": "#!/bin/bash\n\nif [ -x \"$(command -v docker)\" ]; then\n    echo \"Docker already installed\"\nelse\n    echo \"Install docker\"\n    curl -fsSL https://get.docker.com -o get-docker.sh\n    bash get-docker.sh\n    sudo usermod -aG docker $USER\nfi\n\nsudo apt-get -qq install -y docker-compose git make jq nodejs npm openssl build-essential g++\ncurl -sS https://dl.yarnpkg.com/debian/pubkey.gpg | sudo apt-key add -\nif ! [ -x \"$(command -v yarn)\" ]; then\n    echo \"deb https://dl.yarnpkg.com/debian/ stable main\" | sudo tee /etc/apt/sources.list.d/yarn.list\n    sudo apt-get update -y \u0026\u0026 sudo apt-get install -y --no-install-recommends yarn\nfi\n\n# Install Stackdriver Agent\ncurl -sSO https://dl.google.com/cloudagents/install-monitoring-agent.sh\nsudo bash install-monitoring-agent.sh\n\ncd /srv\nsudo mkdir chp\n\ncd ./chp\n\nsudo git clone https://github.com/chainpoint/chainpoint-node-src.git\nsudo chmod 775 chainpoint-node-src\ncd ./chainpoint-node-src\ngit checkout -b v2 origin/v2\n\nsudo git clone https://michael-iglesias:faca2c20b50c456892f3b6a601ae457d7a49ff10@github.com/chainpoint/go-hydra-smart-contract-files.git artifacts/ethcontracts\n\ncurl \"http://metadata.google.internal/computeMetadata/v1/instance/network-interfaces/0/access-configs/0/external-ip\" -H \"Metadata-Flavor: Google\" \u003e eip.txt\n\nmake init\n\nmake build\n\nmake build-rocksdb\n\necho CHAINPOINT_CORE_CONNECT_IP_LIST=35.245.211.97,35.245.9.90,35.188.238.186 \u003e\u003e .env\n\nmake deploy\n\ncurl -X POST \\\n  https://us-central1-tierion-iglesias.cloudfunctions.net/eth-address-init-stream-processor \\\n  -H 'Content-Type: application/json' \\\n  -H 'Postman-Token: 127b5e92-b8fd-4fd0-b6f9-3a58f9d0c0d9' \\\n  -H 'cache-control: no-cache' \\\n  -d \"{\n\t\\\"ethAddress\\\": \\\"$(\u003ceth-address.txt)\\\"\n}\"\n\n# Start Hydra Utils to poll for a positive $TKN balance before it invokes `make register` on behalf of the Node\nnpm install -g load-testing-node-utils\nexport ETH_INFURA_API_KEY=\"ad8f210998704f9e89a37a4791d4702e\" \u0026\u0026 hydra-chp-node-utils\n\n# make register NODE_ETH_REWARDS_ADDRESS=$(\u003ceth-address.txt) NODE_PUBLIC_IP_ADDRESS=$(\u003ceip.txt) AUTO_REFILL_ENABLED=true AUTO_REFILL_AMOUNT=720\n\nexport COMPOSE_INTERACTIVE_NO_CLI=1 \u0026\u0026 docker exec `docker ps -q` bash -c \"source cli/scripts/env_secrets_expand.sh \u0026\u0026 node cli/register.js NODE_ETH_REWARDS_ADDRESS=$(\u003ceth-address.txt) NODE_PUBLIC_IP_ADDRESS=$(\u003ceip.txt) AUTO_REFILL_ENABLED=true AUTO_REFILL_AMOUNT=720\"",
                            "min_cpu_platform": "",
                            "name": "chp-node-59",
                            "network_interface.#": "1",
                            "network_interface.0.access_config.#": "1",
                            "network_interface.0.access_config.0.assigned_nat_ip": "",
                            "network_interface.0.access_config.0.nat_ip": "35.224.217.252",
                            "network_interface.0.access_config.0.network_tier": "PREMIUM",
                            "network_interface.0.access_config.0.public_ptr_domain_name": "",
                            "network_interface.0.address": "",
                            "network_interface.0.alias_ip_range.#": "0",
                            "network_interface.0.name": "nic0",
                            "network_interface.0.network": "https://www.googleapis.com/compute/v1/projects/tierion-iglesias/global/networks/default",
                            "network_interface.0.network_ip": "10.128.0.126",
                            "network_interface.0.subnetwork": "https://www.googleapis.com/compute/v1/projects/tierion-iglesias/regions/us-central1/subnetworks/default",
                            "network_interface.0.subnetwork_project": "tierion-iglesias",
                            "project": "tierion-iglesias",
                            "scheduling.#": "1",
                            "scheduling.0.automatic_restart": "true",
                            "scheduling.0.on_host_maintenance": "MIGRATE",
                            "scheduling.0.preemptible": "false",
                            "scratch_disk.#": "0",
                            "self_link": "https://www.googleapis.com/compute/v1/projects/tierion-iglesias/zones/us-central1-a/instances/chp-node-59",
                            "service_account.#": "1",
                            "service_account.0.email": "791121030057-compute@developer.gserviceaccount.com",
                            "service_account.0.scopes.#": "2",
                            "service_account.0.scopes.1328717722": "https://www.googleapis.com/auth/devstorage.read_write",
                            "service_account.0.scopes.299962681": "https://www.googleapis.com/auth/compute",
                            "tags.#": "2",
                            "tags.2152288274": "web-sg",
                            "tags.2541227442": "http",
                            "tags_fingerprint": "IJDDdaOreBI=",
                            "zone": "us-central1-a"
                        },
                        "meta": {
                            "e2bfb730-ecaa-11e6-8f88-34363bc7c4c0": {
                                "create": 360000000000,
                                "delete": 360000000000,
                                "update": 360000000000
                            },
                            "schema_version": "6"
                        },
                        "tainted": false
                    },
                    "deposed": [],
                    "provider": "provider.google"
                },
                "google_compute_instance.chp-node.6": {
                    "type": "google_compute_instance",
                    "depends_on": [
                        "data.template_file.init"
                    ],
                    "primary": {
                        "id": "chp-node-6",
                        "attributes": {
                            "attached_disk.#": "0",
                            "boot_disk.#": "1",
                            "boot_disk.0.auto_delete": "true",
                            "boot_disk.0.device_name": "persistent-disk-0",
                            "boot_disk.0.disk_encryption_key_raw": "",
                            "boot_disk.0.disk_encryption_key_sha256": "",
                            "boot_disk.0.initialize_params.#": "1",
                            "boot_disk.0.initialize_params.0.image": "https://www.googleapis.com/compute/v1/projects/ubuntu-os-cloud/global/images/ubuntu-1804-bionic-v20190628",
                            "boot_disk.0.initialize_params.0.size": "10",
                            "boot_disk.0.initialize_params.0.type": "pd-standard",
                            "boot_disk.0.source": "https://www.googleapis.com/compute/v1/projects/tierion-iglesias/zones/us-central1-a/disks/chp-node-6",
                            "can_ip_forward": "false",
                            "cpu_platform": "Intel Haswell",
                            "deletion_protection": "false",
                            "guest_accelerator.#": "0",
                            "hostname": "",
                            "id": "chp-node-6",
                            "instance_id": "1251299373408998363",
                            "label_fingerprint": "42WmSpB8rSM=",
                            "labels.%": "0",
                            "machine_type": "n1-standard-1",
                            "metadata.%": "1",
                            "metadata.project": "chainpoint-hydra",
                            "metadata_fingerprint": "EpXsOtCLHos=",
                            "metadata_startup_script": "#!/bin/bash\n\nif [ -x \"$(command -v docker)\" ]; then\n    echo \"Docker already installed\"\nelse\n    echo \"Install docker\"\n    curl -fsSL https://get.docker.com -o get-docker.sh\n    bash get-docker.sh\n    sudo usermod -aG docker $USER\nfi\n\nsudo apt-get -qq install -y docker-compose git make jq nodejs npm openssl build-essential g++\ncurl -sS https://dl.yarnpkg.com/debian/pubkey.gpg | sudo apt-key add -\nif ! [ -x \"$(command -v yarn)\" ]; then\n    echo \"deb https://dl.yarnpkg.com/debian/ stable main\" | sudo tee /etc/apt/sources.list.d/yarn.list\n    sudo apt-get update -y \u0026\u0026 sudo apt-get install -y --no-install-recommends yarn\nfi\n\n# Install Stackdriver Agent\ncurl -sSO https://dl.google.com/cloudagents/install-monitoring-agent.sh\nsudo bash install-monitoring-agent.sh\n\ncd /srv\nsudo mkdir chp\n\ncd ./chp\n\nsudo git clone https://github.com/chainpoint/chainpoint-node-src.git\nsudo chmod 775 chainpoint-node-src\ncd ./chainpoint-node-src\ngit checkout -b v2 origin/v2\n\nsudo git clone https://michael-iglesias:faca2c20b50c456892f3b6a601ae457d7a49ff10@github.com/chainpoint/go-hydra-smart-contract-files.git artifacts/ethcontracts\n\ncurl \"http://metadata.google.internal/computeMetadata/v1/instance/network-interfaces/0/access-configs/0/external-ip\" -H \"Metadata-Flavor: Google\" \u003e eip.txt\n\nmake init\n\nmake build\n\nmake build-rocksdb\n\necho CHAINPOINT_CORE_CONNECT_IP_LIST=35.245.211.97,35.245.9.90,35.188.238.186 \u003e\u003e .env\n\nmake deploy\n\ncurl -X POST \\\n  https://us-central1-tierion-iglesias.cloudfunctions.net/eth-address-init-stream-processor \\\n  -H 'Content-Type: application/json' \\\n  -H 'Postman-Token: 127b5e92-b8fd-4fd0-b6f9-3a58f9d0c0d9' \\\n  -H 'cache-control: no-cache' \\\n  -d \"{\n\t\\\"ethAddress\\\": \\\"$(\u003ceth-address.txt)\\\"\n}\"\n\n# Start Hydra Utils to poll for a positive $TKN balance before it invokes `make register` on behalf of the Node\nnpm install -g load-testing-node-utils\nexport ETH_INFURA_API_KEY=\"ad8f210998704f9e89a37a4791d4702e\" \u0026\u0026 hydra-chp-node-utils\n\n# make register NODE_ETH_REWARDS_ADDRESS=$(\u003ceth-address.txt) NODE_PUBLIC_IP_ADDRESS=$(\u003ceip.txt) AUTO_REFILL_ENABLED=true AUTO_REFILL_AMOUNT=720\n\nexport COMPOSE_INTERACTIVE_NO_CLI=1 \u0026\u0026 docker exec `docker ps -q` bash -c \"source cli/scripts/env_secrets_expand.sh \u0026\u0026 node cli/register.js NODE_ETH_REWARDS_ADDRESS=$(\u003ceth-address.txt) NODE_PUBLIC_IP_ADDRESS=$(\u003ceip.txt) AUTO_REFILL_ENABLED=true AUTO_REFILL_AMOUNT=720\"",
                            "min_cpu_platform": "",
                            "name": "chp-node-6",
                            "network_interface.#": "1",
                            "network_interface.0.access_config.#": "1",
                            "network_interface.0.access_config.0.assigned_nat_ip": "",
                            "network_interface.0.access_config.0.nat_ip": "35.225.245.92",
                            "network_interface.0.access_config.0.network_tier": "PREMIUM",
                            "network_interface.0.access_config.0.public_ptr_domain_name": "",
                            "network_interface.0.address": "",
                            "network_interface.0.alias_ip_range.#": "0",
                            "network_interface.0.name": "nic0",
                            "network_interface.0.network": "https://www.googleapis.com/compute/v1/projects/tierion-iglesias/global/networks/default",
                            "network_interface.0.network_ip": "10.128.0.165",
                            "network_interface.0.subnetwork": "https://www.googleapis.com/compute/v1/projects/tierion-iglesias/regions/us-central1/subnetworks/default",
                            "network_interface.0.subnetwork_project": "tierion-iglesias",
                            "project": "tierion-iglesias",
                            "scheduling.#": "1",
                            "scheduling.0.automatic_restart": "true",
                            "scheduling.0.on_host_maintenance": "MIGRATE",
                            "scheduling.0.preemptible": "false",
                            "scratch_disk.#": "0",
                            "self_link": "https://www.googleapis.com/compute/v1/projects/tierion-iglesias/zones/us-central1-a/instances/chp-node-6",
                            "service_account.#": "1",
                            "service_account.0.email": "791121030057-compute@developer.gserviceaccount.com",
                            "service_account.0.scopes.#": "2",
                            "service_account.0.scopes.1328717722": "https://www.googleapis.com/auth/devstorage.read_write",
                            "service_account.0.scopes.299962681": "https://www.googleapis.com/auth/compute",
                            "tags.#": "2",
                            "tags.2152288274": "web-sg",
                            "tags.2541227442": "http",
                            "tags_fingerprint": "IJDDdaOreBI=",
                            "zone": "us-central1-a"
                        },
                        "meta": {
                            "e2bfb730-ecaa-11e6-8f88-34363bc7c4c0": {
                                "create": 360000000000,
                                "delete": 360000000000,
                                "update": 360000000000
                            },
                            "schema_version": "6"
                        },
                        "tainted": false
                    },
                    "deposed": [],
                    "provider": "provider.google"
                },
                "google_compute_instance.chp-node.60": {
                    "type": "google_compute_instance",
                    "depends_on": [
                        "data.template_file.init"
                    ],
                    "primary": {
                        "id": "chp-node-60",
                        "attributes": {
                            "attached_disk.#": "0",
                            "boot_disk.#": "1",
                            "boot_disk.0.auto_delete": "true",
                            "boot_disk.0.device_name": "persistent-disk-0",
                            "boot_disk.0.disk_encryption_key_raw": "",
                            "boot_disk.0.disk_encryption_key_sha256": "",
                            "boot_disk.0.initialize_params.#": "1",
                            "boot_disk.0.initialize_params.0.image": "https://www.googleapis.com/compute/v1/projects/ubuntu-os-cloud/global/images/ubuntu-1804-bionic-v20190628",
                            "boot_disk.0.initialize_params.0.size": "10",
                            "boot_disk.0.initialize_params.0.type": "pd-standard",
                            "boot_disk.0.source": "https://www.googleapis.com/compute/v1/projects/tierion-iglesias/zones/us-central1-a/disks/chp-node-60",
                            "can_ip_forward": "false",
                            "cpu_platform": "Intel Haswell",
                            "deletion_protection": "false",
                            "guest_accelerator.#": "0",
                            "hostname": "",
                            "id": "chp-node-60",
                            "instance_id": "132254908680655978",
                            "label_fingerprint": "42WmSpB8rSM=",
                            "labels.%": "0",
                            "machine_type": "n1-standard-1",
                            "metadata.%": "1",
                            "metadata.project": "chainpoint-hydra",
                            "metadata_fingerprint": "EpXsOtCLHos=",
                            "metadata_startup_script": "#!/bin/bash\n\nif [ -x \"$(command -v docker)\" ]; then\n    echo \"Docker already installed\"\nelse\n    echo \"Install docker\"\n    curl -fsSL https://get.docker.com -o get-docker.sh\n    bash get-docker.sh\n    sudo usermod -aG docker $USER\nfi\n\nsudo apt-get -qq install -y docker-compose git make jq nodejs npm openssl build-essential g++\ncurl -sS https://dl.yarnpkg.com/debian/pubkey.gpg | sudo apt-key add -\nif ! [ -x \"$(command -v yarn)\" ]; then\n    echo \"deb https://dl.yarnpkg.com/debian/ stable main\" | sudo tee /etc/apt/sources.list.d/yarn.list\n    sudo apt-get update -y \u0026\u0026 sudo apt-get install -y --no-install-recommends yarn\nfi\n\n# Install Stackdriver Agent\ncurl -sSO https://dl.google.com/cloudagents/install-monitoring-agent.sh\nsudo bash install-monitoring-agent.sh\n\ncd /srv\nsudo mkdir chp\n\ncd ./chp\n\nsudo git clone https://github.com/chainpoint/chainpoint-node-src.git\nsudo chmod 775 chainpoint-node-src\ncd ./chainpoint-node-src\ngit checkout -b v2 origin/v2\n\nsudo git clone https://michael-iglesias:faca2c20b50c456892f3b6a601ae457d7a49ff10@github.com/chainpoint/go-hydra-smart-contract-files.git artifacts/ethcontracts\n\ncurl \"http://metadata.google.internal/computeMetadata/v1/instance/network-interfaces/0/access-configs/0/external-ip\" -H \"Metadata-Flavor: Google\" \u003e eip.txt\n\nmake init\n\nmake build\n\nmake build-rocksdb\n\necho CHAINPOINT_CORE_CONNECT_IP_LIST=35.245.211.97,35.245.9.90,35.188.238.186 \u003e\u003e .env\n\nmake deploy\n\ncurl -X POST \\\n  https://us-central1-tierion-iglesias.cloudfunctions.net/eth-address-init-stream-processor \\\n  -H 'Content-Type: application/json' \\\n  -H 'Postman-Token: 127b5e92-b8fd-4fd0-b6f9-3a58f9d0c0d9' \\\n  -H 'cache-control: no-cache' \\\n  -d \"{\n\t\\\"ethAddress\\\": \\\"$(\u003ceth-address.txt)\\\"\n}\"\n\n# Start Hydra Utils to poll for a positive $TKN balance before it invokes `make register` on behalf of the Node\nnpm install -g load-testing-node-utils\nexport ETH_INFURA_API_KEY=\"ad8f210998704f9e89a37a4791d4702e\" \u0026\u0026 hydra-chp-node-utils\n\n# make register NODE_ETH_REWARDS_ADDRESS=$(\u003ceth-address.txt) NODE_PUBLIC_IP_ADDRESS=$(\u003ceip.txt) AUTO_REFILL_ENABLED=true AUTO_REFILL_AMOUNT=720\n\nexport COMPOSE_INTERACTIVE_NO_CLI=1 \u0026\u0026 docker exec `docker ps -q` bash -c \"source cli/scripts/env_secrets_expand.sh \u0026\u0026 node cli/register.js NODE_ETH_REWARDS_ADDRESS=$(\u003ceth-address.txt) NODE_PUBLIC_IP_ADDRESS=$(\u003ceip.txt) AUTO_REFILL_ENABLED=true AUTO_REFILL_AMOUNT=720\"",
                            "min_cpu_platform": "",
                            "name": "chp-node-60",
                            "network_interface.#": "1",
                            "network_interface.0.access_config.#": "1",
                            "network_interface.0.access_config.0.assigned_nat_ip": "",
                            "network_interface.0.access_config.0.nat_ip": "34.66.121.217",
                            "network_interface.0.access_config.0.network_tier": "PREMIUM",
                            "network_interface.0.access_config.0.public_ptr_domain_name": "",
                            "network_interface.0.address": "",
                            "network_interface.0.alias_ip_range.#": "0",
                            "network_interface.0.name": "nic0",
                            "network_interface.0.network": "https://www.googleapis.com/compute/v1/projects/tierion-iglesias/global/networks/default",
                            "network_interface.0.network_ip": "10.128.15.231",
                            "network_interface.0.subnetwork": "https://www.googleapis.com/compute/v1/projects/tierion-iglesias/regions/us-central1/subnetworks/default",
                            "network_interface.0.subnetwork_project": "tierion-iglesias",
                            "project": "tierion-iglesias",
                            "scheduling.#": "1",
                            "scheduling.0.automatic_restart": "true",
                            "scheduling.0.on_host_maintenance": "MIGRATE",
                            "scheduling.0.preemptible": "false",
                            "scratch_disk.#": "0",
                            "self_link": "https://www.googleapis.com/compute/v1/projects/tierion-iglesias/zones/us-central1-a/instances/chp-node-60",
                            "service_account.#": "1",
                            "service_account.0.email": "791121030057-compute@developer.gserviceaccount.com",
                            "service_account.0.scopes.#": "2",
                            "service_account.0.scopes.1328717722": "https://www.googleapis.com/auth/devstorage.read_write",
                            "service_account.0.scopes.299962681": "https://www.googleapis.com/auth/compute",
                            "tags.#": "2",
                            "tags.2152288274": "web-sg",
                            "tags.2541227442": "http",
                            "tags_fingerprint": "IJDDdaOreBI=",
                            "zone": "us-central1-a"
                        },
                        "meta": {
                            "e2bfb730-ecaa-11e6-8f88-34363bc7c4c0": {
                                "create": 360000000000,
                                "delete": 360000000000,
                                "update": 360000000000
                            },
                            "schema_version": "6"
                        },
                        "tainted": false
                    },
                    "deposed": [],
                    "provider": "provider.google"
                },
                "google_compute_instance.chp-node.61": {
                    "type": "google_compute_instance",
                    "depends_on": [
                        "data.template_file.init"
                    ],
                    "primary": {
                        "id": "chp-node-61",
                        "attributes": {
                            "attached_disk.#": "0",
                            "boot_disk.#": "1",
                            "boot_disk.0.auto_delete": "true",
                            "boot_disk.0.device_name": "persistent-disk-0",
                            "boot_disk.0.disk_encryption_key_raw": "",
                            "boot_disk.0.disk_encryption_key_sha256": "",
                            "boot_disk.0.initialize_params.#": "1",
                            "boot_disk.0.initialize_params.0.image": "https://www.googleapis.com/compute/v1/projects/ubuntu-os-cloud/global/images/ubuntu-1804-bionic-v20190628",
                            "boot_disk.0.initialize_params.0.size": "10",
                            "boot_disk.0.initialize_params.0.type": "pd-standard",
                            "boot_disk.0.source": "https://www.googleapis.com/compute/v1/projects/tierion-iglesias/zones/us-central1-a/disks/chp-node-61",
                            "can_ip_forward": "false",
                            "cpu_platform": "Intel Haswell",
                            "deletion_protection": "false",
                            "guest_accelerator.#": "0",
                            "hostname": "",
                            "id": "chp-node-61",
                            "instance_id": "3342870918106338676",
                            "label_fingerprint": "42WmSpB8rSM=",
                            "labels.%": "0",
                            "machine_type": "n1-standard-1",
                            "metadata.%": "1",
                            "metadata.project": "chainpoint-hydra",
                            "metadata_fingerprint": "EpXsOtCLHos=",
                            "metadata_startup_script": "#!/bin/bash\n\nif [ -x \"$(command -v docker)\" ]; then\n    echo \"Docker already installed\"\nelse\n    echo \"Install docker\"\n    curl -fsSL https://get.docker.com -o get-docker.sh\n    bash get-docker.sh\n    sudo usermod -aG docker $USER\nfi\n\nsudo apt-get -qq install -y docker-compose git make jq nodejs npm openssl build-essential g++\ncurl -sS https://dl.yarnpkg.com/debian/pubkey.gpg | sudo apt-key add -\nif ! [ -x \"$(command -v yarn)\" ]; then\n    echo \"deb https://dl.yarnpkg.com/debian/ stable main\" | sudo tee /etc/apt/sources.list.d/yarn.list\n    sudo apt-get update -y \u0026\u0026 sudo apt-get install -y --no-install-recommends yarn\nfi\n\n# Install Stackdriver Agent\ncurl -sSO https://dl.google.com/cloudagents/install-monitoring-agent.sh\nsudo bash install-monitoring-agent.sh\n\ncd /srv\nsudo mkdir chp\n\ncd ./chp\n\nsudo git clone https://github.com/chainpoint/chainpoint-node-src.git\nsudo chmod 775 chainpoint-node-src\ncd ./chainpoint-node-src\ngit checkout -b v2 origin/v2\n\nsudo git clone https://michael-iglesias:faca2c20b50c456892f3b6a601ae457d7a49ff10@github.com/chainpoint/go-hydra-smart-contract-files.git artifacts/ethcontracts\n\ncurl \"http://metadata.google.internal/computeMetadata/v1/instance/network-interfaces/0/access-configs/0/external-ip\" -H \"Metadata-Flavor: Google\" \u003e eip.txt\n\nmake init\n\nmake build\n\nmake build-rocksdb\n\necho CHAINPOINT_CORE_CONNECT_IP_LIST=35.245.211.97,35.245.9.90,35.188.238.186 \u003e\u003e .env\n\nmake deploy\n\ncurl -X POST \\\n  https://us-central1-tierion-iglesias.cloudfunctions.net/eth-address-init-stream-processor \\\n  -H 'Content-Type: application/json' \\\n  -H 'Postman-Token: 127b5e92-b8fd-4fd0-b6f9-3a58f9d0c0d9' \\\n  -H 'cache-control: no-cache' \\\n  -d \"{\n\t\\\"ethAddress\\\": \\\"$(\u003ceth-address.txt)\\\"\n}\"\n\n# Start Hydra Utils to poll for a positive $TKN balance before it invokes `make register` on behalf of the Node\nnpm install -g load-testing-node-utils\nexport ETH_INFURA_API_KEY=\"ad8f210998704f9e89a37a4791d4702e\" \u0026\u0026 hydra-chp-node-utils\n\n# make register NODE_ETH_REWARDS_ADDRESS=$(\u003ceth-address.txt) NODE_PUBLIC_IP_ADDRESS=$(\u003ceip.txt) AUTO_REFILL_ENABLED=true AUTO_REFILL_AMOUNT=720\n\nexport COMPOSE_INTERACTIVE_NO_CLI=1 \u0026\u0026 docker exec `docker ps -q` bash -c \"source cli/scripts/env_secrets_expand.sh \u0026\u0026 node cli/register.js NODE_ETH_REWARDS_ADDRESS=$(\u003ceth-address.txt) NODE_PUBLIC_IP_ADDRESS=$(\u003ceip.txt) AUTO_REFILL_ENABLED=true AUTO_REFILL_AMOUNT=720\"",
                            "min_cpu_platform": "",
                            "name": "chp-node-61",
                            "network_interface.#": "1",
                            "network_interface.0.access_config.#": "1",
                            "network_interface.0.access_config.0.assigned_nat_ip": "",
                            "network_interface.0.access_config.0.nat_ip": "34.68.98.190",
                            "network_interface.0.access_config.0.network_tier": "PREMIUM",
                            "network_interface.0.access_config.0.public_ptr_domain_name": "",
                            "network_interface.0.address": "",
                            "network_interface.0.alias_ip_range.#": "0",
                            "network_interface.0.name": "nic0",
                            "network_interface.0.network": "https://www.googleapis.com/compute/v1/projects/tierion-iglesias/global/networks/default",
                            "network_interface.0.network_ip": "10.128.0.90",
                            "network_interface.0.subnetwork": "https://www.googleapis.com/compute/v1/projects/tierion-iglesias/regions/us-central1/subnetworks/default",
                            "network_interface.0.subnetwork_project": "tierion-iglesias",
                            "project": "tierion-iglesias",
                            "scheduling.#": "1",
                            "scheduling.0.automatic_restart": "true",
                            "scheduling.0.on_host_maintenance": "MIGRATE",
                            "scheduling.0.preemptible": "false",
                            "scratch_disk.#": "0",
                            "self_link": "https://www.googleapis.com/compute/v1/projects/tierion-iglesias/zones/us-central1-a/instances/chp-node-61",
                            "service_account.#": "1",
                            "service_account.0.email": "791121030057-compute@developer.gserviceaccount.com",
                            "service_account.0.scopes.#": "2",
                            "service_account.0.scopes.1328717722": "https://www.googleapis.com/auth/devstorage.read_write",
                            "service_account.0.scopes.299962681": "https://www.googleapis.com/auth/compute",
                            "tags.#": "2",
                            "tags.2152288274": "web-sg",
                            "tags.2541227442": "http",
                            "tags_fingerprint": "IJDDdaOreBI=",
                            "zone": "us-central1-a"
                        },
                        "meta": {
                            "e2bfb730-ecaa-11e6-8f88-34363bc7c4c0": {
                                "create": 360000000000,
                                "delete": 360000000000,
                                "update": 360000000000
                            },
                            "schema_version": "6"
                        },
                        "tainted": false
                    },
                    "deposed": [],
                    "provider": "provider.google"
                },
                "google_compute_instance.chp-node.62": {
                    "type": "google_compute_instance",
                    "depends_on": [
                        "data.template_file.init"
                    ],
                    "primary": {
                        "id": "chp-node-62",
                        "attributes": {
                            "attached_disk.#": "0",
                            "boot_disk.#": "1",
                            "boot_disk.0.auto_delete": "true",
                            "boot_disk.0.device_name": "persistent-disk-0",
                            "boot_disk.0.disk_encryption_key_raw": "",
                            "boot_disk.0.disk_encryption_key_sha256": "",
                            "boot_disk.0.initialize_params.#": "1",
                            "boot_disk.0.initialize_params.0.image": "https://www.googleapis.com/compute/v1/projects/ubuntu-os-cloud/global/images/ubuntu-1804-bionic-v20190628",
                            "boot_disk.0.initialize_params.0.size": "10",
                            "boot_disk.0.initialize_params.0.type": "pd-standard",
                            "boot_disk.0.source": "https://www.googleapis.com/compute/v1/projects/tierion-iglesias/zones/us-central1-a/disks/chp-node-62",
                            "can_ip_forward": "false",
                            "cpu_platform": "Intel Haswell",
                            "deletion_protection": "false",
                            "guest_accelerator.#": "0",
                            "hostname": "",
                            "id": "chp-node-62",
                            "instance_id": "469467131985416953",
                            "label_fingerprint": "42WmSpB8rSM=",
                            "labels.%": "0",
                            "machine_type": "n1-standard-1",
                            "metadata.%": "1",
                            "metadata.project": "chainpoint-hydra",
                            "metadata_fingerprint": "EpXsOtCLHos=",
                            "metadata_startup_script": "#!/bin/bash\n\nif [ -x \"$(command -v docker)\" ]; then\n    echo \"Docker already installed\"\nelse\n    echo \"Install docker\"\n    curl -fsSL https://get.docker.com -o get-docker.sh\n    bash get-docker.sh\n    sudo usermod -aG docker $USER\nfi\n\nsudo apt-get -qq install -y docker-compose git make jq nodejs npm openssl build-essential g++\ncurl -sS https://dl.yarnpkg.com/debian/pubkey.gpg | sudo apt-key add -\nif ! [ -x \"$(command -v yarn)\" ]; then\n    echo \"deb https://dl.yarnpkg.com/debian/ stable main\" | sudo tee /etc/apt/sources.list.d/yarn.list\n    sudo apt-get update -y \u0026\u0026 sudo apt-get install -y --no-install-recommends yarn\nfi\n\n# Install Stackdriver Agent\ncurl -sSO https://dl.google.com/cloudagents/install-monitoring-agent.sh\nsudo bash install-monitoring-agent.sh\n\ncd /srv\nsudo mkdir chp\n\ncd ./chp\n\nsudo git clone https://github.com/chainpoint/chainpoint-node-src.git\nsudo chmod 775 chainpoint-node-src\ncd ./chainpoint-node-src\ngit checkout -b v2 origin/v2\n\nsudo git clone https://michael-iglesias:faca2c20b50c456892f3b6a601ae457d7a49ff10@github.com/chainpoint/go-hydra-smart-contract-files.git artifacts/ethcontracts\n\ncurl \"http://metadata.google.internal/computeMetadata/v1/instance/network-interfaces/0/access-configs/0/external-ip\" -H \"Metadata-Flavor: Google\" \u003e eip.txt\n\nmake init\n\nmake build\n\nmake build-rocksdb\n\necho CHAINPOINT_CORE_CONNECT_IP_LIST=35.245.211.97,35.245.9.90,35.188.238.186 \u003e\u003e .env\n\nmake deploy\n\ncurl -X POST \\\n  https://us-central1-tierion-iglesias.cloudfunctions.net/eth-address-init-stream-processor \\\n  -H 'Content-Type: application/json' \\\n  -H 'Postman-Token: 127b5e92-b8fd-4fd0-b6f9-3a58f9d0c0d9' \\\n  -H 'cache-control: no-cache' \\\n  -d \"{\n\t\\\"ethAddress\\\": \\\"$(\u003ceth-address.txt)\\\"\n}\"\n\n# Start Hydra Utils to poll for a positive $TKN balance before it invokes `make register` on behalf of the Node\nnpm install -g load-testing-node-utils\nexport ETH_INFURA_API_KEY=\"ad8f210998704f9e89a37a4791d4702e\" \u0026\u0026 hydra-chp-node-utils\n\n# make register NODE_ETH_REWARDS_ADDRESS=$(\u003ceth-address.txt) NODE_PUBLIC_IP_ADDRESS=$(\u003ceip.txt) AUTO_REFILL_ENABLED=true AUTO_REFILL_AMOUNT=720\n\nexport COMPOSE_INTERACTIVE_NO_CLI=1 \u0026\u0026 docker exec `docker ps -q` bash -c \"source cli/scripts/env_secrets_expand.sh \u0026\u0026 node cli/register.js NODE_ETH_REWARDS_ADDRESS=$(\u003ceth-address.txt) NODE_PUBLIC_IP_ADDRESS=$(\u003ceip.txt) AUTO_REFILL_ENABLED=true AUTO_REFILL_AMOUNT=720\"",
                            "min_cpu_platform": "",
                            "name": "chp-node-62",
                            "network_interface.#": "1",
                            "network_interface.0.access_config.#": "1",
                            "network_interface.0.access_config.0.assigned_nat_ip": "",
                            "network_interface.0.access_config.0.nat_ip": "35.238.145.192",
                            "network_interface.0.access_config.0.network_tier": "PREMIUM",
                            "network_interface.0.access_config.0.public_ptr_domain_name": "",
                            "network_interface.0.address": "",
                            "network_interface.0.alias_ip_range.#": "0",
                            "network_interface.0.name": "nic0",
                            "network_interface.0.network": "https://www.googleapis.com/compute/v1/projects/tierion-iglesias/global/networks/default",
                            "network_interface.0.network_ip": "10.128.0.116",
                            "network_interface.0.subnetwork": "https://www.googleapis.com/compute/v1/projects/tierion-iglesias/regions/us-central1/subnetworks/default",
                            "network_interface.0.subnetwork_project": "tierion-iglesias",
                            "project": "tierion-iglesias",
                            "scheduling.#": "1",
                            "scheduling.0.automatic_restart": "true",
                            "scheduling.0.on_host_maintenance": "MIGRATE",
                            "scheduling.0.preemptible": "false",
                            "scratch_disk.#": "0",
                            "self_link": "https://www.googleapis.com/compute/v1/projects/tierion-iglesias/zones/us-central1-a/instances/chp-node-62",
                            "service_account.#": "1",
                            "service_account.0.email": "791121030057-compute@developer.gserviceaccount.com",
                            "service_account.0.scopes.#": "2",
                            "service_account.0.scopes.1328717722": "https://www.googleapis.com/auth/devstorage.read_write",
                            "service_account.0.scopes.299962681": "https://www.googleapis.com/auth/compute",
                            "tags.#": "2",
                            "tags.2152288274": "web-sg",
                            "tags.2541227442": "http",
                            "tags_fingerprint": "IJDDdaOreBI=",
                            "zone": "us-central1-a"
                        },
                        "meta": {
                            "e2bfb730-ecaa-11e6-8f88-34363bc7c4c0": {
                                "create": 360000000000,
                                "delete": 360000000000,
                                "update": 360000000000
                            },
                            "schema_version": "6"
                        },
                        "tainted": false
                    },
                    "deposed": [],
                    "provider": "provider.google"
                },
                "google_compute_instance.chp-node.63": {
                    "type": "google_compute_instance",
                    "depends_on": [
                        "data.template_file.init"
                    ],
                    "primary": {
                        "id": "chp-node-63",
                        "attributes": {
                            "attached_disk.#": "0",
                            "boot_disk.#": "1",
                            "boot_disk.0.auto_delete": "true",
                            "boot_disk.0.device_name": "persistent-disk-0",
                            "boot_disk.0.disk_encryption_key_raw": "",
                            "boot_disk.0.disk_encryption_key_sha256": "",
                            "boot_disk.0.initialize_params.#": "1",
                            "boot_disk.0.initialize_params.0.image": "https://www.googleapis.com/compute/v1/projects/ubuntu-os-cloud/global/images/ubuntu-1804-bionic-v20190628",
                            "boot_disk.0.initialize_params.0.size": "10",
                            "boot_disk.0.initialize_params.0.type": "pd-standard",
                            "boot_disk.0.source": "https://www.googleapis.com/compute/v1/projects/tierion-iglesias/zones/us-central1-a/disks/chp-node-63",
                            "can_ip_forward": "false",
                            "cpu_platform": "Intel Haswell",
                            "deletion_protection": "false",
                            "guest_accelerator.#": "0",
                            "hostname": "",
                            "id": "chp-node-63",
                            "instance_id": "7967523395555709546",
                            "label_fingerprint": "42WmSpB8rSM=",
                            "labels.%": "0",
                            "machine_type": "n1-standard-1",
                            "metadata.%": "1",
                            "metadata.project": "chainpoint-hydra",
                            "metadata_fingerprint": "EpXsOtCLHos=",
                            "metadata_startup_script": "#!/bin/bash\n\nif [ -x \"$(command -v docker)\" ]; then\n    echo \"Docker already installed\"\nelse\n    echo \"Install docker\"\n    curl -fsSL https://get.docker.com -o get-docker.sh\n    bash get-docker.sh\n    sudo usermod -aG docker $USER\nfi\n\nsudo apt-get -qq install -y docker-compose git make jq nodejs npm openssl build-essential g++\ncurl -sS https://dl.yarnpkg.com/debian/pubkey.gpg | sudo apt-key add -\nif ! [ -x \"$(command -v yarn)\" ]; then\n    echo \"deb https://dl.yarnpkg.com/debian/ stable main\" | sudo tee /etc/apt/sources.list.d/yarn.list\n    sudo apt-get update -y \u0026\u0026 sudo apt-get install -y --no-install-recommends yarn\nfi\n\n# Install Stackdriver Agent\ncurl -sSO https://dl.google.com/cloudagents/install-monitoring-agent.sh\nsudo bash install-monitoring-agent.sh\n\ncd /srv\nsudo mkdir chp\n\ncd ./chp\n\nsudo git clone https://github.com/chainpoint/chainpoint-node-src.git\nsudo chmod 775 chainpoint-node-src\ncd ./chainpoint-node-src\ngit checkout -b v2 origin/v2\n\nsudo git clone https://michael-iglesias:faca2c20b50c456892f3b6a601ae457d7a49ff10@github.com/chainpoint/go-hydra-smart-contract-files.git artifacts/ethcontracts\n\ncurl \"http://metadata.google.internal/computeMetadata/v1/instance/network-interfaces/0/access-configs/0/external-ip\" -H \"Metadata-Flavor: Google\" \u003e eip.txt\n\nmake init\n\nmake build\n\nmake build-rocksdb\n\necho CHAINPOINT_CORE_CONNECT_IP_LIST=35.245.211.97,35.245.9.90,35.188.238.186 \u003e\u003e .env\n\nmake deploy\n\ncurl -X POST \\\n  https://us-central1-tierion-iglesias.cloudfunctions.net/eth-address-init-stream-processor \\\n  -H 'Content-Type: application/json' \\\n  -H 'Postman-Token: 127b5e92-b8fd-4fd0-b6f9-3a58f9d0c0d9' \\\n  -H 'cache-control: no-cache' \\\n  -d \"{\n\t\\\"ethAddress\\\": \\\"$(\u003ceth-address.txt)\\\"\n}\"\n\n# Start Hydra Utils to poll for a positive $TKN balance before it invokes `make register` on behalf of the Node\nnpm install -g load-testing-node-utils\nexport ETH_INFURA_API_KEY=\"ad8f210998704f9e89a37a4791d4702e\" \u0026\u0026 hydra-chp-node-utils\n\n# make register NODE_ETH_REWARDS_ADDRESS=$(\u003ceth-address.txt) NODE_PUBLIC_IP_ADDRESS=$(\u003ceip.txt) AUTO_REFILL_ENABLED=true AUTO_REFILL_AMOUNT=720\n\nexport COMPOSE_INTERACTIVE_NO_CLI=1 \u0026\u0026 docker exec `docker ps -q` bash -c \"source cli/scripts/env_secrets_expand.sh \u0026\u0026 node cli/register.js NODE_ETH_REWARDS_ADDRESS=$(\u003ceth-address.txt) NODE_PUBLIC_IP_ADDRESS=$(\u003ceip.txt) AUTO_REFILL_ENABLED=true AUTO_REFILL_AMOUNT=720\"",
                            "min_cpu_platform": "",
                            "name": "chp-node-63",
                            "network_interface.#": "1",
                            "network_interface.0.access_config.#": "1",
                            "network_interface.0.access_config.0.assigned_nat_ip": "",
                            "network_interface.0.access_config.0.nat_ip": "35.192.167.170",
                            "network_interface.0.access_config.0.network_tier": "PREMIUM",
                            "network_interface.0.access_config.0.public_ptr_domain_name": "",
                            "network_interface.0.address": "",
                            "network_interface.0.alias_ip_range.#": "0",
                            "network_interface.0.name": "nic0",
                            "network_interface.0.network": "https://www.googleapis.com/compute/v1/projects/tierion-iglesias/global/networks/default",
                            "network_interface.0.network_ip": "10.128.0.136",
                            "network_interface.0.subnetwork": "https://www.googleapis.com/compute/v1/projects/tierion-iglesias/regions/us-central1/subnetworks/default",
                            "network_interface.0.subnetwork_project": "tierion-iglesias",
                            "project": "tierion-iglesias",
                            "scheduling.#": "1",
                            "scheduling.0.automatic_restart": "true",
                            "scheduling.0.on_host_maintenance": "MIGRATE",
                            "scheduling.0.preemptible": "false",
                            "scratch_disk.#": "0",
                            "self_link": "https://www.googleapis.com/compute/v1/projects/tierion-iglesias/zones/us-central1-a/instances/chp-node-63",
                            "service_account.#": "1",
                            "service_account.0.email": "791121030057-compute@developer.gserviceaccount.com",
                            "service_account.0.scopes.#": "2",
                            "service_account.0.scopes.1328717722": "https://www.googleapis.com/auth/devstorage.read_write",
                            "service_account.0.scopes.299962681": "https://www.googleapis.com/auth/compute",
                            "tags.#": "2",
                            "tags.2152288274": "web-sg",
                            "tags.2541227442": "http",
                            "tags_fingerprint": "IJDDdaOreBI=",
                            "zone": "us-central1-a"
                        },
                        "meta": {
                            "e2bfb730-ecaa-11e6-8f88-34363bc7c4c0": {
                                "create": 360000000000,
                                "delete": 360000000000,
                                "update": 360000000000
                            },
                            "schema_version": "6"
                        },
                        "tainted": false
                    },
                    "deposed": [],
                    "provider": "provider.google"
                },
                "google_compute_instance.chp-node.64": {
                    "type": "google_compute_instance",
                    "depends_on": [
                        "data.template_file.init"
                    ],
                    "primary": {
                        "id": "chp-node-64",
                        "attributes": {
                            "attached_disk.#": "0",
                            "boot_disk.#": "1",
                            "boot_disk.0.auto_delete": "true",
                            "boot_disk.0.device_name": "persistent-disk-0",
                            "boot_disk.0.disk_encryption_key_raw": "",
                            "boot_disk.0.disk_encryption_key_sha256": "",
                            "boot_disk.0.initialize_params.#": "1",
                            "boot_disk.0.initialize_params.0.image": "https://www.googleapis.com/compute/v1/projects/ubuntu-os-cloud/global/images/ubuntu-1804-bionic-v20190628",
                            "boot_disk.0.initialize_params.0.size": "10",
                            "boot_disk.0.initialize_params.0.type": "pd-standard",
                            "boot_disk.0.source": "https://www.googleapis.com/compute/v1/projects/tierion-iglesias/zones/us-central1-a/disks/chp-node-64",
                            "can_ip_forward": "false",
                            "cpu_platform": "Intel Haswell",
                            "deletion_protection": "false",
                            "guest_accelerator.#": "0",
                            "hostname": "",
                            "id": "chp-node-64",
                            "instance_id": "820856939255059616",
                            "label_fingerprint": "42WmSpB8rSM=",
                            "labels.%": "0",
                            "machine_type": "n1-standard-1",
                            "metadata.%": "1",
                            "metadata.project": "chainpoint-hydra",
                            "metadata_fingerprint": "EpXsOtCLHos=",
                            "metadata_startup_script": "#!/bin/bash\n\nif [ -x \"$(command -v docker)\" ]; then\n    echo \"Docker already installed\"\nelse\n    echo \"Install docker\"\n    curl -fsSL https://get.docker.com -o get-docker.sh\n    bash get-docker.sh\n    sudo usermod -aG docker $USER\nfi\n\nsudo apt-get -qq install -y docker-compose git make jq nodejs npm openssl build-essential g++\ncurl -sS https://dl.yarnpkg.com/debian/pubkey.gpg | sudo apt-key add -\nif ! [ -x \"$(command -v yarn)\" ]; then\n    echo \"deb https://dl.yarnpkg.com/debian/ stable main\" | sudo tee /etc/apt/sources.list.d/yarn.list\n    sudo apt-get update -y \u0026\u0026 sudo apt-get install -y --no-install-recommends yarn\nfi\n\n# Install Stackdriver Agent\ncurl -sSO https://dl.google.com/cloudagents/install-monitoring-agent.sh\nsudo bash install-monitoring-agent.sh\n\ncd /srv\nsudo mkdir chp\n\ncd ./chp\n\nsudo git clone https://github.com/chainpoint/chainpoint-node-src.git\nsudo chmod 775 chainpoint-node-src\ncd ./chainpoint-node-src\ngit checkout -b v2 origin/v2\n\nsudo git clone https://michael-iglesias:faca2c20b50c456892f3b6a601ae457d7a49ff10@github.com/chainpoint/go-hydra-smart-contract-files.git artifacts/ethcontracts\n\ncurl \"http://metadata.google.internal/computeMetadata/v1/instance/network-interfaces/0/access-configs/0/external-ip\" -H \"Metadata-Flavor: Google\" \u003e eip.txt\n\nmake init\n\nmake build\n\nmake build-rocksdb\n\necho CHAINPOINT_CORE_CONNECT_IP_LIST=35.245.211.97,35.245.9.90,35.188.238.186 \u003e\u003e .env\n\nmake deploy\n\ncurl -X POST \\\n  https://us-central1-tierion-iglesias.cloudfunctions.net/eth-address-init-stream-processor \\\n  -H 'Content-Type: application/json' \\\n  -H 'Postman-Token: 127b5e92-b8fd-4fd0-b6f9-3a58f9d0c0d9' \\\n  -H 'cache-control: no-cache' \\\n  -d \"{\n\t\\\"ethAddress\\\": \\\"$(\u003ceth-address.txt)\\\"\n}\"\n\n# Start Hydra Utils to poll for a positive $TKN balance before it invokes `make register` on behalf of the Node\nnpm install -g load-testing-node-utils\nexport ETH_INFURA_API_KEY=\"ad8f210998704f9e89a37a4791d4702e\" \u0026\u0026 hydra-chp-node-utils\n\n# make register NODE_ETH_REWARDS_ADDRESS=$(\u003ceth-address.txt) NODE_PUBLIC_IP_ADDRESS=$(\u003ceip.txt) AUTO_REFILL_ENABLED=true AUTO_REFILL_AMOUNT=720\n\nexport COMPOSE_INTERACTIVE_NO_CLI=1 \u0026\u0026 docker exec `docker ps -q` bash -c \"source cli/scripts/env_secrets_expand.sh \u0026\u0026 node cli/register.js NODE_ETH_REWARDS_ADDRESS=$(\u003ceth-address.txt) NODE_PUBLIC_IP_ADDRESS=$(\u003ceip.txt) AUTO_REFILL_ENABLED=true AUTO_REFILL_AMOUNT=720\"",
                            "min_cpu_platform": "",
                            "name": "chp-node-64",
                            "network_interface.#": "1",
                            "network_interface.0.access_config.#": "1",
                            "network_interface.0.access_config.0.assigned_nat_ip": "",
                            "network_interface.0.access_config.0.nat_ip": "104.198.230.60",
                            "network_interface.0.access_config.0.network_tier": "PREMIUM",
                            "network_interface.0.access_config.0.public_ptr_domain_name": "",
                            "network_interface.0.address": "",
                            "network_interface.0.alias_ip_range.#": "0",
                            "network_interface.0.name": "nic0",
                            "network_interface.0.network": "https://www.googleapis.com/compute/v1/projects/tierion-iglesias/global/networks/default",
                            "network_interface.0.network_ip": "10.128.15.224",
                            "network_interface.0.subnetwork": "https://www.googleapis.com/compute/v1/projects/tierion-iglesias/regions/us-central1/subnetworks/default",
                            "network_interface.0.subnetwork_project": "tierion-iglesias",
                            "project": "tierion-iglesias",
                            "scheduling.#": "1",
                            "scheduling.0.automatic_restart": "true",
                            "scheduling.0.on_host_maintenance": "MIGRATE",
                            "scheduling.0.preemptible": "false",
                            "scratch_disk.#": "0",
                            "self_link": "https://www.googleapis.com/compute/v1/projects/tierion-iglesias/zones/us-central1-a/instances/chp-node-64",
                            "service_account.#": "1",
                            "service_account.0.email": "791121030057-compute@developer.gserviceaccount.com",
                            "service_account.0.scopes.#": "2",
                            "service_account.0.scopes.1328717722": "https://www.googleapis.com/auth/devstorage.read_write",
                            "service_account.0.scopes.299962681": "https://www.googleapis.com/auth/compute",
                            "tags.#": "2",
                            "tags.2152288274": "web-sg",
                            "tags.2541227442": "http",
                            "tags_fingerprint": "IJDDdaOreBI=",
                            "zone": "us-central1-a"
                        },
                        "meta": {
                            "e2bfb730-ecaa-11e6-8f88-34363bc7c4c0": {
                                "create": 360000000000,
                                "delete": 360000000000,
                                "update": 360000000000
                            },
                            "schema_version": "6"
                        },
                        "tainted": false
                    },
                    "deposed": [],
                    "provider": "provider.google"
                },
                "google_compute_instance.chp-node.65": {
                    "type": "google_compute_instance",
                    "depends_on": [
                        "data.template_file.init"
                    ],
                    "primary": {
                        "id": "chp-node-65",
                        "attributes": {
                            "attached_disk.#": "0",
                            "boot_disk.#": "1",
                            "boot_disk.0.auto_delete": "true",
                            "boot_disk.0.device_name": "persistent-disk-0",
                            "boot_disk.0.disk_encryption_key_raw": "",
                            "boot_disk.0.disk_encryption_key_sha256": "",
                            "boot_disk.0.initialize_params.#": "1",
                            "boot_disk.0.initialize_params.0.image": "https://www.googleapis.com/compute/v1/projects/ubuntu-os-cloud/global/images/ubuntu-1804-bionic-v20190628",
                            "boot_disk.0.initialize_params.0.size": "10",
                            "boot_disk.0.initialize_params.0.type": "pd-standard",
                            "boot_disk.0.source": "https://www.googleapis.com/compute/v1/projects/tierion-iglesias/zones/us-central1-a/disks/chp-node-65",
                            "can_ip_forward": "false",
                            "cpu_platform": "Intel Haswell",
                            "deletion_protection": "false",
                            "guest_accelerator.#": "0",
                            "hostname": "",
                            "id": "chp-node-65",
                            "instance_id": "6197079052272424305",
                            "label_fingerprint": "42WmSpB8rSM=",
                            "labels.%": "0",
                            "machine_type": "n1-standard-1",
                            "metadata.%": "1",
                            "metadata.project": "chainpoint-hydra",
                            "metadata_fingerprint": "EpXsOtCLHos=",
                            "metadata_startup_script": "#!/bin/bash\n\nif [ -x \"$(command -v docker)\" ]; then\n    echo \"Docker already installed\"\nelse\n    echo \"Install docker\"\n    curl -fsSL https://get.docker.com -o get-docker.sh\n    bash get-docker.sh\n    sudo usermod -aG docker $USER\nfi\n\nsudo apt-get -qq install -y docker-compose git make jq nodejs npm openssl build-essential g++\ncurl -sS https://dl.yarnpkg.com/debian/pubkey.gpg | sudo apt-key add -\nif ! [ -x \"$(command -v yarn)\" ]; then\n    echo \"deb https://dl.yarnpkg.com/debian/ stable main\" | sudo tee /etc/apt/sources.list.d/yarn.list\n    sudo apt-get update -y \u0026\u0026 sudo apt-get install -y --no-install-recommends yarn\nfi\n\n# Install Stackdriver Agent\ncurl -sSO https://dl.google.com/cloudagents/install-monitoring-agent.sh\nsudo bash install-monitoring-agent.sh\n\ncd /srv\nsudo mkdir chp\n\ncd ./chp\n\nsudo git clone https://github.com/chainpoint/chainpoint-node-src.git\nsudo chmod 775 chainpoint-node-src\ncd ./chainpoint-node-src\ngit checkout -b v2 origin/v2\n\nsudo git clone https://michael-iglesias:faca2c20b50c456892f3b6a601ae457d7a49ff10@github.com/chainpoint/go-hydra-smart-contract-files.git artifacts/ethcontracts\n\ncurl \"http://metadata.google.internal/computeMetadata/v1/instance/network-interfaces/0/access-configs/0/external-ip\" -H \"Metadata-Flavor: Google\" \u003e eip.txt\n\nmake init\n\nmake build\n\nmake build-rocksdb\n\necho CHAINPOINT_CORE_CONNECT_IP_LIST=35.245.211.97,35.245.9.90,35.188.238.186 \u003e\u003e .env\n\nmake deploy\n\ncurl -X POST \\\n  https://us-central1-tierion-iglesias.cloudfunctions.net/eth-address-init-stream-processor \\\n  -H 'Content-Type: application/json' \\\n  -H 'Postman-Token: 127b5e92-b8fd-4fd0-b6f9-3a58f9d0c0d9' \\\n  -H 'cache-control: no-cache' \\\n  -d \"{\n\t\\\"ethAddress\\\": \\\"$(\u003ceth-address.txt)\\\"\n}\"\n\n# Start Hydra Utils to poll for a positive $TKN balance before it invokes `make register` on behalf of the Node\nnpm install -g load-testing-node-utils\nexport ETH_INFURA_API_KEY=\"ad8f210998704f9e89a37a4791d4702e\" \u0026\u0026 hydra-chp-node-utils\n\n# make register NODE_ETH_REWARDS_ADDRESS=$(\u003ceth-address.txt) NODE_PUBLIC_IP_ADDRESS=$(\u003ceip.txt) AUTO_REFILL_ENABLED=true AUTO_REFILL_AMOUNT=720\n\nexport COMPOSE_INTERACTIVE_NO_CLI=1 \u0026\u0026 docker exec `docker ps -q` bash -c \"source cli/scripts/env_secrets_expand.sh \u0026\u0026 node cli/register.js NODE_ETH_REWARDS_ADDRESS=$(\u003ceth-address.txt) NODE_PUBLIC_IP_ADDRESS=$(\u003ceip.txt) AUTO_REFILL_ENABLED=true AUTO_REFILL_AMOUNT=720\"",
                            "min_cpu_platform": "",
                            "name": "chp-node-65",
                            "network_interface.#": "1",
                            "network_interface.0.access_config.#": "1",
                            "network_interface.0.access_config.0.assigned_nat_ip": "",
                            "network_interface.0.access_config.0.nat_ip": "104.197.102.227",
                            "network_interface.0.access_config.0.network_tier": "PREMIUM",
                            "network_interface.0.access_config.0.public_ptr_domain_name": "",
                            "network_interface.0.address": "",
                            "network_interface.0.alias_ip_range.#": "0",
                            "network_interface.0.name": "nic0",
                            "network_interface.0.network": "https://www.googleapis.com/compute/v1/projects/tierion-iglesias/global/networks/default",
                            "network_interface.0.network_ip": "10.128.0.92",
                            "network_interface.0.subnetwork": "https://www.googleapis.com/compute/v1/projects/tierion-iglesias/regions/us-central1/subnetworks/default",
                            "network_interface.0.subnetwork_project": "tierion-iglesias",
                            "project": "tierion-iglesias",
                            "scheduling.#": "1",
                            "scheduling.0.automatic_restart": "true",
                            "scheduling.0.on_host_maintenance": "MIGRATE",
                            "scheduling.0.preemptible": "false",
                            "scratch_disk.#": "0",
                            "self_link": "https://www.googleapis.com/compute/v1/projects/tierion-iglesias/zones/us-central1-a/instances/chp-node-65",
                            "service_account.#": "1",
                            "service_account.0.email": "791121030057-compute@developer.gserviceaccount.com",
                            "service_account.0.scopes.#": "2",
                            "service_account.0.scopes.1328717722": "https://www.googleapis.com/auth/devstorage.read_write",
                            "service_account.0.scopes.299962681": "https://www.googleapis.com/auth/compute",
                            "tags.#": "2",
                            "tags.2152288274": "web-sg",
                            "tags.2541227442": "http",
                            "tags_fingerprint": "IJDDdaOreBI=",
                            "zone": "us-central1-a"
                        },
                        "meta": {
                            "e2bfb730-ecaa-11e6-8f88-34363bc7c4c0": {
                                "create": 360000000000,
                                "delete": 360000000000,
                                "update": 360000000000
                            },
                            "schema_version": "6"
                        },
                        "tainted": false
                    },
                    "deposed": [],
                    "provider": "provider.google"
                },
                "google_compute_instance.chp-node.66": {
                    "type": "google_compute_instance",
                    "depends_on": [
                        "data.template_file.init"
                    ],
                    "primary": {
                        "id": "chp-node-66",
                        "attributes": {
                            "attached_disk.#": "0",
                            "boot_disk.#": "1",
                            "boot_disk.0.auto_delete": "true",
                            "boot_disk.0.device_name": "persistent-disk-0",
                            "boot_disk.0.disk_encryption_key_raw": "",
                            "boot_disk.0.disk_encryption_key_sha256": "",
                            "boot_disk.0.initialize_params.#": "1",
                            "boot_disk.0.initialize_params.0.image": "https://www.googleapis.com/compute/v1/projects/ubuntu-os-cloud/global/images/ubuntu-1804-bionic-v20190628",
                            "boot_disk.0.initialize_params.0.size": "10",
                            "boot_disk.0.initialize_params.0.type": "pd-standard",
                            "boot_disk.0.source": "https://www.googleapis.com/compute/v1/projects/tierion-iglesias/zones/us-central1-a/disks/chp-node-66",
                            "can_ip_forward": "false",
                            "cpu_platform": "Intel Haswell",
                            "deletion_protection": "false",
                            "guest_accelerator.#": "0",
                            "hostname": "",
                            "id": "chp-node-66",
                            "instance_id": "6441733085375911099",
                            "label_fingerprint": "42WmSpB8rSM=",
                            "labels.%": "0",
                            "machine_type": "n1-standard-1",
                            "metadata.%": "1",
                            "metadata.project": "chainpoint-hydra",
                            "metadata_fingerprint": "EpXsOtCLHos=",
                            "metadata_startup_script": "#!/bin/bash\n\nif [ -x \"$(command -v docker)\" ]; then\n    echo \"Docker already installed\"\nelse\n    echo \"Install docker\"\n    curl -fsSL https://get.docker.com -o get-docker.sh\n    bash get-docker.sh\n    sudo usermod -aG docker $USER\nfi\n\nsudo apt-get -qq install -y docker-compose git make jq nodejs npm openssl build-essential g++\ncurl -sS https://dl.yarnpkg.com/debian/pubkey.gpg | sudo apt-key add -\nif ! [ -x \"$(command -v yarn)\" ]; then\n    echo \"deb https://dl.yarnpkg.com/debian/ stable main\" | sudo tee /etc/apt/sources.list.d/yarn.list\n    sudo apt-get update -y \u0026\u0026 sudo apt-get install -y --no-install-recommends yarn\nfi\n\n# Install Stackdriver Agent\ncurl -sSO https://dl.google.com/cloudagents/install-monitoring-agent.sh\nsudo bash install-monitoring-agent.sh\n\ncd /srv\nsudo mkdir chp\n\ncd ./chp\n\nsudo git clone https://github.com/chainpoint/chainpoint-node-src.git\nsudo chmod 775 chainpoint-node-src\ncd ./chainpoint-node-src\ngit checkout -b v2 origin/v2\n\nsudo git clone https://michael-iglesias:faca2c20b50c456892f3b6a601ae457d7a49ff10@github.com/chainpoint/go-hydra-smart-contract-files.git artifacts/ethcontracts\n\ncurl \"http://metadata.google.internal/computeMetadata/v1/instance/network-interfaces/0/access-configs/0/external-ip\" -H \"Metadata-Flavor: Google\" \u003e eip.txt\n\nmake init\n\nmake build\n\nmake build-rocksdb\n\necho CHAINPOINT_CORE_CONNECT_IP_LIST=35.245.211.97,35.245.9.90,35.188.238.186 \u003e\u003e .env\n\nmake deploy\n\ncurl -X POST \\\n  https://us-central1-tierion-iglesias.cloudfunctions.net/eth-address-init-stream-processor \\\n  -H 'Content-Type: application/json' \\\n  -H 'Postman-Token: 127b5e92-b8fd-4fd0-b6f9-3a58f9d0c0d9' \\\n  -H 'cache-control: no-cache' \\\n  -d \"{\n\t\\\"ethAddress\\\": \\\"$(\u003ceth-address.txt)\\\"\n}\"\n\n# Start Hydra Utils to poll for a positive $TKN balance before it invokes `make register` on behalf of the Node\nnpm install -g load-testing-node-utils\nexport ETH_INFURA_API_KEY=\"ad8f210998704f9e89a37a4791d4702e\" \u0026\u0026 hydra-chp-node-utils\n\n# make register NODE_ETH_REWARDS_ADDRESS=$(\u003ceth-address.txt) NODE_PUBLIC_IP_ADDRESS=$(\u003ceip.txt) AUTO_REFILL_ENABLED=true AUTO_REFILL_AMOUNT=720\n\nexport COMPOSE_INTERACTIVE_NO_CLI=1 \u0026\u0026 docker exec `docker ps -q` bash -c \"source cli/scripts/env_secrets_expand.sh \u0026\u0026 node cli/register.js NODE_ETH_REWARDS_ADDRESS=$(\u003ceth-address.txt) NODE_PUBLIC_IP_ADDRESS=$(\u003ceip.txt) AUTO_REFILL_ENABLED=true AUTO_REFILL_AMOUNT=720\"",
                            "min_cpu_platform": "",
                            "name": "chp-node-66",
                            "network_interface.#": "1",
                            "network_interface.0.access_config.#": "1",
                            "network_interface.0.access_config.0.assigned_nat_ip": "",
                            "network_interface.0.access_config.0.nat_ip": "35.238.112.52",
                            "network_interface.0.access_config.0.network_tier": "PREMIUM",
                            "network_interface.0.access_config.0.public_ptr_domain_name": "",
                            "network_interface.0.address": "",
                            "network_interface.0.alias_ip_range.#": "0",
                            "network_interface.0.name": "nic0",
                            "network_interface.0.network": "https://www.googleapis.com/compute/v1/projects/tierion-iglesias/global/networks/default",
                            "network_interface.0.network_ip": "10.128.15.227",
                            "network_interface.0.subnetwork": "https://www.googleapis.com/compute/v1/projects/tierion-iglesias/regions/us-central1/subnetworks/default",
                            "network_interface.0.subnetwork_project": "tierion-iglesias",
                            "project": "tierion-iglesias",
                            "scheduling.#": "1",
                            "scheduling.0.automatic_restart": "true",
                            "scheduling.0.on_host_maintenance": "MIGRATE",
                            "scheduling.0.preemptible": "false",
                            "scratch_disk.#": "0",
                            "self_link": "https://www.googleapis.com/compute/v1/projects/tierion-iglesias/zones/us-central1-a/instances/chp-node-66",
                            "service_account.#": "1",
                            "service_account.0.email": "791121030057-compute@developer.gserviceaccount.com",
                            "service_account.0.scopes.#": "2",
                            "service_account.0.scopes.1328717722": "https://www.googleapis.com/auth/devstorage.read_write",
                            "service_account.0.scopes.299962681": "https://www.googleapis.com/auth/compute",
                            "tags.#": "2",
                            "tags.2152288274": "web-sg",
                            "tags.2541227442": "http",
                            "tags_fingerprint": "IJDDdaOreBI=",
                            "zone": "us-central1-a"
                        },
                        "meta": {
                            "e2bfb730-ecaa-11e6-8f88-34363bc7c4c0": {
                                "create": 360000000000,
                                "delete": 360000000000,
                                "update": 360000000000
                            },
                            "schema_version": "6"
                        },
                        "tainted": false
                    },
                    "deposed": [],
                    "provider": "provider.google"
                },
                "google_compute_instance.chp-node.67": {
                    "type": "google_compute_instance",
                    "depends_on": [
                        "data.template_file.init"
                    ],
                    "primary": {
                        "id": "chp-node-67",
                        "attributes": {
                            "attached_disk.#": "0",
                            "boot_disk.#": "1",
                            "boot_disk.0.auto_delete": "true",
                            "boot_disk.0.device_name": "persistent-disk-0",
                            "boot_disk.0.disk_encryption_key_raw": "",
                            "boot_disk.0.disk_encryption_key_sha256": "",
                            "boot_disk.0.initialize_params.#": "1",
                            "boot_disk.0.initialize_params.0.image": "https://www.googleapis.com/compute/v1/projects/ubuntu-os-cloud/global/images/ubuntu-1804-bionic-v20190628",
                            "boot_disk.0.initialize_params.0.size": "10",
                            "boot_disk.0.initialize_params.0.type": "pd-standard",
                            "boot_disk.0.source": "https://www.googleapis.com/compute/v1/projects/tierion-iglesias/zones/us-central1-a/disks/chp-node-67",
                            "can_ip_forward": "false",
                            "cpu_platform": "Intel Haswell",
                            "deletion_protection": "false",
                            "guest_accelerator.#": "0",
                            "hostname": "",
                            "id": "chp-node-67",
                            "instance_id": "7881399186622927668",
                            "label_fingerprint": "42WmSpB8rSM=",
                            "labels.%": "0",
                            "machine_type": "n1-standard-1",
                            "metadata.%": "1",
                            "metadata.project": "chainpoint-hydra",
                            "metadata_fingerprint": "EpXsOtCLHos=",
                            "metadata_startup_script": "#!/bin/bash\n\nif [ -x \"$(command -v docker)\" ]; then\n    echo \"Docker already installed\"\nelse\n    echo \"Install docker\"\n    curl -fsSL https://get.docker.com -o get-docker.sh\n    bash get-docker.sh\n    sudo usermod -aG docker $USER\nfi\n\nsudo apt-get -qq install -y docker-compose git make jq nodejs npm openssl build-essential g++\ncurl -sS https://dl.yarnpkg.com/debian/pubkey.gpg | sudo apt-key add -\nif ! [ -x \"$(command -v yarn)\" ]; then\n    echo \"deb https://dl.yarnpkg.com/debian/ stable main\" | sudo tee /etc/apt/sources.list.d/yarn.list\n    sudo apt-get update -y \u0026\u0026 sudo apt-get install -y --no-install-recommends yarn\nfi\n\n# Install Stackdriver Agent\ncurl -sSO https://dl.google.com/cloudagents/install-monitoring-agent.sh\nsudo bash install-monitoring-agent.sh\n\ncd /srv\nsudo mkdir chp\n\ncd ./chp\n\nsudo git clone https://github.com/chainpoint/chainpoint-node-src.git\nsudo chmod 775 chainpoint-node-src\ncd ./chainpoint-node-src\ngit checkout -b v2 origin/v2\n\nsudo git clone https://michael-iglesias:faca2c20b50c456892f3b6a601ae457d7a49ff10@github.com/chainpoint/go-hydra-smart-contract-files.git artifacts/ethcontracts\n\ncurl \"http://metadata.google.internal/computeMetadata/v1/instance/network-interfaces/0/access-configs/0/external-ip\" -H \"Metadata-Flavor: Google\" \u003e eip.txt\n\nmake init\n\nmake build\n\nmake build-rocksdb\n\necho CHAINPOINT_CORE_CONNECT_IP_LIST=35.245.211.97,35.245.9.90,35.188.238.186 \u003e\u003e .env\n\nmake deploy\n\ncurl -X POST \\\n  https://us-central1-tierion-iglesias.cloudfunctions.net/eth-address-init-stream-processor \\\n  -H 'Content-Type: application/json' \\\n  -H 'Postman-Token: 127b5e92-b8fd-4fd0-b6f9-3a58f9d0c0d9' \\\n  -H 'cache-control: no-cache' \\\n  -d \"{\n\t\\\"ethAddress\\\": \\\"$(\u003ceth-address.txt)\\\"\n}\"\n\n# Start Hydra Utils to poll for a positive $TKN balance before it invokes `make register` on behalf of the Node\nnpm install -g load-testing-node-utils\nexport ETH_INFURA_API_KEY=\"ad8f210998704f9e89a37a4791d4702e\" \u0026\u0026 hydra-chp-node-utils\n\n# make register NODE_ETH_REWARDS_ADDRESS=$(\u003ceth-address.txt) NODE_PUBLIC_IP_ADDRESS=$(\u003ceip.txt) AUTO_REFILL_ENABLED=true AUTO_REFILL_AMOUNT=720\n\nexport COMPOSE_INTERACTIVE_NO_CLI=1 \u0026\u0026 docker exec `docker ps -q` bash -c \"source cli/scripts/env_secrets_expand.sh \u0026\u0026 node cli/register.js NODE_ETH_REWARDS_ADDRESS=$(\u003ceth-address.txt) NODE_PUBLIC_IP_ADDRESS=$(\u003ceip.txt) AUTO_REFILL_ENABLED=true AUTO_REFILL_AMOUNT=720\"",
                            "min_cpu_platform": "",
                            "name": "chp-node-67",
                            "network_interface.#": "1",
                            "network_interface.0.access_config.#": "1",
                            "network_interface.0.access_config.0.assigned_nat_ip": "",
                            "network_interface.0.access_config.0.nat_ip": "35.192.5.182",
                            "network_interface.0.access_config.0.network_tier": "PREMIUM",
                            "network_interface.0.access_config.0.public_ptr_domain_name": "",
                            "network_interface.0.address": "",
                            "network_interface.0.alias_ip_range.#": "0",
                            "network_interface.0.name": "nic0",
                            "network_interface.0.network": "https://www.googleapis.com/compute/v1/projects/tierion-iglesias/global/networks/default",
                            "network_interface.0.network_ip": "10.128.0.194",
                            "network_interface.0.subnetwork": "https://www.googleapis.com/compute/v1/projects/tierion-iglesias/regions/us-central1/subnetworks/default",
                            "network_interface.0.subnetwork_project": "tierion-iglesias",
                            "project": "tierion-iglesias",
                            "scheduling.#": "1",
                            "scheduling.0.automatic_restart": "true",
                            "scheduling.0.on_host_maintenance": "MIGRATE",
                            "scheduling.0.preemptible": "false",
                            "scratch_disk.#": "0",
                            "self_link": "https://www.googleapis.com/compute/v1/projects/tierion-iglesias/zones/us-central1-a/instances/chp-node-67",
                            "service_account.#": "1",
                            "service_account.0.email": "791121030057-compute@developer.gserviceaccount.com",
                            "service_account.0.scopes.#": "2",
                            "service_account.0.scopes.1328717722": "https://www.googleapis.com/auth/devstorage.read_write",
                            "service_account.0.scopes.299962681": "https://www.googleapis.com/auth/compute",
                            "tags.#": "2",
                            "tags.2152288274": "web-sg",
                            "tags.2541227442": "http",
                            "tags_fingerprint": "IJDDdaOreBI=",
                            "zone": "us-central1-a"
                        },
                        "meta": {
                            "e2bfb730-ecaa-11e6-8f88-34363bc7c4c0": {
                                "create": 360000000000,
                                "delete": 360000000000,
                                "update": 360000000000
                            },
                            "schema_version": "6"
                        },
                        "tainted": false
                    },
                    "deposed": [],
                    "provider": "provider.google"
                },
                "google_compute_instance.chp-node.68": {
                    "type": "google_compute_instance",
                    "depends_on": [
                        "data.template_file.init"
                    ],
                    "primary": {
                        "id": "chp-node-68",
                        "attributes": {
                            "attached_disk.#": "0",
                            "boot_disk.#": "1",
                            "boot_disk.0.auto_delete": "true",
                            "boot_disk.0.device_name": "persistent-disk-0",
                            "boot_disk.0.disk_encryption_key_raw": "",
                            "boot_disk.0.disk_encryption_key_sha256": "",
                            "boot_disk.0.initialize_params.#": "1",
                            "boot_disk.0.initialize_params.0.image": "https://www.googleapis.com/compute/v1/projects/ubuntu-os-cloud/global/images/ubuntu-1804-bionic-v20190628",
                            "boot_disk.0.initialize_params.0.size": "10",
                            "boot_disk.0.initialize_params.0.type": "pd-standard",
                            "boot_disk.0.source": "https://www.googleapis.com/compute/v1/projects/tierion-iglesias/zones/us-central1-a/disks/chp-node-68",
                            "can_ip_forward": "false",
                            "cpu_platform": "Intel Haswell",
                            "deletion_protection": "false",
                            "guest_accelerator.#": "0",
                            "hostname": "",
                            "id": "chp-node-68",
                            "instance_id": "9200025052110017271",
                            "label_fingerprint": "42WmSpB8rSM=",
                            "labels.%": "0",
                            "machine_type": "n1-standard-1",
                            "metadata.%": "1",
                            "metadata.project": "chainpoint-hydra",
                            "metadata_fingerprint": "EpXsOtCLHos=",
                            "metadata_startup_script": "#!/bin/bash\n\nif [ -x \"$(command -v docker)\" ]; then\n    echo \"Docker already installed\"\nelse\n    echo \"Install docker\"\n    curl -fsSL https://get.docker.com -o get-docker.sh\n    bash get-docker.sh\n    sudo usermod -aG docker $USER\nfi\n\nsudo apt-get -qq install -y docker-compose git make jq nodejs npm openssl build-essential g++\ncurl -sS https://dl.yarnpkg.com/debian/pubkey.gpg | sudo apt-key add -\nif ! [ -x \"$(command -v yarn)\" ]; then\n    echo \"deb https://dl.yarnpkg.com/debian/ stable main\" | sudo tee /etc/apt/sources.list.d/yarn.list\n    sudo apt-get update -y \u0026\u0026 sudo apt-get install -y --no-install-recommends yarn\nfi\n\n# Install Stackdriver Agent\ncurl -sSO https://dl.google.com/cloudagents/install-monitoring-agent.sh\nsudo bash install-monitoring-agent.sh\n\ncd /srv\nsudo mkdir chp\n\ncd ./chp\n\nsudo git clone https://github.com/chainpoint/chainpoint-node-src.git\nsudo chmod 775 chainpoint-node-src\ncd ./chainpoint-node-src\ngit checkout -b v2 origin/v2\n\nsudo git clone https://michael-iglesias:faca2c20b50c456892f3b6a601ae457d7a49ff10@github.com/chainpoint/go-hydra-smart-contract-files.git artifacts/ethcontracts\n\ncurl \"http://metadata.google.internal/computeMetadata/v1/instance/network-interfaces/0/access-configs/0/external-ip\" -H \"Metadata-Flavor: Google\" \u003e eip.txt\n\nmake init\n\nmake build\n\nmake build-rocksdb\n\necho CHAINPOINT_CORE_CONNECT_IP_LIST=35.245.211.97,35.245.9.90,35.188.238.186 \u003e\u003e .env\n\nmake deploy\n\ncurl -X POST \\\n  https://us-central1-tierion-iglesias.cloudfunctions.net/eth-address-init-stream-processor \\\n  -H 'Content-Type: application/json' \\\n  -H 'Postman-Token: 127b5e92-b8fd-4fd0-b6f9-3a58f9d0c0d9' \\\n  -H 'cache-control: no-cache' \\\n  -d \"{\n\t\\\"ethAddress\\\": \\\"$(\u003ceth-address.txt)\\\"\n}\"\n\n# Start Hydra Utils to poll for a positive $TKN balance before it invokes `make register` on behalf of the Node\nnpm install -g load-testing-node-utils\nexport ETH_INFURA_API_KEY=\"ad8f210998704f9e89a37a4791d4702e\" \u0026\u0026 hydra-chp-node-utils\n\n# make register NODE_ETH_REWARDS_ADDRESS=$(\u003ceth-address.txt) NODE_PUBLIC_IP_ADDRESS=$(\u003ceip.txt) AUTO_REFILL_ENABLED=true AUTO_REFILL_AMOUNT=720\n\nexport COMPOSE_INTERACTIVE_NO_CLI=1 \u0026\u0026 docker exec `docker ps -q` bash -c \"source cli/scripts/env_secrets_expand.sh \u0026\u0026 node cli/register.js NODE_ETH_REWARDS_ADDRESS=$(\u003ceth-address.txt) NODE_PUBLIC_IP_ADDRESS=$(\u003ceip.txt) AUTO_REFILL_ENABLED=true AUTO_REFILL_AMOUNT=720\"",
                            "min_cpu_platform": "",
                            "name": "chp-node-68",
                            "network_interface.#": "1",
                            "network_interface.0.access_config.#": "1",
                            "network_interface.0.access_config.0.assigned_nat_ip": "",
                            "network_interface.0.access_config.0.nat_ip": "34.68.84.172",
                            "network_interface.0.access_config.0.network_tier": "PREMIUM",
                            "network_interface.0.access_config.0.public_ptr_domain_name": "",
                            "network_interface.0.address": "",
                            "network_interface.0.alias_ip_range.#": "0",
                            "network_interface.0.name": "nic0",
                            "network_interface.0.network": "https://www.googleapis.com/compute/v1/projects/tierion-iglesias/global/networks/default",
                            "network_interface.0.network_ip": "10.128.0.117",
                            "network_interface.0.subnetwork": "https://www.googleapis.com/compute/v1/projects/tierion-iglesias/regions/us-central1/subnetworks/default",
                            "network_interface.0.subnetwork_project": "tierion-iglesias",
                            "project": "tierion-iglesias",
                            "scheduling.#": "1",
                            "scheduling.0.automatic_restart": "true",
                            "scheduling.0.on_host_maintenance": "MIGRATE",
                            "scheduling.0.preemptible": "false",
                            "scratch_disk.#": "0",
                            "self_link": "https://www.googleapis.com/compute/v1/projects/tierion-iglesias/zones/us-central1-a/instances/chp-node-68",
                            "service_account.#": "1",
                            "service_account.0.email": "791121030057-compute@developer.gserviceaccount.com",
                            "service_account.0.scopes.#": "2",
                            "service_account.0.scopes.1328717722": "https://www.googleapis.com/auth/devstorage.read_write",
                            "service_account.0.scopes.299962681": "https://www.googleapis.com/auth/compute",
                            "tags.#": "2",
                            "tags.2152288274": "web-sg",
                            "tags.2541227442": "http",
                            "tags_fingerprint": "IJDDdaOreBI=",
                            "zone": "us-central1-a"
                        },
                        "meta": {
                            "e2bfb730-ecaa-11e6-8f88-34363bc7c4c0": {
                                "create": 360000000000,
                                "delete": 360000000000,
                                "update": 360000000000
                            },
                            "schema_version": "6"
                        },
                        "tainted": false
                    },
                    "deposed": [],
                    "provider": "provider.google"
                },
                "google_compute_instance.chp-node.69": {
                    "type": "google_compute_instance",
                    "depends_on": [
                        "data.template_file.init"
                    ],
                    "primary": {
                        "id": "chp-node-69",
                        "attributes": {
                            "attached_disk.#": "0",
                            "boot_disk.#": "1",
                            "boot_disk.0.auto_delete": "true",
                            "boot_disk.0.device_name": "persistent-disk-0",
                            "boot_disk.0.disk_encryption_key_raw": "",
                            "boot_disk.0.disk_encryption_key_sha256": "",
                            "boot_disk.0.initialize_params.#": "1",
                            "boot_disk.0.initialize_params.0.image": "https://www.googleapis.com/compute/v1/projects/ubuntu-os-cloud/global/images/ubuntu-1804-bionic-v20190628",
                            "boot_disk.0.initialize_params.0.size": "10",
                            "boot_disk.0.initialize_params.0.type": "pd-standard",
                            "boot_disk.0.source": "https://www.googleapis.com/compute/v1/projects/tierion-iglesias/zones/us-central1-a/disks/chp-node-69",
                            "can_ip_forward": "false",
                            "cpu_platform": "Intel Haswell",
                            "deletion_protection": "false",
                            "guest_accelerator.#": "0",
                            "hostname": "",
                            "id": "chp-node-69",
                            "instance_id": "615000466722803960",
                            "label_fingerprint": "42WmSpB8rSM=",
                            "labels.%": "0",
                            "machine_type": "n1-standard-1",
                            "metadata.%": "1",
                            "metadata.project": "chainpoint-hydra",
                            "metadata_fingerprint": "EpXsOtCLHos=",
                            "metadata_startup_script": "#!/bin/bash\n\nif [ -x \"$(command -v docker)\" ]; then\n    echo \"Docker already installed\"\nelse\n    echo \"Install docker\"\n    curl -fsSL https://get.docker.com -o get-docker.sh\n    bash get-docker.sh\n    sudo usermod -aG docker $USER\nfi\n\nsudo apt-get -qq install -y docker-compose git make jq nodejs npm openssl build-essential g++\ncurl -sS https://dl.yarnpkg.com/debian/pubkey.gpg | sudo apt-key add -\nif ! [ -x \"$(command -v yarn)\" ]; then\n    echo \"deb https://dl.yarnpkg.com/debian/ stable main\" | sudo tee /etc/apt/sources.list.d/yarn.list\n    sudo apt-get update -y \u0026\u0026 sudo apt-get install -y --no-install-recommends yarn\nfi\n\n# Install Stackdriver Agent\ncurl -sSO https://dl.google.com/cloudagents/install-monitoring-agent.sh\nsudo bash install-monitoring-agent.sh\n\ncd /srv\nsudo mkdir chp\n\ncd ./chp\n\nsudo git clone https://github.com/chainpoint/chainpoint-node-src.git\nsudo chmod 775 chainpoint-node-src\ncd ./chainpoint-node-src\ngit checkout -b v2 origin/v2\n\nsudo git clone https://michael-iglesias:faca2c20b50c456892f3b6a601ae457d7a49ff10@github.com/chainpoint/go-hydra-smart-contract-files.git artifacts/ethcontracts\n\ncurl \"http://metadata.google.internal/computeMetadata/v1/instance/network-interfaces/0/access-configs/0/external-ip\" -H \"Metadata-Flavor: Google\" \u003e eip.txt\n\nmake init\n\nmake build\n\nmake build-rocksdb\n\necho CHAINPOINT_CORE_CONNECT_IP_LIST=35.245.211.97,35.245.9.90,35.188.238.186 \u003e\u003e .env\n\nmake deploy\n\ncurl -X POST \\\n  https://us-central1-tierion-iglesias.cloudfunctions.net/eth-address-init-stream-processor \\\n  -H 'Content-Type: application/json' \\\n  -H 'Postman-Token: 127b5e92-b8fd-4fd0-b6f9-3a58f9d0c0d9' \\\n  -H 'cache-control: no-cache' \\\n  -d \"{\n\t\\\"ethAddress\\\": \\\"$(\u003ceth-address.txt)\\\"\n}\"\n\n# Start Hydra Utils to poll for a positive $TKN balance before it invokes `make register` on behalf of the Node\nnpm install -g load-testing-node-utils\nexport ETH_INFURA_API_KEY=\"ad8f210998704f9e89a37a4791d4702e\" \u0026\u0026 hydra-chp-node-utils\n\n# make register NODE_ETH_REWARDS_ADDRESS=$(\u003ceth-address.txt) NODE_PUBLIC_IP_ADDRESS=$(\u003ceip.txt) AUTO_REFILL_ENABLED=true AUTO_REFILL_AMOUNT=720\n\nexport COMPOSE_INTERACTIVE_NO_CLI=1 \u0026\u0026 docker exec `docker ps -q` bash -c \"source cli/scripts/env_secrets_expand.sh \u0026\u0026 node cli/register.js NODE_ETH_REWARDS_ADDRESS=$(\u003ceth-address.txt) NODE_PUBLIC_IP_ADDRESS=$(\u003ceip.txt) AUTO_REFILL_ENABLED=true AUTO_REFILL_AMOUNT=720\"",
                            "min_cpu_platform": "",
                            "name": "chp-node-69",
                            "network_interface.#": "1",
                            "network_interface.0.access_config.#": "1",
                            "network_interface.0.access_config.0.assigned_nat_ip": "",
                            "network_interface.0.access_config.0.nat_ip": "34.68.163.37",
                            "network_interface.0.access_config.0.network_tier": "PREMIUM",
                            "network_interface.0.access_config.0.public_ptr_domain_name": "",
                            "network_interface.0.address": "",
                            "network_interface.0.alias_ip_range.#": "0",
                            "network_interface.0.name": "nic0",
                            "network_interface.0.network": "https://www.googleapis.com/compute/v1/projects/tierion-iglesias/global/networks/default",
                            "network_interface.0.network_ip": "10.128.0.206",
                            "network_interface.0.subnetwork": "https://www.googleapis.com/compute/v1/projects/tierion-iglesias/regions/us-central1/subnetworks/default",
                            "network_interface.0.subnetwork_project": "tierion-iglesias",
                            "project": "tierion-iglesias",
                            "scheduling.#": "1",
                            "scheduling.0.automatic_restart": "true",
                            "scheduling.0.on_host_maintenance": "MIGRATE",
                            "scheduling.0.preemptible": "false",
                            "scratch_disk.#": "0",
                            "self_link": "https://www.googleapis.com/compute/v1/projects/tierion-iglesias/zones/us-central1-a/instances/chp-node-69",
                            "service_account.#": "1",
                            "service_account.0.email": "791121030057-compute@developer.gserviceaccount.com",
                            "service_account.0.scopes.#": "2",
                            "service_account.0.scopes.1328717722": "https://www.googleapis.com/auth/devstorage.read_write",
                            "service_account.0.scopes.299962681": "https://www.googleapis.com/auth/compute",
                            "tags.#": "2",
                            "tags.2152288274": "web-sg",
                            "tags.2541227442": "http",
                            "tags_fingerprint": "IJDDdaOreBI=",
                            "zone": "us-central1-a"
                        },
                        "meta": {
                            "e2bfb730-ecaa-11e6-8f88-34363bc7c4c0": {
                                "create": 360000000000,
                                "delete": 360000000000,
                                "update": 360000000000
                            },
                            "schema_version": "6"
                        },
                        "tainted": false
                    },
                    "deposed": [],
                    "provider": "provider.google"
                },
                "google_compute_instance.chp-node.7": {
                    "type": "google_compute_instance",
                    "depends_on": [
                        "data.template_file.init"
                    ],
                    "primary": {
                        "id": "chp-node-7",
                        "attributes": {
                            "attached_disk.#": "0",
                            "boot_disk.#": "1",
                            "boot_disk.0.auto_delete": "true",
                            "boot_disk.0.device_name": "persistent-disk-0",
                            "boot_disk.0.disk_encryption_key_raw": "",
                            "boot_disk.0.disk_encryption_key_sha256": "",
                            "boot_disk.0.initialize_params.#": "1",
                            "boot_disk.0.initialize_params.0.image": "https://www.googleapis.com/compute/v1/projects/ubuntu-os-cloud/global/images/ubuntu-1804-bionic-v20190628",
                            "boot_disk.0.initialize_params.0.size": "10",
                            "boot_disk.0.initialize_params.0.type": "pd-standard",
                            "boot_disk.0.source": "https://www.googleapis.com/compute/v1/projects/tierion-iglesias/zones/us-central1-a/disks/chp-node-7",
                            "can_ip_forward": "false",
                            "cpu_platform": "Intel Haswell",
                            "deletion_protection": "false",
                            "guest_accelerator.#": "0",
                            "hostname": "",
                            "id": "chp-node-7",
                            "instance_id": "7951143945066927291",
                            "label_fingerprint": "42WmSpB8rSM=",
                            "labels.%": "0",
                            "machine_type": "n1-standard-1",
                            "metadata.%": "1",
                            "metadata.project": "chainpoint-hydra",
                            "metadata_fingerprint": "EpXsOtCLHos=",
                            "metadata_startup_script": "#!/bin/bash\n\nif [ -x \"$(command -v docker)\" ]; then\n    echo \"Docker already installed\"\nelse\n    echo \"Install docker\"\n    curl -fsSL https://get.docker.com -o get-docker.sh\n    bash get-docker.sh\n    sudo usermod -aG docker $USER\nfi\n\nsudo apt-get -qq install -y docker-compose git make jq nodejs npm openssl build-essential g++\ncurl -sS https://dl.yarnpkg.com/debian/pubkey.gpg | sudo apt-key add -\nif ! [ -x \"$(command -v yarn)\" ]; then\n    echo \"deb https://dl.yarnpkg.com/debian/ stable main\" | sudo tee /etc/apt/sources.list.d/yarn.list\n    sudo apt-get update -y \u0026\u0026 sudo apt-get install -y --no-install-recommends yarn\nfi\n\n# Install Stackdriver Agent\ncurl -sSO https://dl.google.com/cloudagents/install-monitoring-agent.sh\nsudo bash install-monitoring-agent.sh\n\ncd /srv\nsudo mkdir chp\n\ncd ./chp\n\nsudo git clone https://github.com/chainpoint/chainpoint-node-src.git\nsudo chmod 775 chainpoint-node-src\ncd ./chainpoint-node-src\ngit checkout -b v2 origin/v2\n\nsudo git clone https://michael-iglesias:faca2c20b50c456892f3b6a601ae457d7a49ff10@github.com/chainpoint/go-hydra-smart-contract-files.git artifacts/ethcontracts\n\ncurl \"http://metadata.google.internal/computeMetadata/v1/instance/network-interfaces/0/access-configs/0/external-ip\" -H \"Metadata-Flavor: Google\" \u003e eip.txt\n\nmake init\n\nmake build\n\nmake build-rocksdb\n\necho CHAINPOINT_CORE_CONNECT_IP_LIST=35.245.211.97,35.245.9.90,35.188.238.186 \u003e\u003e .env\n\nmake deploy\n\ncurl -X POST \\\n  https://us-central1-tierion-iglesias.cloudfunctions.net/eth-address-init-stream-processor \\\n  -H 'Content-Type: application/json' \\\n  -H 'Postman-Token: 127b5e92-b8fd-4fd0-b6f9-3a58f9d0c0d9' \\\n  -H 'cache-control: no-cache' \\\n  -d \"{\n\t\\\"ethAddress\\\": \\\"$(\u003ceth-address.txt)\\\"\n}\"\n\n# Start Hydra Utils to poll for a positive $TKN balance before it invokes `make register` on behalf of the Node\nnpm install -g load-testing-node-utils\nexport ETH_INFURA_API_KEY=\"ad8f210998704f9e89a37a4791d4702e\" \u0026\u0026 hydra-chp-node-utils\n\n# make register NODE_ETH_REWARDS_ADDRESS=$(\u003ceth-address.txt) NODE_PUBLIC_IP_ADDRESS=$(\u003ceip.txt) AUTO_REFILL_ENABLED=true AUTO_REFILL_AMOUNT=720\n\nexport COMPOSE_INTERACTIVE_NO_CLI=1 \u0026\u0026 docker exec `docker ps -q` bash -c \"source cli/scripts/env_secrets_expand.sh \u0026\u0026 node cli/register.js NODE_ETH_REWARDS_ADDRESS=$(\u003ceth-address.txt) NODE_PUBLIC_IP_ADDRESS=$(\u003ceip.txt) AUTO_REFILL_ENABLED=true AUTO_REFILL_AMOUNT=720\"",
                            "min_cpu_platform": "",
                            "name": "chp-node-7",
                            "network_interface.#": "1",
                            "network_interface.0.access_config.#": "1",
                            "network_interface.0.access_config.0.assigned_nat_ip": "",
                            "network_interface.0.access_config.0.nat_ip": "23.236.56.192",
                            "network_interface.0.access_config.0.network_tier": "PREMIUM",
                            "network_interface.0.access_config.0.public_ptr_domain_name": "",
                            "network_interface.0.address": "",
                            "network_interface.0.alias_ip_range.#": "0",
                            "network_interface.0.name": "nic0",
                            "network_interface.0.network": "https://www.googleapis.com/compute/v1/projects/tierion-iglesias/global/networks/default",
                            "network_interface.0.network_ip": "10.128.15.228",
                            "network_interface.0.subnetwork": "https://www.googleapis.com/compute/v1/projects/tierion-iglesias/regions/us-central1/subnetworks/default",
                            "network_interface.0.subnetwork_project": "tierion-iglesias",
                            "project": "tierion-iglesias",
                            "scheduling.#": "1",
                            "scheduling.0.automatic_restart": "true",
                            "scheduling.0.on_host_maintenance": "MIGRATE",
                            "scheduling.0.preemptible": "false",
                            "scratch_disk.#": "0",
                            "self_link": "https://www.googleapis.com/compute/v1/projects/tierion-iglesias/zones/us-central1-a/instances/chp-node-7",
                            "service_account.#": "1",
                            "service_account.0.email": "791121030057-compute@developer.gserviceaccount.com",
                            "service_account.0.scopes.#": "2",
                            "service_account.0.scopes.1328717722": "https://www.googleapis.com/auth/devstorage.read_write",
                            "service_account.0.scopes.299962681": "https://www.googleapis.com/auth/compute",
                            "tags.#": "2",
                            "tags.2152288274": "web-sg",
                            "tags.2541227442": "http",
                            "tags_fingerprint": "IJDDdaOreBI=",
                            "zone": "us-central1-a"
                        },
                        "meta": {
                            "e2bfb730-ecaa-11e6-8f88-34363bc7c4c0": {
                                "create": 360000000000,
                                "delete": 360000000000,
                                "update": 360000000000
                            },
                            "schema_version": "6"
                        },
                        "tainted": false
                    },
                    "deposed": [],
                    "provider": "provider.google"
                },
                "google_compute_instance.chp-node.70": {
                    "type": "google_compute_instance",
                    "depends_on": [
                        "data.template_file.init"
                    ],
                    "primary": {
                        "id": "chp-node-70",
                        "attributes": {
                            "attached_disk.#": "0",
                            "boot_disk.#": "1",
                            "boot_disk.0.auto_delete": "true",
                            "boot_disk.0.device_name": "persistent-disk-0",
                            "boot_disk.0.disk_encryption_key_raw": "",
                            "boot_disk.0.disk_encryption_key_sha256": "",
                            "boot_disk.0.initialize_params.#": "1",
                            "boot_disk.0.initialize_params.0.image": "https://www.googleapis.com/compute/v1/projects/ubuntu-os-cloud/global/images/ubuntu-1804-bionic-v20190628",
                            "boot_disk.0.initialize_params.0.size": "10",
                            "boot_disk.0.initialize_params.0.type": "pd-standard",
                            "boot_disk.0.source": "https://www.googleapis.com/compute/v1/projects/tierion-iglesias/zones/us-central1-a/disks/chp-node-70",
                            "can_ip_forward": "false",
                            "cpu_platform": "Intel Haswell",
                            "deletion_protection": "false",
                            "guest_accelerator.#": "0",
                            "hostname": "",
                            "id": "chp-node-70",
                            "instance_id": "1114877502552429379",
                            "label_fingerprint": "42WmSpB8rSM=",
                            "labels.%": "0",
                            "machine_type": "n1-standard-1",
                            "metadata.%": "1",
                            "metadata.project": "chainpoint-hydra",
                            "metadata_fingerprint": "EpXsOtCLHos=",
                            "metadata_startup_script": "#!/bin/bash\n\nif [ -x \"$(command -v docker)\" ]; then\n    echo \"Docker already installed\"\nelse\n    echo \"Install docker\"\n    curl -fsSL https://get.docker.com -o get-docker.sh\n    bash get-docker.sh\n    sudo usermod -aG docker $USER\nfi\n\nsudo apt-get -qq install -y docker-compose git make jq nodejs npm openssl build-essential g++\ncurl -sS https://dl.yarnpkg.com/debian/pubkey.gpg | sudo apt-key add -\nif ! [ -x \"$(command -v yarn)\" ]; then\n    echo \"deb https://dl.yarnpkg.com/debian/ stable main\" | sudo tee /etc/apt/sources.list.d/yarn.list\n    sudo apt-get update -y \u0026\u0026 sudo apt-get install -y --no-install-recommends yarn\nfi\n\n# Install Stackdriver Agent\ncurl -sSO https://dl.google.com/cloudagents/install-monitoring-agent.sh\nsudo bash install-monitoring-agent.sh\n\ncd /srv\nsudo mkdir chp\n\ncd ./chp\n\nsudo git clone https://github.com/chainpoint/chainpoint-node-src.git\nsudo chmod 775 chainpoint-node-src\ncd ./chainpoint-node-src\ngit checkout -b v2 origin/v2\n\nsudo git clone https://michael-iglesias:faca2c20b50c456892f3b6a601ae457d7a49ff10@github.com/chainpoint/go-hydra-smart-contract-files.git artifacts/ethcontracts\n\ncurl \"http://metadata.google.internal/computeMetadata/v1/instance/network-interfaces/0/access-configs/0/external-ip\" -H \"Metadata-Flavor: Google\" \u003e eip.txt\n\nmake init\n\nmake build\n\nmake build-rocksdb\n\necho CHAINPOINT_CORE_CONNECT_IP_LIST=35.245.211.97,35.245.9.90,35.188.238.186 \u003e\u003e .env\n\nmake deploy\n\ncurl -X POST \\\n  https://us-central1-tierion-iglesias.cloudfunctions.net/eth-address-init-stream-processor \\\n  -H 'Content-Type: application/json' \\\n  -H 'Postman-Token: 127b5e92-b8fd-4fd0-b6f9-3a58f9d0c0d9' \\\n  -H 'cache-control: no-cache' \\\n  -d \"{\n\t\\\"ethAddress\\\": \\\"$(\u003ceth-address.txt)\\\"\n}\"\n\n# Start Hydra Utils to poll for a positive $TKN balance before it invokes `make register` on behalf of the Node\nnpm install -g load-testing-node-utils\nexport ETH_INFURA_API_KEY=\"ad8f210998704f9e89a37a4791d4702e\" \u0026\u0026 hydra-chp-node-utils\n\n# make register NODE_ETH_REWARDS_ADDRESS=$(\u003ceth-address.txt) NODE_PUBLIC_IP_ADDRESS=$(\u003ceip.txt) AUTO_REFILL_ENABLED=true AUTO_REFILL_AMOUNT=720\n\nexport COMPOSE_INTERACTIVE_NO_CLI=1 \u0026\u0026 docker exec `docker ps -q` bash -c \"source cli/scripts/env_secrets_expand.sh \u0026\u0026 node cli/register.js NODE_ETH_REWARDS_ADDRESS=$(\u003ceth-address.txt) NODE_PUBLIC_IP_ADDRESS=$(\u003ceip.txt) AUTO_REFILL_ENABLED=true AUTO_REFILL_AMOUNT=720\"",
                            "min_cpu_platform": "",
                            "name": "chp-node-70",
                            "network_interface.#": "1",
                            "network_interface.0.access_config.#": "1",
                            "network_interface.0.access_config.0.assigned_nat_ip": "",
                            "network_interface.0.access_config.0.nat_ip": "35.192.161.46",
                            "network_interface.0.access_config.0.network_tier": "PREMIUM",
                            "network_interface.0.access_config.0.public_ptr_domain_name": "",
                            "network_interface.0.address": "",
                            "network_interface.0.alias_ip_range.#": "0",
                            "network_interface.0.name": "nic0",
                            "network_interface.0.network": "https://www.googleapis.com/compute/v1/projects/tierion-iglesias/global/networks/default",
                            "network_interface.0.network_ip": "10.128.0.185",
                            "network_interface.0.subnetwork": "https://www.googleapis.com/compute/v1/projects/tierion-iglesias/regions/us-central1/subnetworks/default",
                            "network_interface.0.subnetwork_project": "tierion-iglesias",
                            "project": "tierion-iglesias",
                            "scheduling.#": "1",
                            "scheduling.0.automatic_restart": "true",
                            "scheduling.0.on_host_maintenance": "MIGRATE",
                            "scheduling.0.preemptible": "false",
                            "scratch_disk.#": "0",
                            "self_link": "https://www.googleapis.com/compute/v1/projects/tierion-iglesias/zones/us-central1-a/instances/chp-node-70",
                            "service_account.#": "1",
                            "service_account.0.email": "791121030057-compute@developer.gserviceaccount.com",
                            "service_account.0.scopes.#": "2",
                            "service_account.0.scopes.1328717722": "https://www.googleapis.com/auth/devstorage.read_write",
                            "service_account.0.scopes.299962681": "https://www.googleapis.com/auth/compute",
                            "tags.#": "2",
                            "tags.2152288274": "web-sg",
                            "tags.2541227442": "http",
                            "tags_fingerprint": "IJDDdaOreBI=",
                            "zone": "us-central1-a"
                        },
                        "meta": {
                            "e2bfb730-ecaa-11e6-8f88-34363bc7c4c0": {
                                "create": 360000000000,
                                "delete": 360000000000,
                                "update": 360000000000
                            },
                            "schema_version": "6"
                        },
                        "tainted": false
                    },
                    "deposed": [],
                    "provider": "provider.google"
                },
                "google_compute_instance.chp-node.71": {
                    "type": "google_compute_instance",
                    "depends_on": [
                        "data.template_file.init"
                    ],
                    "primary": {
                        "id": "chp-node-71",
                        "attributes": {
                            "attached_disk.#": "0",
                            "boot_disk.#": "1",
                            "boot_disk.0.auto_delete": "true",
                            "boot_disk.0.device_name": "persistent-disk-0",
                            "boot_disk.0.disk_encryption_key_raw": "",
                            "boot_disk.0.disk_encryption_key_sha256": "",
                            "boot_disk.0.initialize_params.#": "1",
                            "boot_disk.0.initialize_params.0.image": "https://www.googleapis.com/compute/v1/projects/ubuntu-os-cloud/global/images/ubuntu-1804-bionic-v20190628",
                            "boot_disk.0.initialize_params.0.size": "10",
                            "boot_disk.0.initialize_params.0.type": "pd-standard",
                            "boot_disk.0.source": "https://www.googleapis.com/compute/v1/projects/tierion-iglesias/zones/us-central1-a/disks/chp-node-71",
                            "can_ip_forward": "false",
                            "cpu_platform": "Intel Haswell",
                            "deletion_protection": "false",
                            "guest_accelerator.#": "0",
                            "hostname": "",
                            "id": "chp-node-71",
                            "instance_id": "4646252535910650899",
                            "label_fingerprint": "42WmSpB8rSM=",
                            "labels.%": "0",
                            "machine_type": "n1-standard-1",
                            "metadata.%": "1",
                            "metadata.project": "chainpoint-hydra",
                            "metadata_fingerprint": "EpXsOtCLHos=",
                            "metadata_startup_script": "#!/bin/bash\n\nif [ -x \"$(command -v docker)\" ]; then\n    echo \"Docker already installed\"\nelse\n    echo \"Install docker\"\n    curl -fsSL https://get.docker.com -o get-docker.sh\n    bash get-docker.sh\n    sudo usermod -aG docker $USER\nfi\n\nsudo apt-get -qq install -y docker-compose git make jq nodejs npm openssl build-essential g++\ncurl -sS https://dl.yarnpkg.com/debian/pubkey.gpg | sudo apt-key add -\nif ! [ -x \"$(command -v yarn)\" ]; then\n    echo \"deb https://dl.yarnpkg.com/debian/ stable main\" | sudo tee /etc/apt/sources.list.d/yarn.list\n    sudo apt-get update -y \u0026\u0026 sudo apt-get install -y --no-install-recommends yarn\nfi\n\n# Install Stackdriver Agent\ncurl -sSO https://dl.google.com/cloudagents/install-monitoring-agent.sh\nsudo bash install-monitoring-agent.sh\n\ncd /srv\nsudo mkdir chp\n\ncd ./chp\n\nsudo git clone https://github.com/chainpoint/chainpoint-node-src.git\nsudo chmod 775 chainpoint-node-src\ncd ./chainpoint-node-src\ngit checkout -b v2 origin/v2\n\nsudo git clone https://michael-iglesias:faca2c20b50c456892f3b6a601ae457d7a49ff10@github.com/chainpoint/go-hydra-smart-contract-files.git artifacts/ethcontracts\n\ncurl \"http://metadata.google.internal/computeMetadata/v1/instance/network-interfaces/0/access-configs/0/external-ip\" -H \"Metadata-Flavor: Google\" \u003e eip.txt\n\nmake init\n\nmake build\n\nmake build-rocksdb\n\necho CHAINPOINT_CORE_CONNECT_IP_LIST=35.245.211.97,35.245.9.90,35.188.238.186 \u003e\u003e .env\n\nmake deploy\n\ncurl -X POST \\\n  https://us-central1-tierion-iglesias.cloudfunctions.net/eth-address-init-stream-processor \\\n  -H 'Content-Type: application/json' \\\n  -H 'Postman-Token: 127b5e92-b8fd-4fd0-b6f9-3a58f9d0c0d9' \\\n  -H 'cache-control: no-cache' \\\n  -d \"{\n\t\\\"ethAddress\\\": \\\"$(\u003ceth-address.txt)\\\"\n}\"\n\n# Start Hydra Utils to poll for a positive $TKN balance before it invokes `make register` on behalf of the Node\nnpm install -g load-testing-node-utils\nexport ETH_INFURA_API_KEY=\"ad8f210998704f9e89a37a4791d4702e\" \u0026\u0026 hydra-chp-node-utils\n\n# make register NODE_ETH_REWARDS_ADDRESS=$(\u003ceth-address.txt) NODE_PUBLIC_IP_ADDRESS=$(\u003ceip.txt) AUTO_REFILL_ENABLED=true AUTO_REFILL_AMOUNT=720\n\nexport COMPOSE_INTERACTIVE_NO_CLI=1 \u0026\u0026 docker exec `docker ps -q` bash -c \"source cli/scripts/env_secrets_expand.sh \u0026\u0026 node cli/register.js NODE_ETH_REWARDS_ADDRESS=$(\u003ceth-address.txt) NODE_PUBLIC_IP_ADDRESS=$(\u003ceip.txt) AUTO_REFILL_ENABLED=true AUTO_REFILL_AMOUNT=720\"",
                            "min_cpu_platform": "",
                            "name": "chp-node-71",
                            "network_interface.#": "1",
                            "network_interface.0.access_config.#": "1",
                            "network_interface.0.access_config.0.assigned_nat_ip": "",
                            "network_interface.0.access_config.0.nat_ip": "35.188.171.53",
                            "network_interface.0.access_config.0.network_tier": "PREMIUM",
                            "network_interface.0.access_config.0.public_ptr_domain_name": "",
                            "network_interface.0.address": "",
                            "network_interface.0.alias_ip_range.#": "0",
                            "network_interface.0.name": "nic0",
                            "network_interface.0.network": "https://www.googleapis.com/compute/v1/projects/tierion-iglesias/global/networks/default",
                            "network_interface.0.network_ip": "10.128.0.64",
                            "network_interface.0.subnetwork": "https://www.googleapis.com/compute/v1/projects/tierion-iglesias/regions/us-central1/subnetworks/default",
                            "network_interface.0.subnetwork_project": "tierion-iglesias",
                            "project": "tierion-iglesias",
                            "scheduling.#": "1",
                            "scheduling.0.automatic_restart": "true",
                            "scheduling.0.on_host_maintenance": "MIGRATE",
                            "scheduling.0.preemptible": "false",
                            "scratch_disk.#": "0",
                            "self_link": "https://www.googleapis.com/compute/v1/projects/tierion-iglesias/zones/us-central1-a/instances/chp-node-71",
                            "service_account.#": "1",
                            "service_account.0.email": "791121030057-compute@developer.gserviceaccount.com",
                            "service_account.0.scopes.#": "2",
                            "service_account.0.scopes.1328717722": "https://www.googleapis.com/auth/devstorage.read_write",
                            "service_account.0.scopes.299962681": "https://www.googleapis.com/auth/compute",
                            "tags.#": "2",
                            "tags.2152288274": "web-sg",
                            "tags.2541227442": "http",
                            "tags_fingerprint": "IJDDdaOreBI=",
                            "zone": "us-central1-a"
                        },
                        "meta": {
                            "e2bfb730-ecaa-11e6-8f88-34363bc7c4c0": {
                                "create": 360000000000,
                                "delete": 360000000000,
                                "update": 360000000000
                            },
                            "schema_version": "6"
                        },
                        "tainted": false
                    },
                    "deposed": [],
                    "provider": "provider.google"
                },
                "google_compute_instance.chp-node.72": {
                    "type": "google_compute_instance",
                    "depends_on": [
                        "data.template_file.init"
                    ],
                    "primary": {
                        "id": "chp-node-72",
                        "attributes": {
                            "attached_disk.#": "0",
                            "boot_disk.#": "1",
                            "boot_disk.0.auto_delete": "true",
                            "boot_disk.0.device_name": "persistent-disk-0",
                            "boot_disk.0.disk_encryption_key_raw": "",
                            "boot_disk.0.disk_encryption_key_sha256": "",
                            "boot_disk.0.initialize_params.#": "1",
                            "boot_disk.0.initialize_params.0.image": "https://www.googleapis.com/compute/v1/projects/ubuntu-os-cloud/global/images/ubuntu-1804-bionic-v20190628",
                            "boot_disk.0.initialize_params.0.size": "10",
                            "boot_disk.0.initialize_params.0.type": "pd-standard",
                            "boot_disk.0.source": "https://www.googleapis.com/compute/v1/projects/tierion-iglesias/zones/us-central1-a/disks/chp-node-72",
                            "can_ip_forward": "false",
                            "cpu_platform": "Intel Haswell",
                            "deletion_protection": "false",
                            "guest_accelerator.#": "0",
                            "hostname": "",
                            "id": "chp-node-72",
                            "instance_id": "1334592606188229197",
                            "label_fingerprint": "42WmSpB8rSM=",
                            "labels.%": "0",
                            "machine_type": "n1-standard-1",
                            "metadata.%": "1",
                            "metadata.project": "chainpoint-hydra",
                            "metadata_fingerprint": "EpXsOtCLHos=",
                            "metadata_startup_script": "#!/bin/bash\n\nif [ -x \"$(command -v docker)\" ]; then\n    echo \"Docker already installed\"\nelse\n    echo \"Install docker\"\n    curl -fsSL https://get.docker.com -o get-docker.sh\n    bash get-docker.sh\n    sudo usermod -aG docker $USER\nfi\n\nsudo apt-get -qq install -y docker-compose git make jq nodejs npm openssl build-essential g++\ncurl -sS https://dl.yarnpkg.com/debian/pubkey.gpg | sudo apt-key add -\nif ! [ -x \"$(command -v yarn)\" ]; then\n    echo \"deb https://dl.yarnpkg.com/debian/ stable main\" | sudo tee /etc/apt/sources.list.d/yarn.list\n    sudo apt-get update -y \u0026\u0026 sudo apt-get install -y --no-install-recommends yarn\nfi\n\n# Install Stackdriver Agent\ncurl -sSO https://dl.google.com/cloudagents/install-monitoring-agent.sh\nsudo bash install-monitoring-agent.sh\n\ncd /srv\nsudo mkdir chp\n\ncd ./chp\n\nsudo git clone https://github.com/chainpoint/chainpoint-node-src.git\nsudo chmod 775 chainpoint-node-src\ncd ./chainpoint-node-src\ngit checkout -b v2 origin/v2\n\nsudo git clone https://michael-iglesias:faca2c20b50c456892f3b6a601ae457d7a49ff10@github.com/chainpoint/go-hydra-smart-contract-files.git artifacts/ethcontracts\n\ncurl \"http://metadata.google.internal/computeMetadata/v1/instance/network-interfaces/0/access-configs/0/external-ip\" -H \"Metadata-Flavor: Google\" \u003e eip.txt\n\nmake init\n\nmake build\n\nmake build-rocksdb\n\necho CHAINPOINT_CORE_CONNECT_IP_LIST=35.245.211.97,35.245.9.90,35.188.238.186 \u003e\u003e .env\n\nmake deploy\n\ncurl -X POST \\\n  https://us-central1-tierion-iglesias.cloudfunctions.net/eth-address-init-stream-processor \\\n  -H 'Content-Type: application/json' \\\n  -H 'Postman-Token: 127b5e92-b8fd-4fd0-b6f9-3a58f9d0c0d9' \\\n  -H 'cache-control: no-cache' \\\n  -d \"{\n\t\\\"ethAddress\\\": \\\"$(\u003ceth-address.txt)\\\"\n}\"\n\n# Start Hydra Utils to poll for a positive $TKN balance before it invokes `make register` on behalf of the Node\nnpm install -g load-testing-node-utils\nexport ETH_INFURA_API_KEY=\"ad8f210998704f9e89a37a4791d4702e\" \u0026\u0026 hydra-chp-node-utils\n\n# make register NODE_ETH_REWARDS_ADDRESS=$(\u003ceth-address.txt) NODE_PUBLIC_IP_ADDRESS=$(\u003ceip.txt) AUTO_REFILL_ENABLED=true AUTO_REFILL_AMOUNT=720\n\nexport COMPOSE_INTERACTIVE_NO_CLI=1 \u0026\u0026 docker exec `docker ps -q` bash -c \"source cli/scripts/env_secrets_expand.sh \u0026\u0026 node cli/register.js NODE_ETH_REWARDS_ADDRESS=$(\u003ceth-address.txt) NODE_PUBLIC_IP_ADDRESS=$(\u003ceip.txt) AUTO_REFILL_ENABLED=true AUTO_REFILL_AMOUNT=720\"",
                            "min_cpu_platform": "",
                            "name": "chp-node-72",
                            "network_interface.#": "1",
                            "network_interface.0.access_config.#": "1",
                            "network_interface.0.access_config.0.assigned_nat_ip": "",
                            "network_interface.0.access_config.0.nat_ip": "35.188.173.132",
                            "network_interface.0.access_config.0.network_tier": "PREMIUM",
                            "network_interface.0.access_config.0.public_ptr_domain_name": "",
                            "network_interface.0.address": "",
                            "network_interface.0.alias_ip_range.#": "0",
                            "network_interface.0.name": "nic0",
                            "network_interface.0.network": "https://www.googleapis.com/compute/v1/projects/tierion-iglesias/global/networks/default",
                            "network_interface.0.network_ip": "10.128.0.139",
                            "network_interface.0.subnetwork": "https://www.googleapis.com/compute/v1/projects/tierion-iglesias/regions/us-central1/subnetworks/default",
                            "network_interface.0.subnetwork_project": "tierion-iglesias",
                            "project": "tierion-iglesias",
                            "scheduling.#": "1",
                            "scheduling.0.automatic_restart": "true",
                            "scheduling.0.on_host_maintenance": "MIGRATE",
                            "scheduling.0.preemptible": "false",
                            "scratch_disk.#": "0",
                            "self_link": "https://www.googleapis.com/compute/v1/projects/tierion-iglesias/zones/us-central1-a/instances/chp-node-72",
                            "service_account.#": "1",
                            "service_account.0.email": "791121030057-compute@developer.gserviceaccount.com",
                            "service_account.0.scopes.#": "2",
                            "service_account.0.scopes.1328717722": "https://www.googleapis.com/auth/devstorage.read_write",
                            "service_account.0.scopes.299962681": "https://www.googleapis.com/auth/compute",
                            "tags.#": "2",
                            "tags.2152288274": "web-sg",
                            "tags.2541227442": "http",
                            "tags_fingerprint": "IJDDdaOreBI=",
                            "zone": "us-central1-a"
                        },
                        "meta": {
                            "e2bfb730-ecaa-11e6-8f88-34363bc7c4c0": {
                                "create": 360000000000,
                                "delete": 360000000000,
                                "update": 360000000000
                            },
                            "schema_version": "6"
                        },
                        "tainted": false
                    },
                    "deposed": [],
                    "provider": "provider.google"
                },
                "google_compute_instance.chp-node.73": {
                    "type": "google_compute_instance",
                    "depends_on": [
                        "data.template_file.init"
                    ],
                    "primary": {
                        "id": "chp-node-73",
                        "attributes": {
                            "attached_disk.#": "0",
                            "boot_disk.#": "1",
                            "boot_disk.0.auto_delete": "true",
                            "boot_disk.0.device_name": "persistent-disk-0",
                            "boot_disk.0.disk_encryption_key_raw": "",
                            "boot_disk.0.disk_encryption_key_sha256": "",
                            "boot_disk.0.initialize_params.#": "1",
                            "boot_disk.0.initialize_params.0.image": "https://www.googleapis.com/compute/v1/projects/ubuntu-os-cloud/global/images/ubuntu-1804-bionic-v20190628",
                            "boot_disk.0.initialize_params.0.size": "10",
                            "boot_disk.0.initialize_params.0.type": "pd-standard",
                            "boot_disk.0.source": "https://www.googleapis.com/compute/v1/projects/tierion-iglesias/zones/us-central1-a/disks/chp-node-73",
                            "can_ip_forward": "false",
                            "cpu_platform": "Intel Haswell",
                            "deletion_protection": "false",
                            "guest_accelerator.#": "0",
                            "hostname": "",
                            "id": "chp-node-73",
                            "instance_id": "7161071697216820124",
                            "label_fingerprint": "42WmSpB8rSM=",
                            "labels.%": "0",
                            "machine_type": "n1-standard-1",
                            "metadata.%": "1",
                            "metadata.project": "chainpoint-hydra",
                            "metadata_fingerprint": "EpXsOtCLHos=",
                            "metadata_startup_script": "#!/bin/bash\n\nif [ -x \"$(command -v docker)\" ]; then\n    echo \"Docker already installed\"\nelse\n    echo \"Install docker\"\n    curl -fsSL https://get.docker.com -o get-docker.sh\n    bash get-docker.sh\n    sudo usermod -aG docker $USER\nfi\n\nsudo apt-get -qq install -y docker-compose git make jq nodejs npm openssl build-essential g++\ncurl -sS https://dl.yarnpkg.com/debian/pubkey.gpg | sudo apt-key add -\nif ! [ -x \"$(command -v yarn)\" ]; then\n    echo \"deb https://dl.yarnpkg.com/debian/ stable main\" | sudo tee /etc/apt/sources.list.d/yarn.list\n    sudo apt-get update -y \u0026\u0026 sudo apt-get install -y --no-install-recommends yarn\nfi\n\n# Install Stackdriver Agent\ncurl -sSO https://dl.google.com/cloudagents/install-monitoring-agent.sh\nsudo bash install-monitoring-agent.sh\n\ncd /srv\nsudo mkdir chp\n\ncd ./chp\n\nsudo git clone https://github.com/chainpoint/chainpoint-node-src.git\nsudo chmod 775 chainpoint-node-src\ncd ./chainpoint-node-src\ngit checkout -b v2 origin/v2\n\nsudo git clone https://michael-iglesias:faca2c20b50c456892f3b6a601ae457d7a49ff10@github.com/chainpoint/go-hydra-smart-contract-files.git artifacts/ethcontracts\n\ncurl \"http://metadata.google.internal/computeMetadata/v1/instance/network-interfaces/0/access-configs/0/external-ip\" -H \"Metadata-Flavor: Google\" \u003e eip.txt\n\nmake init\n\nmake build\n\nmake build-rocksdb\n\necho CHAINPOINT_CORE_CONNECT_IP_LIST=35.245.211.97,35.245.9.90,35.188.238.186 \u003e\u003e .env\n\nmake deploy\n\ncurl -X POST \\\n  https://us-central1-tierion-iglesias.cloudfunctions.net/eth-address-init-stream-processor \\\n  -H 'Content-Type: application/json' \\\n  -H 'Postman-Token: 127b5e92-b8fd-4fd0-b6f9-3a58f9d0c0d9' \\\n  -H 'cache-control: no-cache' \\\n  -d \"{\n\t\\\"ethAddress\\\": \\\"$(\u003ceth-address.txt)\\\"\n}\"\n\n# Start Hydra Utils to poll for a positive $TKN balance before it invokes `make register` on behalf of the Node\nnpm install -g load-testing-node-utils\nexport ETH_INFURA_API_KEY=\"ad8f210998704f9e89a37a4791d4702e\" \u0026\u0026 hydra-chp-node-utils\n\n# make register NODE_ETH_REWARDS_ADDRESS=$(\u003ceth-address.txt) NODE_PUBLIC_IP_ADDRESS=$(\u003ceip.txt) AUTO_REFILL_ENABLED=true AUTO_REFILL_AMOUNT=720\n\nexport COMPOSE_INTERACTIVE_NO_CLI=1 \u0026\u0026 docker exec `docker ps -q` bash -c \"source cli/scripts/env_secrets_expand.sh \u0026\u0026 node cli/register.js NODE_ETH_REWARDS_ADDRESS=$(\u003ceth-address.txt) NODE_PUBLIC_IP_ADDRESS=$(\u003ceip.txt) AUTO_REFILL_ENABLED=true AUTO_REFILL_AMOUNT=720\"",
                            "min_cpu_platform": "",
                            "name": "chp-node-73",
                            "network_interface.#": "1",
                            "network_interface.0.access_config.#": "1",
                            "network_interface.0.access_config.0.assigned_nat_ip": "",
                            "network_interface.0.access_config.0.nat_ip": "35.226.152.197",
                            "network_interface.0.access_config.0.network_tier": "PREMIUM",
                            "network_interface.0.access_config.0.public_ptr_domain_name": "",
                            "network_interface.0.address": "",
                            "network_interface.0.alias_ip_range.#": "0",
                            "network_interface.0.name": "nic0",
                            "network_interface.0.network": "https://www.googleapis.com/compute/v1/projects/tierion-iglesias/global/networks/default",
                            "network_interface.0.network_ip": "10.128.0.178",
                            "network_interface.0.subnetwork": "https://www.googleapis.com/compute/v1/projects/tierion-iglesias/regions/us-central1/subnetworks/default",
                            "network_interface.0.subnetwork_project": "tierion-iglesias",
                            "project": "tierion-iglesias",
                            "scheduling.#": "1",
                            "scheduling.0.automatic_restart": "true",
                            "scheduling.0.on_host_maintenance": "MIGRATE",
                            "scheduling.0.preemptible": "false",
                            "scratch_disk.#": "0",
                            "self_link": "https://www.googleapis.com/compute/v1/projects/tierion-iglesias/zones/us-central1-a/instances/chp-node-73",
                            "service_account.#": "1",
                            "service_account.0.email": "791121030057-compute@developer.gserviceaccount.com",
                            "service_account.0.scopes.#": "2",
                            "service_account.0.scopes.1328717722": "https://www.googleapis.com/auth/devstorage.read_write",
                            "service_account.0.scopes.299962681": "https://www.googleapis.com/auth/compute",
                            "tags.#": "2",
                            "tags.2152288274": "web-sg",
                            "tags.2541227442": "http",
                            "tags_fingerprint": "IJDDdaOreBI=",
                            "zone": "us-central1-a"
                        },
                        "meta": {
                            "e2bfb730-ecaa-11e6-8f88-34363bc7c4c0": {
                                "create": 360000000000,
                                "delete": 360000000000,
                                "update": 360000000000
                            },
                            "schema_version": "6"
                        },
                        "tainted": false
                    },
                    "deposed": [],
                    "provider": "provider.google"
                },
                "google_compute_instance.chp-node.74": {
                    "type": "google_compute_instance",
                    "depends_on": [
                        "data.template_file.init"
                    ],
                    "primary": {
                        "id": "chp-node-74",
                        "attributes": {
                            "attached_disk.#": "0",
                            "boot_disk.#": "1",
                            "boot_disk.0.auto_delete": "true",
                            "boot_disk.0.device_name": "persistent-disk-0",
                            "boot_disk.0.disk_encryption_key_raw": "",
                            "boot_disk.0.disk_encryption_key_sha256": "",
                            "boot_disk.0.initialize_params.#": "1",
                            "boot_disk.0.initialize_params.0.image": "https://www.googleapis.com/compute/v1/projects/ubuntu-os-cloud/global/images/ubuntu-1804-bionic-v20190628",
                            "boot_disk.0.initialize_params.0.size": "10",
                            "boot_disk.0.initialize_params.0.type": "pd-standard",
                            "boot_disk.0.source": "https://www.googleapis.com/compute/v1/projects/tierion-iglesias/zones/us-central1-a/disks/chp-node-74",
                            "can_ip_forward": "false",
                            "cpu_platform": "Intel Haswell",
                            "deletion_protection": "false",
                            "guest_accelerator.#": "0",
                            "hostname": "",
                            "id": "chp-node-74",
                            "instance_id": "7086945101468292283",
                            "label_fingerprint": "42WmSpB8rSM=",
                            "labels.%": "0",
                            "machine_type": "n1-standard-1",
                            "metadata.%": "1",
                            "metadata.project": "chainpoint-hydra",
                            "metadata_fingerprint": "EpXsOtCLHos=",
                            "metadata_startup_script": "#!/bin/bash\n\nif [ -x \"$(command -v docker)\" ]; then\n    echo \"Docker already installed\"\nelse\n    echo \"Install docker\"\n    curl -fsSL https://get.docker.com -o get-docker.sh\n    bash get-docker.sh\n    sudo usermod -aG docker $USER\nfi\n\nsudo apt-get -qq install -y docker-compose git make jq nodejs npm openssl build-essential g++\ncurl -sS https://dl.yarnpkg.com/debian/pubkey.gpg | sudo apt-key add -\nif ! [ -x \"$(command -v yarn)\" ]; then\n    echo \"deb https://dl.yarnpkg.com/debian/ stable main\" | sudo tee /etc/apt/sources.list.d/yarn.list\n    sudo apt-get update -y \u0026\u0026 sudo apt-get install -y --no-install-recommends yarn\nfi\n\n# Install Stackdriver Agent\ncurl -sSO https://dl.google.com/cloudagents/install-monitoring-agent.sh\nsudo bash install-monitoring-agent.sh\n\ncd /srv\nsudo mkdir chp\n\ncd ./chp\n\nsudo git clone https://github.com/chainpoint/chainpoint-node-src.git\nsudo chmod 775 chainpoint-node-src\ncd ./chainpoint-node-src\ngit checkout -b v2 origin/v2\n\nsudo git clone https://michael-iglesias:faca2c20b50c456892f3b6a601ae457d7a49ff10@github.com/chainpoint/go-hydra-smart-contract-files.git artifacts/ethcontracts\n\ncurl \"http://metadata.google.internal/computeMetadata/v1/instance/network-interfaces/0/access-configs/0/external-ip\" -H \"Metadata-Flavor: Google\" \u003e eip.txt\n\nmake init\n\nmake build\n\nmake build-rocksdb\n\necho CHAINPOINT_CORE_CONNECT_IP_LIST=35.245.211.97,35.245.9.90,35.188.238.186 \u003e\u003e .env\n\nmake deploy\n\ncurl -X POST \\\n  https://us-central1-tierion-iglesias.cloudfunctions.net/eth-address-init-stream-processor \\\n  -H 'Content-Type: application/json' \\\n  -H 'Postman-Token: 127b5e92-b8fd-4fd0-b6f9-3a58f9d0c0d9' \\\n  -H 'cache-control: no-cache' \\\n  -d \"{\n\t\\\"ethAddress\\\": \\\"$(\u003ceth-address.txt)\\\"\n}\"\n\n# Start Hydra Utils to poll for a positive $TKN balance before it invokes `make register` on behalf of the Node\nnpm install -g load-testing-node-utils\nexport ETH_INFURA_API_KEY=\"ad8f210998704f9e89a37a4791d4702e\" \u0026\u0026 hydra-chp-node-utils\n\n# make register NODE_ETH_REWARDS_ADDRESS=$(\u003ceth-address.txt) NODE_PUBLIC_IP_ADDRESS=$(\u003ceip.txt) AUTO_REFILL_ENABLED=true AUTO_REFILL_AMOUNT=720\n\nexport COMPOSE_INTERACTIVE_NO_CLI=1 \u0026\u0026 docker exec `docker ps -q` bash -c \"source cli/scripts/env_secrets_expand.sh \u0026\u0026 node cli/register.js NODE_ETH_REWARDS_ADDRESS=$(\u003ceth-address.txt) NODE_PUBLIC_IP_ADDRESS=$(\u003ceip.txt) AUTO_REFILL_ENABLED=true AUTO_REFILL_AMOUNT=720\"",
                            "min_cpu_platform": "",
                            "name": "chp-node-74",
                            "network_interface.#": "1",
                            "network_interface.0.access_config.#": "1",
                            "network_interface.0.access_config.0.assigned_nat_ip": "",
                            "network_interface.0.access_config.0.nat_ip": "34.67.95.3",
                            "network_interface.0.access_config.0.network_tier": "PREMIUM",
                            "network_interface.0.access_config.0.public_ptr_domain_name": "",
                            "network_interface.0.address": "",
                            "network_interface.0.alias_ip_range.#": "0",
                            "network_interface.0.name": "nic0",
                            "network_interface.0.network": "https://www.googleapis.com/compute/v1/projects/tierion-iglesias/global/networks/default",
                            "network_interface.0.network_ip": "10.128.15.226",
                            "network_interface.0.subnetwork": "https://www.googleapis.com/compute/v1/projects/tierion-iglesias/regions/us-central1/subnetworks/default",
                            "network_interface.0.subnetwork_project": "tierion-iglesias",
                            "project": "tierion-iglesias",
                            "scheduling.#": "1",
                            "scheduling.0.automatic_restart": "true",
                            "scheduling.0.on_host_maintenance": "MIGRATE",
                            "scheduling.0.preemptible": "false",
                            "scratch_disk.#": "0",
                            "self_link": "https://www.googleapis.com/compute/v1/projects/tierion-iglesias/zones/us-central1-a/instances/chp-node-74",
                            "service_account.#": "1",
                            "service_account.0.email": "791121030057-compute@developer.gserviceaccount.com",
                            "service_account.0.scopes.#": "2",
                            "service_account.0.scopes.1328717722": "https://www.googleapis.com/auth/devstorage.read_write",
                            "service_account.0.scopes.299962681": "https://www.googleapis.com/auth/compute",
                            "tags.#": "2",
                            "tags.2152288274": "web-sg",
                            "tags.2541227442": "http",
                            "tags_fingerprint": "IJDDdaOreBI=",
                            "zone": "us-central1-a"
                        },
                        "meta": {
                            "e2bfb730-ecaa-11e6-8f88-34363bc7c4c0": {
                                "create": 360000000000,
                                "delete": 360000000000,
                                "update": 360000000000
                            },
                            "schema_version": "6"
                        },
                        "tainted": false
                    },
                    "deposed": [],
                    "provider": "provider.google"
                },
                "google_compute_instance.chp-node.75": {
                    "type": "google_compute_instance",
                    "depends_on": [
                        "data.template_file.init"
                    ],
                    "primary": {
                        "id": "chp-node-75",
                        "attributes": {
                            "attached_disk.#": "0",
                            "boot_disk.#": "1",
                            "boot_disk.0.auto_delete": "true",
                            "boot_disk.0.device_name": "persistent-disk-0",
                            "boot_disk.0.disk_encryption_key_raw": "",
                            "boot_disk.0.disk_encryption_key_sha256": "",
                            "boot_disk.0.initialize_params.#": "1",
                            "boot_disk.0.initialize_params.0.image": "https://www.googleapis.com/compute/v1/projects/ubuntu-os-cloud/global/images/ubuntu-1804-bionic-v20190628",
                            "boot_disk.0.initialize_params.0.size": "10",
                            "boot_disk.0.initialize_params.0.type": "pd-standard",
                            "boot_disk.0.source": "https://www.googleapis.com/compute/v1/projects/tierion-iglesias/zones/us-central1-a/disks/chp-node-75",
                            "can_ip_forward": "false",
                            "cpu_platform": "Intel Haswell",
                            "deletion_protection": "false",
                            "guest_accelerator.#": "0",
                            "hostname": "",
                            "id": "chp-node-75",
                            "instance_id": "1908360478421570434",
                            "label_fingerprint": "42WmSpB8rSM=",
                            "labels.%": "0",
                            "machine_type": "n1-standard-1",
                            "metadata.%": "1",
                            "metadata.project": "chainpoint-hydra",
                            "metadata_fingerprint": "EpXsOtCLHos=",
                            "metadata_startup_script": "#!/bin/bash\n\nif [ -x \"$(command -v docker)\" ]; then\n    echo \"Docker already installed\"\nelse\n    echo \"Install docker\"\n    curl -fsSL https://get.docker.com -o get-docker.sh\n    bash get-docker.sh\n    sudo usermod -aG docker $USER\nfi\n\nsudo apt-get -qq install -y docker-compose git make jq nodejs npm openssl build-essential g++\ncurl -sS https://dl.yarnpkg.com/debian/pubkey.gpg | sudo apt-key add -\nif ! [ -x \"$(command -v yarn)\" ]; then\n    echo \"deb https://dl.yarnpkg.com/debian/ stable main\" | sudo tee /etc/apt/sources.list.d/yarn.list\n    sudo apt-get update -y \u0026\u0026 sudo apt-get install -y --no-install-recommends yarn\nfi\n\n# Install Stackdriver Agent\ncurl -sSO https://dl.google.com/cloudagents/install-monitoring-agent.sh\nsudo bash install-monitoring-agent.sh\n\ncd /srv\nsudo mkdir chp\n\ncd ./chp\n\nsudo git clone https://github.com/chainpoint/chainpoint-node-src.git\nsudo chmod 775 chainpoint-node-src\ncd ./chainpoint-node-src\ngit checkout -b v2 origin/v2\n\nsudo git clone https://michael-iglesias:faca2c20b50c456892f3b6a601ae457d7a49ff10@github.com/chainpoint/go-hydra-smart-contract-files.git artifacts/ethcontracts\n\ncurl \"http://metadata.google.internal/computeMetadata/v1/instance/network-interfaces/0/access-configs/0/external-ip\" -H \"Metadata-Flavor: Google\" \u003e eip.txt\n\nmake init\n\nmake build\n\nmake build-rocksdb\n\necho CHAINPOINT_CORE_CONNECT_IP_LIST=35.245.211.97,35.245.9.90,35.188.238.186 \u003e\u003e .env\n\nmake deploy\n\ncurl -X POST \\\n  https://us-central1-tierion-iglesias.cloudfunctions.net/eth-address-init-stream-processor \\\n  -H 'Content-Type: application/json' \\\n  -H 'Postman-Token: 127b5e92-b8fd-4fd0-b6f9-3a58f9d0c0d9' \\\n  -H 'cache-control: no-cache' \\\n  -d \"{\n\t\\\"ethAddress\\\": \\\"$(\u003ceth-address.txt)\\\"\n}\"\n\n# Start Hydra Utils to poll for a positive $TKN balance before it invokes `make register` on behalf of the Node\nnpm install -g load-testing-node-utils\nexport ETH_INFURA_API_KEY=\"ad8f210998704f9e89a37a4791d4702e\" \u0026\u0026 hydra-chp-node-utils\n\n# make register NODE_ETH_REWARDS_ADDRESS=$(\u003ceth-address.txt) NODE_PUBLIC_IP_ADDRESS=$(\u003ceip.txt) AUTO_REFILL_ENABLED=true AUTO_REFILL_AMOUNT=720\n\nexport COMPOSE_INTERACTIVE_NO_CLI=1 \u0026\u0026 docker exec `docker ps -q` bash -c \"source cli/scripts/env_secrets_expand.sh \u0026\u0026 node cli/register.js NODE_ETH_REWARDS_ADDRESS=$(\u003ceth-address.txt) NODE_PUBLIC_IP_ADDRESS=$(\u003ceip.txt) AUTO_REFILL_ENABLED=true AUTO_REFILL_AMOUNT=720\"",
                            "min_cpu_platform": "",
                            "name": "chp-node-75",
                            "network_interface.#": "1",
                            "network_interface.0.access_config.#": "1",
                            "network_interface.0.access_config.0.assigned_nat_ip": "",
                            "network_interface.0.access_config.0.nat_ip": "35.188.32.64",
                            "network_interface.0.access_config.0.network_tier": "PREMIUM",
                            "network_interface.0.access_config.0.public_ptr_domain_name": "",
                            "network_interface.0.address": "",
                            "network_interface.0.alias_ip_range.#": "0",
                            "network_interface.0.name": "nic0",
                            "network_interface.0.network": "https://www.googleapis.com/compute/v1/projects/tierion-iglesias/global/networks/default",
                            "network_interface.0.network_ip": "10.128.0.170",
                            "network_interface.0.subnetwork": "https://www.googleapis.com/compute/v1/projects/tierion-iglesias/regions/us-central1/subnetworks/default",
                            "network_interface.0.subnetwork_project": "tierion-iglesias",
                            "project": "tierion-iglesias",
                            "scheduling.#": "1",
                            "scheduling.0.automatic_restart": "true",
                            "scheduling.0.on_host_maintenance": "MIGRATE",
                            "scheduling.0.preemptible": "false",
                            "scratch_disk.#": "0",
                            "self_link": "https://www.googleapis.com/compute/v1/projects/tierion-iglesias/zones/us-central1-a/instances/chp-node-75",
                            "service_account.#": "1",
                            "service_account.0.email": "791121030057-compute@developer.gserviceaccount.com",
                            "service_account.0.scopes.#": "2",
                            "service_account.0.scopes.1328717722": "https://www.googleapis.com/auth/devstorage.read_write",
                            "service_account.0.scopes.299962681": "https://www.googleapis.com/auth/compute",
                            "tags.#": "2",
                            "tags.2152288274": "web-sg",
                            "tags.2541227442": "http",
                            "tags_fingerprint": "IJDDdaOreBI=",
                            "zone": "us-central1-a"
                        },
                        "meta": {
                            "e2bfb730-ecaa-11e6-8f88-34363bc7c4c0": {
                                "create": 360000000000,
                                "delete": 360000000000,
                                "update": 360000000000
                            },
                            "schema_version": "6"
                        },
                        "tainted": false
                    },
                    "deposed": [],
                    "provider": "provider.google"
                },
                "google_compute_instance.chp-node.76": {
                    "type": "google_compute_instance",
                    "depends_on": [
                        "data.template_file.init"
                    ],
                    "primary": {
                        "id": "chp-node-76",
                        "attributes": {
                            "attached_disk.#": "0",
                            "boot_disk.#": "1",
                            "boot_disk.0.auto_delete": "true",
                            "boot_disk.0.device_name": "persistent-disk-0",
                            "boot_disk.0.disk_encryption_key_raw": "",
                            "boot_disk.0.disk_encryption_key_sha256": "",
                            "boot_disk.0.initialize_params.#": "1",
                            "boot_disk.0.initialize_params.0.image": "https://www.googleapis.com/compute/v1/projects/ubuntu-os-cloud/global/images/ubuntu-1804-bionic-v20190628",
                            "boot_disk.0.initialize_params.0.size": "10",
                            "boot_disk.0.initialize_params.0.type": "pd-standard",
                            "boot_disk.0.source": "https://www.googleapis.com/compute/v1/projects/tierion-iglesias/zones/us-central1-a/disks/chp-node-76",
                            "can_ip_forward": "false",
                            "cpu_platform": "Intel Haswell",
                            "deletion_protection": "false",
                            "guest_accelerator.#": "0",
                            "hostname": "",
                            "id": "chp-node-76",
                            "instance_id": "8098530510947898270",
                            "label_fingerprint": "42WmSpB8rSM=",
                            "labels.%": "0",
                            "machine_type": "n1-standard-1",
                            "metadata.%": "1",
                            "metadata.project": "chainpoint-hydra",
                            "metadata_fingerprint": "EpXsOtCLHos=",
                            "metadata_startup_script": "#!/bin/bash\n\nif [ -x \"$(command -v docker)\" ]; then\n    echo \"Docker already installed\"\nelse\n    echo \"Install docker\"\n    curl -fsSL https://get.docker.com -o get-docker.sh\n    bash get-docker.sh\n    sudo usermod -aG docker $USER\nfi\n\nsudo apt-get -qq install -y docker-compose git make jq nodejs npm openssl build-essential g++\ncurl -sS https://dl.yarnpkg.com/debian/pubkey.gpg | sudo apt-key add -\nif ! [ -x \"$(command -v yarn)\" ]; then\n    echo \"deb https://dl.yarnpkg.com/debian/ stable main\" | sudo tee /etc/apt/sources.list.d/yarn.list\n    sudo apt-get update -y \u0026\u0026 sudo apt-get install -y --no-install-recommends yarn\nfi\n\n# Install Stackdriver Agent\ncurl -sSO https://dl.google.com/cloudagents/install-monitoring-agent.sh\nsudo bash install-monitoring-agent.sh\n\ncd /srv\nsudo mkdir chp\n\ncd ./chp\n\nsudo git clone https://github.com/chainpoint/chainpoint-node-src.git\nsudo chmod 775 chainpoint-node-src\ncd ./chainpoint-node-src\ngit checkout -b v2 origin/v2\n\nsudo git clone https://michael-iglesias:faca2c20b50c456892f3b6a601ae457d7a49ff10@github.com/chainpoint/go-hydra-smart-contract-files.git artifacts/ethcontracts\n\ncurl \"http://metadata.google.internal/computeMetadata/v1/instance/network-interfaces/0/access-configs/0/external-ip\" -H \"Metadata-Flavor: Google\" \u003e eip.txt\n\nmake init\n\nmake build\n\nmake build-rocksdb\n\necho CHAINPOINT_CORE_CONNECT_IP_LIST=35.245.211.97,35.245.9.90,35.188.238.186 \u003e\u003e .env\n\nmake deploy\n\ncurl -X POST \\\n  https://us-central1-tierion-iglesias.cloudfunctions.net/eth-address-init-stream-processor \\\n  -H 'Content-Type: application/json' \\\n  -H 'Postman-Token: 127b5e92-b8fd-4fd0-b6f9-3a58f9d0c0d9' \\\n  -H 'cache-control: no-cache' \\\n  -d \"{\n\t\\\"ethAddress\\\": \\\"$(\u003ceth-address.txt)\\\"\n}\"\n\n# Start Hydra Utils to poll for a positive $TKN balance before it invokes `make register` on behalf of the Node\nnpm install -g load-testing-node-utils\nexport ETH_INFURA_API_KEY=\"ad8f210998704f9e89a37a4791d4702e\" \u0026\u0026 hydra-chp-node-utils\n\n# make register NODE_ETH_REWARDS_ADDRESS=$(\u003ceth-address.txt) NODE_PUBLIC_IP_ADDRESS=$(\u003ceip.txt) AUTO_REFILL_ENABLED=true AUTO_REFILL_AMOUNT=720\n\nexport COMPOSE_INTERACTIVE_NO_CLI=1 \u0026\u0026 docker exec `docker ps -q` bash -c \"source cli/scripts/env_secrets_expand.sh \u0026\u0026 node cli/register.js NODE_ETH_REWARDS_ADDRESS=$(\u003ceth-address.txt) NODE_PUBLIC_IP_ADDRESS=$(\u003ceip.txt) AUTO_REFILL_ENABLED=true AUTO_REFILL_AMOUNT=720\"",
                            "min_cpu_platform": "",
                            "name": "chp-node-76",
                            "network_interface.#": "1",
                            "network_interface.0.access_config.#": "1",
                            "network_interface.0.access_config.0.assigned_nat_ip": "",
                            "network_interface.0.access_config.0.nat_ip": "130.211.218.200",
                            "network_interface.0.access_config.0.network_tier": "PREMIUM",
                            "network_interface.0.access_config.0.public_ptr_domain_name": "",
                            "network_interface.0.address": "",
                            "network_interface.0.alias_ip_range.#": "0",
                            "network_interface.0.name": "nic0",
                            "network_interface.0.network": "https://www.googleapis.com/compute/v1/projects/tierion-iglesias/global/networks/default",
                            "network_interface.0.network_ip": "10.128.0.176",
                            "network_interface.0.subnetwork": "https://www.googleapis.com/compute/v1/projects/tierion-iglesias/regions/us-central1/subnetworks/default",
                            "network_interface.0.subnetwork_project": "tierion-iglesias",
                            "project": "tierion-iglesias",
                            "scheduling.#": "1",
                            "scheduling.0.automatic_restart": "true",
                            "scheduling.0.on_host_maintenance": "MIGRATE",
                            "scheduling.0.preemptible": "false",
                            "scratch_disk.#": "0",
                            "self_link": "https://www.googleapis.com/compute/v1/projects/tierion-iglesias/zones/us-central1-a/instances/chp-node-76",
                            "service_account.#": "1",
                            "service_account.0.email": "791121030057-compute@developer.gserviceaccount.com",
                            "service_account.0.scopes.#": "2",
                            "service_account.0.scopes.1328717722": "https://www.googleapis.com/auth/devstorage.read_write",
                            "service_account.0.scopes.299962681": "https://www.googleapis.com/auth/compute",
                            "tags.#": "2",
                            "tags.2152288274": "web-sg",
                            "tags.2541227442": "http",
                            "tags_fingerprint": "IJDDdaOreBI=",
                            "zone": "us-central1-a"
                        },
                        "meta": {
                            "e2bfb730-ecaa-11e6-8f88-34363bc7c4c0": {
                                "create": 360000000000,
                                "delete": 360000000000,
                                "update": 360000000000
                            },
                            "schema_version": "6"
                        },
                        "tainted": false
                    },
                    "deposed": [],
                    "provider": "provider.google"
                },
                "google_compute_instance.chp-node.77": {
                    "type": "google_compute_instance",
                    "depends_on": [
                        "data.template_file.init"
                    ],
                    "primary": {
                        "id": "chp-node-77",
                        "attributes": {
                            "attached_disk.#": "0",
                            "boot_disk.#": "1",
                            "boot_disk.0.auto_delete": "true",
                            "boot_disk.0.device_name": "persistent-disk-0",
                            "boot_disk.0.disk_encryption_key_raw": "",
                            "boot_disk.0.disk_encryption_key_sha256": "",
                            "boot_disk.0.initialize_params.#": "1",
                            "boot_disk.0.initialize_params.0.image": "https://www.googleapis.com/compute/v1/projects/ubuntu-os-cloud/global/images/ubuntu-1804-bionic-v20190628",
                            "boot_disk.0.initialize_params.0.size": "10",
                            "boot_disk.0.initialize_params.0.type": "pd-standard",
                            "boot_disk.0.source": "https://www.googleapis.com/compute/v1/projects/tierion-iglesias/zones/us-central1-a/disks/chp-node-77",
                            "can_ip_forward": "false",
                            "cpu_platform": "Intel Haswell",
                            "deletion_protection": "false",
                            "guest_accelerator.#": "0",
                            "hostname": "",
                            "id": "chp-node-77",
                            "instance_id": "3795844510176924979",
                            "label_fingerprint": "42WmSpB8rSM=",
                            "labels.%": "0",
                            "machine_type": "n1-standard-1",
                            "metadata.%": "1",
                            "metadata.project": "chainpoint-hydra",
                            "metadata_fingerprint": "EpXsOtCLHos=",
                            "metadata_startup_script": "#!/bin/bash\n\nif [ -x \"$(command -v docker)\" ]; then\n    echo \"Docker already installed\"\nelse\n    echo \"Install docker\"\n    curl -fsSL https://get.docker.com -o get-docker.sh\n    bash get-docker.sh\n    sudo usermod -aG docker $USER\nfi\n\nsudo apt-get -qq install -y docker-compose git make jq nodejs npm openssl build-essential g++\ncurl -sS https://dl.yarnpkg.com/debian/pubkey.gpg | sudo apt-key add -\nif ! [ -x \"$(command -v yarn)\" ]; then\n    echo \"deb https://dl.yarnpkg.com/debian/ stable main\" | sudo tee /etc/apt/sources.list.d/yarn.list\n    sudo apt-get update -y \u0026\u0026 sudo apt-get install -y --no-install-recommends yarn\nfi\n\n# Install Stackdriver Agent\ncurl -sSO https://dl.google.com/cloudagents/install-monitoring-agent.sh\nsudo bash install-monitoring-agent.sh\n\ncd /srv\nsudo mkdir chp\n\ncd ./chp\n\nsudo git clone https://github.com/chainpoint/chainpoint-node-src.git\nsudo chmod 775 chainpoint-node-src\ncd ./chainpoint-node-src\ngit checkout -b v2 origin/v2\n\nsudo git clone https://michael-iglesias:faca2c20b50c456892f3b6a601ae457d7a49ff10@github.com/chainpoint/go-hydra-smart-contract-files.git artifacts/ethcontracts\n\ncurl \"http://metadata.google.internal/computeMetadata/v1/instance/network-interfaces/0/access-configs/0/external-ip\" -H \"Metadata-Flavor: Google\" \u003e eip.txt\n\nmake init\n\nmake build\n\nmake build-rocksdb\n\necho CHAINPOINT_CORE_CONNECT_IP_LIST=35.245.211.97,35.245.9.90,35.188.238.186 \u003e\u003e .env\n\nmake deploy\n\ncurl -X POST \\\n  https://us-central1-tierion-iglesias.cloudfunctions.net/eth-address-init-stream-processor \\\n  -H 'Content-Type: application/json' \\\n  -H 'Postman-Token: 127b5e92-b8fd-4fd0-b6f9-3a58f9d0c0d9' \\\n  -H 'cache-control: no-cache' \\\n  -d \"{\n\t\\\"ethAddress\\\": \\\"$(\u003ceth-address.txt)\\\"\n}\"\n\n# Start Hydra Utils to poll for a positive $TKN balance before it invokes `make register` on behalf of the Node\nnpm install -g load-testing-node-utils\nexport ETH_INFURA_API_KEY=\"ad8f210998704f9e89a37a4791d4702e\" \u0026\u0026 hydra-chp-node-utils\n\n# make register NODE_ETH_REWARDS_ADDRESS=$(\u003ceth-address.txt) NODE_PUBLIC_IP_ADDRESS=$(\u003ceip.txt) AUTO_REFILL_ENABLED=true AUTO_REFILL_AMOUNT=720\n\nexport COMPOSE_INTERACTIVE_NO_CLI=1 \u0026\u0026 docker exec `docker ps -q` bash -c \"source cli/scripts/env_secrets_expand.sh \u0026\u0026 node cli/register.js NODE_ETH_REWARDS_ADDRESS=$(\u003ceth-address.txt) NODE_PUBLIC_IP_ADDRESS=$(\u003ceip.txt) AUTO_REFILL_ENABLED=true AUTO_REFILL_AMOUNT=720\"",
                            "min_cpu_platform": "",
                            "name": "chp-node-77",
                            "network_interface.#": "1",
                            "network_interface.0.access_config.#": "1",
                            "network_interface.0.access_config.0.assigned_nat_ip": "",
                            "network_interface.0.access_config.0.nat_ip": "34.67.160.122",
                            "network_interface.0.access_config.0.network_tier": "PREMIUM",
                            "network_interface.0.access_config.0.public_ptr_domain_name": "",
                            "network_interface.0.address": "",
                            "network_interface.0.alias_ip_range.#": "0",
                            "network_interface.0.name": "nic0",
                            "network_interface.0.network": "https://www.googleapis.com/compute/v1/projects/tierion-iglesias/global/networks/default",
                            "network_interface.0.network_ip": "10.128.0.104",
                            "network_interface.0.subnetwork": "https://www.googleapis.com/compute/v1/projects/tierion-iglesias/regions/us-central1/subnetworks/default",
                            "network_interface.0.subnetwork_project": "tierion-iglesias",
                            "project": "tierion-iglesias",
                            "scheduling.#": "1",
                            "scheduling.0.automatic_restart": "true",
                            "scheduling.0.on_host_maintenance": "MIGRATE",
                            "scheduling.0.preemptible": "false",
                            "scratch_disk.#": "0",
                            "self_link": "https://www.googleapis.com/compute/v1/projects/tierion-iglesias/zones/us-central1-a/instances/chp-node-77",
                            "service_account.#": "1",
                            "service_account.0.email": "791121030057-compute@developer.gserviceaccount.com",
                            "service_account.0.scopes.#": "2",
                            "service_account.0.scopes.1328717722": "https://www.googleapis.com/auth/devstorage.read_write",
                            "service_account.0.scopes.299962681": "https://www.googleapis.com/auth/compute",
                            "tags.#": "2",
                            "tags.2152288274": "web-sg",
                            "tags.2541227442": "http",
                            "tags_fingerprint": "IJDDdaOreBI=",
                            "zone": "us-central1-a"
                        },
                        "meta": {
                            "e2bfb730-ecaa-11e6-8f88-34363bc7c4c0": {
                                "create": 360000000000,
                                "delete": 360000000000,
                                "update": 360000000000
                            },
                            "schema_version": "6"
                        },
                        "tainted": false
                    },
                    "deposed": [],
                    "provider": "provider.google"
                },
                "google_compute_instance.chp-node.78": {
                    "type": "google_compute_instance",
                    "depends_on": [
                        "data.template_file.init"
                    ],
                    "primary": {
                        "id": "chp-node-78",
                        "attributes": {
                            "attached_disk.#": "0",
                            "boot_disk.#": "1",
                            "boot_disk.0.auto_delete": "true",
                            "boot_disk.0.device_name": "persistent-disk-0",
                            "boot_disk.0.disk_encryption_key_raw": "",
                            "boot_disk.0.disk_encryption_key_sha256": "",
                            "boot_disk.0.initialize_params.#": "1",
                            "boot_disk.0.initialize_params.0.image": "https://www.googleapis.com/compute/v1/projects/ubuntu-os-cloud/global/images/ubuntu-1804-bionic-v20190628",
                            "boot_disk.0.initialize_params.0.size": "10",
                            "boot_disk.0.initialize_params.0.type": "pd-standard",
                            "boot_disk.0.source": "https://www.googleapis.com/compute/v1/projects/tierion-iglesias/zones/us-central1-a/disks/chp-node-78",
                            "can_ip_forward": "false",
                            "cpu_platform": "Intel Haswell",
                            "deletion_protection": "false",
                            "guest_accelerator.#": "0",
                            "hostname": "",
                            "id": "chp-node-78",
                            "instance_id": "1261237579839590644",
                            "label_fingerprint": "42WmSpB8rSM=",
                            "labels.%": "0",
                            "machine_type": "n1-standard-1",
                            "metadata.%": "1",
                            "metadata.project": "chainpoint-hydra",
                            "metadata_fingerprint": "EpXsOtCLHos=",
                            "metadata_startup_script": "#!/bin/bash\n\nif [ -x \"$(command -v docker)\" ]; then\n    echo \"Docker already installed\"\nelse\n    echo \"Install docker\"\n    curl -fsSL https://get.docker.com -o get-docker.sh\n    bash get-docker.sh\n    sudo usermod -aG docker $USER\nfi\n\nsudo apt-get -qq install -y docker-compose git make jq nodejs npm openssl build-essential g++\ncurl -sS https://dl.yarnpkg.com/debian/pubkey.gpg | sudo apt-key add -\nif ! [ -x \"$(command -v yarn)\" ]; then\n    echo \"deb https://dl.yarnpkg.com/debian/ stable main\" | sudo tee /etc/apt/sources.list.d/yarn.list\n    sudo apt-get update -y \u0026\u0026 sudo apt-get install -y --no-install-recommends yarn\nfi\n\n# Install Stackdriver Agent\ncurl -sSO https://dl.google.com/cloudagents/install-monitoring-agent.sh\nsudo bash install-monitoring-agent.sh\n\ncd /srv\nsudo mkdir chp\n\ncd ./chp\n\nsudo git clone https://github.com/chainpoint/chainpoint-node-src.git\nsudo chmod 775 chainpoint-node-src\ncd ./chainpoint-node-src\ngit checkout -b v2 origin/v2\n\nsudo git clone https://michael-iglesias:faca2c20b50c456892f3b6a601ae457d7a49ff10@github.com/chainpoint/go-hydra-smart-contract-files.git artifacts/ethcontracts\n\ncurl \"http://metadata.google.internal/computeMetadata/v1/instance/network-interfaces/0/access-configs/0/external-ip\" -H \"Metadata-Flavor: Google\" \u003e eip.txt\n\nmake init\n\nmake build\n\nmake build-rocksdb\n\necho CHAINPOINT_CORE_CONNECT_IP_LIST=35.245.211.97,35.245.9.90,35.188.238.186 \u003e\u003e .env\n\nmake deploy\n\ncurl -X POST \\\n  https://us-central1-tierion-iglesias.cloudfunctions.net/eth-address-init-stream-processor \\\n  -H 'Content-Type: application/json' \\\n  -H 'Postman-Token: 127b5e92-b8fd-4fd0-b6f9-3a58f9d0c0d9' \\\n  -H 'cache-control: no-cache' \\\n  -d \"{\n\t\\\"ethAddress\\\": \\\"$(\u003ceth-address.txt)\\\"\n}\"\n\n# Start Hydra Utils to poll for a positive $TKN balance before it invokes `make register` on behalf of the Node\nnpm install -g load-testing-node-utils\nexport ETH_INFURA_API_KEY=\"ad8f210998704f9e89a37a4791d4702e\" \u0026\u0026 hydra-chp-node-utils\n\n# make register NODE_ETH_REWARDS_ADDRESS=$(\u003ceth-address.txt) NODE_PUBLIC_IP_ADDRESS=$(\u003ceip.txt) AUTO_REFILL_ENABLED=true AUTO_REFILL_AMOUNT=720\n\nexport COMPOSE_INTERACTIVE_NO_CLI=1 \u0026\u0026 docker exec `docker ps -q` bash -c \"source cli/scripts/env_secrets_expand.sh \u0026\u0026 node cli/register.js NODE_ETH_REWARDS_ADDRESS=$(\u003ceth-address.txt) NODE_PUBLIC_IP_ADDRESS=$(\u003ceip.txt) AUTO_REFILL_ENABLED=true AUTO_REFILL_AMOUNT=720\"",
                            "min_cpu_platform": "",
                            "name": "chp-node-78",
                            "network_interface.#": "1",
                            "network_interface.0.access_config.#": "1",
                            "network_interface.0.access_config.0.assigned_nat_ip": "",
                            "network_interface.0.access_config.0.nat_ip": "35.232.68.0",
                            "network_interface.0.access_config.0.network_tier": "PREMIUM",
                            "network_interface.0.access_config.0.public_ptr_domain_name": "",
                            "network_interface.0.address": "",
                            "network_interface.0.alias_ip_range.#": "0",
                            "network_interface.0.name": "nic0",
                            "network_interface.0.network": "https://www.googleapis.com/compute/v1/projects/tierion-iglesias/global/networks/default",
                            "network_interface.0.network_ip": "10.128.0.208",
                            "network_interface.0.subnetwork": "https://www.googleapis.com/compute/v1/projects/tierion-iglesias/regions/us-central1/subnetworks/default",
                            "network_interface.0.subnetwork_project": "tierion-iglesias",
                            "project": "tierion-iglesias",
                            "scheduling.#": "1",
                            "scheduling.0.automatic_restart": "true",
                            "scheduling.0.on_host_maintenance": "MIGRATE",
                            "scheduling.0.preemptible": "false",
                            "scratch_disk.#": "0",
                            "self_link": "https://www.googleapis.com/compute/v1/projects/tierion-iglesias/zones/us-central1-a/instances/chp-node-78",
                            "service_account.#": "1",
                            "service_account.0.email": "791121030057-compute@developer.gserviceaccount.com",
                            "service_account.0.scopes.#": "2",
                            "service_account.0.scopes.1328717722": "https://www.googleapis.com/auth/devstorage.read_write",
                            "service_account.0.scopes.299962681": "https://www.googleapis.com/auth/compute",
                            "tags.#": "2",
                            "tags.2152288274": "web-sg",
                            "tags.2541227442": "http",
                            "tags_fingerprint": "IJDDdaOreBI=",
                            "zone": "us-central1-a"
                        },
                        "meta": {
                            "e2bfb730-ecaa-11e6-8f88-34363bc7c4c0": {
                                "create": 360000000000,
                                "delete": 360000000000,
                                "update": 360000000000
                            },
                            "schema_version": "6"
                        },
                        "tainted": false
                    },
                    "deposed": [],
                    "provider": "provider.google"
                },
                "google_compute_instance.chp-node.79": {
                    "type": "google_compute_instance",
                    "depends_on": [
                        "data.template_file.init"
                    ],
                    "primary": {
                        "id": "chp-node-79",
                        "attributes": {
                            "attached_disk.#": "0",
                            "boot_disk.#": "1",
                            "boot_disk.0.auto_delete": "true",
                            "boot_disk.0.device_name": "persistent-disk-0",
                            "boot_disk.0.disk_encryption_key_raw": "",
                            "boot_disk.0.disk_encryption_key_sha256": "",
                            "boot_disk.0.initialize_params.#": "1",
                            "boot_disk.0.initialize_params.0.image": "https://www.googleapis.com/compute/v1/projects/ubuntu-os-cloud/global/images/ubuntu-1804-bionic-v20190628",
                            "boot_disk.0.initialize_params.0.size": "10",
                            "boot_disk.0.initialize_params.0.type": "pd-standard",
                            "boot_disk.0.source": "https://www.googleapis.com/compute/v1/projects/tierion-iglesias/zones/us-central1-a/disks/chp-node-79",
                            "can_ip_forward": "false",
                            "cpu_platform": "Intel Haswell",
                            "deletion_protection": "false",
                            "guest_accelerator.#": "0",
                            "hostname": "",
                            "id": "chp-node-79",
                            "instance_id": "3446006281317798734",
                            "label_fingerprint": "42WmSpB8rSM=",
                            "labels.%": "0",
                            "machine_type": "n1-standard-1",
                            "metadata.%": "1",
                            "metadata.project": "chainpoint-hydra",
                            "metadata_fingerprint": "EpXsOtCLHos=",
                            "metadata_startup_script": "#!/bin/bash\n\nif [ -x \"$(command -v docker)\" ]; then\n    echo \"Docker already installed\"\nelse\n    echo \"Install docker\"\n    curl -fsSL https://get.docker.com -o get-docker.sh\n    bash get-docker.sh\n    sudo usermod -aG docker $USER\nfi\n\nsudo apt-get -qq install -y docker-compose git make jq nodejs npm openssl build-essential g++\ncurl -sS https://dl.yarnpkg.com/debian/pubkey.gpg | sudo apt-key add -\nif ! [ -x \"$(command -v yarn)\" ]; then\n    echo \"deb https://dl.yarnpkg.com/debian/ stable main\" | sudo tee /etc/apt/sources.list.d/yarn.list\n    sudo apt-get update -y \u0026\u0026 sudo apt-get install -y --no-install-recommends yarn\nfi\n\n# Install Stackdriver Agent\ncurl -sSO https://dl.google.com/cloudagents/install-monitoring-agent.sh\nsudo bash install-monitoring-agent.sh\n\ncd /srv\nsudo mkdir chp\n\ncd ./chp\n\nsudo git clone https://github.com/chainpoint/chainpoint-node-src.git\nsudo chmod 775 chainpoint-node-src\ncd ./chainpoint-node-src\ngit checkout -b v2 origin/v2\n\nsudo git clone https://michael-iglesias:faca2c20b50c456892f3b6a601ae457d7a49ff10@github.com/chainpoint/go-hydra-smart-contract-files.git artifacts/ethcontracts\n\ncurl \"http://metadata.google.internal/computeMetadata/v1/instance/network-interfaces/0/access-configs/0/external-ip\" -H \"Metadata-Flavor: Google\" \u003e eip.txt\n\nmake init\n\nmake build\n\nmake build-rocksdb\n\necho CHAINPOINT_CORE_CONNECT_IP_LIST=35.245.211.97,35.245.9.90,35.188.238.186 \u003e\u003e .env\n\nmake deploy\n\ncurl -X POST \\\n  https://us-central1-tierion-iglesias.cloudfunctions.net/eth-address-init-stream-processor \\\n  -H 'Content-Type: application/json' \\\n  -H 'Postman-Token: 127b5e92-b8fd-4fd0-b6f9-3a58f9d0c0d9' \\\n  -H 'cache-control: no-cache' \\\n  -d \"{\n\t\\\"ethAddress\\\": \\\"$(\u003ceth-address.txt)\\\"\n}\"\n\n# Start Hydra Utils to poll for a positive $TKN balance before it invokes `make register` on behalf of the Node\nnpm install -g load-testing-node-utils\nexport ETH_INFURA_API_KEY=\"ad8f210998704f9e89a37a4791d4702e\" \u0026\u0026 hydra-chp-node-utils\n\n# make register NODE_ETH_REWARDS_ADDRESS=$(\u003ceth-address.txt) NODE_PUBLIC_IP_ADDRESS=$(\u003ceip.txt) AUTO_REFILL_ENABLED=true AUTO_REFILL_AMOUNT=720\n\nexport COMPOSE_INTERACTIVE_NO_CLI=1 \u0026\u0026 docker exec `docker ps -q` bash -c \"source cli/scripts/env_secrets_expand.sh \u0026\u0026 node cli/register.js NODE_ETH_REWARDS_ADDRESS=$(\u003ceth-address.txt) NODE_PUBLIC_IP_ADDRESS=$(\u003ceip.txt) AUTO_REFILL_ENABLED=true AUTO_REFILL_AMOUNT=720\"",
                            "min_cpu_platform": "",
                            "name": "chp-node-79",
                            "network_interface.#": "1",
                            "network_interface.0.access_config.#": "1",
                            "network_interface.0.access_config.0.assigned_nat_ip": "",
                            "network_interface.0.access_config.0.nat_ip": "35.238.157.98",
                            "network_interface.0.access_config.0.network_tier": "PREMIUM",
                            "network_interface.0.access_config.0.public_ptr_domain_name": "",
                            "network_interface.0.address": "",
                            "network_interface.0.alias_ip_range.#": "0",
                            "network_interface.0.name": "nic0",
                            "network_interface.0.network": "https://www.googleapis.com/compute/v1/projects/tierion-iglesias/global/networks/default",
                            "network_interface.0.network_ip": "10.128.0.180",
                            "network_interface.0.subnetwork": "https://www.googleapis.com/compute/v1/projects/tierion-iglesias/regions/us-central1/subnetworks/default",
                            "network_interface.0.subnetwork_project": "tierion-iglesias",
                            "project": "tierion-iglesias",
                            "scheduling.#": "1",
                            "scheduling.0.automatic_restart": "true",
                            "scheduling.0.on_host_maintenance": "MIGRATE",
                            "scheduling.0.preemptible": "false",
                            "scratch_disk.#": "0",
                            "self_link": "https://www.googleapis.com/compute/v1/projects/tierion-iglesias/zones/us-central1-a/instances/chp-node-79",
                            "service_account.#": "1",
                            "service_account.0.email": "791121030057-compute@developer.gserviceaccount.com",
                            "service_account.0.scopes.#": "2",
                            "service_account.0.scopes.1328717722": "https://www.googleapis.com/auth/devstorage.read_write",
                            "service_account.0.scopes.299962681": "https://www.googleapis.com/auth/compute",
                            "tags.#": "2",
                            "tags.2152288274": "web-sg",
                            "tags.2541227442": "http",
                            "tags_fingerprint": "IJDDdaOreBI=",
                            "zone": "us-central1-a"
                        },
                        "meta": {
                            "e2bfb730-ecaa-11e6-8f88-34363bc7c4c0": {
                                "create": 360000000000,
                                "delete": 360000000000,
                                "update": 360000000000
                            },
                            "schema_version": "6"
                        },
                        "tainted": false
                    },
                    "deposed": [],
                    "provider": "provider.google"
                },
                "google_compute_instance.chp-node.8": {
                    "type": "google_compute_instance",
                    "depends_on": [
                        "data.template_file.init"
                    ],
                    "primary": {
                        "id": "chp-node-8",
                        "attributes": {
                            "attached_disk.#": "0",
                            "boot_disk.#": "1",
                            "boot_disk.0.auto_delete": "true",
                            "boot_disk.0.device_name": "persistent-disk-0",
                            "boot_disk.0.disk_encryption_key_raw": "",
                            "boot_disk.0.disk_encryption_key_sha256": "",
                            "boot_disk.0.initialize_params.#": "1",
                            "boot_disk.0.initialize_params.0.image": "https://www.googleapis.com/compute/v1/projects/ubuntu-os-cloud/global/images/ubuntu-1804-bionic-v20190628",
                            "boot_disk.0.initialize_params.0.size": "10",
                            "boot_disk.0.initialize_params.0.type": "pd-standard",
                            "boot_disk.0.source": "https://www.googleapis.com/compute/v1/projects/tierion-iglesias/zones/us-central1-a/disks/chp-node-8",
                            "can_ip_forward": "false",
                            "cpu_platform": "Intel Haswell",
                            "deletion_protection": "false",
                            "guest_accelerator.#": "0",
                            "hostname": "",
                            "id": "chp-node-8",
                            "instance_id": "2535492571983401809",
                            "label_fingerprint": "42WmSpB8rSM=",
                            "labels.%": "0",
                            "machine_type": "n1-standard-1",
                            "metadata.%": "1",
                            "metadata.project": "chainpoint-hydra",
                            "metadata_fingerprint": "EpXsOtCLHos=",
                            "metadata_startup_script": "#!/bin/bash\n\nif [ -x \"$(command -v docker)\" ]; then\n    echo \"Docker already installed\"\nelse\n    echo \"Install docker\"\n    curl -fsSL https://get.docker.com -o get-docker.sh\n    bash get-docker.sh\n    sudo usermod -aG docker $USER\nfi\n\nsudo apt-get -qq install -y docker-compose git make jq nodejs npm openssl build-essential g++\ncurl -sS https://dl.yarnpkg.com/debian/pubkey.gpg | sudo apt-key add -\nif ! [ -x \"$(command -v yarn)\" ]; then\n    echo \"deb https://dl.yarnpkg.com/debian/ stable main\" | sudo tee /etc/apt/sources.list.d/yarn.list\n    sudo apt-get update -y \u0026\u0026 sudo apt-get install -y --no-install-recommends yarn\nfi\n\n# Install Stackdriver Agent\ncurl -sSO https://dl.google.com/cloudagents/install-monitoring-agent.sh\nsudo bash install-monitoring-agent.sh\n\ncd /srv\nsudo mkdir chp\n\ncd ./chp\n\nsudo git clone https://github.com/chainpoint/chainpoint-node-src.git\nsudo chmod 775 chainpoint-node-src\ncd ./chainpoint-node-src\ngit checkout -b v2 origin/v2\n\nsudo git clone https://michael-iglesias:faca2c20b50c456892f3b6a601ae457d7a49ff10@github.com/chainpoint/go-hydra-smart-contract-files.git artifacts/ethcontracts\n\ncurl \"http://metadata.google.internal/computeMetadata/v1/instance/network-interfaces/0/access-configs/0/external-ip\" -H \"Metadata-Flavor: Google\" \u003e eip.txt\n\nmake init\n\nmake build\n\nmake build-rocksdb\n\necho CHAINPOINT_CORE_CONNECT_IP_LIST=35.245.211.97,35.245.9.90,35.188.238.186 \u003e\u003e .env\n\nmake deploy\n\ncurl -X POST \\\n  https://us-central1-tierion-iglesias.cloudfunctions.net/eth-address-init-stream-processor \\\n  -H 'Content-Type: application/json' \\\n  -H 'Postman-Token: 127b5e92-b8fd-4fd0-b6f9-3a58f9d0c0d9' \\\n  -H 'cache-control: no-cache' \\\n  -d \"{\n\t\\\"ethAddress\\\": \\\"$(\u003ceth-address.txt)\\\"\n}\"\n\n# Start Hydra Utils to poll for a positive $TKN balance before it invokes `make register` on behalf of the Node\nnpm install -g load-testing-node-utils\nexport ETH_INFURA_API_KEY=\"ad8f210998704f9e89a37a4791d4702e\" \u0026\u0026 hydra-chp-node-utils\n\n# make register NODE_ETH_REWARDS_ADDRESS=$(\u003ceth-address.txt) NODE_PUBLIC_IP_ADDRESS=$(\u003ceip.txt) AUTO_REFILL_ENABLED=true AUTO_REFILL_AMOUNT=720\n\nexport COMPOSE_INTERACTIVE_NO_CLI=1 \u0026\u0026 docker exec `docker ps -q` bash -c \"source cli/scripts/env_secrets_expand.sh \u0026\u0026 node cli/register.js NODE_ETH_REWARDS_ADDRESS=$(\u003ceth-address.txt) NODE_PUBLIC_IP_ADDRESS=$(\u003ceip.txt) AUTO_REFILL_ENABLED=true AUTO_REFILL_AMOUNT=720\"",
                            "min_cpu_platform": "",
                            "name": "chp-node-8",
                            "network_interface.#": "1",
                            "network_interface.0.access_config.#": "1",
                            "network_interface.0.access_config.0.assigned_nat_ip": "",
                            "network_interface.0.access_config.0.nat_ip": "35.184.79.170",
                            "network_interface.0.access_config.0.network_tier": "PREMIUM",
                            "network_interface.0.access_config.0.public_ptr_domain_name": "",
                            "network_interface.0.address": "",
                            "network_interface.0.alias_ip_range.#": "0",
                            "network_interface.0.name": "nic0",
                            "network_interface.0.network": "https://www.googleapis.com/compute/v1/projects/tierion-iglesias/global/networks/default",
                            "network_interface.0.network_ip": "10.128.0.188",
                            "network_interface.0.subnetwork": "https://www.googleapis.com/compute/v1/projects/tierion-iglesias/regions/us-central1/subnetworks/default",
                            "network_interface.0.subnetwork_project": "tierion-iglesias",
                            "project": "tierion-iglesias",
                            "scheduling.#": "1",
                            "scheduling.0.automatic_restart": "true",
                            "scheduling.0.on_host_maintenance": "MIGRATE",
                            "scheduling.0.preemptible": "false",
                            "scratch_disk.#": "0",
                            "self_link": "https://www.googleapis.com/compute/v1/projects/tierion-iglesias/zones/us-central1-a/instances/chp-node-8",
                            "service_account.#": "1",
                            "service_account.0.email": "791121030057-compute@developer.gserviceaccount.com",
                            "service_account.0.scopes.#": "2",
                            "service_account.0.scopes.1328717722": "https://www.googleapis.com/auth/devstorage.read_write",
                            "service_account.0.scopes.299962681": "https://www.googleapis.com/auth/compute",
                            "tags.#": "2",
                            "tags.2152288274": "web-sg",
                            "tags.2541227442": "http",
                            "tags_fingerprint": "IJDDdaOreBI=",
                            "zone": "us-central1-a"
                        },
                        "meta": {
                            "e2bfb730-ecaa-11e6-8f88-34363bc7c4c0": {
                                "create": 360000000000,
                                "delete": 360000000000,
                                "update": 360000000000
                            },
                            "schema_version": "6"
                        },
                        "tainted": false
                    },
                    "deposed": [],
                    "provider": "provider.google"
                },
                "google_compute_instance.chp-node.80": {
                    "type": "google_compute_instance",
                    "depends_on": [
                        "data.template_file.init"
                    ],
                    "primary": {
                        "id": "chp-node-80",
                        "attributes": {
                            "attached_disk.#": "0",
                            "boot_disk.#": "1",
                            "boot_disk.0.auto_delete": "true",
                            "boot_disk.0.device_name": "persistent-disk-0",
                            "boot_disk.0.disk_encryption_key_raw": "",
                            "boot_disk.0.disk_encryption_key_sha256": "",
                            "boot_disk.0.initialize_params.#": "1",
                            "boot_disk.0.initialize_params.0.image": "https://www.googleapis.com/compute/v1/projects/ubuntu-os-cloud/global/images/ubuntu-1804-bionic-v20190628",
                            "boot_disk.0.initialize_params.0.size": "10",
                            "boot_disk.0.initialize_params.0.type": "pd-standard",
                            "boot_disk.0.source": "https://www.googleapis.com/compute/v1/projects/tierion-iglesias/zones/us-central1-a/disks/chp-node-80",
                            "can_ip_forward": "false",
                            "cpu_platform": "Intel Haswell",
                            "deletion_protection": "false",
                            "guest_accelerator.#": "0",
                            "hostname": "",
                            "id": "chp-node-80",
                            "instance_id": "4744349284008612623",
                            "label_fingerprint": "42WmSpB8rSM=",
                            "labels.%": "0",
                            "machine_type": "n1-standard-1",
                            "metadata.%": "1",
                            "metadata.project": "chainpoint-hydra",
                            "metadata_fingerprint": "EpXsOtCLHos=",
                            "metadata_startup_script": "#!/bin/bash\n\nif [ -x \"$(command -v docker)\" ]; then\n    echo \"Docker already installed\"\nelse\n    echo \"Install docker\"\n    curl -fsSL https://get.docker.com -o get-docker.sh\n    bash get-docker.sh\n    sudo usermod -aG docker $USER\nfi\n\nsudo apt-get -qq install -y docker-compose git make jq nodejs npm openssl build-essential g++\ncurl -sS https://dl.yarnpkg.com/debian/pubkey.gpg | sudo apt-key add -\nif ! [ -x \"$(command -v yarn)\" ]; then\n    echo \"deb https://dl.yarnpkg.com/debian/ stable main\" | sudo tee /etc/apt/sources.list.d/yarn.list\n    sudo apt-get update -y \u0026\u0026 sudo apt-get install -y --no-install-recommends yarn\nfi\n\n# Install Stackdriver Agent\ncurl -sSO https://dl.google.com/cloudagents/install-monitoring-agent.sh\nsudo bash install-monitoring-agent.sh\n\ncd /srv\nsudo mkdir chp\n\ncd ./chp\n\nsudo git clone https://github.com/chainpoint/chainpoint-node-src.git\nsudo chmod 775 chainpoint-node-src\ncd ./chainpoint-node-src\ngit checkout -b v2 origin/v2\n\nsudo git clone https://michael-iglesias:faca2c20b50c456892f3b6a601ae457d7a49ff10@github.com/chainpoint/go-hydra-smart-contract-files.git artifacts/ethcontracts\n\ncurl \"http://metadata.google.internal/computeMetadata/v1/instance/network-interfaces/0/access-configs/0/external-ip\" -H \"Metadata-Flavor: Google\" \u003e eip.txt\n\nmake init\n\nmake build\n\nmake build-rocksdb\n\necho CHAINPOINT_CORE_CONNECT_IP_LIST=35.245.211.97,35.245.9.90,35.188.238.186 \u003e\u003e .env\n\nmake deploy\n\ncurl -X POST \\\n  https://us-central1-tierion-iglesias.cloudfunctions.net/eth-address-init-stream-processor \\\n  -H 'Content-Type: application/json' \\\n  -H 'Postman-Token: 127b5e92-b8fd-4fd0-b6f9-3a58f9d0c0d9' \\\n  -H 'cache-control: no-cache' \\\n  -d \"{\n\t\\\"ethAddress\\\": \\\"$(\u003ceth-address.txt)\\\"\n}\"\n\n# Start Hydra Utils to poll for a positive $TKN balance before it invokes `make register` on behalf of the Node\nnpm install -g load-testing-node-utils\nexport ETH_INFURA_API_KEY=\"ad8f210998704f9e89a37a4791d4702e\" \u0026\u0026 hydra-chp-node-utils\n\n# make register NODE_ETH_REWARDS_ADDRESS=$(\u003ceth-address.txt) NODE_PUBLIC_IP_ADDRESS=$(\u003ceip.txt) AUTO_REFILL_ENABLED=true AUTO_REFILL_AMOUNT=720\n\nexport COMPOSE_INTERACTIVE_NO_CLI=1 \u0026\u0026 docker exec `docker ps -q` bash -c \"source cli/scripts/env_secrets_expand.sh \u0026\u0026 node cli/register.js NODE_ETH_REWARDS_ADDRESS=$(\u003ceth-address.txt) NODE_PUBLIC_IP_ADDRESS=$(\u003ceip.txt) AUTO_REFILL_ENABLED=true AUTO_REFILL_AMOUNT=720\"",
                            "min_cpu_platform": "",
                            "name": "chp-node-80",
                            "network_interface.#": "1",
                            "network_interface.0.access_config.#": "1",
                            "network_interface.0.access_config.0.assigned_nat_ip": "",
                            "network_interface.0.access_config.0.nat_ip": "35.239.229.164",
                            "network_interface.0.access_config.0.network_tier": "PREMIUM",
                            "network_interface.0.access_config.0.public_ptr_domain_name": "",
                            "network_interface.0.address": "",
                            "network_interface.0.alias_ip_range.#": "0",
                            "network_interface.0.name": "nic0",
                            "network_interface.0.network": "https://www.googleapis.com/compute/v1/projects/tierion-iglesias/global/networks/default",
                            "network_interface.0.network_ip": "10.128.0.197",
                            "network_interface.0.subnetwork": "https://www.googleapis.com/compute/v1/projects/tierion-iglesias/regions/us-central1/subnetworks/default",
                            "network_interface.0.subnetwork_project": "tierion-iglesias",
                            "project": "tierion-iglesias",
                            "scheduling.#": "1",
                            "scheduling.0.automatic_restart": "true",
                            "scheduling.0.on_host_maintenance": "MIGRATE",
                            "scheduling.0.preemptible": "false",
                            "scratch_disk.#": "0",
                            "self_link": "https://www.googleapis.com/compute/v1/projects/tierion-iglesias/zones/us-central1-a/instances/chp-node-80",
                            "service_account.#": "1",
                            "service_account.0.email": "791121030057-compute@developer.gserviceaccount.com",
                            "service_account.0.scopes.#": "2",
                            "service_account.0.scopes.1328717722": "https://www.googleapis.com/auth/devstorage.read_write",
                            "service_account.0.scopes.299962681": "https://www.googleapis.com/auth/compute",
                            "tags.#": "2",
                            "tags.2152288274": "web-sg",
                            "tags.2541227442": "http",
                            "tags_fingerprint": "IJDDdaOreBI=",
                            "zone": "us-central1-a"
                        },
                        "meta": {
                            "e2bfb730-ecaa-11e6-8f88-34363bc7c4c0": {
                                "create": 360000000000,
                                "delete": 360000000000,
                                "update": 360000000000
                            },
                            "schema_version": "6"
                        },
                        "tainted": false
                    },
                    "deposed": [],
                    "provider": "provider.google"
                },
                "google_compute_instance.chp-node.81": {
                    "type": "google_compute_instance",
                    "depends_on": [
                        "data.template_file.init"
                    ],
                    "primary": {
                        "id": "chp-node-81",
                        "attributes": {
                            "attached_disk.#": "0",
                            "boot_disk.#": "1",
                            "boot_disk.0.auto_delete": "true",
                            "boot_disk.0.device_name": "persistent-disk-0",
                            "boot_disk.0.disk_encryption_key_raw": "",
                            "boot_disk.0.disk_encryption_key_sha256": "",
                            "boot_disk.0.initialize_params.#": "1",
                            "boot_disk.0.initialize_params.0.image": "https://www.googleapis.com/compute/v1/projects/ubuntu-os-cloud/global/images/ubuntu-1804-bionic-v20190628",
                            "boot_disk.0.initialize_params.0.size": "10",
                            "boot_disk.0.initialize_params.0.type": "pd-standard",
                            "boot_disk.0.source": "https://www.googleapis.com/compute/v1/projects/tierion-iglesias/zones/us-central1-a/disks/chp-node-81",
                            "can_ip_forward": "false",
                            "cpu_platform": "Intel Haswell",
                            "deletion_protection": "false",
                            "guest_accelerator.#": "0",
                            "hostname": "",
                            "id": "chp-node-81",
                            "instance_id": "1396684583314281636",
                            "label_fingerprint": "42WmSpB8rSM=",
                            "labels.%": "0",
                            "machine_type": "n1-standard-1",
                            "metadata.%": "1",
                            "metadata.project": "chainpoint-hydra",
                            "metadata_fingerprint": "EpXsOtCLHos=",
                            "metadata_startup_script": "#!/bin/bash\n\nif [ -x \"$(command -v docker)\" ]; then\n    echo \"Docker already installed\"\nelse\n    echo \"Install docker\"\n    curl -fsSL https://get.docker.com -o get-docker.sh\n    bash get-docker.sh\n    sudo usermod -aG docker $USER\nfi\n\nsudo apt-get -qq install -y docker-compose git make jq nodejs npm openssl build-essential g++\ncurl -sS https://dl.yarnpkg.com/debian/pubkey.gpg | sudo apt-key add -\nif ! [ -x \"$(command -v yarn)\" ]; then\n    echo \"deb https://dl.yarnpkg.com/debian/ stable main\" | sudo tee /etc/apt/sources.list.d/yarn.list\n    sudo apt-get update -y \u0026\u0026 sudo apt-get install -y --no-install-recommends yarn\nfi\n\n# Install Stackdriver Agent\ncurl -sSO https://dl.google.com/cloudagents/install-monitoring-agent.sh\nsudo bash install-monitoring-agent.sh\n\ncd /srv\nsudo mkdir chp\n\ncd ./chp\n\nsudo git clone https://github.com/chainpoint/chainpoint-node-src.git\nsudo chmod 775 chainpoint-node-src\ncd ./chainpoint-node-src\ngit checkout -b v2 origin/v2\n\nsudo git clone https://michael-iglesias:faca2c20b50c456892f3b6a601ae457d7a49ff10@github.com/chainpoint/go-hydra-smart-contract-files.git artifacts/ethcontracts\n\ncurl \"http://metadata.google.internal/computeMetadata/v1/instance/network-interfaces/0/access-configs/0/external-ip\" -H \"Metadata-Flavor: Google\" \u003e eip.txt\n\nmake init\n\nmake build\n\nmake build-rocksdb\n\necho CHAINPOINT_CORE_CONNECT_IP_LIST=35.245.211.97,35.245.9.90,35.188.238.186 \u003e\u003e .env\n\nmake deploy\n\ncurl -X POST \\\n  https://us-central1-tierion-iglesias.cloudfunctions.net/eth-address-init-stream-processor \\\n  -H 'Content-Type: application/json' \\\n  -H 'Postman-Token: 127b5e92-b8fd-4fd0-b6f9-3a58f9d0c0d9' \\\n  -H 'cache-control: no-cache' \\\n  -d \"{\n\t\\\"ethAddress\\\": \\\"$(\u003ceth-address.txt)\\\"\n}\"\n\n# Start Hydra Utils to poll for a positive $TKN balance before it invokes `make register` on behalf of the Node\nnpm install -g load-testing-node-utils\nexport ETH_INFURA_API_KEY=\"ad8f210998704f9e89a37a4791d4702e\" \u0026\u0026 hydra-chp-node-utils\n\n# make register NODE_ETH_REWARDS_ADDRESS=$(\u003ceth-address.txt) NODE_PUBLIC_IP_ADDRESS=$(\u003ceip.txt) AUTO_REFILL_ENABLED=true AUTO_REFILL_AMOUNT=720\n\nexport COMPOSE_INTERACTIVE_NO_CLI=1 \u0026\u0026 docker exec `docker ps -q` bash -c \"source cli/scripts/env_secrets_expand.sh \u0026\u0026 node cli/register.js NODE_ETH_REWARDS_ADDRESS=$(\u003ceth-address.txt) NODE_PUBLIC_IP_ADDRESS=$(\u003ceip.txt) AUTO_REFILL_ENABLED=true AUTO_REFILL_AMOUNT=720\"",
                            "min_cpu_platform": "",
                            "name": "chp-node-81",
                            "network_interface.#": "1",
                            "network_interface.0.access_config.#": "1",
                            "network_interface.0.access_config.0.assigned_nat_ip": "",
                            "network_interface.0.access_config.0.nat_ip": "35.193.193.50",
                            "network_interface.0.access_config.0.network_tier": "PREMIUM",
                            "network_interface.0.access_config.0.public_ptr_domain_name": "",
                            "network_interface.0.address": "",
                            "network_interface.0.alias_ip_range.#": "0",
                            "network_interface.0.name": "nic0",
                            "network_interface.0.network": "https://www.googleapis.com/compute/v1/projects/tierion-iglesias/global/networks/default",
                            "network_interface.0.network_ip": "10.128.15.223",
                            "network_interface.0.subnetwork": "https://www.googleapis.com/compute/v1/projects/tierion-iglesias/regions/us-central1/subnetworks/default",
                            "network_interface.0.subnetwork_project": "tierion-iglesias",
                            "project": "tierion-iglesias",
                            "scheduling.#": "1",
                            "scheduling.0.automatic_restart": "true",
                            "scheduling.0.on_host_maintenance": "MIGRATE",
                            "scheduling.0.preemptible": "false",
                            "scratch_disk.#": "0",
                            "self_link": "https://www.googleapis.com/compute/v1/projects/tierion-iglesias/zones/us-central1-a/instances/chp-node-81",
                            "service_account.#": "1",
                            "service_account.0.email": "791121030057-compute@developer.gserviceaccount.com",
                            "service_account.0.scopes.#": "2",
                            "service_account.0.scopes.1328717722": "https://www.googleapis.com/auth/devstorage.read_write",
                            "service_account.0.scopes.299962681": "https://www.googleapis.com/auth/compute",
                            "tags.#": "2",
                            "tags.2152288274": "web-sg",
                            "tags.2541227442": "http",
                            "tags_fingerprint": "IJDDdaOreBI=",
                            "zone": "us-central1-a"
                        },
                        "meta": {
                            "e2bfb730-ecaa-11e6-8f88-34363bc7c4c0": {
                                "create": 360000000000,
                                "delete": 360000000000,
                                "update": 360000000000
                            },
                            "schema_version": "6"
                        },
                        "tainted": false
                    },
                    "deposed": [],
                    "provider": "provider.google"
                },
                "google_compute_instance.chp-node.82": {
                    "type": "google_compute_instance",
                    "depends_on": [
                        "data.template_file.init"
                    ],
                    "primary": {
                        "id": "chp-node-82",
                        "attributes": {
                            "attached_disk.#": "0",
                            "boot_disk.#": "1",
                            "boot_disk.0.auto_delete": "true",
                            "boot_disk.0.device_name": "persistent-disk-0",
                            "boot_disk.0.disk_encryption_key_raw": "",
                            "boot_disk.0.disk_encryption_key_sha256": "",
                            "boot_disk.0.initialize_params.#": "1",
                            "boot_disk.0.initialize_params.0.image": "https://www.googleapis.com/compute/v1/projects/ubuntu-os-cloud/global/images/ubuntu-1804-bionic-v20190628",
                            "boot_disk.0.initialize_params.0.size": "10",
                            "boot_disk.0.initialize_params.0.type": "pd-standard",
                            "boot_disk.0.source": "https://www.googleapis.com/compute/v1/projects/tierion-iglesias/zones/us-central1-a/disks/chp-node-82",
                            "can_ip_forward": "false",
                            "cpu_platform": "Intel Haswell",
                            "deletion_protection": "false",
                            "guest_accelerator.#": "0",
                            "hostname": "",
                            "id": "chp-node-82",
                            "instance_id": "8508768753221522223",
                            "label_fingerprint": "42WmSpB8rSM=",
                            "labels.%": "0",
                            "machine_type": "n1-standard-1",
                            "metadata.%": "1",
                            "metadata.project": "chainpoint-hydra",
                            "metadata_fingerprint": "EpXsOtCLHos=",
                            "metadata_startup_script": "#!/bin/bash\n\nif [ -x \"$(command -v docker)\" ]; then\n    echo \"Docker already installed\"\nelse\n    echo \"Install docker\"\n    curl -fsSL https://get.docker.com -o get-docker.sh\n    bash get-docker.sh\n    sudo usermod -aG docker $USER\nfi\n\nsudo apt-get -qq install -y docker-compose git make jq nodejs npm openssl build-essential g++\ncurl -sS https://dl.yarnpkg.com/debian/pubkey.gpg | sudo apt-key add -\nif ! [ -x \"$(command -v yarn)\" ]; then\n    echo \"deb https://dl.yarnpkg.com/debian/ stable main\" | sudo tee /etc/apt/sources.list.d/yarn.list\n    sudo apt-get update -y \u0026\u0026 sudo apt-get install -y --no-install-recommends yarn\nfi\n\n# Install Stackdriver Agent\ncurl -sSO https://dl.google.com/cloudagents/install-monitoring-agent.sh\nsudo bash install-monitoring-agent.sh\n\ncd /srv\nsudo mkdir chp\n\ncd ./chp\n\nsudo git clone https://github.com/chainpoint/chainpoint-node-src.git\nsudo chmod 775 chainpoint-node-src\ncd ./chainpoint-node-src\ngit checkout -b v2 origin/v2\n\nsudo git clone https://michael-iglesias:faca2c20b50c456892f3b6a601ae457d7a49ff10@github.com/chainpoint/go-hydra-smart-contract-files.git artifacts/ethcontracts\n\ncurl \"http://metadata.google.internal/computeMetadata/v1/instance/network-interfaces/0/access-configs/0/external-ip\" -H \"Metadata-Flavor: Google\" \u003e eip.txt\n\nmake init\n\nmake build\n\nmake build-rocksdb\n\necho CHAINPOINT_CORE_CONNECT_IP_LIST=35.245.211.97,35.245.9.90,35.188.238.186 \u003e\u003e .env\n\nmake deploy\n\ncurl -X POST \\\n  https://us-central1-tierion-iglesias.cloudfunctions.net/eth-address-init-stream-processor \\\n  -H 'Content-Type: application/json' \\\n  -H 'Postman-Token: 127b5e92-b8fd-4fd0-b6f9-3a58f9d0c0d9' \\\n  -H 'cache-control: no-cache' \\\n  -d \"{\n\t\\\"ethAddress\\\": \\\"$(\u003ceth-address.txt)\\\"\n}\"\n\n# Start Hydra Utils to poll for a positive $TKN balance before it invokes `make register` on behalf of the Node\nnpm install -g load-testing-node-utils\nexport ETH_INFURA_API_KEY=\"ad8f210998704f9e89a37a4791d4702e\" \u0026\u0026 hydra-chp-node-utils\n\n# make register NODE_ETH_REWARDS_ADDRESS=$(\u003ceth-address.txt) NODE_PUBLIC_IP_ADDRESS=$(\u003ceip.txt) AUTO_REFILL_ENABLED=true AUTO_REFILL_AMOUNT=720\n\nexport COMPOSE_INTERACTIVE_NO_CLI=1 \u0026\u0026 docker exec `docker ps -q` bash -c \"source cli/scripts/env_secrets_expand.sh \u0026\u0026 node cli/register.js NODE_ETH_REWARDS_ADDRESS=$(\u003ceth-address.txt) NODE_PUBLIC_IP_ADDRESS=$(\u003ceip.txt) AUTO_REFILL_ENABLED=true AUTO_REFILL_AMOUNT=720\"",
                            "min_cpu_platform": "",
                            "name": "chp-node-82",
                            "network_interface.#": "1",
                            "network_interface.0.access_config.#": "1",
                            "network_interface.0.access_config.0.assigned_nat_ip": "",
                            "network_interface.0.access_config.0.nat_ip": "35.225.200.99",
                            "network_interface.0.access_config.0.network_tier": "PREMIUM",
                            "network_interface.0.access_config.0.public_ptr_domain_name": "",
                            "network_interface.0.address": "",
                            "network_interface.0.alias_ip_range.#": "0",
                            "network_interface.0.name": "nic0",
                            "network_interface.0.network": "https://www.googleapis.com/compute/v1/projects/tierion-iglesias/global/networks/default",
                            "network_interface.0.network_ip": "10.128.0.189",
                            "network_interface.0.subnetwork": "https://www.googleapis.com/compute/v1/projects/tierion-iglesias/regions/us-central1/subnetworks/default",
                            "network_interface.0.subnetwork_project": "tierion-iglesias",
                            "project": "tierion-iglesias",
                            "scheduling.#": "1",
                            "scheduling.0.automatic_restart": "true",
                            "scheduling.0.on_host_maintenance": "MIGRATE",
                            "scheduling.0.preemptible": "false",
                            "scratch_disk.#": "0",
                            "self_link": "https://www.googleapis.com/compute/v1/projects/tierion-iglesias/zones/us-central1-a/instances/chp-node-82",
                            "service_account.#": "1",
                            "service_account.0.email": "791121030057-compute@developer.gserviceaccount.com",
                            "service_account.0.scopes.#": "2",
                            "service_account.0.scopes.1328717722": "https://www.googleapis.com/auth/devstorage.read_write",
                            "service_account.0.scopes.299962681": "https://www.googleapis.com/auth/compute",
                            "tags.#": "2",
                            "tags.2152288274": "web-sg",
                            "tags.2541227442": "http",
                            "tags_fingerprint": "IJDDdaOreBI=",
                            "zone": "us-central1-a"
                        },
                        "meta": {
                            "e2bfb730-ecaa-11e6-8f88-34363bc7c4c0": {
                                "create": 360000000000,
                                "delete": 360000000000,
                                "update": 360000000000
                            },
                            "schema_version": "6"
                        },
                        "tainted": false
                    },
                    "deposed": [],
                    "provider": "provider.google"
                },
                "google_compute_instance.chp-node.83": {
                    "type": "google_compute_instance",
                    "depends_on": [
                        "data.template_file.init"
                    ],
                    "primary": {
                        "id": "chp-node-83",
                        "attributes": {
                            "attached_disk.#": "0",
                            "boot_disk.#": "1",
                            "boot_disk.0.auto_delete": "true",
                            "boot_disk.0.device_name": "persistent-disk-0",
                            "boot_disk.0.disk_encryption_key_raw": "",
                            "boot_disk.0.disk_encryption_key_sha256": "",
                            "boot_disk.0.initialize_params.#": "1",
                            "boot_disk.0.initialize_params.0.image": "https://www.googleapis.com/compute/v1/projects/ubuntu-os-cloud/global/images/ubuntu-1804-bionic-v20190628",
                            "boot_disk.0.initialize_params.0.size": "10",
                            "boot_disk.0.initialize_params.0.type": "pd-standard",
                            "boot_disk.0.source": "https://www.googleapis.com/compute/v1/projects/tierion-iglesias/zones/us-central1-a/disks/chp-node-83",
                            "can_ip_forward": "false",
                            "cpu_platform": "Intel Haswell",
                            "deletion_protection": "false",
                            "guest_accelerator.#": "0",
                            "hostname": "",
                            "id": "chp-node-83",
                            "instance_id": "5833306089784234937",
                            "label_fingerprint": "42WmSpB8rSM=",
                            "labels.%": "0",
                            "machine_type": "n1-standard-1",
                            "metadata.%": "1",
                            "metadata.project": "chainpoint-hydra",
                            "metadata_fingerprint": "EpXsOtCLHos=",
                            "metadata_startup_script": "#!/bin/bash\n\nif [ -x \"$(command -v docker)\" ]; then\n    echo \"Docker already installed\"\nelse\n    echo \"Install docker\"\n    curl -fsSL https://get.docker.com -o get-docker.sh\n    bash get-docker.sh\n    sudo usermod -aG docker $USER\nfi\n\nsudo apt-get -qq install -y docker-compose git make jq nodejs npm openssl build-essential g++\ncurl -sS https://dl.yarnpkg.com/debian/pubkey.gpg | sudo apt-key add -\nif ! [ -x \"$(command -v yarn)\" ]; then\n    echo \"deb https://dl.yarnpkg.com/debian/ stable main\" | sudo tee /etc/apt/sources.list.d/yarn.list\n    sudo apt-get update -y \u0026\u0026 sudo apt-get install -y --no-install-recommends yarn\nfi\n\n# Install Stackdriver Agent\ncurl -sSO https://dl.google.com/cloudagents/install-monitoring-agent.sh\nsudo bash install-monitoring-agent.sh\n\ncd /srv\nsudo mkdir chp\n\ncd ./chp\n\nsudo git clone https://github.com/chainpoint/chainpoint-node-src.git\nsudo chmod 775 chainpoint-node-src\ncd ./chainpoint-node-src\ngit checkout -b v2 origin/v2\n\nsudo git clone https://michael-iglesias:faca2c20b50c456892f3b6a601ae457d7a49ff10@github.com/chainpoint/go-hydra-smart-contract-files.git artifacts/ethcontracts\n\ncurl \"http://metadata.google.internal/computeMetadata/v1/instance/network-interfaces/0/access-configs/0/external-ip\" -H \"Metadata-Flavor: Google\" \u003e eip.txt\n\nmake init\n\nmake build\n\nmake build-rocksdb\n\necho CHAINPOINT_CORE_CONNECT_IP_LIST=35.245.211.97,35.245.9.90,35.188.238.186 \u003e\u003e .env\n\nmake deploy\n\ncurl -X POST \\\n  https://us-central1-tierion-iglesias.cloudfunctions.net/eth-address-init-stream-processor \\\n  -H 'Content-Type: application/json' \\\n  -H 'Postman-Token: 127b5e92-b8fd-4fd0-b6f9-3a58f9d0c0d9' \\\n  -H 'cache-control: no-cache' \\\n  -d \"{\n\t\\\"ethAddress\\\": \\\"$(\u003ceth-address.txt)\\\"\n}\"\n\n# Start Hydra Utils to poll for a positive $TKN balance before it invokes `make register` on behalf of the Node\nnpm install -g load-testing-node-utils\nexport ETH_INFURA_API_KEY=\"ad8f210998704f9e89a37a4791d4702e\" \u0026\u0026 hydra-chp-node-utils\n\n# make register NODE_ETH_REWARDS_ADDRESS=$(\u003ceth-address.txt) NODE_PUBLIC_IP_ADDRESS=$(\u003ceip.txt) AUTO_REFILL_ENABLED=true AUTO_REFILL_AMOUNT=720\n\nexport COMPOSE_INTERACTIVE_NO_CLI=1 \u0026\u0026 docker exec `docker ps -q` bash -c \"source cli/scripts/env_secrets_expand.sh \u0026\u0026 node cli/register.js NODE_ETH_REWARDS_ADDRESS=$(\u003ceth-address.txt) NODE_PUBLIC_IP_ADDRESS=$(\u003ceip.txt) AUTO_REFILL_ENABLED=true AUTO_REFILL_AMOUNT=720\"",
                            "min_cpu_platform": "",
                            "name": "chp-node-83",
                            "network_interface.#": "1",
                            "network_interface.0.access_config.#": "1",
                            "network_interface.0.access_config.0.assigned_nat_ip": "",
                            "network_interface.0.access_config.0.nat_ip": "35.226.130.236",
                            "network_interface.0.access_config.0.network_tier": "PREMIUM",
                            "network_interface.0.access_config.0.public_ptr_domain_name": "",
                            "network_interface.0.address": "",
                            "network_interface.0.alias_ip_range.#": "0",
                            "network_interface.0.name": "nic0",
                            "network_interface.0.network": "https://www.googleapis.com/compute/v1/projects/tierion-iglesias/global/networks/default",
                            "network_interface.0.network_ip": "10.128.0.169",
                            "network_interface.0.subnetwork": "https://www.googleapis.com/compute/v1/projects/tierion-iglesias/regions/us-central1/subnetworks/default",
                            "network_interface.0.subnetwork_project": "tierion-iglesias",
                            "project": "tierion-iglesias",
                            "scheduling.#": "1",
                            "scheduling.0.automatic_restart": "true",
                            "scheduling.0.on_host_maintenance": "MIGRATE",
                            "scheduling.0.preemptible": "false",
                            "scratch_disk.#": "0",
                            "self_link": "https://www.googleapis.com/compute/v1/projects/tierion-iglesias/zones/us-central1-a/instances/chp-node-83",
                            "service_account.#": "1",
                            "service_account.0.email": "791121030057-compute@developer.gserviceaccount.com",
                            "service_account.0.scopes.#": "2",
                            "service_account.0.scopes.1328717722": "https://www.googleapis.com/auth/devstorage.read_write",
                            "service_account.0.scopes.299962681": "https://www.googleapis.com/auth/compute",
                            "tags.#": "2",
                            "tags.2152288274": "web-sg",
                            "tags.2541227442": "http",
                            "tags_fingerprint": "IJDDdaOreBI=",
                            "zone": "us-central1-a"
                        },
                        "meta": {
                            "e2bfb730-ecaa-11e6-8f88-34363bc7c4c0": {
                                "create": 360000000000,
                                "delete": 360000000000,
                                "update": 360000000000
                            },
                            "schema_version": "6"
                        },
                        "tainted": false
                    },
                    "deposed": [],
                    "provider": "provider.google"
                },
                "google_compute_instance.chp-node.84": {
                    "type": "google_compute_instance",
                    "depends_on": [
                        "data.template_file.init"
                    ],
                    "primary": {
                        "id": "chp-node-84",
                        "attributes": {
                            "attached_disk.#": "0",
                            "boot_disk.#": "1",
                            "boot_disk.0.auto_delete": "true",
                            "boot_disk.0.device_name": "persistent-disk-0",
                            "boot_disk.0.disk_encryption_key_raw": "",
                            "boot_disk.0.disk_encryption_key_sha256": "",
                            "boot_disk.0.initialize_params.#": "1",
                            "boot_disk.0.initialize_params.0.image": "https://www.googleapis.com/compute/v1/projects/ubuntu-os-cloud/global/images/ubuntu-1804-bionic-v20190628",
                            "boot_disk.0.initialize_params.0.size": "10",
                            "boot_disk.0.initialize_params.0.type": "pd-standard",
                            "boot_disk.0.source": "https://www.googleapis.com/compute/v1/projects/tierion-iglesias/zones/us-central1-a/disks/chp-node-84",
                            "can_ip_forward": "false",
                            "cpu_platform": "Intel Haswell",
                            "deletion_protection": "false",
                            "guest_accelerator.#": "0",
                            "hostname": "",
                            "id": "chp-node-84",
                            "instance_id": "1882068380852573574",
                            "label_fingerprint": "42WmSpB8rSM=",
                            "labels.%": "0",
                            "machine_type": "n1-standard-1",
                            "metadata.%": "1",
                            "metadata.project": "chainpoint-hydra",
                            "metadata_fingerprint": "EpXsOtCLHos=",
                            "metadata_startup_script": "#!/bin/bash\n\nif [ -x \"$(command -v docker)\" ]; then\n    echo \"Docker already installed\"\nelse\n    echo \"Install docker\"\n    curl -fsSL https://get.docker.com -o get-docker.sh\n    bash get-docker.sh\n    sudo usermod -aG docker $USER\nfi\n\nsudo apt-get -qq install -y docker-compose git make jq nodejs npm openssl build-essential g++\ncurl -sS https://dl.yarnpkg.com/debian/pubkey.gpg | sudo apt-key add -\nif ! [ -x \"$(command -v yarn)\" ]; then\n    echo \"deb https://dl.yarnpkg.com/debian/ stable main\" | sudo tee /etc/apt/sources.list.d/yarn.list\n    sudo apt-get update -y \u0026\u0026 sudo apt-get install -y --no-install-recommends yarn\nfi\n\n# Install Stackdriver Agent\ncurl -sSO https://dl.google.com/cloudagents/install-monitoring-agent.sh\nsudo bash install-monitoring-agent.sh\n\ncd /srv\nsudo mkdir chp\n\ncd ./chp\n\nsudo git clone https://github.com/chainpoint/chainpoint-node-src.git\nsudo chmod 775 chainpoint-node-src\ncd ./chainpoint-node-src\ngit checkout -b v2 origin/v2\n\nsudo git clone https://michael-iglesias:faca2c20b50c456892f3b6a601ae457d7a49ff10@github.com/chainpoint/go-hydra-smart-contract-files.git artifacts/ethcontracts\n\ncurl \"http://metadata.google.internal/computeMetadata/v1/instance/network-interfaces/0/access-configs/0/external-ip\" -H \"Metadata-Flavor: Google\" \u003e eip.txt\n\nmake init\n\nmake build\n\nmake build-rocksdb\n\necho CHAINPOINT_CORE_CONNECT_IP_LIST=35.245.211.97,35.245.9.90,35.188.238.186 \u003e\u003e .env\n\nmake deploy\n\ncurl -X POST \\\n  https://us-central1-tierion-iglesias.cloudfunctions.net/eth-address-init-stream-processor \\\n  -H 'Content-Type: application/json' \\\n  -H 'Postman-Token: 127b5e92-b8fd-4fd0-b6f9-3a58f9d0c0d9' \\\n  -H 'cache-control: no-cache' \\\n  -d \"{\n\t\\\"ethAddress\\\": \\\"$(\u003ceth-address.txt)\\\"\n}\"\n\n# Start Hydra Utils to poll for a positive $TKN balance before it invokes `make register` on behalf of the Node\nnpm install -g load-testing-node-utils\nexport ETH_INFURA_API_KEY=\"ad8f210998704f9e89a37a4791d4702e\" \u0026\u0026 hydra-chp-node-utils\n\n# make register NODE_ETH_REWARDS_ADDRESS=$(\u003ceth-address.txt) NODE_PUBLIC_IP_ADDRESS=$(\u003ceip.txt) AUTO_REFILL_ENABLED=true AUTO_REFILL_AMOUNT=720\n\nexport COMPOSE_INTERACTIVE_NO_CLI=1 \u0026\u0026 docker exec `docker ps -q` bash -c \"source cli/scripts/env_secrets_expand.sh \u0026\u0026 node cli/register.js NODE_ETH_REWARDS_ADDRESS=$(\u003ceth-address.txt) NODE_PUBLIC_IP_ADDRESS=$(\u003ceip.txt) AUTO_REFILL_ENABLED=true AUTO_REFILL_AMOUNT=720\"",
                            "min_cpu_platform": "",
                            "name": "chp-node-84",
                            "network_interface.#": "1",
                            "network_interface.0.access_config.#": "1",
                            "network_interface.0.access_config.0.assigned_nat_ip": "",
                            "network_interface.0.access_config.0.nat_ip": "104.155.175.59",
                            "network_interface.0.access_config.0.network_tier": "PREMIUM",
                            "network_interface.0.access_config.0.public_ptr_domain_name": "",
                            "network_interface.0.address": "",
                            "network_interface.0.alias_ip_range.#": "0",
                            "network_interface.0.name": "nic0",
                            "network_interface.0.network": "https://www.googleapis.com/compute/v1/projects/tierion-iglesias/global/networks/default",
                            "network_interface.0.network_ip": "10.128.0.81",
                            "network_interface.0.subnetwork": "https://www.googleapis.com/compute/v1/projects/tierion-iglesias/regions/us-central1/subnetworks/default",
                            "network_interface.0.subnetwork_project": "tierion-iglesias",
                            "project": "tierion-iglesias",
                            "scheduling.#": "1",
                            "scheduling.0.automatic_restart": "true",
                            "scheduling.0.on_host_maintenance": "MIGRATE",
                            "scheduling.0.preemptible": "false",
                            "scratch_disk.#": "0",
                            "self_link": "https://www.googleapis.com/compute/v1/projects/tierion-iglesias/zones/us-central1-a/instances/chp-node-84",
                            "service_account.#": "1",
                            "service_account.0.email": "791121030057-compute@developer.gserviceaccount.com",
                            "service_account.0.scopes.#": "2",
                            "service_account.0.scopes.1328717722": "https://www.googleapis.com/auth/devstorage.read_write",
                            "service_account.0.scopes.299962681": "https://www.googleapis.com/auth/compute",
                            "tags.#": "2",
                            "tags.2152288274": "web-sg",
                            "tags.2541227442": "http",
                            "tags_fingerprint": "IJDDdaOreBI=",
                            "zone": "us-central1-a"
                        },
                        "meta": {
                            "e2bfb730-ecaa-11e6-8f88-34363bc7c4c0": {
                                "create": 360000000000,
                                "delete": 360000000000,
                                "update": 360000000000
                            },
                            "schema_version": "6"
                        },
                        "tainted": false
                    },
                    "deposed": [],
                    "provider": "provider.google"
                },
                "google_compute_instance.chp-node.85": {
                    "type": "google_compute_instance",
                    "depends_on": [
                        "data.template_file.init"
                    ],
                    "primary": {
                        "id": "chp-node-85",
                        "attributes": {
                            "attached_disk.#": "0",
                            "boot_disk.#": "1",
                            "boot_disk.0.auto_delete": "true",
                            "boot_disk.0.device_name": "persistent-disk-0",
                            "boot_disk.0.disk_encryption_key_raw": "",
                            "boot_disk.0.disk_encryption_key_sha256": "",
                            "boot_disk.0.initialize_params.#": "1",
                            "boot_disk.0.initialize_params.0.image": "https://www.googleapis.com/compute/v1/projects/ubuntu-os-cloud/global/images/ubuntu-1804-bionic-v20190628",
                            "boot_disk.0.initialize_params.0.size": "10",
                            "boot_disk.0.initialize_params.0.type": "pd-standard",
                            "boot_disk.0.source": "https://www.googleapis.com/compute/v1/projects/tierion-iglesias/zones/us-central1-a/disks/chp-node-85",
                            "can_ip_forward": "false",
                            "cpu_platform": "Intel Haswell",
                            "deletion_protection": "false",
                            "guest_accelerator.#": "0",
                            "hostname": "",
                            "id": "chp-node-85",
                            "instance_id": "1800601548556227233",
                            "label_fingerprint": "42WmSpB8rSM=",
                            "labels.%": "0",
                            "machine_type": "n1-standard-1",
                            "metadata.%": "1",
                            "metadata.project": "chainpoint-hydra",
                            "metadata_fingerprint": "EpXsOtCLHos=",
                            "metadata_startup_script": "#!/bin/bash\n\nif [ -x \"$(command -v docker)\" ]; then\n    echo \"Docker already installed\"\nelse\n    echo \"Install docker\"\n    curl -fsSL https://get.docker.com -o get-docker.sh\n    bash get-docker.sh\n    sudo usermod -aG docker $USER\nfi\n\nsudo apt-get -qq install -y docker-compose git make jq nodejs npm openssl build-essential g++\ncurl -sS https://dl.yarnpkg.com/debian/pubkey.gpg | sudo apt-key add -\nif ! [ -x \"$(command -v yarn)\" ]; then\n    echo \"deb https://dl.yarnpkg.com/debian/ stable main\" | sudo tee /etc/apt/sources.list.d/yarn.list\n    sudo apt-get update -y \u0026\u0026 sudo apt-get install -y --no-install-recommends yarn\nfi\n\n# Install Stackdriver Agent\ncurl -sSO https://dl.google.com/cloudagents/install-monitoring-agent.sh\nsudo bash install-monitoring-agent.sh\n\ncd /srv\nsudo mkdir chp\n\ncd ./chp\n\nsudo git clone https://github.com/chainpoint/chainpoint-node-src.git\nsudo chmod 775 chainpoint-node-src\ncd ./chainpoint-node-src\ngit checkout -b v2 origin/v2\n\nsudo git clone https://michael-iglesias:faca2c20b50c456892f3b6a601ae457d7a49ff10@github.com/chainpoint/go-hydra-smart-contract-files.git artifacts/ethcontracts\n\ncurl \"http://metadata.google.internal/computeMetadata/v1/instance/network-interfaces/0/access-configs/0/external-ip\" -H \"Metadata-Flavor: Google\" \u003e eip.txt\n\nmake init\n\nmake build\n\nmake build-rocksdb\n\necho CHAINPOINT_CORE_CONNECT_IP_LIST=35.245.211.97,35.245.9.90,35.188.238.186 \u003e\u003e .env\n\nmake deploy\n\ncurl -X POST \\\n  https://us-central1-tierion-iglesias.cloudfunctions.net/eth-address-init-stream-processor \\\n  -H 'Content-Type: application/json' \\\n  -H 'Postman-Token: 127b5e92-b8fd-4fd0-b6f9-3a58f9d0c0d9' \\\n  -H 'cache-control: no-cache' \\\n  -d \"{\n\t\\\"ethAddress\\\": \\\"$(\u003ceth-address.txt)\\\"\n}\"\n\n# Start Hydra Utils to poll for a positive $TKN balance before it invokes `make register` on behalf of the Node\nnpm install -g load-testing-node-utils\nexport ETH_INFURA_API_KEY=\"ad8f210998704f9e89a37a4791d4702e\" \u0026\u0026 hydra-chp-node-utils\n\n# make register NODE_ETH_REWARDS_ADDRESS=$(\u003ceth-address.txt) NODE_PUBLIC_IP_ADDRESS=$(\u003ceip.txt) AUTO_REFILL_ENABLED=true AUTO_REFILL_AMOUNT=720\n\nexport COMPOSE_INTERACTIVE_NO_CLI=1 \u0026\u0026 docker exec `docker ps -q` bash -c \"source cli/scripts/env_secrets_expand.sh \u0026\u0026 node cli/register.js NODE_ETH_REWARDS_ADDRESS=$(\u003ceth-address.txt) NODE_PUBLIC_IP_ADDRESS=$(\u003ceip.txt) AUTO_REFILL_ENABLED=true AUTO_REFILL_AMOUNT=720\"",
                            "min_cpu_platform": "",
                            "name": "chp-node-85",
                            "network_interface.#": "1",
                            "network_interface.0.access_config.#": "1",
                            "network_interface.0.access_config.0.assigned_nat_ip": "",
                            "network_interface.0.access_config.0.nat_ip": "35.222.12.87",
                            "network_interface.0.access_config.0.network_tier": "PREMIUM",
                            "network_interface.0.access_config.0.public_ptr_domain_name": "",
                            "network_interface.0.address": "",
                            "network_interface.0.alias_ip_range.#": "0",
                            "network_interface.0.name": "nic0",
                            "network_interface.0.network": "https://www.googleapis.com/compute/v1/projects/tierion-iglesias/global/networks/default",
                            "network_interface.0.network_ip": "10.128.0.124",
                            "network_interface.0.subnetwork": "https://www.googleapis.com/compute/v1/projects/tierion-iglesias/regions/us-central1/subnetworks/default",
                            "network_interface.0.subnetwork_project": "tierion-iglesias",
                            "project": "tierion-iglesias",
                            "scheduling.#": "1",
                            "scheduling.0.automatic_restart": "true",
                            "scheduling.0.on_host_maintenance": "MIGRATE",
                            "scheduling.0.preemptible": "false",
                            "scratch_disk.#": "0",
                            "self_link": "https://www.googleapis.com/compute/v1/projects/tierion-iglesias/zones/us-central1-a/instances/chp-node-85",
                            "service_account.#": "1",
                            "service_account.0.email": "791121030057-compute@developer.gserviceaccount.com",
                            "service_account.0.scopes.#": "2",
                            "service_account.0.scopes.1328717722": "https://www.googleapis.com/auth/devstorage.read_write",
                            "service_account.0.scopes.299962681": "https://www.googleapis.com/auth/compute",
                            "tags.#": "2",
                            "tags.2152288274": "web-sg",
                            "tags.2541227442": "http",
                            "tags_fingerprint": "IJDDdaOreBI=",
                            "zone": "us-central1-a"
                        },
                        "meta": {
                            "e2bfb730-ecaa-11e6-8f88-34363bc7c4c0": {
                                "create": 360000000000,
                                "delete": 360000000000,
                                "update": 360000000000
                            },
                            "schema_version": "6"
                        },
                        "tainted": false
                    },
                    "deposed": [],
                    "provider": "provider.google"
                },
                "google_compute_instance.chp-node.86": {
                    "type": "google_compute_instance",
                    "depends_on": [
                        "data.template_file.init"
                    ],
                    "primary": {
                        "id": "chp-node-86",
                        "attributes": {
                            "attached_disk.#": "0",
                            "boot_disk.#": "1",
                            "boot_disk.0.auto_delete": "true",
                            "boot_disk.0.device_name": "persistent-disk-0",
                            "boot_disk.0.disk_encryption_key_raw": "",
                            "boot_disk.0.disk_encryption_key_sha256": "",
                            "boot_disk.0.initialize_params.#": "1",
                            "boot_disk.0.initialize_params.0.image": "https://www.googleapis.com/compute/v1/projects/ubuntu-os-cloud/global/images/ubuntu-1804-bionic-v20190628",
                            "boot_disk.0.initialize_params.0.size": "10",
                            "boot_disk.0.initialize_params.0.type": "pd-standard",
                            "boot_disk.0.source": "https://www.googleapis.com/compute/v1/projects/tierion-iglesias/zones/us-central1-a/disks/chp-node-86",
                            "can_ip_forward": "false",
                            "cpu_platform": "Intel Haswell",
                            "deletion_protection": "false",
                            "guest_accelerator.#": "0",
                            "hostname": "",
                            "id": "chp-node-86",
                            "instance_id": "3348982798302466722",
                            "label_fingerprint": "42WmSpB8rSM=",
                            "labels.%": "0",
                            "machine_type": "n1-standard-1",
                            "metadata.%": "1",
                            "metadata.project": "chainpoint-hydra",
                            "metadata_fingerprint": "EpXsOtCLHos=",
                            "metadata_startup_script": "#!/bin/bash\n\nif [ -x \"$(command -v docker)\" ]; then\n    echo \"Docker already installed\"\nelse\n    echo \"Install docker\"\n    curl -fsSL https://get.docker.com -o get-docker.sh\n    bash get-docker.sh\n    sudo usermod -aG docker $USER\nfi\n\nsudo apt-get -qq install -y docker-compose git make jq nodejs npm openssl build-essential g++\ncurl -sS https://dl.yarnpkg.com/debian/pubkey.gpg | sudo apt-key add -\nif ! [ -x \"$(command -v yarn)\" ]; then\n    echo \"deb https://dl.yarnpkg.com/debian/ stable main\" | sudo tee /etc/apt/sources.list.d/yarn.list\n    sudo apt-get update -y \u0026\u0026 sudo apt-get install -y --no-install-recommends yarn\nfi\n\n# Install Stackdriver Agent\ncurl -sSO https://dl.google.com/cloudagents/install-monitoring-agent.sh\nsudo bash install-monitoring-agent.sh\n\ncd /srv\nsudo mkdir chp\n\ncd ./chp\n\nsudo git clone https://github.com/chainpoint/chainpoint-node-src.git\nsudo chmod 775 chainpoint-node-src\ncd ./chainpoint-node-src\ngit checkout -b v2 origin/v2\n\nsudo git clone https://michael-iglesias:faca2c20b50c456892f3b6a601ae457d7a49ff10@github.com/chainpoint/go-hydra-smart-contract-files.git artifacts/ethcontracts\n\ncurl \"http://metadata.google.internal/computeMetadata/v1/instance/network-interfaces/0/access-configs/0/external-ip\" -H \"Metadata-Flavor: Google\" \u003e eip.txt\n\nmake init\n\nmake build\n\nmake build-rocksdb\n\necho CHAINPOINT_CORE_CONNECT_IP_LIST=35.245.211.97,35.245.9.90,35.188.238.186 \u003e\u003e .env\n\nmake deploy\n\ncurl -X POST \\\n  https://us-central1-tierion-iglesias.cloudfunctions.net/eth-address-init-stream-processor \\\n  -H 'Content-Type: application/json' \\\n  -H 'Postman-Token: 127b5e92-b8fd-4fd0-b6f9-3a58f9d0c0d9' \\\n  -H 'cache-control: no-cache' \\\n  -d \"{\n\t\\\"ethAddress\\\": \\\"$(\u003ceth-address.txt)\\\"\n}\"\n\n# Start Hydra Utils to poll for a positive $TKN balance before it invokes `make register` on behalf of the Node\nnpm install -g load-testing-node-utils\nexport ETH_INFURA_API_KEY=\"ad8f210998704f9e89a37a4791d4702e\" \u0026\u0026 hydra-chp-node-utils\n\n# make register NODE_ETH_REWARDS_ADDRESS=$(\u003ceth-address.txt) NODE_PUBLIC_IP_ADDRESS=$(\u003ceip.txt) AUTO_REFILL_ENABLED=true AUTO_REFILL_AMOUNT=720\n\nexport COMPOSE_INTERACTIVE_NO_CLI=1 \u0026\u0026 docker exec `docker ps -q` bash -c \"source cli/scripts/env_secrets_expand.sh \u0026\u0026 node cli/register.js NODE_ETH_REWARDS_ADDRESS=$(\u003ceth-address.txt) NODE_PUBLIC_IP_ADDRESS=$(\u003ceip.txt) AUTO_REFILL_ENABLED=true AUTO_REFILL_AMOUNT=720\"",
                            "min_cpu_platform": "",
                            "name": "chp-node-86",
                            "network_interface.#": "1",
                            "network_interface.0.access_config.#": "1",
                            "network_interface.0.access_config.0.assigned_nat_ip": "",
                            "network_interface.0.access_config.0.nat_ip": "35.188.8.70",
                            "network_interface.0.access_config.0.network_tier": "PREMIUM",
                            "network_interface.0.access_config.0.public_ptr_domain_name": "",
                            "network_interface.0.address": "",
                            "network_interface.0.alias_ip_range.#": "0",
                            "network_interface.0.name": "nic0",
                            "network_interface.0.network": "https://www.googleapis.com/compute/v1/projects/tierion-iglesias/global/networks/default",
                            "network_interface.0.network_ip": "10.128.0.121",
                            "network_interface.0.subnetwork": "https://www.googleapis.com/compute/v1/projects/tierion-iglesias/regions/us-central1/subnetworks/default",
                            "network_interface.0.subnetwork_project": "tierion-iglesias",
                            "project": "tierion-iglesias",
                            "scheduling.#": "1",
                            "scheduling.0.automatic_restart": "true",
                            "scheduling.0.on_host_maintenance": "MIGRATE",
                            "scheduling.0.preemptible": "false",
                            "scratch_disk.#": "0",
                            "self_link": "https://www.googleapis.com/compute/v1/projects/tierion-iglesias/zones/us-central1-a/instances/chp-node-86",
                            "service_account.#": "1",
                            "service_account.0.email": "791121030057-compute@developer.gserviceaccount.com",
                            "service_account.0.scopes.#": "2",
                            "service_account.0.scopes.1328717722": "https://www.googleapis.com/auth/devstorage.read_write",
                            "service_account.0.scopes.299962681": "https://www.googleapis.com/auth/compute",
                            "tags.#": "2",
                            "tags.2152288274": "web-sg",
                            "tags.2541227442": "http",
                            "tags_fingerprint": "IJDDdaOreBI=",
                            "zone": "us-central1-a"
                        },
                        "meta": {
                            "e2bfb730-ecaa-11e6-8f88-34363bc7c4c0": {
                                "create": 360000000000,
                                "delete": 360000000000,
                                "update": 360000000000
                            },
                            "schema_version": "6"
                        },
                        "tainted": false
                    },
                    "deposed": [],
                    "provider": "provider.google"
                },
                "google_compute_instance.chp-node.87": {
                    "type": "google_compute_instance",
                    "depends_on": [
                        "data.template_file.init"
                    ],
                    "primary": {
                        "id": "chp-node-87",
                        "attributes": {
                            "attached_disk.#": "0",
                            "boot_disk.#": "1",
                            "boot_disk.0.auto_delete": "true",
                            "boot_disk.0.device_name": "persistent-disk-0",
                            "boot_disk.0.disk_encryption_key_raw": "",
                            "boot_disk.0.disk_encryption_key_sha256": "",
                            "boot_disk.0.initialize_params.#": "1",
                            "boot_disk.0.initialize_params.0.image": "https://www.googleapis.com/compute/v1/projects/ubuntu-os-cloud/global/images/ubuntu-1804-bionic-v20190628",
                            "boot_disk.0.initialize_params.0.size": "10",
                            "boot_disk.0.initialize_params.0.type": "pd-standard",
                            "boot_disk.0.source": "https://www.googleapis.com/compute/v1/projects/tierion-iglesias/zones/us-central1-a/disks/chp-node-87",
                            "can_ip_forward": "false",
                            "cpu_platform": "Intel Haswell",
                            "deletion_protection": "false",
                            "guest_accelerator.#": "0",
                            "hostname": "",
                            "id": "chp-node-87",
                            "instance_id": "4877212014251234265",
                            "label_fingerprint": "42WmSpB8rSM=",
                            "labels.%": "0",
                            "machine_type": "n1-standard-1",
                            "metadata.%": "1",
                            "metadata.project": "chainpoint-hydra",
                            "metadata_fingerprint": "EpXsOtCLHos=",
                            "metadata_startup_script": "#!/bin/bash\n\nif [ -x \"$(command -v docker)\" ]; then\n    echo \"Docker already installed\"\nelse\n    echo \"Install docker\"\n    curl -fsSL https://get.docker.com -o get-docker.sh\n    bash get-docker.sh\n    sudo usermod -aG docker $USER\nfi\n\nsudo apt-get -qq install -y docker-compose git make jq nodejs npm openssl build-essential g++\ncurl -sS https://dl.yarnpkg.com/debian/pubkey.gpg | sudo apt-key add -\nif ! [ -x \"$(command -v yarn)\" ]; then\n    echo \"deb https://dl.yarnpkg.com/debian/ stable main\" | sudo tee /etc/apt/sources.list.d/yarn.list\n    sudo apt-get update -y \u0026\u0026 sudo apt-get install -y --no-install-recommends yarn\nfi\n\n# Install Stackdriver Agent\ncurl -sSO https://dl.google.com/cloudagents/install-monitoring-agent.sh\nsudo bash install-monitoring-agent.sh\n\ncd /srv\nsudo mkdir chp\n\ncd ./chp\n\nsudo git clone https://github.com/chainpoint/chainpoint-node-src.git\nsudo chmod 775 chainpoint-node-src\ncd ./chainpoint-node-src\ngit checkout -b v2 origin/v2\n\nsudo git clone https://michael-iglesias:faca2c20b50c456892f3b6a601ae457d7a49ff10@github.com/chainpoint/go-hydra-smart-contract-files.git artifacts/ethcontracts\n\ncurl \"http://metadata.google.internal/computeMetadata/v1/instance/network-interfaces/0/access-configs/0/external-ip\" -H \"Metadata-Flavor: Google\" \u003e eip.txt\n\nmake init\n\nmake build\n\nmake build-rocksdb\n\necho CHAINPOINT_CORE_CONNECT_IP_LIST=35.245.211.97,35.245.9.90,35.188.238.186 \u003e\u003e .env\n\nmake deploy\n\ncurl -X POST \\\n  https://us-central1-tierion-iglesias.cloudfunctions.net/eth-address-init-stream-processor \\\n  -H 'Content-Type: application/json' \\\n  -H 'Postman-Token: 127b5e92-b8fd-4fd0-b6f9-3a58f9d0c0d9' \\\n  -H 'cache-control: no-cache' \\\n  -d \"{\n\t\\\"ethAddress\\\": \\\"$(\u003ceth-address.txt)\\\"\n}\"\n\n# Start Hydra Utils to poll for a positive $TKN balance before it invokes `make register` on behalf of the Node\nnpm install -g load-testing-node-utils\nexport ETH_INFURA_API_KEY=\"ad8f210998704f9e89a37a4791d4702e\" \u0026\u0026 hydra-chp-node-utils\n\n# make register NODE_ETH_REWARDS_ADDRESS=$(\u003ceth-address.txt) NODE_PUBLIC_IP_ADDRESS=$(\u003ceip.txt) AUTO_REFILL_ENABLED=true AUTO_REFILL_AMOUNT=720\n\nexport COMPOSE_INTERACTIVE_NO_CLI=1 \u0026\u0026 docker exec `docker ps -q` bash -c \"source cli/scripts/env_secrets_expand.sh \u0026\u0026 node cli/register.js NODE_ETH_REWARDS_ADDRESS=$(\u003ceth-address.txt) NODE_PUBLIC_IP_ADDRESS=$(\u003ceip.txt) AUTO_REFILL_ENABLED=true AUTO_REFILL_AMOUNT=720\"",
                            "min_cpu_platform": "",
                            "name": "chp-node-87",
                            "network_interface.#": "1",
                            "network_interface.0.access_config.#": "1",
                            "network_interface.0.access_config.0.assigned_nat_ip": "",
                            "network_interface.0.access_config.0.nat_ip": "35.193.173.207",
                            "network_interface.0.access_config.0.network_tier": "PREMIUM",
                            "network_interface.0.access_config.0.public_ptr_domain_name": "",
                            "network_interface.0.address": "",
                            "network_interface.0.alias_ip_range.#": "0",
                            "network_interface.0.name": "nic0",
                            "network_interface.0.network": "https://www.googleapis.com/compute/v1/projects/tierion-iglesias/global/networks/default",
                            "network_interface.0.network_ip": "10.128.0.167",
                            "network_interface.0.subnetwork": "https://www.googleapis.com/compute/v1/projects/tierion-iglesias/regions/us-central1/subnetworks/default",
                            "network_interface.0.subnetwork_project": "tierion-iglesias",
                            "project": "tierion-iglesias",
                            "scheduling.#": "1",
                            "scheduling.0.automatic_restart": "true",
                            "scheduling.0.on_host_maintenance": "MIGRATE",
                            "scheduling.0.preemptible": "false",
                            "scratch_disk.#": "0",
                            "self_link": "https://www.googleapis.com/compute/v1/projects/tierion-iglesias/zones/us-central1-a/instances/chp-node-87",
                            "service_account.#": "1",
                            "service_account.0.email": "791121030057-compute@developer.gserviceaccount.com",
                            "service_account.0.scopes.#": "2",
                            "service_account.0.scopes.1328717722": "https://www.googleapis.com/auth/devstorage.read_write",
                            "service_account.0.scopes.299962681": "https://www.googleapis.com/auth/compute",
                            "tags.#": "2",
                            "tags.2152288274": "web-sg",
                            "tags.2541227442": "http",
                            "tags_fingerprint": "IJDDdaOreBI=",
                            "zone": "us-central1-a"
                        },
                        "meta": {
                            "e2bfb730-ecaa-11e6-8f88-34363bc7c4c0": {
                                "create": 360000000000,
                                "delete": 360000000000,
                                "update": 360000000000
                            },
                            "schema_version": "6"
                        },
                        "tainted": false
                    },
                    "deposed": [],
                    "provider": "provider.google"
                },
                "google_compute_instance.chp-node.88": {
                    "type": "google_compute_instance",
                    "depends_on": [
                        "data.template_file.init"
                    ],
                    "primary": {
                        "id": "chp-node-88",
                        "attributes": {
                            "attached_disk.#": "0",
                            "boot_disk.#": "1",
                            "boot_disk.0.auto_delete": "true",
                            "boot_disk.0.device_name": "persistent-disk-0",
                            "boot_disk.0.disk_encryption_key_raw": "",
                            "boot_disk.0.disk_encryption_key_sha256": "",
                            "boot_disk.0.initialize_params.#": "1",
                            "boot_disk.0.initialize_params.0.image": "https://www.googleapis.com/compute/v1/projects/ubuntu-os-cloud/global/images/ubuntu-1804-bionic-v20190628",
                            "boot_disk.0.initialize_params.0.size": "10",
                            "boot_disk.0.initialize_params.0.type": "pd-standard",
                            "boot_disk.0.source": "https://www.googleapis.com/compute/v1/projects/tierion-iglesias/zones/us-central1-a/disks/chp-node-88",
                            "can_ip_forward": "false",
                            "cpu_platform": "Intel Haswell",
                            "deletion_protection": "false",
                            "guest_accelerator.#": "0",
                            "hostname": "",
                            "id": "chp-node-88",
                            "instance_id": "237593538575356582",
                            "label_fingerprint": "42WmSpB8rSM=",
                            "labels.%": "0",
                            "machine_type": "n1-standard-1",
                            "metadata.%": "1",
                            "metadata.project": "chainpoint-hydra",
                            "metadata_fingerprint": "EpXsOtCLHos=",
                            "metadata_startup_script": "#!/bin/bash\n\nif [ -x \"$(command -v docker)\" ]; then\n    echo \"Docker already installed\"\nelse\n    echo \"Install docker\"\n    curl -fsSL https://get.docker.com -o get-docker.sh\n    bash get-docker.sh\n    sudo usermod -aG docker $USER\nfi\n\nsudo apt-get -qq install -y docker-compose git make jq nodejs npm openssl build-essential g++\ncurl -sS https://dl.yarnpkg.com/debian/pubkey.gpg | sudo apt-key add -\nif ! [ -x \"$(command -v yarn)\" ]; then\n    echo \"deb https://dl.yarnpkg.com/debian/ stable main\" | sudo tee /etc/apt/sources.list.d/yarn.list\n    sudo apt-get update -y \u0026\u0026 sudo apt-get install -y --no-install-recommends yarn\nfi\n\n# Install Stackdriver Agent\ncurl -sSO https://dl.google.com/cloudagents/install-monitoring-agent.sh\nsudo bash install-monitoring-agent.sh\n\ncd /srv\nsudo mkdir chp\n\ncd ./chp\n\nsudo git clone https://github.com/chainpoint/chainpoint-node-src.git\nsudo chmod 775 chainpoint-node-src\ncd ./chainpoint-node-src\ngit checkout -b v2 origin/v2\n\nsudo git clone https://michael-iglesias:faca2c20b50c456892f3b6a601ae457d7a49ff10@github.com/chainpoint/go-hydra-smart-contract-files.git artifacts/ethcontracts\n\ncurl \"http://metadata.google.internal/computeMetadata/v1/instance/network-interfaces/0/access-configs/0/external-ip\" -H \"Metadata-Flavor: Google\" \u003e eip.txt\n\nmake init\n\nmake build\n\nmake build-rocksdb\n\necho CHAINPOINT_CORE_CONNECT_IP_LIST=35.245.211.97,35.245.9.90,35.188.238.186 \u003e\u003e .env\n\nmake deploy\n\ncurl -X POST \\\n  https://us-central1-tierion-iglesias.cloudfunctions.net/eth-address-init-stream-processor \\\n  -H 'Content-Type: application/json' \\\n  -H 'Postman-Token: 127b5e92-b8fd-4fd0-b6f9-3a58f9d0c0d9' \\\n  -H 'cache-control: no-cache' \\\n  -d \"{\n\t\\\"ethAddress\\\": \\\"$(\u003ceth-address.txt)\\\"\n}\"\n\n# Start Hydra Utils to poll for a positive $TKN balance before it invokes `make register` on behalf of the Node\nnpm install -g load-testing-node-utils\nexport ETH_INFURA_API_KEY=\"ad8f210998704f9e89a37a4791d4702e\" \u0026\u0026 hydra-chp-node-utils\n\n# make register NODE_ETH_REWARDS_ADDRESS=$(\u003ceth-address.txt) NODE_PUBLIC_IP_ADDRESS=$(\u003ceip.txt) AUTO_REFILL_ENABLED=true AUTO_REFILL_AMOUNT=720\n\nexport COMPOSE_INTERACTIVE_NO_CLI=1 \u0026\u0026 docker exec `docker ps -q` bash -c \"source cli/scripts/env_secrets_expand.sh \u0026\u0026 node cli/register.js NODE_ETH_REWARDS_ADDRESS=$(\u003ceth-address.txt) NODE_PUBLIC_IP_ADDRESS=$(\u003ceip.txt) AUTO_REFILL_ENABLED=true AUTO_REFILL_AMOUNT=720\"",
                            "min_cpu_platform": "",
                            "name": "chp-node-88",
                            "network_interface.#": "1",
                            "network_interface.0.access_config.#": "1",
                            "network_interface.0.access_config.0.assigned_nat_ip": "",
                            "network_interface.0.access_config.0.nat_ip": "35.188.117.78",
                            "network_interface.0.access_config.0.network_tier": "PREMIUM",
                            "network_interface.0.access_config.0.public_ptr_domain_name": "",
                            "network_interface.0.address": "",
                            "network_interface.0.alias_ip_range.#": "0",
                            "network_interface.0.name": "nic0",
                            "network_interface.0.network": "https://www.googleapis.com/compute/v1/projects/tierion-iglesias/global/networks/default",
                            "network_interface.0.network_ip": "10.128.0.120",
                            "network_interface.0.subnetwork": "https://www.googleapis.com/compute/v1/projects/tierion-iglesias/regions/us-central1/subnetworks/default",
                            "network_interface.0.subnetwork_project": "tierion-iglesias",
                            "project": "tierion-iglesias",
                            "scheduling.#": "1",
                            "scheduling.0.automatic_restart": "true",
                            "scheduling.0.on_host_maintenance": "MIGRATE",
                            "scheduling.0.preemptible": "false",
                            "scratch_disk.#": "0",
                            "self_link": "https://www.googleapis.com/compute/v1/projects/tierion-iglesias/zones/us-central1-a/instances/chp-node-88",
                            "service_account.#": "1",
                            "service_account.0.email": "791121030057-compute@developer.gserviceaccount.com",
                            "service_account.0.scopes.#": "2",
                            "service_account.0.scopes.1328717722": "https://www.googleapis.com/auth/devstorage.read_write",
                            "service_account.0.scopes.299962681": "https://www.googleapis.com/auth/compute",
                            "tags.#": "2",
                            "tags.2152288274": "web-sg",
                            "tags.2541227442": "http",
                            "tags_fingerprint": "IJDDdaOreBI=",
                            "zone": "us-central1-a"
                        },
                        "meta": {
                            "e2bfb730-ecaa-11e6-8f88-34363bc7c4c0": {
                                "create": 360000000000,
                                "delete": 360000000000,
                                "update": 360000000000
                            },
                            "schema_version": "6"
                        },
                        "tainted": false
                    },
                    "deposed": [],
                    "provider": "provider.google"
                },
                "google_compute_instance.chp-node.89": {
                    "type": "google_compute_instance",
                    "depends_on": [
                        "data.template_file.init"
                    ],
                    "primary": {
                        "id": "chp-node-89",
                        "attributes": {
                            "attached_disk.#": "0",
                            "boot_disk.#": "1",
                            "boot_disk.0.auto_delete": "true",
                            "boot_disk.0.device_name": "persistent-disk-0",
                            "boot_disk.0.disk_encryption_key_raw": "",
                            "boot_disk.0.disk_encryption_key_sha256": "",
                            "boot_disk.0.initialize_params.#": "1",
                            "boot_disk.0.initialize_params.0.image": "https://www.googleapis.com/compute/v1/projects/ubuntu-os-cloud/global/images/ubuntu-1804-bionic-v20190628",
                            "boot_disk.0.initialize_params.0.size": "10",
                            "boot_disk.0.initialize_params.0.type": "pd-standard",
                            "boot_disk.0.source": "https://www.googleapis.com/compute/v1/projects/tierion-iglesias/zones/us-central1-a/disks/chp-node-89",
                            "can_ip_forward": "false",
                            "cpu_platform": "Intel Haswell",
                            "deletion_protection": "false",
                            "guest_accelerator.#": "0",
                            "hostname": "",
                            "id": "chp-node-89",
                            "instance_id": "7075756557043389857",
                            "label_fingerprint": "42WmSpB8rSM=",
                            "labels.%": "0",
                            "machine_type": "n1-standard-1",
                            "metadata.%": "1",
                            "metadata.project": "chainpoint-hydra",
                            "metadata_fingerprint": "EpXsOtCLHos=",
                            "metadata_startup_script": "#!/bin/bash\n\nif [ -x \"$(command -v docker)\" ]; then\n    echo \"Docker already installed\"\nelse\n    echo \"Install docker\"\n    curl -fsSL https://get.docker.com -o get-docker.sh\n    bash get-docker.sh\n    sudo usermod -aG docker $USER\nfi\n\nsudo apt-get -qq install -y docker-compose git make jq nodejs npm openssl build-essential g++\ncurl -sS https://dl.yarnpkg.com/debian/pubkey.gpg | sudo apt-key add -\nif ! [ -x \"$(command -v yarn)\" ]; then\n    echo \"deb https://dl.yarnpkg.com/debian/ stable main\" | sudo tee /etc/apt/sources.list.d/yarn.list\n    sudo apt-get update -y \u0026\u0026 sudo apt-get install -y --no-install-recommends yarn\nfi\n\n# Install Stackdriver Agent\ncurl -sSO https://dl.google.com/cloudagents/install-monitoring-agent.sh\nsudo bash install-monitoring-agent.sh\n\ncd /srv\nsudo mkdir chp\n\ncd ./chp\n\nsudo git clone https://github.com/chainpoint/chainpoint-node-src.git\nsudo chmod 775 chainpoint-node-src\ncd ./chainpoint-node-src\ngit checkout -b v2 origin/v2\n\nsudo git clone https://michael-iglesias:faca2c20b50c456892f3b6a601ae457d7a49ff10@github.com/chainpoint/go-hydra-smart-contract-files.git artifacts/ethcontracts\n\ncurl \"http://metadata.google.internal/computeMetadata/v1/instance/network-interfaces/0/access-configs/0/external-ip\" -H \"Metadata-Flavor: Google\" \u003e eip.txt\n\nmake init\n\nmake build\n\nmake build-rocksdb\n\necho CHAINPOINT_CORE_CONNECT_IP_LIST=35.245.211.97,35.245.9.90,35.188.238.186 \u003e\u003e .env\n\nmake deploy\n\ncurl -X POST \\\n  https://us-central1-tierion-iglesias.cloudfunctions.net/eth-address-init-stream-processor \\\n  -H 'Content-Type: application/json' \\\n  -H 'Postman-Token: 127b5e92-b8fd-4fd0-b6f9-3a58f9d0c0d9' \\\n  -H 'cache-control: no-cache' \\\n  -d \"{\n\t\\\"ethAddress\\\": \\\"$(\u003ceth-address.txt)\\\"\n}\"\n\n# Start Hydra Utils to poll for a positive $TKN balance before it invokes `make register` on behalf of the Node\nnpm install -g load-testing-node-utils\nexport ETH_INFURA_API_KEY=\"ad8f210998704f9e89a37a4791d4702e\" \u0026\u0026 hydra-chp-node-utils\n\n# make register NODE_ETH_REWARDS_ADDRESS=$(\u003ceth-address.txt) NODE_PUBLIC_IP_ADDRESS=$(\u003ceip.txt) AUTO_REFILL_ENABLED=true AUTO_REFILL_AMOUNT=720\n\nexport COMPOSE_INTERACTIVE_NO_CLI=1 \u0026\u0026 docker exec `docker ps -q` bash -c \"source cli/scripts/env_secrets_expand.sh \u0026\u0026 node cli/register.js NODE_ETH_REWARDS_ADDRESS=$(\u003ceth-address.txt) NODE_PUBLIC_IP_ADDRESS=$(\u003ceip.txt) AUTO_REFILL_ENABLED=true AUTO_REFILL_AMOUNT=720\"",
                            "min_cpu_platform": "",
                            "name": "chp-node-89",
                            "network_interface.#": "1",
                            "network_interface.0.access_config.#": "1",
                            "network_interface.0.access_config.0.assigned_nat_ip": "",
                            "network_interface.0.access_config.0.nat_ip": "34.67.121.117",
                            "network_interface.0.access_config.0.network_tier": "PREMIUM",
                            "network_interface.0.access_config.0.public_ptr_domain_name": "",
                            "network_interface.0.address": "",
                            "network_interface.0.alias_ip_range.#": "0",
                            "network_interface.0.name": "nic0",
                            "network_interface.0.network": "https://www.googleapis.com/compute/v1/projects/tierion-iglesias/global/networks/default",
                            "network_interface.0.network_ip": "10.128.0.78",
                            "network_interface.0.subnetwork": "https://www.googleapis.com/compute/v1/projects/tierion-iglesias/regions/us-central1/subnetworks/default",
                            "network_interface.0.subnetwork_project": "tierion-iglesias",
                            "project": "tierion-iglesias",
                            "scheduling.#": "1",
                            "scheduling.0.automatic_restart": "true",
                            "scheduling.0.on_host_maintenance": "MIGRATE",
                            "scheduling.0.preemptible": "false",
                            "scratch_disk.#": "0",
                            "self_link": "https://www.googleapis.com/compute/v1/projects/tierion-iglesias/zones/us-central1-a/instances/chp-node-89",
                            "service_account.#": "1",
                            "service_account.0.email": "791121030057-compute@developer.gserviceaccount.com",
                            "service_account.0.scopes.#": "2",
                            "service_account.0.scopes.1328717722": "https://www.googleapis.com/auth/devstorage.read_write",
                            "service_account.0.scopes.299962681": "https://www.googleapis.com/auth/compute",
                            "tags.#": "2",
                            "tags.2152288274": "web-sg",
                            "tags.2541227442": "http",
                            "tags_fingerprint": "IJDDdaOreBI=",
                            "zone": "us-central1-a"
                        },
                        "meta": {
                            "e2bfb730-ecaa-11e6-8f88-34363bc7c4c0": {
                                "create": 360000000000,
                                "delete": 360000000000,
                                "update": 360000000000
                            },
                            "schema_version": "6"
                        },
                        "tainted": false
                    },
                    "deposed": [],
                    "provider": "provider.google"
                },
                "google_compute_instance.chp-node.9": {
                    "type": "google_compute_instance",
                    "depends_on": [
                        "data.template_file.init"
                    ],
                    "primary": {
                        "id": "chp-node-9",
                        "attributes": {
                            "attached_disk.#": "0",
                            "boot_disk.#": "1",
                            "boot_disk.0.auto_delete": "true",
                            "boot_disk.0.device_name": "persistent-disk-0",
                            "boot_disk.0.disk_encryption_key_raw": "",
                            "boot_disk.0.disk_encryption_key_sha256": "",
                            "boot_disk.0.initialize_params.#": "1",
                            "boot_disk.0.initialize_params.0.image": "https://www.googleapis.com/compute/v1/projects/ubuntu-os-cloud/global/images/ubuntu-1804-bionic-v20190628",
                            "boot_disk.0.initialize_params.0.size": "10",
                            "boot_disk.0.initialize_params.0.type": "pd-standard",
                            "boot_disk.0.source": "https://www.googleapis.com/compute/v1/projects/tierion-iglesias/zones/us-central1-a/disks/chp-node-9",
                            "can_ip_forward": "false",
                            "cpu_platform": "Intel Haswell",
                            "deletion_protection": "false",
                            "guest_accelerator.#": "0",
                            "hostname": "",
                            "id": "chp-node-9",
                            "instance_id": "4445341735399609096",
                            "label_fingerprint": "42WmSpB8rSM=",
                            "labels.%": "0",
                            "machine_type": "n1-standard-1",
                            "metadata.%": "1",
                            "metadata.project": "chainpoint-hydra",
                            "metadata_fingerprint": "EpXsOtCLHos=",
                            "metadata_startup_script": "#!/bin/bash\n\nif [ -x \"$(command -v docker)\" ]; then\n    echo \"Docker already installed\"\nelse\n    echo \"Install docker\"\n    curl -fsSL https://get.docker.com -o get-docker.sh\n    bash get-docker.sh\n    sudo usermod -aG docker $USER\nfi\n\nsudo apt-get -qq install -y docker-compose git make jq nodejs npm openssl build-essential g++\ncurl -sS https://dl.yarnpkg.com/debian/pubkey.gpg | sudo apt-key add -\nif ! [ -x \"$(command -v yarn)\" ]; then\n    echo \"deb https://dl.yarnpkg.com/debian/ stable main\" | sudo tee /etc/apt/sources.list.d/yarn.list\n    sudo apt-get update -y \u0026\u0026 sudo apt-get install -y --no-install-recommends yarn\nfi\n\n# Install Stackdriver Agent\ncurl -sSO https://dl.google.com/cloudagents/install-monitoring-agent.sh\nsudo bash install-monitoring-agent.sh\n\ncd /srv\nsudo mkdir chp\n\ncd ./chp\n\nsudo git clone https://github.com/chainpoint/chainpoint-node-src.git\nsudo chmod 775 chainpoint-node-src\ncd ./chainpoint-node-src\ngit checkout -b v2 origin/v2\n\nsudo git clone https://michael-iglesias:faca2c20b50c456892f3b6a601ae457d7a49ff10@github.com/chainpoint/go-hydra-smart-contract-files.git artifacts/ethcontracts\n\ncurl \"http://metadata.google.internal/computeMetadata/v1/instance/network-interfaces/0/access-configs/0/external-ip\" -H \"Metadata-Flavor: Google\" \u003e eip.txt\n\nmake init\n\nmake build\n\nmake build-rocksdb\n\necho CHAINPOINT_CORE_CONNECT_IP_LIST=35.245.211.97,35.245.9.90,35.188.238.186 \u003e\u003e .env\n\nmake deploy\n\ncurl -X POST \\\n  https://us-central1-tierion-iglesias.cloudfunctions.net/eth-address-init-stream-processor \\\n  -H 'Content-Type: application/json' \\\n  -H 'Postman-Token: 127b5e92-b8fd-4fd0-b6f9-3a58f9d0c0d9' \\\n  -H 'cache-control: no-cache' \\\n  -d \"{\n\t\\\"ethAddress\\\": \\\"$(\u003ceth-address.txt)\\\"\n}\"\n\n# Start Hydra Utils to poll for a positive $TKN balance before it invokes `make register` on behalf of the Node\nnpm install -g load-testing-node-utils\nexport ETH_INFURA_API_KEY=\"ad8f210998704f9e89a37a4791d4702e\" \u0026\u0026 hydra-chp-node-utils\n\n# make register NODE_ETH_REWARDS_ADDRESS=$(\u003ceth-address.txt) NODE_PUBLIC_IP_ADDRESS=$(\u003ceip.txt) AUTO_REFILL_ENABLED=true AUTO_REFILL_AMOUNT=720\n\nexport COMPOSE_INTERACTIVE_NO_CLI=1 \u0026\u0026 docker exec `docker ps -q` bash -c \"source cli/scripts/env_secrets_expand.sh \u0026\u0026 node cli/register.js NODE_ETH_REWARDS_ADDRESS=$(\u003ceth-address.txt) NODE_PUBLIC_IP_ADDRESS=$(\u003ceip.txt) AUTO_REFILL_ENABLED=true AUTO_REFILL_AMOUNT=720\"",
                            "min_cpu_platform": "",
                            "name": "chp-node-9",
                            "network_interface.#": "1",
                            "network_interface.0.access_config.#": "1",
                            "network_interface.0.access_config.0.assigned_nat_ip": "",
                            "network_interface.0.access_config.0.nat_ip": "34.68.48.187",
                            "network_interface.0.access_config.0.network_tier": "PREMIUM",
                            "network_interface.0.access_config.0.public_ptr_domain_name": "",
                            "network_interface.0.address": "",
                            "network_interface.0.alias_ip_range.#": "0",
                            "network_interface.0.name": "nic0",
                            "network_interface.0.network": "https://www.googleapis.com/compute/v1/projects/tierion-iglesias/global/networks/default",
                            "network_interface.0.network_ip": "10.128.0.198",
                            "network_interface.0.subnetwork": "https://www.googleapis.com/compute/v1/projects/tierion-iglesias/regions/us-central1/subnetworks/default",
                            "network_interface.0.subnetwork_project": "tierion-iglesias",
                            "project": "tierion-iglesias",
                            "scheduling.#": "1",
                            "scheduling.0.automatic_restart": "true",
                            "scheduling.0.on_host_maintenance": "MIGRATE",
                            "scheduling.0.preemptible": "false",
                            "scratch_disk.#": "0",
                            "self_link": "https://www.googleapis.com/compute/v1/projects/tierion-iglesias/zones/us-central1-a/instances/chp-node-9",
                            "service_account.#": "1",
                            "service_account.0.email": "791121030057-compute@developer.gserviceaccount.com",
                            "service_account.0.scopes.#": "2",
                            "service_account.0.scopes.1328717722": "https://www.googleapis.com/auth/devstorage.read_write",
                            "service_account.0.scopes.299962681": "https://www.googleapis.com/auth/compute",
                            "tags.#": "2",
                            "tags.2152288274": "web-sg",
                            "tags.2541227442": "http",
                            "tags_fingerprint": "IJDDdaOreBI=",
                            "zone": "us-central1-a"
                        },
                        "meta": {
                            "e2bfb730-ecaa-11e6-8f88-34363bc7c4c0": {
                                "create": 360000000000,
                                "delete": 360000000000,
                                "update": 360000000000
                            },
                            "schema_version": "6"
                        },
                        "tainted": false
                    },
                    "deposed": [],
                    "provider": "provider.google"
                },
                "google_compute_instance.chp-node.90": {
                    "type": "google_compute_instance",
                    "depends_on": [
                        "data.template_file.init"
                    ],
                    "primary": {
                        "id": "chp-node-90",
                        "attributes": {
                            "attached_disk.#": "0",
                            "boot_disk.#": "1",
                            "boot_disk.0.auto_delete": "true",
                            "boot_disk.0.device_name": "persistent-disk-0",
                            "boot_disk.0.disk_encryption_key_raw": "",
                            "boot_disk.0.disk_encryption_key_sha256": "",
                            "boot_disk.0.initialize_params.#": "1",
                            "boot_disk.0.initialize_params.0.image": "https://www.googleapis.com/compute/v1/projects/ubuntu-os-cloud/global/images/ubuntu-1804-bionic-v20190628",
                            "boot_disk.0.initialize_params.0.size": "10",
                            "boot_disk.0.initialize_params.0.type": "pd-standard",
                            "boot_disk.0.source": "https://www.googleapis.com/compute/v1/projects/tierion-iglesias/zones/us-central1-a/disks/chp-node-90",
                            "can_ip_forward": "false",
                            "cpu_platform": "Intel Haswell",
                            "deletion_protection": "false",
                            "guest_accelerator.#": "0",
                            "hostname": "",
                            "id": "chp-node-90",
                            "instance_id": "5950409927887835810",
                            "label_fingerprint": "42WmSpB8rSM=",
                            "labels.%": "0",
                            "machine_type": "n1-standard-1",
                            "metadata.%": "1",
                            "metadata.project": "chainpoint-hydra",
                            "metadata_fingerprint": "EpXsOtCLHos=",
                            "metadata_startup_script": "#!/bin/bash\n\nif [ -x \"$(command -v docker)\" ]; then\n    echo \"Docker already installed\"\nelse\n    echo \"Install docker\"\n    curl -fsSL https://get.docker.com -o get-docker.sh\n    bash get-docker.sh\n    sudo usermod -aG docker $USER\nfi\n\nsudo apt-get -qq install -y docker-compose git make jq nodejs npm openssl build-essential g++\ncurl -sS https://dl.yarnpkg.com/debian/pubkey.gpg | sudo apt-key add -\nif ! [ -x \"$(command -v yarn)\" ]; then\n    echo \"deb https://dl.yarnpkg.com/debian/ stable main\" | sudo tee /etc/apt/sources.list.d/yarn.list\n    sudo apt-get update -y \u0026\u0026 sudo apt-get install -y --no-install-recommends yarn\nfi\n\n# Install Stackdriver Agent\ncurl -sSO https://dl.google.com/cloudagents/install-monitoring-agent.sh\nsudo bash install-monitoring-agent.sh\n\ncd /srv\nsudo mkdir chp\n\ncd ./chp\n\nsudo git clone https://github.com/chainpoint/chainpoint-node-src.git\nsudo chmod 775 chainpoint-node-src\ncd ./chainpoint-node-src\ngit checkout -b v2 origin/v2\n\nsudo git clone https://michael-iglesias:faca2c20b50c456892f3b6a601ae457d7a49ff10@github.com/chainpoint/go-hydra-smart-contract-files.git artifacts/ethcontracts\n\ncurl \"http://metadata.google.internal/computeMetadata/v1/instance/network-interfaces/0/access-configs/0/external-ip\" -H \"Metadata-Flavor: Google\" \u003e eip.txt\n\nmake init\n\nmake build\n\nmake build-rocksdb\n\necho CHAINPOINT_CORE_CONNECT_IP_LIST=35.245.211.97,35.245.9.90,35.188.238.186 \u003e\u003e .env\n\nmake deploy\n\ncurl -X POST \\\n  https://us-central1-tierion-iglesias.cloudfunctions.net/eth-address-init-stream-processor \\\n  -H 'Content-Type: application/json' \\\n  -H 'Postman-Token: 127b5e92-b8fd-4fd0-b6f9-3a58f9d0c0d9' \\\n  -H 'cache-control: no-cache' \\\n  -d \"{\n\t\\\"ethAddress\\\": \\\"$(\u003ceth-address.txt)\\\"\n}\"\n\n# Start Hydra Utils to poll for a positive $TKN balance before it invokes `make register` on behalf of the Node\nnpm install -g load-testing-node-utils\nexport ETH_INFURA_API_KEY=\"ad8f210998704f9e89a37a4791d4702e\" \u0026\u0026 hydra-chp-node-utils\n\n# make register NODE_ETH_REWARDS_ADDRESS=$(\u003ceth-address.txt) NODE_PUBLIC_IP_ADDRESS=$(\u003ceip.txt) AUTO_REFILL_ENABLED=true AUTO_REFILL_AMOUNT=720\n\nexport COMPOSE_INTERACTIVE_NO_CLI=1 \u0026\u0026 docker exec `docker ps -q` bash -c \"source cli/scripts/env_secrets_expand.sh \u0026\u0026 node cli/register.js NODE_ETH_REWARDS_ADDRESS=$(\u003ceth-address.txt) NODE_PUBLIC_IP_ADDRESS=$(\u003ceip.txt) AUTO_REFILL_ENABLED=true AUTO_REFILL_AMOUNT=720\"",
                            "min_cpu_platform": "",
                            "name": "chp-node-90",
                            "network_interface.#": "1",
                            "network_interface.0.access_config.#": "1",
                            "network_interface.0.access_config.0.assigned_nat_ip": "",
                            "network_interface.0.access_config.0.nat_ip": "104.154.52.3",
                            "network_interface.0.access_config.0.network_tier": "PREMIUM",
                            "network_interface.0.access_config.0.public_ptr_domain_name": "",
                            "network_interface.0.address": "",
                            "network_interface.0.alias_ip_range.#": "0",
                            "network_interface.0.name": "nic0",
                            "network_interface.0.network": "https://www.googleapis.com/compute/v1/projects/tierion-iglesias/global/networks/default",
                            "network_interface.0.network_ip": "10.128.0.122",
                            "network_interface.0.subnetwork": "https://www.googleapis.com/compute/v1/projects/tierion-iglesias/regions/us-central1/subnetworks/default",
                            "network_interface.0.subnetwork_project": "tierion-iglesias",
                            "project": "tierion-iglesias",
                            "scheduling.#": "1",
                            "scheduling.0.automatic_restart": "true",
                            "scheduling.0.on_host_maintenance": "MIGRATE",
                            "scheduling.0.preemptible": "false",
                            "scratch_disk.#": "0",
                            "self_link": "https://www.googleapis.com/compute/v1/projects/tierion-iglesias/zones/us-central1-a/instances/chp-node-90",
                            "service_account.#": "1",
                            "service_account.0.email": "791121030057-compute@developer.gserviceaccount.com",
                            "service_account.0.scopes.#": "2",
                            "service_account.0.scopes.1328717722": "https://www.googleapis.com/auth/devstorage.read_write",
                            "service_account.0.scopes.299962681": "https://www.googleapis.com/auth/compute",
                            "tags.#": "2",
                            "tags.2152288274": "web-sg",
                            "tags.2541227442": "http",
                            "tags_fingerprint": "IJDDdaOreBI=",
                            "zone": "us-central1-a"
                        },
                        "meta": {
                            "e2bfb730-ecaa-11e6-8f88-34363bc7c4c0": {
                                "create": 360000000000,
                                "delete": 360000000000,
                                "update": 360000000000
                            },
                            "schema_version": "6"
                        },
                        "tainted": false
                    },
                    "deposed": [],
                    "provider": "provider.google"
                },
                "google_compute_instance.chp-node.91": {
                    "type": "google_compute_instance",
                    "depends_on": [
                        "data.template_file.init"
                    ],
                    "primary": {
                        "id": "chp-node-91",
                        "attributes": {
                            "attached_disk.#": "0",
                            "boot_disk.#": "1",
                            "boot_disk.0.auto_delete": "true",
                            "boot_disk.0.device_name": "persistent-disk-0",
                            "boot_disk.0.disk_encryption_key_raw": "",
                            "boot_disk.0.disk_encryption_key_sha256": "",
                            "boot_disk.0.initialize_params.#": "1",
                            "boot_disk.0.initialize_params.0.image": "https://www.googleapis.com/compute/v1/projects/ubuntu-os-cloud/global/images/ubuntu-1804-bionic-v20190628",
                            "boot_disk.0.initialize_params.0.size": "10",
                            "boot_disk.0.initialize_params.0.type": "pd-standard",
                            "boot_disk.0.source": "https://www.googleapis.com/compute/v1/projects/tierion-iglesias/zones/us-central1-a/disks/chp-node-91",
                            "can_ip_forward": "false",
                            "cpu_platform": "Intel Haswell",
                            "deletion_protection": "false",
                            "guest_accelerator.#": "0",
                            "hostname": "",
                            "id": "chp-node-91",
                            "instance_id": "8489043647763207639",
                            "label_fingerprint": "42WmSpB8rSM=",
                            "labels.%": "0",
                            "machine_type": "n1-standard-1",
                            "metadata.%": "1",
                            "metadata.project": "chainpoint-hydra",
                            "metadata_fingerprint": "EpXsOtCLHos=",
                            "metadata_startup_script": "#!/bin/bash\n\nif [ -x \"$(command -v docker)\" ]; then\n    echo \"Docker already installed\"\nelse\n    echo \"Install docker\"\n    curl -fsSL https://get.docker.com -o get-docker.sh\n    bash get-docker.sh\n    sudo usermod -aG docker $USER\nfi\n\nsudo apt-get -qq install -y docker-compose git make jq nodejs npm openssl build-essential g++\ncurl -sS https://dl.yarnpkg.com/debian/pubkey.gpg | sudo apt-key add -\nif ! [ -x \"$(command -v yarn)\" ]; then\n    echo \"deb https://dl.yarnpkg.com/debian/ stable main\" | sudo tee /etc/apt/sources.list.d/yarn.list\n    sudo apt-get update -y \u0026\u0026 sudo apt-get install -y --no-install-recommends yarn\nfi\n\n# Install Stackdriver Agent\ncurl -sSO https://dl.google.com/cloudagents/install-monitoring-agent.sh\nsudo bash install-monitoring-agent.sh\n\ncd /srv\nsudo mkdir chp\n\ncd ./chp\n\nsudo git clone https://github.com/chainpoint/chainpoint-node-src.git\nsudo chmod 775 chainpoint-node-src\ncd ./chainpoint-node-src\ngit checkout -b v2 origin/v2\n\nsudo git clone https://michael-iglesias:faca2c20b50c456892f3b6a601ae457d7a49ff10@github.com/chainpoint/go-hydra-smart-contract-files.git artifacts/ethcontracts\n\ncurl \"http://metadata.google.internal/computeMetadata/v1/instance/network-interfaces/0/access-configs/0/external-ip\" -H \"Metadata-Flavor: Google\" \u003e eip.txt\n\nmake init\n\nmake build\n\nmake build-rocksdb\n\necho CHAINPOINT_CORE_CONNECT_IP_LIST=35.245.211.97,35.245.9.90,35.188.238.186 \u003e\u003e .env\n\nmake deploy\n\ncurl -X POST \\\n  https://us-central1-tierion-iglesias.cloudfunctions.net/eth-address-init-stream-processor \\\n  -H 'Content-Type: application/json' \\\n  -H 'Postman-Token: 127b5e92-b8fd-4fd0-b6f9-3a58f9d0c0d9' \\\n  -H 'cache-control: no-cache' \\\n  -d \"{\n\t\\\"ethAddress\\\": \\\"$(\u003ceth-address.txt)\\\"\n}\"\n\n# Start Hydra Utils to poll for a positive $TKN balance before it invokes `make register` on behalf of the Node\nnpm install -g load-testing-node-utils\nexport ETH_INFURA_API_KEY=\"ad8f210998704f9e89a37a4791d4702e\" \u0026\u0026 hydra-chp-node-utils\n\n# make register NODE_ETH_REWARDS_ADDRESS=$(\u003ceth-address.txt) NODE_PUBLIC_IP_ADDRESS=$(\u003ceip.txt) AUTO_REFILL_ENABLED=true AUTO_REFILL_AMOUNT=720\n\nexport COMPOSE_INTERACTIVE_NO_CLI=1 \u0026\u0026 docker exec `docker ps -q` bash -c \"source cli/scripts/env_secrets_expand.sh \u0026\u0026 node cli/register.js NODE_ETH_REWARDS_ADDRESS=$(\u003ceth-address.txt) NODE_PUBLIC_IP_ADDRESS=$(\u003ceip.txt) AUTO_REFILL_ENABLED=true AUTO_REFILL_AMOUNT=720\"",
                            "min_cpu_platform": "",
                            "name": "chp-node-91",
                            "network_interface.#": "1",
                            "network_interface.0.access_config.#": "1",
                            "network_interface.0.access_config.0.assigned_nat_ip": "",
                            "network_interface.0.access_config.0.nat_ip": "35.238.98.70",
                            "network_interface.0.access_config.0.network_tier": "PREMIUM",
                            "network_interface.0.access_config.0.public_ptr_domain_name": "",
                            "network_interface.0.address": "",
                            "network_interface.0.alias_ip_range.#": "0",
                            "network_interface.0.name": "nic0",
                            "network_interface.0.network": "https://www.googleapis.com/compute/v1/projects/tierion-iglesias/global/networks/default",
                            "network_interface.0.network_ip": "10.128.0.73",
                            "network_interface.0.subnetwork": "https://www.googleapis.com/compute/v1/projects/tierion-iglesias/regions/us-central1/subnetworks/default",
                            "network_interface.0.subnetwork_project": "tierion-iglesias",
                            "project": "tierion-iglesias",
                            "scheduling.#": "1",
                            "scheduling.0.automatic_restart": "true",
                            "scheduling.0.on_host_maintenance": "MIGRATE",
                            "scheduling.0.preemptible": "false",
                            "scratch_disk.#": "0",
                            "self_link": "https://www.googleapis.com/compute/v1/projects/tierion-iglesias/zones/us-central1-a/instances/chp-node-91",
                            "service_account.#": "1",
                            "service_account.0.email": "791121030057-compute@developer.gserviceaccount.com",
                            "service_account.0.scopes.#": "2",
                            "service_account.0.scopes.1328717722": "https://www.googleapis.com/auth/devstorage.read_write",
                            "service_account.0.scopes.299962681": "https://www.googleapis.com/auth/compute",
                            "tags.#": "2",
                            "tags.2152288274": "web-sg",
                            "tags.2541227442": "http",
                            "tags_fingerprint": "IJDDdaOreBI=",
                            "zone": "us-central1-a"
                        },
                        "meta": {
                            "e2bfb730-ecaa-11e6-8f88-34363bc7c4c0": {
                                "create": 360000000000,
                                "delete": 360000000000,
                                "update": 360000000000
                            },
                            "schema_version": "6"
                        },
                        "tainted": false
                    },
                    "deposed": [],
                    "provider": "provider.google"
                },
                "google_compute_instance.chp-node.92": {
                    "type": "google_compute_instance",
                    "depends_on": [
                        "data.template_file.init"
                    ],
                    "primary": {
                        "id": "chp-node-92",
                        "attributes": {
                            "attached_disk.#": "0",
                            "boot_disk.#": "1",
                            "boot_disk.0.auto_delete": "true",
                            "boot_disk.0.device_name": "persistent-disk-0",
                            "boot_disk.0.disk_encryption_key_raw": "",
                            "boot_disk.0.disk_encryption_key_sha256": "",
                            "boot_disk.0.initialize_params.#": "1",
                            "boot_disk.0.initialize_params.0.image": "https://www.googleapis.com/compute/v1/projects/ubuntu-os-cloud/global/images/ubuntu-1804-bionic-v20190628",
                            "boot_disk.0.initialize_params.0.size": "10",
                            "boot_disk.0.initialize_params.0.type": "pd-standard",
                            "boot_disk.0.source": "https://www.googleapis.com/compute/v1/projects/tierion-iglesias/zones/us-central1-a/disks/chp-node-92",
                            "can_ip_forward": "false",
                            "cpu_platform": "Intel Haswell",
                            "deletion_protection": "false",
                            "guest_accelerator.#": "0",
                            "hostname": "",
                            "id": "chp-node-92",
                            "instance_id": "162405725127463527",
                            "label_fingerprint": "42WmSpB8rSM=",
                            "labels.%": "0",
                            "machine_type": "n1-standard-1",
                            "metadata.%": "1",
                            "metadata.project": "chainpoint-hydra",
                            "metadata_fingerprint": "EpXsOtCLHos=",
                            "metadata_startup_script": "#!/bin/bash\n\nif [ -x \"$(command -v docker)\" ]; then\n    echo \"Docker already installed\"\nelse\n    echo \"Install docker\"\n    curl -fsSL https://get.docker.com -o get-docker.sh\n    bash get-docker.sh\n    sudo usermod -aG docker $USER\nfi\n\nsudo apt-get -qq install -y docker-compose git make jq nodejs npm openssl build-essential g++\ncurl -sS https://dl.yarnpkg.com/debian/pubkey.gpg | sudo apt-key add -\nif ! [ -x \"$(command -v yarn)\" ]; then\n    echo \"deb https://dl.yarnpkg.com/debian/ stable main\" | sudo tee /etc/apt/sources.list.d/yarn.list\n    sudo apt-get update -y \u0026\u0026 sudo apt-get install -y --no-install-recommends yarn\nfi\n\n# Install Stackdriver Agent\ncurl -sSO https://dl.google.com/cloudagents/install-monitoring-agent.sh\nsudo bash install-monitoring-agent.sh\n\ncd /srv\nsudo mkdir chp\n\ncd ./chp\n\nsudo git clone https://github.com/chainpoint/chainpoint-node-src.git\nsudo chmod 775 chainpoint-node-src\ncd ./chainpoint-node-src\ngit checkout -b v2 origin/v2\n\nsudo git clone https://michael-iglesias:faca2c20b50c456892f3b6a601ae457d7a49ff10@github.com/chainpoint/go-hydra-smart-contract-files.git artifacts/ethcontracts\n\ncurl \"http://metadata.google.internal/computeMetadata/v1/instance/network-interfaces/0/access-configs/0/external-ip\" -H \"Metadata-Flavor: Google\" \u003e eip.txt\n\nmake init\n\nmake build\n\nmake build-rocksdb\n\necho CHAINPOINT_CORE_CONNECT_IP_LIST=35.245.211.97,35.245.9.90,35.188.238.186 \u003e\u003e .env\n\nmake deploy\n\ncurl -X POST \\\n  https://us-central1-tierion-iglesias.cloudfunctions.net/eth-address-init-stream-processor \\\n  -H 'Content-Type: application/json' \\\n  -H 'Postman-Token: 127b5e92-b8fd-4fd0-b6f9-3a58f9d0c0d9' \\\n  -H 'cache-control: no-cache' \\\n  -d \"{\n\t\\\"ethAddress\\\": \\\"$(\u003ceth-address.txt)\\\"\n}\"\n\n# Start Hydra Utils to poll for a positive $TKN balance before it invokes `make register` on behalf of the Node\nnpm install -g load-testing-node-utils\nexport ETH_INFURA_API_KEY=\"ad8f210998704f9e89a37a4791d4702e\" \u0026\u0026 hydra-chp-node-utils\n\n# make register NODE_ETH_REWARDS_ADDRESS=$(\u003ceth-address.txt) NODE_PUBLIC_IP_ADDRESS=$(\u003ceip.txt) AUTO_REFILL_ENABLED=true AUTO_REFILL_AMOUNT=720\n\nexport COMPOSE_INTERACTIVE_NO_CLI=1 \u0026\u0026 docker exec `docker ps -q` bash -c \"source cli/scripts/env_secrets_expand.sh \u0026\u0026 node cli/register.js NODE_ETH_REWARDS_ADDRESS=$(\u003ceth-address.txt) NODE_PUBLIC_IP_ADDRESS=$(\u003ceip.txt) AUTO_REFILL_ENABLED=true AUTO_REFILL_AMOUNT=720\"",
                            "min_cpu_platform": "",
                            "name": "chp-node-92",
                            "network_interface.#": "1",
                            "network_interface.0.access_config.#": "1",
                            "network_interface.0.access_config.0.assigned_nat_ip": "",
                            "network_interface.0.access_config.0.nat_ip": "35.239.191.172",
                            "network_interface.0.access_config.0.network_tier": "PREMIUM",
                            "network_interface.0.access_config.0.public_ptr_domain_name": "",
                            "network_interface.0.address": "",
                            "network_interface.0.alias_ip_range.#": "0",
                            "network_interface.0.name": "nic0",
                            "network_interface.0.network": "https://www.googleapis.com/compute/v1/projects/tierion-iglesias/global/networks/default",
                            "network_interface.0.network_ip": "10.128.0.137",
                            "network_interface.0.subnetwork": "https://www.googleapis.com/compute/v1/projects/tierion-iglesias/regions/us-central1/subnetworks/default",
                            "network_interface.0.subnetwork_project": "tierion-iglesias",
                            "project": "tierion-iglesias",
                            "scheduling.#": "1",
                            "scheduling.0.automatic_restart": "true",
                            "scheduling.0.on_host_maintenance": "MIGRATE",
                            "scheduling.0.preemptible": "false",
                            "scratch_disk.#": "0",
                            "self_link": "https://www.googleapis.com/compute/v1/projects/tierion-iglesias/zones/us-central1-a/instances/chp-node-92",
                            "service_account.#": "1",
                            "service_account.0.email": "791121030057-compute@developer.gserviceaccount.com",
                            "service_account.0.scopes.#": "2",
                            "service_account.0.scopes.1328717722": "https://www.googleapis.com/auth/devstorage.read_write",
                            "service_account.0.scopes.299962681": "https://www.googleapis.com/auth/compute",
                            "tags.#": "2",
                            "tags.2152288274": "web-sg",
                            "tags.2541227442": "http",
                            "tags_fingerprint": "IJDDdaOreBI=",
                            "zone": "us-central1-a"
                        },
                        "meta": {
                            "e2bfb730-ecaa-11e6-8f88-34363bc7c4c0": {
                                "create": 360000000000,
                                "delete": 360000000000,
                                "update": 360000000000
                            },
                            "schema_version": "6"
                        },
                        "tainted": false
                    },
                    "deposed": [],
                    "provider": "provider.google"
                },
                "google_compute_instance.chp-node.93": {
                    "type": "google_compute_instance",
                    "depends_on": [
                        "data.template_file.init"
                    ],
                    "primary": {
                        "id": "chp-node-93",
                        "attributes": {
                            "attached_disk.#": "0",
                            "boot_disk.#": "1",
                            "boot_disk.0.auto_delete": "true",
                            "boot_disk.0.device_name": "persistent-disk-0",
                            "boot_disk.0.disk_encryption_key_raw": "",
                            "boot_disk.0.disk_encryption_key_sha256": "",
                            "boot_disk.0.initialize_params.#": "1",
                            "boot_disk.0.initialize_params.0.image": "https://www.googleapis.com/compute/v1/projects/ubuntu-os-cloud/global/images/ubuntu-1804-bionic-v20190628",
                            "boot_disk.0.initialize_params.0.size": "10",
                            "boot_disk.0.initialize_params.0.type": "pd-standard",
                            "boot_disk.0.source": "https://www.googleapis.com/compute/v1/projects/tierion-iglesias/zones/us-central1-a/disks/chp-node-93",
                            "can_ip_forward": "false",
                            "cpu_platform": "Intel Haswell",
                            "deletion_protection": "false",
                            "guest_accelerator.#": "0",
                            "hostname": "",
                            "id": "chp-node-93",
                            "instance_id": "3178415138578781541",
                            "label_fingerprint": "42WmSpB8rSM=",
                            "labels.%": "0",
                            "machine_type": "n1-standard-1",
                            "metadata.%": "1",
                            "metadata.project": "chainpoint-hydra",
                            "metadata_fingerprint": "EpXsOtCLHos=",
                            "metadata_startup_script": "#!/bin/bash\n\nif [ -x \"$(command -v docker)\" ]; then\n    echo \"Docker already installed\"\nelse\n    echo \"Install docker\"\n    curl -fsSL https://get.docker.com -o get-docker.sh\n    bash get-docker.sh\n    sudo usermod -aG docker $USER\nfi\n\nsudo apt-get -qq install -y docker-compose git make jq nodejs npm openssl build-essential g++\ncurl -sS https://dl.yarnpkg.com/debian/pubkey.gpg | sudo apt-key add -\nif ! [ -x \"$(command -v yarn)\" ]; then\n    echo \"deb https://dl.yarnpkg.com/debian/ stable main\" | sudo tee /etc/apt/sources.list.d/yarn.list\n    sudo apt-get update -y \u0026\u0026 sudo apt-get install -y --no-install-recommends yarn\nfi\n\n# Install Stackdriver Agent\ncurl -sSO https://dl.google.com/cloudagents/install-monitoring-agent.sh\nsudo bash install-monitoring-agent.sh\n\ncd /srv\nsudo mkdir chp\n\ncd ./chp\n\nsudo git clone https://github.com/chainpoint/chainpoint-node-src.git\nsudo chmod 775 chainpoint-node-src\ncd ./chainpoint-node-src\ngit checkout -b v2 origin/v2\n\nsudo git clone https://michael-iglesias:faca2c20b50c456892f3b6a601ae457d7a49ff10@github.com/chainpoint/go-hydra-smart-contract-files.git artifacts/ethcontracts\n\ncurl \"http://metadata.google.internal/computeMetadata/v1/instance/network-interfaces/0/access-configs/0/external-ip\" -H \"Metadata-Flavor: Google\" \u003e eip.txt\n\nmake init\n\nmake build\n\nmake build-rocksdb\n\necho CHAINPOINT_CORE_CONNECT_IP_LIST=35.245.211.97,35.245.9.90,35.188.238.186 \u003e\u003e .env\n\nmake deploy\n\ncurl -X POST \\\n  https://us-central1-tierion-iglesias.cloudfunctions.net/eth-address-init-stream-processor \\\n  -H 'Content-Type: application/json' \\\n  -H 'Postman-Token: 127b5e92-b8fd-4fd0-b6f9-3a58f9d0c0d9' \\\n  -H 'cache-control: no-cache' \\\n  -d \"{\n\t\\\"ethAddress\\\": \\\"$(\u003ceth-address.txt)\\\"\n}\"\n\n# Start Hydra Utils to poll for a positive $TKN balance before it invokes `make register` on behalf of the Node\nnpm install -g load-testing-node-utils\nexport ETH_INFURA_API_KEY=\"ad8f210998704f9e89a37a4791d4702e\" \u0026\u0026 hydra-chp-node-utils\n\n# make register NODE_ETH_REWARDS_ADDRESS=$(\u003ceth-address.txt) NODE_PUBLIC_IP_ADDRESS=$(\u003ceip.txt) AUTO_REFILL_ENABLED=true AUTO_REFILL_AMOUNT=720\n\nexport COMPOSE_INTERACTIVE_NO_CLI=1 \u0026\u0026 docker exec `docker ps -q` bash -c \"source cli/scripts/env_secrets_expand.sh \u0026\u0026 node cli/register.js NODE_ETH_REWARDS_ADDRESS=$(\u003ceth-address.txt) NODE_PUBLIC_IP_ADDRESS=$(\u003ceip.txt) AUTO_REFILL_ENABLED=true AUTO_REFILL_AMOUNT=720\"",
                            "min_cpu_platform": "",
                            "name": "chp-node-93",
                            "network_interface.#": "1",
                            "network_interface.0.access_config.#": "1",
                            "network_interface.0.access_config.0.assigned_nat_ip": "",
                            "network_interface.0.access_config.0.nat_ip": "34.66.238.245",
                            "network_interface.0.access_config.0.network_tier": "PREMIUM",
                            "network_interface.0.access_config.0.public_ptr_domain_name": "",
                            "network_interface.0.address": "",
                            "network_interface.0.alias_ip_range.#": "0",
                            "network_interface.0.name": "nic0",
                            "network_interface.0.network": "https://www.googleapis.com/compute/v1/projects/tierion-iglesias/global/networks/default",
                            "network_interface.0.network_ip": "10.128.0.89",
                            "network_interface.0.subnetwork": "https://www.googleapis.com/compute/v1/projects/tierion-iglesias/regions/us-central1/subnetworks/default",
                            "network_interface.0.subnetwork_project": "tierion-iglesias",
                            "project": "tierion-iglesias",
                            "scheduling.#": "1",
                            "scheduling.0.automatic_restart": "true",
                            "scheduling.0.on_host_maintenance": "MIGRATE",
                            "scheduling.0.preemptible": "false",
                            "scratch_disk.#": "0",
                            "self_link": "https://www.googleapis.com/compute/v1/projects/tierion-iglesias/zones/us-central1-a/instances/chp-node-93",
                            "service_account.#": "1",
                            "service_account.0.email": "791121030057-compute@developer.gserviceaccount.com",
                            "service_account.0.scopes.#": "2",
                            "service_account.0.scopes.1328717722": "https://www.googleapis.com/auth/devstorage.read_write",
                            "service_account.0.scopes.299962681": "https://www.googleapis.com/auth/compute",
                            "tags.#": "2",
                            "tags.2152288274": "web-sg",
                            "tags.2541227442": "http",
                            "tags_fingerprint": "IJDDdaOreBI=",
                            "zone": "us-central1-a"
                        },
                        "meta": {
                            "e2bfb730-ecaa-11e6-8f88-34363bc7c4c0": {
                                "create": 360000000000,
                                "delete": 360000000000,
                                "update": 360000000000
                            },
                            "schema_version": "6"
                        },
                        "tainted": false
                    },
                    "deposed": [],
                    "provider": "provider.google"
                },
                "google_compute_instance.chp-node.94": {
                    "type": "google_compute_instance",
                    "depends_on": [
                        "data.template_file.init"
                    ],
                    "primary": {
                        "id": "chp-node-94",
                        "attributes": {
                            "attached_disk.#": "0",
                            "boot_disk.#": "1",
                            "boot_disk.0.auto_delete": "true",
                            "boot_disk.0.device_name": "persistent-disk-0",
                            "boot_disk.0.disk_encryption_key_raw": "",
                            "boot_disk.0.disk_encryption_key_sha256": "",
                            "boot_disk.0.initialize_params.#": "1",
                            "boot_disk.0.initialize_params.0.image": "https://www.googleapis.com/compute/v1/projects/ubuntu-os-cloud/global/images/ubuntu-1804-bionic-v20190628",
                            "boot_disk.0.initialize_params.0.size": "10",
                            "boot_disk.0.initialize_params.0.type": "pd-standard",
                            "boot_disk.0.source": "https://www.googleapis.com/compute/v1/projects/tierion-iglesias/zones/us-central1-a/disks/chp-node-94",
                            "can_ip_forward": "false",
                            "cpu_platform": "Intel Haswell",
                            "deletion_protection": "false",
                            "guest_accelerator.#": "0",
                            "hostname": "",
                            "id": "chp-node-94",
                            "instance_id": "4991361383006622516",
                            "label_fingerprint": "42WmSpB8rSM=",
                            "labels.%": "0",
                            "machine_type": "n1-standard-1",
                            "metadata.%": "1",
                            "metadata.project": "chainpoint-hydra",
                            "metadata_fingerprint": "EpXsOtCLHos=",
                            "metadata_startup_script": "#!/bin/bash\n\nif [ -x \"$(command -v docker)\" ]; then\n    echo \"Docker already installed\"\nelse\n    echo \"Install docker\"\n    curl -fsSL https://get.docker.com -o get-docker.sh\n    bash get-docker.sh\n    sudo usermod -aG docker $USER\nfi\n\nsudo apt-get -qq install -y docker-compose git make jq nodejs npm openssl build-essential g++\ncurl -sS https://dl.yarnpkg.com/debian/pubkey.gpg | sudo apt-key add -\nif ! [ -x \"$(command -v yarn)\" ]; then\n    echo \"deb https://dl.yarnpkg.com/debian/ stable main\" | sudo tee /etc/apt/sources.list.d/yarn.list\n    sudo apt-get update -y \u0026\u0026 sudo apt-get install -y --no-install-recommends yarn\nfi\n\n# Install Stackdriver Agent\ncurl -sSO https://dl.google.com/cloudagents/install-monitoring-agent.sh\nsudo bash install-monitoring-agent.sh\n\ncd /srv\nsudo mkdir chp\n\ncd ./chp\n\nsudo git clone https://github.com/chainpoint/chainpoint-node-src.git\nsudo chmod 775 chainpoint-node-src\ncd ./chainpoint-node-src\ngit checkout -b v2 origin/v2\n\nsudo git clone https://michael-iglesias:faca2c20b50c456892f3b6a601ae457d7a49ff10@github.com/chainpoint/go-hydra-smart-contract-files.git artifacts/ethcontracts\n\ncurl \"http://metadata.google.internal/computeMetadata/v1/instance/network-interfaces/0/access-configs/0/external-ip\" -H \"Metadata-Flavor: Google\" \u003e eip.txt\n\nmake init\n\nmake build\n\nmake build-rocksdb\n\necho CHAINPOINT_CORE_CONNECT_IP_LIST=35.245.211.97,35.245.9.90,35.188.238.186 \u003e\u003e .env\n\nmake deploy\n\ncurl -X POST \\\n  https://us-central1-tierion-iglesias.cloudfunctions.net/eth-address-init-stream-processor \\\n  -H 'Content-Type: application/json' \\\n  -H 'Postman-Token: 127b5e92-b8fd-4fd0-b6f9-3a58f9d0c0d9' \\\n  -H 'cache-control: no-cache' \\\n  -d \"{\n\t\\\"ethAddress\\\": \\\"$(\u003ceth-address.txt)\\\"\n}\"\n\n# Start Hydra Utils to poll for a positive $TKN balance before it invokes `make register` on behalf of the Node\nnpm install -g load-testing-node-utils\nexport ETH_INFURA_API_KEY=\"ad8f210998704f9e89a37a4791d4702e\" \u0026\u0026 hydra-chp-node-utils\n\n# make register NODE_ETH_REWARDS_ADDRESS=$(\u003ceth-address.txt) NODE_PUBLIC_IP_ADDRESS=$(\u003ceip.txt) AUTO_REFILL_ENABLED=true AUTO_REFILL_AMOUNT=720\n\nexport COMPOSE_INTERACTIVE_NO_CLI=1 \u0026\u0026 docker exec `docker ps -q` bash -c \"source cli/scripts/env_secrets_expand.sh \u0026\u0026 node cli/register.js NODE_ETH_REWARDS_ADDRESS=$(\u003ceth-address.txt) NODE_PUBLIC_IP_ADDRESS=$(\u003ceip.txt) AUTO_REFILL_ENABLED=true AUTO_REFILL_AMOUNT=720\"",
                            "min_cpu_platform": "",
                            "name": "chp-node-94",
                            "network_interface.#": "1",
                            "network_interface.0.access_config.#": "1",
                            "network_interface.0.access_config.0.assigned_nat_ip": "",
                            "network_interface.0.access_config.0.nat_ip": "35.192.135.129",
                            "network_interface.0.access_config.0.network_tier": "PREMIUM",
                            "network_interface.0.access_config.0.public_ptr_domain_name": "",
                            "network_interface.0.address": "",
                            "network_interface.0.alias_ip_range.#": "0",
                            "network_interface.0.name": "nic0",
                            "network_interface.0.network": "https://www.googleapis.com/compute/v1/projects/tierion-iglesias/global/networks/default",
                            "network_interface.0.network_ip": "10.128.0.193",
                            "network_interface.0.subnetwork": "https://www.googleapis.com/compute/v1/projects/tierion-iglesias/regions/us-central1/subnetworks/default",
                            "network_interface.0.subnetwork_project": "tierion-iglesias",
                            "project": "tierion-iglesias",
                            "scheduling.#": "1",
                            "scheduling.0.automatic_restart": "true",
                            "scheduling.0.on_host_maintenance": "MIGRATE",
                            "scheduling.0.preemptible": "false",
                            "scratch_disk.#": "0",
                            "self_link": "https://www.googleapis.com/compute/v1/projects/tierion-iglesias/zones/us-central1-a/instances/chp-node-94",
                            "service_account.#": "1",
                            "service_account.0.email": "791121030057-compute@developer.gserviceaccount.com",
                            "service_account.0.scopes.#": "2",
                            "service_account.0.scopes.1328717722": "https://www.googleapis.com/auth/devstorage.read_write",
                            "service_account.0.scopes.299962681": "https://www.googleapis.com/auth/compute",
                            "tags.#": "2",
                            "tags.2152288274": "web-sg",
                            "tags.2541227442": "http",
                            "tags_fingerprint": "IJDDdaOreBI=",
                            "zone": "us-central1-a"
                        },
                        "meta": {
                            "e2bfb730-ecaa-11e6-8f88-34363bc7c4c0": {
                                "create": 360000000000,
                                "delete": 360000000000,
                                "update": 360000000000
                            },
                            "schema_version": "6"
                        },
                        "tainted": false
                    },
                    "deposed": [],
                    "provider": "provider.google"
                },
                "google_compute_instance.chp-node.95": {
                    "type": "google_compute_instance",
                    "depends_on": [
                        "data.template_file.init"
                    ],
                    "primary": {
                        "id": "chp-node-95",
                        "attributes": {
                            "attached_disk.#": "0",
                            "boot_disk.#": "1",
                            "boot_disk.0.auto_delete": "true",
                            "boot_disk.0.device_name": "persistent-disk-0",
                            "boot_disk.0.disk_encryption_key_raw": "",
                            "boot_disk.0.disk_encryption_key_sha256": "",
                            "boot_disk.0.initialize_params.#": "1",
                            "boot_disk.0.initialize_params.0.image": "https://www.googleapis.com/compute/v1/projects/ubuntu-os-cloud/global/images/ubuntu-1804-bionic-v20190628",
                            "boot_disk.0.initialize_params.0.size": "10",
                            "boot_disk.0.initialize_params.0.type": "pd-standard",
                            "boot_disk.0.source": "https://www.googleapis.com/compute/v1/projects/tierion-iglesias/zones/us-central1-a/disks/chp-node-95",
                            "can_ip_forward": "false",
                            "cpu_platform": "Intel Haswell",
                            "deletion_protection": "false",
                            "guest_accelerator.#": "0",
                            "hostname": "",
                            "id": "chp-node-95",
                            "instance_id": "5678348042021261845",
                            "label_fingerprint": "42WmSpB8rSM=",
                            "labels.%": "0",
                            "machine_type": "n1-standard-1",
                            "metadata.%": "1",
                            "metadata.project": "chainpoint-hydra",
                            "metadata_fingerprint": "EpXsOtCLHos=",
                            "metadata_startup_script": "#!/bin/bash\n\nif [ -x \"$(command -v docker)\" ]; then\n    echo \"Docker already installed\"\nelse\n    echo \"Install docker\"\n    curl -fsSL https://get.docker.com -o get-docker.sh\n    bash get-docker.sh\n    sudo usermod -aG docker $USER\nfi\n\nsudo apt-get -qq install -y docker-compose git make jq nodejs npm openssl build-essential g++\ncurl -sS https://dl.yarnpkg.com/debian/pubkey.gpg | sudo apt-key add -\nif ! [ -x \"$(command -v yarn)\" ]; then\n    echo \"deb https://dl.yarnpkg.com/debian/ stable main\" | sudo tee /etc/apt/sources.list.d/yarn.list\n    sudo apt-get update -y \u0026\u0026 sudo apt-get install -y --no-install-recommends yarn\nfi\n\n# Install Stackdriver Agent\ncurl -sSO https://dl.google.com/cloudagents/install-monitoring-agent.sh\nsudo bash install-monitoring-agent.sh\n\ncd /srv\nsudo mkdir chp\n\ncd ./chp\n\nsudo git clone https://github.com/chainpoint/chainpoint-node-src.git\nsudo chmod 775 chainpoint-node-src\ncd ./chainpoint-node-src\ngit checkout -b v2 origin/v2\n\nsudo git clone https://michael-iglesias:faca2c20b50c456892f3b6a601ae457d7a49ff10@github.com/chainpoint/go-hydra-smart-contract-files.git artifacts/ethcontracts\n\ncurl \"http://metadata.google.internal/computeMetadata/v1/instance/network-interfaces/0/access-configs/0/external-ip\" -H \"Metadata-Flavor: Google\" \u003e eip.txt\n\nmake init\n\nmake build\n\nmake build-rocksdb\n\necho CHAINPOINT_CORE_CONNECT_IP_LIST=35.245.211.97,35.245.9.90,35.188.238.186 \u003e\u003e .env\n\nmake deploy\n\ncurl -X POST \\\n  https://us-central1-tierion-iglesias.cloudfunctions.net/eth-address-init-stream-processor \\\n  -H 'Content-Type: application/json' \\\n  -H 'Postman-Token: 127b5e92-b8fd-4fd0-b6f9-3a58f9d0c0d9' \\\n  -H 'cache-control: no-cache' \\\n  -d \"{\n\t\\\"ethAddress\\\": \\\"$(\u003ceth-address.txt)\\\"\n}\"\n\n# Start Hydra Utils to poll for a positive $TKN balance before it invokes `make register` on behalf of the Node\nnpm install -g load-testing-node-utils\nexport ETH_INFURA_API_KEY=\"ad8f210998704f9e89a37a4791d4702e\" \u0026\u0026 hydra-chp-node-utils\n\n# make register NODE_ETH_REWARDS_ADDRESS=$(\u003ceth-address.txt) NODE_PUBLIC_IP_ADDRESS=$(\u003ceip.txt) AUTO_REFILL_ENABLED=true AUTO_REFILL_AMOUNT=720\n\nexport COMPOSE_INTERACTIVE_NO_CLI=1 \u0026\u0026 docker exec `docker ps -q` bash -c \"source cli/scripts/env_secrets_expand.sh \u0026\u0026 node cli/register.js NODE_ETH_REWARDS_ADDRESS=$(\u003ceth-address.txt) NODE_PUBLIC_IP_ADDRESS=$(\u003ceip.txt) AUTO_REFILL_ENABLED=true AUTO_REFILL_AMOUNT=720\"",
                            "min_cpu_platform": "",
                            "name": "chp-node-95",
                            "network_interface.#": "1",
                            "network_interface.0.access_config.#": "1",
                            "network_interface.0.access_config.0.assigned_nat_ip": "",
                            "network_interface.0.access_config.0.nat_ip": "34.67.144.248",
                            "network_interface.0.access_config.0.network_tier": "PREMIUM",
                            "network_interface.0.access_config.0.public_ptr_domain_name": "",
                            "network_interface.0.address": "",
                            "network_interface.0.alias_ip_range.#": "0",
                            "network_interface.0.name": "nic0",
                            "network_interface.0.network": "https://www.googleapis.com/compute/v1/projects/tierion-iglesias/global/networks/default",
                            "network_interface.0.network_ip": "10.128.0.155",
                            "network_interface.0.subnetwork": "https://www.googleapis.com/compute/v1/projects/tierion-iglesias/regions/us-central1/subnetworks/default",
                            "network_interface.0.subnetwork_project": "tierion-iglesias",
                            "project": "tierion-iglesias",
                            "scheduling.#": "1",
                            "scheduling.0.automatic_restart": "true",
                            "scheduling.0.on_host_maintenance": "MIGRATE",
                            "scheduling.0.preemptible": "false",
                            "scratch_disk.#": "0",
                            "self_link": "https://www.googleapis.com/compute/v1/projects/tierion-iglesias/zones/us-central1-a/instances/chp-node-95",
                            "service_account.#": "1",
                            "service_account.0.email": "791121030057-compute@developer.gserviceaccount.com",
                            "service_account.0.scopes.#": "2",
                            "service_account.0.scopes.1328717722": "https://www.googleapis.com/auth/devstorage.read_write",
                            "service_account.0.scopes.299962681": "https://www.googleapis.com/auth/compute",
                            "tags.#": "2",
                            "tags.2152288274": "web-sg",
                            "tags.2541227442": "http",
                            "tags_fingerprint": "IJDDdaOreBI=",
                            "zone": "us-central1-a"
                        },
                        "meta": {
                            "e2bfb730-ecaa-11e6-8f88-34363bc7c4c0": {
                                "create": 360000000000,
                                "delete": 360000000000,
                                "update": 360000000000
                            },
                            "schema_version": "6"
                        },
                        "tainted": false
                    },
                    "deposed": [],
                    "provider": "provider.google"
                },
                "google_compute_instance.chp-node.96": {
                    "type": "google_compute_instance",
                    "depends_on": [
                        "data.template_file.init"
                    ],
                    "primary": {
                        "id": "chp-node-96",
                        "attributes": {
                            "attached_disk.#": "0",
                            "boot_disk.#": "1",
                            "boot_disk.0.auto_delete": "true",
                            "boot_disk.0.device_name": "persistent-disk-0",
                            "boot_disk.0.disk_encryption_key_raw": "",
                            "boot_disk.0.disk_encryption_key_sha256": "",
                            "boot_disk.0.initialize_params.#": "1",
                            "boot_disk.0.initialize_params.0.image": "https://www.googleapis.com/compute/v1/projects/ubuntu-os-cloud/global/images/ubuntu-1804-bionic-v20190628",
                            "boot_disk.0.initialize_params.0.size": "10",
                            "boot_disk.0.initialize_params.0.type": "pd-standard",
                            "boot_disk.0.source": "https://www.googleapis.com/compute/v1/projects/tierion-iglesias/zones/us-central1-a/disks/chp-node-96",
                            "can_ip_forward": "false",
                            "cpu_platform": "Intel Haswell",
                            "deletion_protection": "false",
                            "guest_accelerator.#": "0",
                            "hostname": "",
                            "id": "chp-node-96",
                            "instance_id": "3556526664701072431",
                            "label_fingerprint": "42WmSpB8rSM=",
                            "labels.%": "0",
                            "machine_type": "n1-standard-1",
                            "metadata.%": "1",
                            "metadata.project": "chainpoint-hydra",
                            "metadata_fingerprint": "EpXsOtCLHos=",
                            "metadata_startup_script": "#!/bin/bash\n\nif [ -x \"$(command -v docker)\" ]; then\n    echo \"Docker already installed\"\nelse\n    echo \"Install docker\"\n    curl -fsSL https://get.docker.com -o get-docker.sh\n    bash get-docker.sh\n    sudo usermod -aG docker $USER\nfi\n\nsudo apt-get -qq install -y docker-compose git make jq nodejs npm openssl build-essential g++\ncurl -sS https://dl.yarnpkg.com/debian/pubkey.gpg | sudo apt-key add -\nif ! [ -x \"$(command -v yarn)\" ]; then\n    echo \"deb https://dl.yarnpkg.com/debian/ stable main\" | sudo tee /etc/apt/sources.list.d/yarn.list\n    sudo apt-get update -y \u0026\u0026 sudo apt-get install -y --no-install-recommends yarn\nfi\n\n# Install Stackdriver Agent\ncurl -sSO https://dl.google.com/cloudagents/install-monitoring-agent.sh\nsudo bash install-monitoring-agent.sh\n\ncd /srv\nsudo mkdir chp\n\ncd ./chp\n\nsudo git clone https://github.com/chainpoint/chainpoint-node-src.git\nsudo chmod 775 chainpoint-node-src\ncd ./chainpoint-node-src\ngit checkout -b v2 origin/v2\n\nsudo git clone https://michael-iglesias:faca2c20b50c456892f3b6a601ae457d7a49ff10@github.com/chainpoint/go-hydra-smart-contract-files.git artifacts/ethcontracts\n\ncurl \"http://metadata.google.internal/computeMetadata/v1/instance/network-interfaces/0/access-configs/0/external-ip\" -H \"Metadata-Flavor: Google\" \u003e eip.txt\n\nmake init\n\nmake build\n\nmake build-rocksdb\n\necho CHAINPOINT_CORE_CONNECT_IP_LIST=35.245.211.97,35.245.9.90,35.188.238.186 \u003e\u003e .env\n\nmake deploy\n\ncurl -X POST \\\n  https://us-central1-tierion-iglesias.cloudfunctions.net/eth-address-init-stream-processor \\\n  -H 'Content-Type: application/json' \\\n  -H 'Postman-Token: 127b5e92-b8fd-4fd0-b6f9-3a58f9d0c0d9' \\\n  -H 'cache-control: no-cache' \\\n  -d \"{\n\t\\\"ethAddress\\\": \\\"$(\u003ceth-address.txt)\\\"\n}\"\n\n# Start Hydra Utils to poll for a positive $TKN balance before it invokes `make register` on behalf of the Node\nnpm install -g load-testing-node-utils\nexport ETH_INFURA_API_KEY=\"ad8f210998704f9e89a37a4791d4702e\" \u0026\u0026 hydra-chp-node-utils\n\n# make register NODE_ETH_REWARDS_ADDRESS=$(\u003ceth-address.txt) NODE_PUBLIC_IP_ADDRESS=$(\u003ceip.txt) AUTO_REFILL_ENABLED=true AUTO_REFILL_AMOUNT=720\n\nexport COMPOSE_INTERACTIVE_NO_CLI=1 \u0026\u0026 docker exec `docker ps -q` bash -c \"source cli/scripts/env_secrets_expand.sh \u0026\u0026 node cli/register.js NODE_ETH_REWARDS_ADDRESS=$(\u003ceth-address.txt) NODE_PUBLIC_IP_ADDRESS=$(\u003ceip.txt) AUTO_REFILL_ENABLED=true AUTO_REFILL_AMOUNT=720\"",
                            "min_cpu_platform": "",
                            "name": "chp-node-96",
                            "network_interface.#": "1",
                            "network_interface.0.access_config.#": "1",
                            "network_interface.0.access_config.0.assigned_nat_ip": "",
                            "network_interface.0.access_config.0.nat_ip": "104.198.32.227",
                            "network_interface.0.access_config.0.network_tier": "PREMIUM",
                            "network_interface.0.access_config.0.public_ptr_domain_name": "",
                            "network_interface.0.address": "",
                            "network_interface.0.alias_ip_range.#": "0",
                            "network_interface.0.name": "nic0",
                            "network_interface.0.network": "https://www.googleapis.com/compute/v1/projects/tierion-iglesias/global/networks/default",
                            "network_interface.0.network_ip": "10.128.15.240",
                            "network_interface.0.subnetwork": "https://www.googleapis.com/compute/v1/projects/tierion-iglesias/regions/us-central1/subnetworks/default",
                            "network_interface.0.subnetwork_project": "tierion-iglesias",
                            "project": "tierion-iglesias",
                            "scheduling.#": "1",
                            "scheduling.0.automatic_restart": "true",
                            "scheduling.0.on_host_maintenance": "MIGRATE",
                            "scheduling.0.preemptible": "false",
                            "scratch_disk.#": "0",
                            "self_link": "https://www.googleapis.com/compute/v1/projects/tierion-iglesias/zones/us-central1-a/instances/chp-node-96",
                            "service_account.#": "1",
                            "service_account.0.email": "791121030057-compute@developer.gserviceaccount.com",
                            "service_account.0.scopes.#": "2",
                            "service_account.0.scopes.1328717722": "https://www.googleapis.com/auth/devstorage.read_write",
                            "service_account.0.scopes.299962681": "https://www.googleapis.com/auth/compute",
                            "tags.#": "2",
                            "tags.2152288274": "web-sg",
                            "tags.2541227442": "http",
                            "tags_fingerprint": "IJDDdaOreBI=",
                            "zone": "us-central1-a"
                        },
                        "meta": {
                            "e2bfb730-ecaa-11e6-8f88-34363bc7c4c0": {
                                "create": 360000000000,
                                "delete": 360000000000,
                                "update": 360000000000
                            },
                            "schema_version": "6"
                        },
                        "tainted": false
                    },
                    "deposed": [],
                    "provider": "provider.google"
                },
                "google_compute_instance.chp-node.97": {
                    "type": "google_compute_instance",
                    "depends_on": [
                        "data.template_file.init"
                    ],
                    "primary": {
                        "id": "chp-node-97",
                        "attributes": {
                            "attached_disk.#": "0",
                            "boot_disk.#": "1",
                            "boot_disk.0.auto_delete": "true",
                            "boot_disk.0.device_name": "persistent-disk-0",
                            "boot_disk.0.disk_encryption_key_raw": "",
                            "boot_disk.0.disk_encryption_key_sha256": "",
                            "boot_disk.0.initialize_params.#": "1",
                            "boot_disk.0.initialize_params.0.image": "https://www.googleapis.com/compute/v1/projects/ubuntu-os-cloud/global/images/ubuntu-1804-bionic-v20190628",
                            "boot_disk.0.initialize_params.0.size": "10",
                            "boot_disk.0.initialize_params.0.type": "pd-standard",
                            "boot_disk.0.source": "https://www.googleapis.com/compute/v1/projects/tierion-iglesias/zones/us-central1-a/disks/chp-node-97",
                            "can_ip_forward": "false",
                            "cpu_platform": "Intel Haswell",
                            "deletion_protection": "false",
                            "guest_accelerator.#": "0",
                            "hostname": "",
                            "id": "chp-node-97",
                            "instance_id": "446320200312574143",
                            "label_fingerprint": "42WmSpB8rSM=",
                            "labels.%": "0",
                            "machine_type": "n1-standard-1",
                            "metadata.%": "1",
                            "metadata.project": "chainpoint-hydra",
                            "metadata_fingerprint": "EpXsOtCLHos=",
                            "metadata_startup_script": "#!/bin/bash\n\nif [ -x \"$(command -v docker)\" ]; then\n    echo \"Docker already installed\"\nelse\n    echo \"Install docker\"\n    curl -fsSL https://get.docker.com -o get-docker.sh\n    bash get-docker.sh\n    sudo usermod -aG docker $USER\nfi\n\nsudo apt-get -qq install -y docker-compose git make jq nodejs npm openssl build-essential g++\ncurl -sS https://dl.yarnpkg.com/debian/pubkey.gpg | sudo apt-key add -\nif ! [ -x \"$(command -v yarn)\" ]; then\n    echo \"deb https://dl.yarnpkg.com/debian/ stable main\" | sudo tee /etc/apt/sources.list.d/yarn.list\n    sudo apt-get update -y \u0026\u0026 sudo apt-get install -y --no-install-recommends yarn\nfi\n\n# Install Stackdriver Agent\ncurl -sSO https://dl.google.com/cloudagents/install-monitoring-agent.sh\nsudo bash install-monitoring-agent.sh\n\ncd /srv\nsudo mkdir chp\n\ncd ./chp\n\nsudo git clone https://github.com/chainpoint/chainpoint-node-src.git\nsudo chmod 775 chainpoint-node-src\ncd ./chainpoint-node-src\ngit checkout -b v2 origin/v2\n\nsudo git clone https://michael-iglesias:faca2c20b50c456892f3b6a601ae457d7a49ff10@github.com/chainpoint/go-hydra-smart-contract-files.git artifacts/ethcontracts\n\ncurl \"http://metadata.google.internal/computeMetadata/v1/instance/network-interfaces/0/access-configs/0/external-ip\" -H \"Metadata-Flavor: Google\" \u003e eip.txt\n\nmake init\n\nmake build\n\nmake build-rocksdb\n\necho CHAINPOINT_CORE_CONNECT_IP_LIST=35.245.211.97,35.245.9.90,35.188.238.186 \u003e\u003e .env\n\nmake deploy\n\ncurl -X POST \\\n  https://us-central1-tierion-iglesias.cloudfunctions.net/eth-address-init-stream-processor \\\n  -H 'Content-Type: application/json' \\\n  -H 'Postman-Token: 127b5e92-b8fd-4fd0-b6f9-3a58f9d0c0d9' \\\n  -H 'cache-control: no-cache' \\\n  -d \"{\n\t\\\"ethAddress\\\": \\\"$(\u003ceth-address.txt)\\\"\n}\"\n\n# Start Hydra Utils to poll for a positive $TKN balance before it invokes `make register` on behalf of the Node\nnpm install -g load-testing-node-utils\nexport ETH_INFURA_API_KEY=\"ad8f210998704f9e89a37a4791d4702e\" \u0026\u0026 hydra-chp-node-utils\n\n# make register NODE_ETH_REWARDS_ADDRESS=$(\u003ceth-address.txt) NODE_PUBLIC_IP_ADDRESS=$(\u003ceip.txt) AUTO_REFILL_ENABLED=true AUTO_REFILL_AMOUNT=720\n\nexport COMPOSE_INTERACTIVE_NO_CLI=1 \u0026\u0026 docker exec `docker ps -q` bash -c \"source cli/scripts/env_secrets_expand.sh \u0026\u0026 node cli/register.js NODE_ETH_REWARDS_ADDRESS=$(\u003ceth-address.txt) NODE_PUBLIC_IP_ADDRESS=$(\u003ceip.txt) AUTO_REFILL_ENABLED=true AUTO_REFILL_AMOUNT=720\"",
                            "min_cpu_platform": "",
                            "name": "chp-node-97",
                            "network_interface.#": "1",
                            "network_interface.0.access_config.#": "1",
                            "network_interface.0.access_config.0.assigned_nat_ip": "",
                            "network_interface.0.access_config.0.nat_ip": "35.224.205.180",
                            "network_interface.0.access_config.0.network_tier": "PREMIUM",
                            "network_interface.0.access_config.0.public_ptr_domain_name": "",
                            "network_interface.0.address": "",
                            "network_interface.0.alias_ip_range.#": "0",
                            "network_interface.0.name": "nic0",
                            "network_interface.0.network": "https://www.googleapis.com/compute/v1/projects/tierion-iglesias/global/networks/default",
                            "network_interface.0.network_ip": "10.128.0.215",
                            "network_interface.0.subnetwork": "https://www.googleapis.com/compute/v1/projects/tierion-iglesias/regions/us-central1/subnetworks/default",
                            "network_interface.0.subnetwork_project": "tierion-iglesias",
                            "project": "tierion-iglesias",
                            "scheduling.#": "1",
                            "scheduling.0.automatic_restart": "true",
                            "scheduling.0.on_host_maintenance": "MIGRATE",
                            "scheduling.0.preemptible": "false",
                            "scratch_disk.#": "0",
                            "self_link": "https://www.googleapis.com/compute/v1/projects/tierion-iglesias/zones/us-central1-a/instances/chp-node-97",
                            "service_account.#": "1",
                            "service_account.0.email": "791121030057-compute@developer.gserviceaccount.com",
                            "service_account.0.scopes.#": "2",
                            "service_account.0.scopes.1328717722": "https://www.googleapis.com/auth/devstorage.read_write",
                            "service_account.0.scopes.299962681": "https://www.googleapis.com/auth/compute",
                            "tags.#": "2",
                            "tags.2152288274": "web-sg",
                            "tags.2541227442": "http",
                            "tags_fingerprint": "IJDDdaOreBI=",
                            "zone": "us-central1-a"
                        },
                        "meta": {
                            "e2bfb730-ecaa-11e6-8f88-34363bc7c4c0": {
                                "create": 360000000000,
                                "delete": 360000000000,
                                "update": 360000000000
                            },
                            "schema_version": "6"
                        },
                        "tainted": false
                    },
                    "deposed": [],
                    "provider": "provider.google"
                },
                "google_compute_instance.chp-node.98": {
                    "type": "google_compute_instance",
                    "depends_on": [
                        "data.template_file.init"
                    ],
                    "primary": {
                        "id": "chp-node-98",
                        "attributes": {
                            "attached_disk.#": "0",
                            "boot_disk.#": "1",
                            "boot_disk.0.auto_delete": "true",
                            "boot_disk.0.device_name": "persistent-disk-0",
                            "boot_disk.0.disk_encryption_key_raw": "",
                            "boot_disk.0.disk_encryption_key_sha256": "",
                            "boot_disk.0.initialize_params.#": "1",
                            "boot_disk.0.initialize_params.0.image": "https://www.googleapis.com/compute/v1/projects/ubuntu-os-cloud/global/images/ubuntu-1804-bionic-v20190628",
                            "boot_disk.0.initialize_params.0.size": "10",
                            "boot_disk.0.initialize_params.0.type": "pd-standard",
                            "boot_disk.0.source": "https://www.googleapis.com/compute/v1/projects/tierion-iglesias/zones/us-central1-a/disks/chp-node-98",
                            "can_ip_forward": "false",
                            "cpu_platform": "Intel Haswell",
                            "deletion_protection": "false",
                            "guest_accelerator.#": "0",
                            "hostname": "",
                            "id": "chp-node-98",
                            "instance_id": "6118467608723739520",
                            "label_fingerprint": "42WmSpB8rSM=",
                            "labels.%": "0",
                            "machine_type": "n1-standard-1",
                            "metadata.%": "1",
                            "metadata.project": "chainpoint-hydra",
                            "metadata_fingerprint": "EpXsOtCLHos=",
                            "metadata_startup_script": "#!/bin/bash\n\nif [ -x \"$(command -v docker)\" ]; then\n    echo \"Docker already installed\"\nelse\n    echo \"Install docker\"\n    curl -fsSL https://get.docker.com -o get-docker.sh\n    bash get-docker.sh\n    sudo usermod -aG docker $USER\nfi\n\nsudo apt-get -qq install -y docker-compose git make jq nodejs npm openssl build-essential g++\ncurl -sS https://dl.yarnpkg.com/debian/pubkey.gpg | sudo apt-key add -\nif ! [ -x \"$(command -v yarn)\" ]; then\n    echo \"deb https://dl.yarnpkg.com/debian/ stable main\" | sudo tee /etc/apt/sources.list.d/yarn.list\n    sudo apt-get update -y \u0026\u0026 sudo apt-get install -y --no-install-recommends yarn\nfi\n\n# Install Stackdriver Agent\ncurl -sSO https://dl.google.com/cloudagents/install-monitoring-agent.sh\nsudo bash install-monitoring-agent.sh\n\ncd /srv\nsudo mkdir chp\n\ncd ./chp\n\nsudo git clone https://github.com/chainpoint/chainpoint-node-src.git\nsudo chmod 775 chainpoint-node-src\ncd ./chainpoint-node-src\ngit checkout -b v2 origin/v2\n\nsudo git clone https://michael-iglesias:faca2c20b50c456892f3b6a601ae457d7a49ff10@github.com/chainpoint/go-hydra-smart-contract-files.git artifacts/ethcontracts\n\ncurl \"http://metadata.google.internal/computeMetadata/v1/instance/network-interfaces/0/access-configs/0/external-ip\" -H \"Metadata-Flavor: Google\" \u003e eip.txt\n\nmake init\n\nmake build\n\nmake build-rocksdb\n\necho CHAINPOINT_CORE_CONNECT_IP_LIST=35.245.211.97,35.245.9.90,35.188.238.186 \u003e\u003e .env\n\nmake deploy\n\ncurl -X POST \\\n  https://us-central1-tierion-iglesias.cloudfunctions.net/eth-address-init-stream-processor \\\n  -H 'Content-Type: application/json' \\\n  -H 'Postman-Token: 127b5e92-b8fd-4fd0-b6f9-3a58f9d0c0d9' \\\n  -H 'cache-control: no-cache' \\\n  -d \"{\n\t\\\"ethAddress\\\": \\\"$(\u003ceth-address.txt)\\\"\n}\"\n\n# Start Hydra Utils to poll for a positive $TKN balance before it invokes `make register` on behalf of the Node\nnpm install -g load-testing-node-utils\nexport ETH_INFURA_API_KEY=\"ad8f210998704f9e89a37a4791d4702e\" \u0026\u0026 hydra-chp-node-utils\n\n# make register NODE_ETH_REWARDS_ADDRESS=$(\u003ceth-address.txt) NODE_PUBLIC_IP_ADDRESS=$(\u003ceip.txt) AUTO_REFILL_ENABLED=true AUTO_REFILL_AMOUNT=720\n\nexport COMPOSE_INTERACTIVE_NO_CLI=1 \u0026\u0026 docker exec `docker ps -q` bash -c \"source cli/scripts/env_secrets_expand.sh \u0026\u0026 node cli/register.js NODE_ETH_REWARDS_ADDRESS=$(\u003ceth-address.txt) NODE_PUBLIC_IP_ADDRESS=$(\u003ceip.txt) AUTO_REFILL_ENABLED=true AUTO_REFILL_AMOUNT=720\"",
                            "min_cpu_platform": "",
                            "name": "chp-node-98",
                            "network_interface.#": "1",
                            "network_interface.0.access_config.#": "1",
                            "network_interface.0.access_config.0.assigned_nat_ip": "",
                            "network_interface.0.access_config.0.nat_ip": "35.238.132.97",
                            "network_interface.0.access_config.0.network_tier": "PREMIUM",
                            "network_interface.0.access_config.0.public_ptr_domain_name": "",
                            "network_interface.0.address": "",
                            "network_interface.0.alias_ip_range.#": "0",
                            "network_interface.0.name": "nic0",
                            "network_interface.0.network": "https://www.googleapis.com/compute/v1/projects/tierion-iglesias/global/networks/default",
                            "network_interface.0.network_ip": "10.128.0.174",
                            "network_interface.0.subnetwork": "https://www.googleapis.com/compute/v1/projects/tierion-iglesias/regions/us-central1/subnetworks/default",
                            "network_interface.0.subnetwork_project": "tierion-iglesias",
                            "project": "tierion-iglesias",
                            "scheduling.#": "1",
                            "scheduling.0.automatic_restart": "true",
                            "scheduling.0.on_host_maintenance": "MIGRATE",
                            "scheduling.0.preemptible": "false",
                            "scratch_disk.#": "0",
                            "self_link": "https://www.googleapis.com/compute/v1/projects/tierion-iglesias/zones/us-central1-a/instances/chp-node-98",
                            "service_account.#": "1",
                            "service_account.0.email": "791121030057-compute@developer.gserviceaccount.com",
                            "service_account.0.scopes.#": "2",
                            "service_account.0.scopes.1328717722": "https://www.googleapis.com/auth/devstorage.read_write",
                            "service_account.0.scopes.299962681": "https://www.googleapis.com/auth/compute",
                            "tags.#": "2",
                            "tags.2152288274": "web-sg",
                            "tags.2541227442": "http",
                            "tags_fingerprint": "IJDDdaOreBI=",
                            "zone": "us-central1-a"
                        },
                        "meta": {
                            "e2bfb730-ecaa-11e6-8f88-34363bc7c4c0": {
                                "create": 360000000000,
                                "delete": 360000000000,
                                "update": 360000000000
                            },
                            "schema_version": "6"
                        },
                        "tainted": false
                    },
                    "deposed": [],
                    "provider": "provider.google"
                },
                "google_compute_instance.chp-node.99": {
                    "type": "google_compute_instance",
                    "depends_on": [
                        "data.template_file.init"
                    ],
                    "primary": {
                        "id": "chp-node-99",
                        "attributes": {
                            "attached_disk.#": "0",
                            "boot_disk.#": "1",
                            "boot_disk.0.auto_delete": "true",
                            "boot_disk.0.device_name": "persistent-disk-0",
                            "boot_disk.0.disk_encryption_key_raw": "",
                            "boot_disk.0.disk_encryption_key_sha256": "",
                            "boot_disk.0.initialize_params.#": "1",
                            "boot_disk.0.initialize_params.0.image": "https://www.googleapis.com/compute/v1/projects/ubuntu-os-cloud/global/images/ubuntu-1804-bionic-v20190628",
                            "boot_disk.0.initialize_params.0.size": "10",
                            "boot_disk.0.initialize_params.0.type": "pd-standard",
                            "boot_disk.0.source": "https://www.googleapis.com/compute/v1/projects/tierion-iglesias/zones/us-central1-a/disks/chp-node-99",
                            "can_ip_forward": "false",
                            "cpu_platform": "Intel Haswell",
                            "deletion_protection": "false",
                            "guest_accelerator.#": "0",
                            "hostname": "",
                            "id": "chp-node-99",
                            "instance_id": "7185439108271330176",
                            "label_fingerprint": "42WmSpB8rSM=",
                            "labels.%": "0",
                            "machine_type": "n1-standard-1",
                            "metadata.%": "1",
                            "metadata.project": "chainpoint-hydra",
                            "metadata_fingerprint": "EpXsOtCLHos=",
                            "metadata_startup_script": "#!/bin/bash\n\nif [ -x \"$(command -v docker)\" ]; then\n    echo \"Docker already installed\"\nelse\n    echo \"Install docker\"\n    curl -fsSL https://get.docker.com -o get-docker.sh\n    bash get-docker.sh\n    sudo usermod -aG docker $USER\nfi\n\nsudo apt-get -qq install -y docker-compose git make jq nodejs npm openssl build-essential g++\ncurl -sS https://dl.yarnpkg.com/debian/pubkey.gpg | sudo apt-key add -\nif ! [ -x \"$(command -v yarn)\" ]; then\n    echo \"deb https://dl.yarnpkg.com/debian/ stable main\" | sudo tee /etc/apt/sources.list.d/yarn.list\n    sudo apt-get update -y \u0026\u0026 sudo apt-get install -y --no-install-recommends yarn\nfi\n\n# Install Stackdriver Agent\ncurl -sSO https://dl.google.com/cloudagents/install-monitoring-agent.sh\nsudo bash install-monitoring-agent.sh\n\ncd /srv\nsudo mkdir chp\n\ncd ./chp\n\nsudo git clone https://github.com/chainpoint/chainpoint-node-src.git\nsudo chmod 775 chainpoint-node-src\ncd ./chainpoint-node-src\ngit checkout -b v2 origin/v2\n\nsudo git clone https://michael-iglesias:faca2c20b50c456892f3b6a601ae457d7a49ff10@github.com/chainpoint/go-hydra-smart-contract-files.git artifacts/ethcontracts\n\ncurl \"http://metadata.google.internal/computeMetadata/v1/instance/network-interfaces/0/access-configs/0/external-ip\" -H \"Metadata-Flavor: Google\" \u003e eip.txt\n\nmake init\n\nmake build\n\nmake build-rocksdb\n\necho CHAINPOINT_CORE_CONNECT_IP_LIST=35.245.211.97,35.245.9.90,35.188.238.186 \u003e\u003e .env\n\nmake deploy\n\ncurl -X POST \\\n  https://us-central1-tierion-iglesias.cloudfunctions.net/eth-address-init-stream-processor \\\n  -H 'Content-Type: application/json' \\\n  -H 'Postman-Token: 127b5e92-b8fd-4fd0-b6f9-3a58f9d0c0d9' \\\n  -H 'cache-control: no-cache' \\\n  -d \"{\n\t\\\"ethAddress\\\": \\\"$(\u003ceth-address.txt)\\\"\n}\"\n\n# Start Hydra Utils to poll for a positive $TKN balance before it invokes `make register` on behalf of the Node\nnpm install -g load-testing-node-utils\nexport ETH_INFURA_API_KEY=\"ad8f210998704f9e89a37a4791d4702e\" \u0026\u0026 hydra-chp-node-utils\n\n# make register NODE_ETH_REWARDS_ADDRESS=$(\u003ceth-address.txt) NODE_PUBLIC_IP_ADDRESS=$(\u003ceip.txt) AUTO_REFILL_ENABLED=true AUTO_REFILL_AMOUNT=720\n\nexport COMPOSE_INTERACTIVE_NO_CLI=1 \u0026\u0026 docker exec `docker ps -q` bash -c \"source cli/scripts/env_secrets_expand.sh \u0026\u0026 node cli/register.js NODE_ETH_REWARDS_ADDRESS=$(\u003ceth-address.txt) NODE_PUBLIC_IP_ADDRESS=$(\u003ceip.txt) AUTO_REFILL_ENABLED=true AUTO_REFILL_AMOUNT=720\"",
                            "min_cpu_platform": "",
                            "name": "chp-node-99",
                            "network_interface.#": "1",
                            "network_interface.0.access_config.#": "1",
                            "network_interface.0.access_config.0.assigned_nat_ip": "",
                            "network_interface.0.access_config.0.nat_ip": "35.225.255.139",
                            "network_interface.0.access_config.0.network_tier": "PREMIUM",
                            "network_interface.0.access_config.0.public_ptr_domain_name": "",
                            "network_interface.0.address": "",
                            "network_interface.0.alias_ip_range.#": "0",
                            "network_interface.0.name": "nic0",
                            "network_interface.0.network": "https://www.googleapis.com/compute/v1/projects/tierion-iglesias/global/networks/default",
                            "network_interface.0.network_ip": "10.128.0.173",
                            "network_interface.0.subnetwork": "https://www.googleapis.com/compute/v1/projects/tierion-iglesias/regions/us-central1/subnetworks/default",
                            "network_interface.0.subnetwork_project": "tierion-iglesias",
                            "project": "tierion-iglesias",
                            "scheduling.#": "1",
                            "scheduling.0.automatic_restart": "true",
                            "scheduling.0.on_host_maintenance": "MIGRATE",
                            "scheduling.0.preemptible": "false",
                            "scratch_disk.#": "0",
                            "self_link": "https://www.googleapis.com/compute/v1/projects/tierion-iglesias/zones/us-central1-a/instances/chp-node-99",
                            "service_account.#": "1",
                            "service_account.0.email": "791121030057-compute@developer.gserviceaccount.com",
                            "service_account.0.scopes.#": "2",
                            "service_account.0.scopes.1328717722": "https://www.googleapis.com/auth/devstorage.read_write",
                            "service_account.0.scopes.299962681": "https://www.googleapis.com/auth/compute",
                            "tags.#": "2",
                            "tags.2152288274": "web-sg",
                            "tags.2541227442": "http",
                            "tags_fingerprint": "IJDDdaOreBI=",
                            "zone": "us-central1-a"
                        },
                        "meta": {
                            "e2bfb730-ecaa-11e6-8f88-34363bc7c4c0": {
                                "create": 360000000000,
                                "delete": 360000000000,
                                "update": 360000000000
                            },
                            "schema_version": "6"
                        },
                        "tainted": false
                    },
                    "deposed": [],
                    "provider": "provider.google"
                }
            },
            "depends_on": []
        }
    ]
}
