{
    "version": 3,
    "terraform_version": "0.11.11",
    "serial": 108,
    "lineage": "b520c683-f9f6-8e7d-7c17-60a74de509a5",
    "modules": [
        {
            "path": [
                "root"
            ],
            "outputs": {},
            "resources": {
                "data.template_file.init": {
                    "type": "template_file",
                    "depends_on": [],
                    "primary": {
                        "id": "e3d6d112b9c767a79cbf4eaba63eb7e03964ba366a5d55256bc1620f492ace8e",
                        "attributes": {
                            "id": "e3d6d112b9c767a79cbf4eaba63eb7e03964ba366a5d55256bc1620f492ace8e",
                            "rendered": "#!/bin/bash\n\nif [ -x \"$(command -v docker)\" ]; then\n    echo \"Docker already installed\"\nelse\n    echo \"Install docker\"\n    curl -fsSL https://get.docker.com -o get-docker.sh\n    bash get-docker.sh\n    sudo usermod -aG docker $USER\nfi\n\nsudo apt-get -qq install -y docker-compose git make jq nodejs npm openssl build-essential g++\ncurl -sS https://dl.yarnpkg.com/debian/pubkey.gpg | sudo apt-key add -\nif ! [ -x \"$(command -v yarn)\" ]; then\n    echo \"deb https://dl.yarnpkg.com/debian/ stable main\" | sudo tee /etc/apt/sources.list.d/yarn.list\n    sudo apt-get update -y \u0026\u0026 sudo apt-get install -y --no-install-recommends yarn\nfi\n\ncd /srv\nsudo mkdir chp\n\ncd ./chp\n\nsudo git clone https://github.com/chainpoint/chainpoint-node-src.git\nsudo chmod 775 chainpoint-node-src\ncd ./chainpoint-node-src\ngit checkout -b v2 origin/v2\n\nsudo git clone https://michael-iglesias:faca2c20b50c456892f3b6a601ae457d7a49ff10@github.com/chainpoint/go-hydra-smart-contract-files.git artifacts/ethcontracts\n\ncurl \"http://metadata.google.internal/computeMetadata/v1/instance/network-interfaces/0/access-configs/0/external-ip\" -H \"Metadata-Flavor: Google\" \u003e eip.txt\n\nmake init\n\nmake build\n\nmake build-rocksdb\n\necho CHAINPOINT_CORE_CONNECT_IP_LIST=35.245.211.97,35.245.9.90,35.188.238.186 \u003e\u003e .env\n\nmake deploy\n\ncurl -X POST \\\n  https://us-central1-tierion-iglesias.cloudfunctions.net/eth-address-init-stream-processor \\\n  -H 'Content-Type: application/json' \\\n  -H 'Postman-Token: 127b5e92-b8fd-4fd0-b6f9-3a58f9d0c0d9' \\\n  -H 'cache-control: no-cache' \\\n  -d \"{\n\t\\\"ethAddress\\\": \\\"$(\u003ceth-address.txt)\\\"\n}\"\n\n# Start Hydra Utils to poll for a positive $TKN balance before it invokes `make register` on behalf of the Node\nnpm install -g load-testing-node-utils\nexport ETH_INFURA_API_KEY=\"ad8f210998704f9e89a37a4791d4702e\" \u0026\u0026 hydra-chp-node-utils\n\n# make register NODE_ETH_REWARDS_ADDRESS=$(\u003ceth-address.txt) NODE_PUBLIC_IP_ADDRESS=$(\u003ceip.txt) AUTO_REFILL_ENABLED=true AUTO_REFILL_AMOUNT=720\n\nexport COMPOSE_INTERACTIVE_NO_CLI=1 \u0026\u0026 docker exec `docker ps -q` bash -c \"source cli/scripts/env_secrets_expand.sh \u0026\u0026 node cli/register.js NODE_ETH_REWARDS_ADDRESS=$(\u003ceth-address.txt) NODE_PUBLIC_IP_ADDRESS=$(\u003ceip.txt) AUTO_REFILL_ENABLED=true AUTO_REFILL_AMOUNT=720\"",
                            "template": "#!/bin/bash\n\nif [ -x \"$(command -v docker)\" ]; then\n    echo \"Docker already installed\"\nelse\n    echo \"Install docker\"\n    curl -fsSL https://get.docker.com -o get-docker.sh\n    bash get-docker.sh\n    sudo usermod -aG docker $USER\nfi\n\nsudo apt-get -qq install -y docker-compose git make jq nodejs npm openssl build-essential g++\ncurl -sS https://dl.yarnpkg.com/debian/pubkey.gpg | sudo apt-key add -\nif ! [ -x \"$(command -v yarn)\" ]; then\n    echo \"deb https://dl.yarnpkg.com/debian/ stable main\" | sudo tee /etc/apt/sources.list.d/yarn.list\n    sudo apt-get update -y \u0026\u0026 sudo apt-get install -y --no-install-recommends yarn\nfi\n\ncd /srv\nsudo mkdir chp\n\ncd ./chp\n\nsudo git clone https://github.com/chainpoint/chainpoint-node-src.git\nsudo chmod 775 chainpoint-node-src\ncd ./chainpoint-node-src\ngit checkout -b v2 origin/v2\n\nsudo git clone https://michael-iglesias:faca2c20b50c456892f3b6a601ae457d7a49ff10@github.com/chainpoint/go-hydra-smart-contract-files.git artifacts/ethcontracts\n\ncurl \"http://metadata.google.internal/computeMetadata/v1/instance/network-interfaces/0/access-configs/0/external-ip\" -H \"Metadata-Flavor: Google\" \u003e eip.txt\n\nmake init\n\nmake build\n\nmake build-rocksdb\n\necho CHAINPOINT_CORE_CONNECT_IP_LIST=35.245.211.97,35.245.9.90,35.188.238.186 \u003e\u003e .env\n\nmake deploy\n\ncurl -X POST \\\n  https://us-central1-tierion-iglesias.cloudfunctions.net/eth-address-init-stream-processor \\\n  -H 'Content-Type: application/json' \\\n  -H 'Postman-Token: 127b5e92-b8fd-4fd0-b6f9-3a58f9d0c0d9' \\\n  -H 'cache-control: no-cache' \\\n  -d \"{\n\t\\\"ethAddress\\\": \\\"$(\u003ceth-address.txt)\\\"\n}\"\n\n# Start Hydra Utils to poll for a positive $TKN balance before it invokes `make register` on behalf of the Node\nnpm install -g load-testing-node-utils\nexport ETH_INFURA_API_KEY=\"ad8f210998704f9e89a37a4791d4702e\" \u0026\u0026 hydra-chp-node-utils\n\n# make register NODE_ETH_REWARDS_ADDRESS=$(\u003ceth-address.txt) NODE_PUBLIC_IP_ADDRESS=$(\u003ceip.txt) AUTO_REFILL_ENABLED=true AUTO_REFILL_AMOUNT=720\n\nexport COMPOSE_INTERACTIVE_NO_CLI=1 \u0026\u0026 docker exec `docker ps -q` bash -c \"source cli/scripts/env_secrets_expand.sh \u0026\u0026 node cli/register.js NODE_ETH_REWARDS_ADDRESS=$(\u003ceth-address.txt) NODE_PUBLIC_IP_ADDRESS=$(\u003ceip.txt) AUTO_REFILL_ENABLED=true AUTO_REFILL_AMOUNT=720\""
                        },
                        "meta": {},
                        "tainted": false
                    },
                    "deposed": [],
                    "provider": "provider.template"
                },
                "google_compute_firewall.web-sg": {
                    "type": "google_compute_firewall",
                    "depends_on": [],
                    "primary": {
                        "id": "web-sg",
                        "attributes": {
                            "allow.#": "2",
                            "allow.1100366991.ports.#": "3",
                            "allow.1100366991.ports.0": "80",
                            "allow.1100366991.ports.1": "443",
                            "allow.1100366991.ports.2": "8080",
                            "allow.1100366991.protocol": "tcp",
                            "allow.1367131964.ports.#": "0",
                            "allow.1367131964.protocol": "icmp",
                            "creation_timestamp": "2019-05-29T13:52:36.514-07:00",
                            "deny.#": "0",
                            "description": "",
                            "destination_ranges.#": "0",
                            "direction": "INGRESS",
                            "disabled": "false",
                            "id": "web-sg",
                            "name": "web-sg",
                            "network": "https://www.googleapis.com/compute/v1/projects/tierion-iglesias/global/networks/default",
                            "priority": "1000",
                            "project": "tierion-iglesias",
                            "self_link": "https://www.googleapis.com/compute/v1/projects/tierion-iglesias/global/firewalls/web-sg",
                            "source_ranges.#": "1",
                            "source_ranges.1080289494": "0.0.0.0/0",
                            "source_service_accounts.#": "0",
                            "source_tags.#": "0",
                            "target_service_accounts.#": "0",
                            "target_tags.#": "0"
                        },
                        "meta": {
                            "e2bfb730-ecaa-11e6-8f88-34363bc7c4c0": {
                                "create": 240000000000,
                                "delete": 240000000000,
                                "update": 240000000000
                            },
                            "schema_version": "1"
                        },
                        "tainted": false
                    },
                    "deposed": [],
                    "provider": "provider.google"
                },
                "google_compute_instance.chp-node.0": {
                    "type": "google_compute_instance",
                    "depends_on": [
                        "data.template_file.init"
                    ],
                    "primary": {
                        "id": "chp-node-0",
                        "attributes": {
                            "attached_disk.#": "0",
                            "boot_disk.#": "1",
                            "boot_disk.0.auto_delete": "true",
                            "boot_disk.0.device_name": "persistent-disk-0",
                            "boot_disk.0.disk_encryption_key_raw": "",
                            "boot_disk.0.disk_encryption_key_sha256": "",
                            "boot_disk.0.initialize_params.#": "1",
                            "boot_disk.0.initialize_params.0.image": "https://www.googleapis.com/compute/v1/projects/ubuntu-os-cloud/global/images/ubuntu-1804-bionic-v20190514",
                            "boot_disk.0.initialize_params.0.size": "10",
                            "boot_disk.0.initialize_params.0.type": "pd-standard",
                            "boot_disk.0.source": "https://www.googleapis.com/compute/v1/projects/tierion-iglesias/zones/us-central1-a/disks/chp-node-0",
                            "can_ip_forward": "false",
                            "cpu_platform": "Intel Haswell",
                            "deletion_protection": "false",
                            "guest_accelerator.#": "0",
                            "hostname": "",
                            "id": "chp-node-0",
                            "instance_id": "4794691420294434808",
                            "label_fingerprint": "42WmSpB8rSM=",
                            "labels.%": "0",
                            "machine_type": "n1-standard-1",
                            "metadata.%": "1",
                            "metadata.project": "chainpoint-hydra",
                            "metadata_fingerprint": "Ky5eA-777LE=",
                            "metadata_startup_script": "#!/bin/bash\n\nif [ -x \"$(command -v docker)\" ]; then\n    echo \"Docker already installed\"\nelse\n    echo \"Install docker\"\n    curl -fsSL https://get.docker.com -o get-docker.sh\n    bash get-docker.sh\n    sudo usermod -aG docker $USER\nfi\n\nsudo apt-get -qq install -y docker-compose git make jq nodejs npm openssl build-essential g++\ncurl -sS https://dl.yarnpkg.com/debian/pubkey.gpg | sudo apt-key add -\nif ! [ -x \"$(command -v yarn)\" ]; then\n    echo \"deb https://dl.yarnpkg.com/debian/ stable main\" | sudo tee /etc/apt/sources.list.d/yarn.list\n    sudo apt-get update -y \u0026\u0026 sudo apt-get install -y --no-install-recommends yarn\nfi\n\ncd /srv\nsudo mkdir chp\n\ncd ./chp\n\nsudo git clone https://github.com/chainpoint/chainpoint-node-src.git\nsudo chmod 775 chainpoint-node-src\ncd ./chainpoint-node-src\ngit checkout -b v2 origin/v2\n\nsudo git clone https://michael-iglesias:faca2c20b50c456892f3b6a601ae457d7a49ff10@github.com/chainpoint/go-hydra-smart-contract-files.git artifacts/ethcontracts\n\ncurl \"http://metadata.google.internal/computeMetadata/v1/instance/network-interfaces/0/access-configs/0/external-ip\" -H \"Metadata-Flavor: Google\" \u003e eip.txt\n\nmake init\n\nmake build\n\nmake build-rocksdb\n\necho CHAINPOINT_CORE_CONNECT_IP_LIST=35.245.211.97,35.245.9.90,35.188.238.186 \u003e\u003e .env\n\nmake deploy\n\ncurl -X POST \\\n  https://us-central1-tierion-iglesias.cloudfunctions.net/eth-address-init-stream-processor \\\n  -H 'Content-Type: application/json' \\\n  -H 'Postman-Token: 127b5e92-b8fd-4fd0-b6f9-3a58f9d0c0d9' \\\n  -H 'cache-control: no-cache' \\\n  -d \"{\n\t\\\"ethAddress\\\": \\\"$(\u003ceth-address.txt)\\\"\n}\"\n\n# Start Hydra Utils to poll for a positive $TKN balance before it invokes `make register` on behalf of the Node\nnpm install -g load-testing-node-utils\nexport ETH_INFURA_API_KEY=\"ad8f210998704f9e89a37a4791d4702e\" \u0026\u0026 hydra-chp-node-utils\n\n# make register NODE_ETH_REWARDS_ADDRESS=$(\u003ceth-address.txt) NODE_PUBLIC_IP_ADDRESS=$(\u003ceip.txt) AUTO_REFILL_ENABLED=true AUTO_REFILL_AMOUNT=720\n\nexport COMPOSE_INTERACTIVE_NO_CLI=1 \u0026\u0026 docker exec `docker ps -q` bash -c \"source cli/scripts/env_secrets_expand.sh \u0026\u0026 node cli/register.js NODE_ETH_REWARDS_ADDRESS=$(\u003ceth-address.txt) NODE_PUBLIC_IP_ADDRESS=$(\u003ceip.txt) AUTO_REFILL_ENABLED=true AUTO_REFILL_AMOUNT=720\"",
                            "min_cpu_platform": "",
                            "name": "chp-node-0",
                            "network_interface.#": "1",
                            "network_interface.0.access_config.#": "1",
                            "network_interface.0.access_config.0.assigned_nat_ip": "",
                            "network_interface.0.access_config.0.nat_ip": "104.155.148.86",
                            "network_interface.0.access_config.0.network_tier": "PREMIUM",
                            "network_interface.0.access_config.0.public_ptr_domain_name": "",
                            "network_interface.0.address": "",
                            "network_interface.0.alias_ip_range.#": "0",
                            "network_interface.0.name": "nic0",
                            "network_interface.0.network": "https://www.googleapis.com/compute/v1/projects/tierion-iglesias/global/networks/default",
                            "network_interface.0.network_ip": "10.128.15.207",
                            "network_interface.0.subnetwork": "https://www.googleapis.com/compute/v1/projects/tierion-iglesias/regions/us-central1/subnetworks/default",
                            "network_interface.0.subnetwork_project": "tierion-iglesias",
                            "project": "tierion-iglesias",
                            "scheduling.#": "1",
                            "scheduling.0.automatic_restart": "true",
                            "scheduling.0.on_host_maintenance": "MIGRATE",
                            "scheduling.0.preemptible": "false",
                            "scratch_disk.#": "0",
                            "self_link": "https://www.googleapis.com/compute/v1/projects/tierion-iglesias/zones/us-central1-a/instances/chp-node-0",
                            "service_account.#": "1",
                            "service_account.0.email": "791121030057-compute@developer.gserviceaccount.com",
                            "service_account.0.scopes.#": "2",
                            "service_account.0.scopes.1328717722": "https://www.googleapis.com/auth/devstorage.read_write",
                            "service_account.0.scopes.299962681": "https://www.googleapis.com/auth/compute",
                            "tags.#": "2",
                            "tags.2152288274": "web-sg",
                            "tags.2541227442": "http",
                            "tags_fingerprint": "IJDDdaOreBI=",
                            "zone": "us-central1-a"
                        },
                        "meta": {
                            "e2bfb730-ecaa-11e6-8f88-34363bc7c4c0": {
                                "create": 360000000000,
                                "delete": 360000000000,
                                "update": 360000000000
                            },
                            "schema_version": "6"
                        },
                        "tainted": false
                    },
                    "deposed": [],
                    "provider": "provider.google"
                },
                "google_compute_instance.chp-node.1": {
                    "type": "google_compute_instance",
                    "depends_on": [
                        "data.template_file.init"
                    ],
                    "primary": {
                        "id": "chp-node-1",
                        "attributes": {
                            "attached_disk.#": "0",
                            "boot_disk.#": "1",
                            "boot_disk.0.auto_delete": "true",
                            "boot_disk.0.device_name": "persistent-disk-0",
                            "boot_disk.0.disk_encryption_key_raw": "",
                            "boot_disk.0.disk_encryption_key_sha256": "",
                            "boot_disk.0.initialize_params.#": "1",
                            "boot_disk.0.initialize_params.0.image": "https://www.googleapis.com/compute/v1/projects/ubuntu-os-cloud/global/images/ubuntu-1804-bionic-v20190514",
                            "boot_disk.0.initialize_params.0.size": "10",
                            "boot_disk.0.initialize_params.0.type": "pd-standard",
                            "boot_disk.0.source": "https://www.googleapis.com/compute/v1/projects/tierion-iglesias/zones/us-central1-a/disks/chp-node-1",
                            "can_ip_forward": "false",
                            "cpu_platform": "Intel Haswell",
                            "deletion_protection": "false",
                            "guest_accelerator.#": "0",
                            "hostname": "",
                            "id": "chp-node-1",
                            "instance_id": "4574719374535118840",
                            "label_fingerprint": "42WmSpB8rSM=",
                            "labels.%": "0",
                            "machine_type": "n1-standard-1",
                            "metadata.%": "1",
                            "metadata.project": "chainpoint-hydra",
                            "metadata_fingerprint": "Ky5eA-777LE=",
                            "metadata_startup_script": "#!/bin/bash\n\nif [ -x \"$(command -v docker)\" ]; then\n    echo \"Docker already installed\"\nelse\n    echo \"Install docker\"\n    curl -fsSL https://get.docker.com -o get-docker.sh\n    bash get-docker.sh\n    sudo usermod -aG docker $USER\nfi\n\nsudo apt-get -qq install -y docker-compose git make jq nodejs npm openssl build-essential g++\ncurl -sS https://dl.yarnpkg.com/debian/pubkey.gpg | sudo apt-key add -\nif ! [ -x \"$(command -v yarn)\" ]; then\n    echo \"deb https://dl.yarnpkg.com/debian/ stable main\" | sudo tee /etc/apt/sources.list.d/yarn.list\n    sudo apt-get update -y \u0026\u0026 sudo apt-get install -y --no-install-recommends yarn\nfi\n\ncd /srv\nsudo mkdir chp\n\ncd ./chp\n\nsudo git clone https://github.com/chainpoint/chainpoint-node-src.git\nsudo chmod 775 chainpoint-node-src\ncd ./chainpoint-node-src\ngit checkout -b v2 origin/v2\n\nsudo git clone https://michael-iglesias:faca2c20b50c456892f3b6a601ae457d7a49ff10@github.com/chainpoint/go-hydra-smart-contract-files.git artifacts/ethcontracts\n\ncurl \"http://metadata.google.internal/computeMetadata/v1/instance/network-interfaces/0/access-configs/0/external-ip\" -H \"Metadata-Flavor: Google\" \u003e eip.txt\n\nmake init\n\nmake build\n\nmake build-rocksdb\n\necho CHAINPOINT_CORE_CONNECT_IP_LIST=35.245.211.97,35.245.9.90,35.188.238.186 \u003e\u003e .env\n\nmake deploy\n\ncurl -X POST \\\n  https://us-central1-tierion-iglesias.cloudfunctions.net/eth-address-init-stream-processor \\\n  -H 'Content-Type: application/json' \\\n  -H 'Postman-Token: 127b5e92-b8fd-4fd0-b6f9-3a58f9d0c0d9' \\\n  -H 'cache-control: no-cache' \\\n  -d \"{\n\t\\\"ethAddress\\\": \\\"$(\u003ceth-address.txt)\\\"\n}\"\n\n# Start Hydra Utils to poll for a positive $TKN balance before it invokes `make register` on behalf of the Node\nnpm install -g load-testing-node-utils\nexport ETH_INFURA_API_KEY=\"ad8f210998704f9e89a37a4791d4702e\" \u0026\u0026 hydra-chp-node-utils\n\n# make register NODE_ETH_REWARDS_ADDRESS=$(\u003ceth-address.txt) NODE_PUBLIC_IP_ADDRESS=$(\u003ceip.txt) AUTO_REFILL_ENABLED=true AUTO_REFILL_AMOUNT=720\n\nexport COMPOSE_INTERACTIVE_NO_CLI=1 \u0026\u0026 docker exec `docker ps -q` bash -c \"source cli/scripts/env_secrets_expand.sh \u0026\u0026 node cli/register.js NODE_ETH_REWARDS_ADDRESS=$(\u003ceth-address.txt) NODE_PUBLIC_IP_ADDRESS=$(\u003ceip.txt) AUTO_REFILL_ENABLED=true AUTO_REFILL_AMOUNT=720\"",
                            "min_cpu_platform": "",
                            "name": "chp-node-1",
                            "network_interface.#": "1",
                            "network_interface.0.access_config.#": "1",
                            "network_interface.0.access_config.0.assigned_nat_ip": "",
                            "network_interface.0.access_config.0.nat_ip": "35.184.15.168",
                            "network_interface.0.access_config.0.network_tier": "PREMIUM",
                            "network_interface.0.access_config.0.public_ptr_domain_name": "",
                            "network_interface.0.address": "",
                            "network_interface.0.alias_ip_range.#": "0",
                            "network_interface.0.name": "nic0",
                            "network_interface.0.network": "https://www.googleapis.com/compute/v1/projects/tierion-iglesias/global/networks/default",
                            "network_interface.0.network_ip": "10.128.15.206",
                            "network_interface.0.subnetwork": "https://www.googleapis.com/compute/v1/projects/tierion-iglesias/regions/us-central1/subnetworks/default",
                            "network_interface.0.subnetwork_project": "tierion-iglesias",
                            "project": "tierion-iglesias",
                            "scheduling.#": "1",
                            "scheduling.0.automatic_restart": "true",
                            "scheduling.0.on_host_maintenance": "MIGRATE",
                            "scheduling.0.preemptible": "false",
                            "scratch_disk.#": "0",
                            "self_link": "https://www.googleapis.com/compute/v1/projects/tierion-iglesias/zones/us-central1-a/instances/chp-node-1",
                            "service_account.#": "1",
                            "service_account.0.email": "791121030057-compute@developer.gserviceaccount.com",
                            "service_account.0.scopes.#": "2",
                            "service_account.0.scopes.1328717722": "https://www.googleapis.com/auth/devstorage.read_write",
                            "service_account.0.scopes.299962681": "https://www.googleapis.com/auth/compute",
                            "tags.#": "2",
                            "tags.2152288274": "web-sg",
                            "tags.2541227442": "http",
                            "tags_fingerprint": "IJDDdaOreBI=",
                            "zone": "us-central1-a"
                        },
                        "meta": {
                            "e2bfb730-ecaa-11e6-8f88-34363bc7c4c0": {
                                "create": 360000000000,
                                "delete": 360000000000,
                                "update": 360000000000
                            },
                            "schema_version": "6"
                        },
                        "tainted": false
                    },
                    "deposed": [],
                    "provider": "provider.google"
                },
                "google_compute_instance.chp-node.2": {
                    "type": "google_compute_instance",
                    "depends_on": [
                        "data.template_file.init"
                    ],
                    "primary": {
                        "id": "chp-node-2",
                        "attributes": {
                            "attached_disk.#": "0",
                            "boot_disk.#": "1",
                            "boot_disk.0.auto_delete": "true",
                            "boot_disk.0.device_name": "persistent-disk-0",
                            "boot_disk.0.disk_encryption_key_raw": "",
                            "boot_disk.0.disk_encryption_key_sha256": "",
                            "boot_disk.0.initialize_params.#": "1",
                            "boot_disk.0.initialize_params.0.image": "https://www.googleapis.com/compute/v1/projects/ubuntu-os-cloud/global/images/ubuntu-1804-bionic-v20190514",
                            "boot_disk.0.initialize_params.0.size": "10",
                            "boot_disk.0.initialize_params.0.type": "pd-standard",
                            "boot_disk.0.source": "https://www.googleapis.com/compute/v1/projects/tierion-iglesias/zones/us-central1-a/disks/chp-node-2",
                            "can_ip_forward": "false",
                            "cpu_platform": "Intel Haswell",
                            "deletion_protection": "false",
                            "guest_accelerator.#": "0",
                            "hostname": "",
                            "id": "chp-node-2",
                            "instance_id": "7429204409537744888",
                            "label_fingerprint": "42WmSpB8rSM=",
                            "labels.%": "0",
                            "machine_type": "n1-standard-1",
                            "metadata.%": "1",
                            "metadata.project": "chainpoint-hydra",
                            "metadata_fingerprint": "Ky5eA-777LE=",
                            "metadata_startup_script": "#!/bin/bash\n\nif [ -x \"$(command -v docker)\" ]; then\n    echo \"Docker already installed\"\nelse\n    echo \"Install docker\"\n    curl -fsSL https://get.docker.com -o get-docker.sh\n    bash get-docker.sh\n    sudo usermod -aG docker $USER\nfi\n\nsudo apt-get -qq install -y docker-compose git make jq nodejs npm openssl build-essential g++\ncurl -sS https://dl.yarnpkg.com/debian/pubkey.gpg | sudo apt-key add -\nif ! [ -x \"$(command -v yarn)\" ]; then\n    echo \"deb https://dl.yarnpkg.com/debian/ stable main\" | sudo tee /etc/apt/sources.list.d/yarn.list\n    sudo apt-get update -y \u0026\u0026 sudo apt-get install -y --no-install-recommends yarn\nfi\n\ncd /srv\nsudo mkdir chp\n\ncd ./chp\n\nsudo git clone https://github.com/chainpoint/chainpoint-node-src.git\nsudo chmod 775 chainpoint-node-src\ncd ./chainpoint-node-src\ngit checkout -b v2 origin/v2\n\nsudo git clone https://michael-iglesias:faca2c20b50c456892f3b6a601ae457d7a49ff10@github.com/chainpoint/go-hydra-smart-contract-files.git artifacts/ethcontracts\n\ncurl \"http://metadata.google.internal/computeMetadata/v1/instance/network-interfaces/0/access-configs/0/external-ip\" -H \"Metadata-Flavor: Google\" \u003e eip.txt\n\nmake init\n\nmake build\n\nmake build-rocksdb\n\necho CHAINPOINT_CORE_CONNECT_IP_LIST=35.245.211.97,35.245.9.90,35.188.238.186 \u003e\u003e .env\n\nmake deploy\n\ncurl -X POST \\\n  https://us-central1-tierion-iglesias.cloudfunctions.net/eth-address-init-stream-processor \\\n  -H 'Content-Type: application/json' \\\n  -H 'Postman-Token: 127b5e92-b8fd-4fd0-b6f9-3a58f9d0c0d9' \\\n  -H 'cache-control: no-cache' \\\n  -d \"{\n\t\\\"ethAddress\\\": \\\"$(\u003ceth-address.txt)\\\"\n}\"\n\n# Start Hydra Utils to poll for a positive $TKN balance before it invokes `make register` on behalf of the Node\nnpm install -g load-testing-node-utils\nexport ETH_INFURA_API_KEY=\"ad8f210998704f9e89a37a4791d4702e\" \u0026\u0026 hydra-chp-node-utils\n\n# make register NODE_ETH_REWARDS_ADDRESS=$(\u003ceth-address.txt) NODE_PUBLIC_IP_ADDRESS=$(\u003ceip.txt) AUTO_REFILL_ENABLED=true AUTO_REFILL_AMOUNT=720\n\nexport COMPOSE_INTERACTIVE_NO_CLI=1 \u0026\u0026 docker exec `docker ps -q` bash -c \"source cli/scripts/env_secrets_expand.sh \u0026\u0026 node cli/register.js NODE_ETH_REWARDS_ADDRESS=$(\u003ceth-address.txt) NODE_PUBLIC_IP_ADDRESS=$(\u003ceip.txt) AUTO_REFILL_ENABLED=true AUTO_REFILL_AMOUNT=720\"",
                            "min_cpu_platform": "",
                            "name": "chp-node-2",
                            "network_interface.#": "1",
                            "network_interface.0.access_config.#": "1",
                            "network_interface.0.access_config.0.assigned_nat_ip": "",
                            "network_interface.0.access_config.0.nat_ip": "34.66.72.36",
                            "network_interface.0.access_config.0.network_tier": "PREMIUM",
                            "network_interface.0.access_config.0.public_ptr_domain_name": "",
                            "network_interface.0.address": "",
                            "network_interface.0.alias_ip_range.#": "0",
                            "network_interface.0.name": "nic0",
                            "network_interface.0.network": "https://www.googleapis.com/compute/v1/projects/tierion-iglesias/global/networks/default",
                            "network_interface.0.network_ip": "10.128.15.208",
                            "network_interface.0.subnetwork": "https://www.googleapis.com/compute/v1/projects/tierion-iglesias/regions/us-central1/subnetworks/default",
                            "network_interface.0.subnetwork_project": "tierion-iglesias",
                            "project": "tierion-iglesias",
                            "scheduling.#": "1",
                            "scheduling.0.automatic_restart": "true",
                            "scheduling.0.on_host_maintenance": "MIGRATE",
                            "scheduling.0.preemptible": "false",
                            "scratch_disk.#": "0",
                            "self_link": "https://www.googleapis.com/compute/v1/projects/tierion-iglesias/zones/us-central1-a/instances/chp-node-2",
                            "service_account.#": "1",
                            "service_account.0.email": "791121030057-compute@developer.gserviceaccount.com",
                            "service_account.0.scopes.#": "2",
                            "service_account.0.scopes.1328717722": "https://www.googleapis.com/auth/devstorage.read_write",
                            "service_account.0.scopes.299962681": "https://www.googleapis.com/auth/compute",
                            "tags.#": "2",
                            "tags.2152288274": "web-sg",
                            "tags.2541227442": "http",
                            "tags_fingerprint": "IJDDdaOreBI=",
                            "zone": "us-central1-a"
                        },
                        "meta": {
                            "e2bfb730-ecaa-11e6-8f88-34363bc7c4c0": {
                                "create": 360000000000,
                                "delete": 360000000000,
                                "update": 360000000000
                            },
                            "schema_version": "6"
                        },
                        "tainted": false
                    },
                    "deposed": [],
                    "provider": "provider.google"
                }
            },
            "depends_on": []
        }
    ]
}
